{
  "version": 4,
  "terraform_version": "1.11.1",
  "serial": 1383,
  "lineage": "86cc15f4-e2fb-590e-4df7-cb1104703574",
  "outputs": {
    "business_bucket_arn": {
      "value": "arn:aws:s3:::lakehouse-business-331504768406",
      "type": "string"
    },
    "datalake_admin_arn": {
      "value": "arn:aws:iam::331504768406:user/datalake-admin",
      "type": "string"
    },
    "datalake_role_arn": {
      "value": "arn:aws:iam::331504768406:role/role-datalake-analytics",
      "type": "string"
    },
    "datalake_user1_arn": {
      "value": "arn:aws:iam::331504768406:user/datalake-user-01",
      "type": "string"
    },
    "lakeformation_workflow_role_arn": {
      "value": "arn:aws:iam::331504768406:role/LFWorkflowRole",
      "type": "string"
    },
    "raw_bucket_arn": {
      "value": "arn:aws:s3:::lakehouse-raw-331504768406",
      "type": "string"
    },
    "refined_bucket_arn": {
      "value": "arn:aws:s3:::lakehouse-refined-331504768406",
      "type": "string"
    }
  },
  "resources": [
    {
      "mode": "data",
      "type": "aws_caller_identity",
      "name": "current",
      "provider": "provider[\"registry.terraform.io/hashicorp/aws\"]",
      "instances": [
        {
          "schema_version": 0,
          "attributes": {
            "account_id": "331504768406",
            "arn": "arn:aws:iam::331504768406:user/lake-admin",
            "id": "331504768406",
            "user_id": "AIDAU2LZZKWLCFPCWNTXM"
          },
          "sensitive_attributes": []
        }
      ]
    },
    {
      "module": "module.aws_data_catalog",
      "mode": "data",
      "type": "aws_caller_identity",
      "name": "current",
      "provider": "provider[\"registry.terraform.io/hashicorp/aws\"]",
      "instances": [
        {
          "schema_version": 0,
          "attributes": {
            "account_id": "331504768406",
            "arn": "arn:aws:iam::331504768406:user/lake-admin",
            "id": "331504768406",
            "user_id": "AIDAU2LZZKWLCFPCWNTXM"
          },
          "sensitive_attributes": []
        }
      ]
    },
    {
      "module": "module.aws_data_catalog",
      "mode": "managed",
      "type": "aws_glue_catalog_database",
      "name": "db_business",
      "provider": "provider[\"registry.terraform.io/hashicorp/aws\"]",
      "instances": [
        {
          "schema_version": 0,
          "attributes": {
            "arn": "arn:aws:glue:us-east-1:331504768406:database/business_db",
            "catalog_id": "331504768406",
            "create_table_default_permission": [],
            "description": "",
            "federated_database": [],
            "id": "331504768406:business_db",
            "location_uri": "s3://lakehouse-business-331504768406",
            "name": "business_db",
            "parameters": null,
            "tags": null,
            "tags_all": {},
            "target_database": []
          },
          "sensitive_attributes": [],
          "private": "bnVsbA==",
          "dependencies": [
            "module.iam.aws_iam_policy.datalake_policy",
            "module.iam.aws_iam_role.datalake_role",
            "module.iam.data.aws_caller_identity.current",
            "module.lakeformation.aws_iam_policy.lf_governed_table_policy",
            "module.lakeformation.aws_iam_policy.lf_ram_access_policy",
            "module.lakeformation.aws_iam_policy.lf_user_pass_role_policy",
            "module.lakeformation.aws_iam_policy.lf_workflow_pass_role_policy",
            "module.lakeformation.aws_iam_role.lakeformation_workflow_role",
            "module.lakeformation.aws_iam_role_policy.lf_workflow_permissions",
            "module.lakeformation.aws_iam_role_policy_attachment.lakeformation_workflow_role_attachment",
            "module.lakeformation.aws_iam_role_policy_attachment.lf_workflow_pass_role_policy_attachment",
            "module.lakeformation.aws_iam_user.datalake_admin",
            "module.lakeformation.aws_iam_user.datalake_user1",
            "module.lakeformation.aws_iam_user_login_profile.datalake_admin",
            "module.lakeformation.aws_iam_user_login_profile.datalake_user1",
            "module.lakeformation.aws_iam_user_policy.datalake_admin_inline",
            "module.lakeformation.aws_iam_user_policy.datalake_user1_basic",
            "module.lakeformation.aws_iam_user_policy_attachment.datalake_admin_lf_user_pass_role",
            "module.lakeformation.aws_iam_user_policy_attachment.datalake_admin_managed",
            "module.lakeformation.aws_iam_user_policy_attachment.datalake_admin_ram_access",
            "module.lakeformation.aws_iam_user_policy_attachment.datalake_user1_athena_access",
            "module.lakeformation.aws_iam_user_policy_attachment.datalake_user1_governed_table",
            "module.lakeformation.aws_lakeformation_resource.business_datalake_location",
            "module.lakeformation.aws_lakeformation_resource.raw_datalake_location",
            "module.lakeformation.aws_lakeformation_resource.refined_datalake_location",
            "module.lakeformation.data.aws_caller_identity.current",
            "module.s3.aws_s3_bucket.business_bucket",
            "module.s3.aws_s3_bucket.raw_bucket",
            "module.s3.aws_s3_bucket.refined_bucket",
            "module.s3.aws_s3_bucket.workspace_bucket",
            "module.s3.aws_s3_bucket_lifecycle_configuration.bucket-config",
            "module.s3.aws_s3_bucket_lifecycle_configuration.business-bucket-config",
            "module.s3.aws_s3_bucket_lifecycle_configuration.raw-bucket-config",
            "module.s3.aws_s3_bucket_lifecycle_configuration.refined-bucket-config",
            "module.s3.aws_s3_bucket_public_access_block.business_bucket_public_access_block",
            "module.s3.aws_s3_bucket_public_access_block.raw_bucket_public_access_block",
            "module.s3.aws_s3_bucket_public_access_block.refined_bucket_public_access_block",
            "module.s3.aws_s3_bucket_public_access_block.workspace_bucket",
            "module.s3.data.aws_caller_identity.current"
          ]
        }
      ]
    },
    {
      "module": "module.aws_data_catalog",
      "mode": "managed",
      "type": "aws_glue_catalog_database",
      "name": "db_raw",
      "provider": "provider[\"registry.terraform.io/hashicorp/aws\"]",
      "instances": [
        {
          "schema_version": 0,
          "attributes": {
            "arn": "arn:aws:glue:us-east-1:331504768406:database/raw_db",
            "catalog_id": "331504768406",
            "create_table_default_permission": [],
            "description": "",
            "federated_database": [],
            "id": "331504768406:raw_db",
            "location_uri": "s3://lakehouse-raw-331504768406",
            "name": "raw_db",
            "parameters": null,
            "tags": null,
            "tags_all": {},
            "target_database": []
          },
          "sensitive_attributes": [],
          "private": "bnVsbA==",
          "dependencies": [
            "module.iam.aws_iam_policy.datalake_policy",
            "module.iam.aws_iam_role.datalake_role",
            "module.iam.data.aws_caller_identity.current",
            "module.lakeformation.aws_iam_policy.lf_governed_table_policy",
            "module.lakeformation.aws_iam_policy.lf_ram_access_policy",
            "module.lakeformation.aws_iam_policy.lf_user_pass_role_policy",
            "module.lakeformation.aws_iam_policy.lf_workflow_pass_role_policy",
            "module.lakeformation.aws_iam_role.lakeformation_workflow_role",
            "module.lakeformation.aws_iam_role_policy.lf_workflow_permissions",
            "module.lakeformation.aws_iam_role_policy_attachment.lakeformation_workflow_role_attachment",
            "module.lakeformation.aws_iam_role_policy_attachment.lf_workflow_pass_role_policy_attachment",
            "module.lakeformation.aws_iam_user.datalake_admin",
            "module.lakeformation.aws_iam_user.datalake_user1",
            "module.lakeformation.aws_iam_user_login_profile.datalake_admin",
            "module.lakeformation.aws_iam_user_login_profile.datalake_user1",
            "module.lakeformation.aws_iam_user_policy.datalake_admin_inline",
            "module.lakeformation.aws_iam_user_policy.datalake_user1_basic",
            "module.lakeformation.aws_iam_user_policy_attachment.datalake_admin_lf_user_pass_role",
            "module.lakeformation.aws_iam_user_policy_attachment.datalake_admin_managed",
            "module.lakeformation.aws_iam_user_policy_attachment.datalake_admin_ram_access",
            "module.lakeformation.aws_iam_user_policy_attachment.datalake_user1_athena_access",
            "module.lakeformation.aws_iam_user_policy_attachment.datalake_user1_governed_table",
            "module.lakeformation.aws_lakeformation_resource.business_datalake_location",
            "module.lakeformation.aws_lakeformation_resource.raw_datalake_location",
            "module.lakeformation.aws_lakeformation_resource.refined_datalake_location",
            "module.lakeformation.data.aws_caller_identity.current",
            "module.s3.aws_s3_bucket.business_bucket",
            "module.s3.aws_s3_bucket.raw_bucket",
            "module.s3.aws_s3_bucket.refined_bucket",
            "module.s3.aws_s3_bucket.workspace_bucket",
            "module.s3.aws_s3_bucket_lifecycle_configuration.bucket-config",
            "module.s3.aws_s3_bucket_lifecycle_configuration.business-bucket-config",
            "module.s3.aws_s3_bucket_lifecycle_configuration.raw-bucket-config",
            "module.s3.aws_s3_bucket_lifecycle_configuration.refined-bucket-config",
            "module.s3.aws_s3_bucket_public_access_block.business_bucket_public_access_block",
            "module.s3.aws_s3_bucket_public_access_block.raw_bucket_public_access_block",
            "module.s3.aws_s3_bucket_public_access_block.refined_bucket_public_access_block",
            "module.s3.aws_s3_bucket_public_access_block.workspace_bucket",
            "module.s3.data.aws_caller_identity.current"
          ]
        }
      ]
    },
    {
      "module": "module.aws_data_catalog",
      "mode": "managed",
      "type": "aws_glue_catalog_database",
      "name": "db_refined",
      "provider": "provider[\"registry.terraform.io/hashicorp/aws\"]",
      "instances": [
        {
          "schema_version": 0,
          "attributes": {
            "arn": "arn:aws:glue:us-east-1:331504768406:database/refined_db",
            "catalog_id": "331504768406",
            "create_table_default_permission": [],
            "description": "",
            "federated_database": [],
            "id": "331504768406:refined_db",
            "location_uri": "s3://lakehouse-refined-331504768406",
            "name": "refined_db",
            "parameters": null,
            "tags": null,
            "tags_all": {},
            "target_database": []
          },
          "sensitive_attributes": [],
          "private": "bnVsbA==",
          "dependencies": [
            "module.iam.aws_iam_policy.datalake_policy",
            "module.iam.aws_iam_role.datalake_role",
            "module.iam.data.aws_caller_identity.current",
            "module.lakeformation.aws_iam_policy.lf_governed_table_policy",
            "module.lakeformation.aws_iam_policy.lf_ram_access_policy",
            "module.lakeformation.aws_iam_policy.lf_user_pass_role_policy",
            "module.lakeformation.aws_iam_policy.lf_workflow_pass_role_policy",
            "module.lakeformation.aws_iam_role.lakeformation_workflow_role",
            "module.lakeformation.aws_iam_role_policy.lf_workflow_permissions",
            "module.lakeformation.aws_iam_role_policy_attachment.lakeformation_workflow_role_attachment",
            "module.lakeformation.aws_iam_role_policy_attachment.lf_workflow_pass_role_policy_attachment",
            "module.lakeformation.aws_iam_user.datalake_admin",
            "module.lakeformation.aws_iam_user.datalake_user1",
            "module.lakeformation.aws_iam_user_login_profile.datalake_admin",
            "module.lakeformation.aws_iam_user_login_profile.datalake_user1",
            "module.lakeformation.aws_iam_user_policy.datalake_admin_inline",
            "module.lakeformation.aws_iam_user_policy.datalake_user1_basic",
            "module.lakeformation.aws_iam_user_policy_attachment.datalake_admin_lf_user_pass_role",
            "module.lakeformation.aws_iam_user_policy_attachment.datalake_admin_managed",
            "module.lakeformation.aws_iam_user_policy_attachment.datalake_admin_ram_access",
            "module.lakeformation.aws_iam_user_policy_attachment.datalake_user1_athena_access",
            "module.lakeformation.aws_iam_user_policy_attachment.datalake_user1_governed_table",
            "module.lakeformation.aws_lakeformation_resource.business_datalake_location",
            "module.lakeformation.aws_lakeformation_resource.raw_datalake_location",
            "module.lakeformation.aws_lakeformation_resource.refined_datalake_location",
            "module.lakeformation.data.aws_caller_identity.current",
            "module.s3.aws_s3_bucket.business_bucket",
            "module.s3.aws_s3_bucket.raw_bucket",
            "module.s3.aws_s3_bucket.refined_bucket",
            "module.s3.aws_s3_bucket.workspace_bucket",
            "module.s3.aws_s3_bucket_lifecycle_configuration.bucket-config",
            "module.s3.aws_s3_bucket_lifecycle_configuration.business-bucket-config",
            "module.s3.aws_s3_bucket_lifecycle_configuration.raw-bucket-config",
            "module.s3.aws_s3_bucket_lifecycle_configuration.refined-bucket-config",
            "module.s3.aws_s3_bucket_public_access_block.business_bucket_public_access_block",
            "module.s3.aws_s3_bucket_public_access_block.raw_bucket_public_access_block",
            "module.s3.aws_s3_bucket_public_access_block.refined_bucket_public_access_block",
            "module.s3.aws_s3_bucket_public_access_block.workspace_bucket",
            "module.s3.data.aws_caller_identity.current"
          ]
        }
      ]
    },
    {
      "module": "module.aws_data_catalog",
      "mode": "managed",
      "type": "aws_glue_catalog_table",
      "name": "dataquality_metrics",
      "provider": "provider[\"registry.terraform.io/hashicorp/aws\"]",
      "instances": [
        {
          "schema_version": 0,
          "attributes": {
            "arn": "arn:aws:glue:us-east-1:331504768406:table/raw_db/data_quality_metrics",
            "catalog_id": "331504768406",
            "database_name": "raw_db",
            "description": "",
            "id": "331504768406:raw_db:data_quality_metrics",
            "name": "data_quality_metrics",
            "open_table_format_input": [],
            "owner": "",
            "parameters": {
              "classification": "parquet"
            },
            "partition_index": null,
            "partition_keys": [
              {
                "comment": "",
                "name": "reference_date",
                "type": "date"
              }
            ],
            "retention": 0,
            "storage_descriptor": [
              {
                "additional_locations": null,
                "bucket_columns": null,
                "columns": [
                  {
                    "comment": "Name of the evaluated database",
                    "name": "database",
                    "parameters": null,
                    "type": "string"
                  },
                  {
                    "comment": "Processing date and time",
                    "name": "processing_timestamp",
                    "parameters": null,
                    "type": "timestamp"
                  },
                  {
                    "comment": "Evaluated metric",
                    "name": "metric",
                    "parameters": null,
                    "type": "string"
                  },
                  {
                    "comment": "Reason for evaluation failure",
                    "name": "failure_reason",
                    "parameters": null,
                    "type": "string"
                  },
                  {
                    "comment": "Evaluation status",
                    "name": "status",
                    "parameters": null,
                    "type": "string"
                  },
                  {
                    "comment": "Evaluated table partition identification",
                    "name": "partition",
                    "parameters": null,
                    "type": "string"
                  },
                  {
                    "comment": "Applied evaluation rule",
                    "name": "rule",
                    "parameters": null,
                    "type": "string"
                  },
                  {
                    "comment": "Name of the evaluated table",
                    "name": "table",
                    "parameters": null,
                    "type": "string"
                  },
                  {
                    "comment": "Name of the evaluated database technology",
                    "name": "technology",
                    "parameters": null,
                    "type": "string"
                  }
                ],
                "compressed": false,
                "input_format": "org.apache.hadoop.hive.ql.io.parquet.MapredParquetInputFormat",
                "location": "s3://lakehouse-raw-331504768406/tables/data_quality_metrics/",
                "number_of_buckets": 0,
                "output_format": "org.apache.hadoop.hive.ql.io.parquet.MapredParquetOutputFormat",
                "parameters": null,
                "schema_reference": [],
                "ser_de_info": [
                  {
                    "name": "data_quality_metrics",
                    "parameters": {
                      "serialization.format": "1"
                    },
                    "serialization_library": "org.apache.hadoop.hive.ql.io.parquet.serde.ParquetHiveSerDe"
                  }
                ],
                "skewed_info": [],
                "sort_columns": [],
                "stored_as_sub_directories": false
              }
            ],
            "table_type": "EXTERNAL_TABLE",
            "target_table": [],
            "view_expanded_text": "",
            "view_original_text": ""
          },
          "sensitive_attributes": [],
          "private": "bnVsbA==",
          "dependencies": [
            "module.aws_data_catalog.aws_glue_catalog_database.db_raw",
            "module.iam.aws_iam_policy.datalake_policy",
            "module.iam.aws_iam_role.datalake_role",
            "module.iam.data.aws_caller_identity.current",
            "module.lakeformation.aws_iam_policy.lf_governed_table_policy",
            "module.lakeformation.aws_iam_policy.lf_ram_access_policy",
            "module.lakeformation.aws_iam_policy.lf_user_pass_role_policy",
            "module.lakeformation.aws_iam_policy.lf_workflow_pass_role_policy",
            "module.lakeformation.aws_iam_role.lakeformation_workflow_role",
            "module.lakeformation.aws_iam_role_policy.lf_workflow_permissions",
            "module.lakeformation.aws_iam_role_policy_attachment.lakeformation_workflow_role_attachment",
            "module.lakeformation.aws_iam_role_policy_attachment.lf_workflow_pass_role_policy_attachment",
            "module.lakeformation.aws_iam_user.datalake_admin",
            "module.lakeformation.aws_iam_user.datalake_user1",
            "module.lakeformation.aws_iam_user_login_profile.datalake_admin",
            "module.lakeformation.aws_iam_user_login_profile.datalake_user1",
            "module.lakeformation.aws_iam_user_policy.datalake_admin_inline",
            "module.lakeformation.aws_iam_user_policy.datalake_user1_basic",
            "module.lakeformation.aws_iam_user_policy_attachment.datalake_admin_lf_user_pass_role",
            "module.lakeformation.aws_iam_user_policy_attachment.datalake_admin_managed",
            "module.lakeformation.aws_iam_user_policy_attachment.datalake_admin_ram_access",
            "module.lakeformation.aws_iam_user_policy_attachment.datalake_user1_athena_access",
            "module.lakeformation.aws_iam_user_policy_attachment.datalake_user1_governed_table",
            "module.lakeformation.aws_lakeformation_resource.business_datalake_location",
            "module.lakeformation.aws_lakeformation_resource.raw_datalake_location",
            "module.lakeformation.aws_lakeformation_resource.refined_datalake_location",
            "module.lakeformation.data.aws_caller_identity.current",
            "module.s3.aws_s3_bucket.business_bucket",
            "module.s3.aws_s3_bucket.raw_bucket",
            "module.s3.aws_s3_bucket.refined_bucket",
            "module.s3.aws_s3_bucket.workspace_bucket",
            "module.s3.aws_s3_bucket_lifecycle_configuration.bucket-config",
            "module.s3.aws_s3_bucket_lifecycle_configuration.business-bucket-config",
            "module.s3.aws_s3_bucket_lifecycle_configuration.raw-bucket-config",
            "module.s3.aws_s3_bucket_lifecycle_configuration.refined-bucket-config",
            "module.s3.aws_s3_bucket_public_access_block.business_bucket_public_access_block",
            "module.s3.aws_s3_bucket_public_access_block.raw_bucket_public_access_block",
            "module.s3.aws_s3_bucket_public_access_block.refined_bucket_public_access_block",
            "module.s3.aws_s3_bucket_public_access_block.workspace_bucket",
            "module.s3.data.aws_caller_identity.current"
          ]
        }
      ]
    },
    {
      "module": "module.aws_data_catalog",
      "mode": "managed",
      "type": "aws_glue_catalog_table",
      "name": "etl_execution_control",
      "provider": "provider[\"registry.terraform.io/hashicorp/aws\"]",
      "instances": [
        {
          "schema_version": 0,
          "attributes": {
            "arn": "arn:aws:glue:us-east-1:331504768406:table/raw_db/etl_control",
            "catalog_id": "331504768406",
            "database_name": "raw_db",
            "description": "ETL execution control table",
            "id": "331504768406:raw_db:etl_control",
            "name": "etl_control",
            "open_table_format_input": [],
            "owner": "",
            "parameters": {
              "classification": "parquet"
            },
            "partition_index": null,
            "partition_keys": [
              {
                "comment": "Reference date of the execution",
                "name": "reference_date",
                "type": "date"
              }
            ],
            "retention": 0,
            "storage_descriptor": [
              {
                "additional_locations": null,
                "bucket_columns": null,
                "columns": [
                  {
                    "comment": "Name of the target table",
                    "name": "target_table_name",
                    "parameters": null,
                    "type": "string"
                  },
                  {
                    "comment": "Start datetime of the execution",
                    "name": "execution_start_timestamp",
                    "parameters": null,
                    "type": "timestamp"
                  },
                  {
                    "comment": "End datetime of the execution",
                    "name": "execution_end_timestamp",
                    "parameters": null,
                    "type": "timestamp"
                  },
                  {
                    "comment": "Partition of the target table",
                    "name": "target_partition",
                    "parameters": null,
                    "type": "string"
                  },
                  {
                    "comment": "Source tables data",
                    "name": "source_tables",
                    "parameters": null,
                    "type": "array\u003cstruct\u003csource_table_name:string,source_partition:string\u003e\u003e"
                  }
                ],
                "compressed": false,
                "input_format": "org.apache.hadoop.hive.ql.io.parquet.MapredParquetInputFormat",
                "location": "s3://lakehouse-raw-331504768406/tables/etl_control/",
                "number_of_buckets": 0,
                "output_format": "org.apache.hadoop.hive.ql.io.parquet.MapredParquetOutputFormat",
                "parameters": null,
                "schema_reference": [],
                "ser_de_info": [
                  {
                    "name": "etl_control",
                    "parameters": {
                      "serialization.format": "1"
                    },
                    "serialization_library": "org.apache.hadoop.hive.ql.io.parquet.serde.ParquetHiveSerDe"
                  }
                ],
                "skewed_info": [],
                "sort_columns": [],
                "stored_as_sub_directories": false
              }
            ],
            "table_type": "EXTERNAL_TABLE",
            "target_table": [],
            "view_expanded_text": "",
            "view_original_text": ""
          },
          "sensitive_attributes": [],
          "private": "bnVsbA==",
          "dependencies": [
            "module.aws_data_catalog.aws_glue_catalog_database.db_raw",
            "module.iam.aws_iam_policy.datalake_policy",
            "module.iam.aws_iam_role.datalake_role",
            "module.iam.data.aws_caller_identity.current",
            "module.lakeformation.aws_iam_policy.lf_governed_table_policy",
            "module.lakeformation.aws_iam_policy.lf_ram_access_policy",
            "module.lakeformation.aws_iam_policy.lf_user_pass_role_policy",
            "module.lakeformation.aws_iam_policy.lf_workflow_pass_role_policy",
            "module.lakeformation.aws_iam_role.lakeformation_workflow_role",
            "module.lakeformation.aws_iam_role_policy.lf_workflow_permissions",
            "module.lakeformation.aws_iam_role_policy_attachment.lakeformation_workflow_role_attachment",
            "module.lakeformation.aws_iam_role_policy_attachment.lf_workflow_pass_role_policy_attachment",
            "module.lakeformation.aws_iam_user.datalake_admin",
            "module.lakeformation.aws_iam_user.datalake_user1",
            "module.lakeformation.aws_iam_user_login_profile.datalake_admin",
            "module.lakeformation.aws_iam_user_login_profile.datalake_user1",
            "module.lakeformation.aws_iam_user_policy.datalake_admin_inline",
            "module.lakeformation.aws_iam_user_policy.datalake_user1_basic",
            "module.lakeformation.aws_iam_user_policy_attachment.datalake_admin_lf_user_pass_role",
            "module.lakeformation.aws_iam_user_policy_attachment.datalake_admin_managed",
            "module.lakeformation.aws_iam_user_policy_attachment.datalake_admin_ram_access",
            "module.lakeformation.aws_iam_user_policy_attachment.datalake_user1_athena_access",
            "module.lakeformation.aws_iam_user_policy_attachment.datalake_user1_governed_table",
            "module.lakeformation.aws_lakeformation_resource.business_datalake_location",
            "module.lakeformation.aws_lakeformation_resource.raw_datalake_location",
            "module.lakeformation.aws_lakeformation_resource.refined_datalake_location",
            "module.lakeformation.data.aws_caller_identity.current",
            "module.s3.aws_s3_bucket.business_bucket",
            "module.s3.aws_s3_bucket.raw_bucket",
            "module.s3.aws_s3_bucket.refined_bucket",
            "module.s3.aws_s3_bucket.workspace_bucket",
            "module.s3.aws_s3_bucket_lifecycle_configuration.bucket-config",
            "module.s3.aws_s3_bucket_lifecycle_configuration.business-bucket-config",
            "module.s3.aws_s3_bucket_lifecycle_configuration.raw-bucket-config",
            "module.s3.aws_s3_bucket_lifecycle_configuration.refined-bucket-config",
            "module.s3.aws_s3_bucket_public_access_block.business_bucket_public_access_block",
            "module.s3.aws_s3_bucket_public_access_block.raw_bucket_public_access_block",
            "module.s3.aws_s3_bucket_public_access_block.refined_bucket_public_access_block",
            "module.s3.aws_s3_bucket_public_access_block.workspace_bucket",
            "module.s3.data.aws_caller_identity.current"
          ]
        }
      ]
    },
    {
      "module": "module.aws_data_catalog",
      "mode": "managed",
      "type": "aws_lakeformation_permissions",
      "name": "grant_dml_db_business",
      "provider": "provider[\"registry.terraform.io/hashicorp/aws\"]",
      "instances": [
        {
          "schema_version": 0,
          "attributes": {
            "catalog_id": "331504768406",
            "catalog_resource": false,
            "data_cells_filter": [],
            "data_location": [],
            "database": [],
            "id": "4079606023",
            "lf_tag": [],
            "lf_tag_policy": [],
            "permissions": [
              "ALTER",
              "DELETE",
              "DESCRIBE",
              "INSERT",
              "SELECT"
            ],
            "permissions_with_grant_option": [],
            "principal": "arn:aws:iam::331504768406:role/role-datalake-analytics",
            "table": [
              {
                "catalog_id": "331504768406",
                "database_name": "business_db",
                "name": "",
                "wildcard": true
              }
            ],
            "table_with_columns": []
          },
          "sensitive_attributes": [],
          "private": "bnVsbA==",
          "dependencies": [
            "module.aws_data_catalog.aws_glue_catalog_database.db_business",
            "module.iam.aws_iam_policy.datalake_policy",
            "module.iam.aws_iam_role.datalake_role",
            "module.iam.data.aws_caller_identity.current",
            "module.lakeformation.aws_iam_policy.lf_governed_table_policy",
            "module.lakeformation.aws_iam_policy.lf_ram_access_policy",
            "module.lakeformation.aws_iam_policy.lf_user_pass_role_policy",
            "module.lakeformation.aws_iam_policy.lf_workflow_pass_role_policy",
            "module.lakeformation.aws_iam_role.lakeformation_workflow_role",
            "module.lakeformation.aws_iam_role_policy.lf_workflow_permissions",
            "module.lakeformation.aws_iam_role_policy_attachment.lakeformation_workflow_role_attachment",
            "module.lakeformation.aws_iam_role_policy_attachment.lf_workflow_pass_role_policy_attachment",
            "module.lakeformation.aws_iam_user.datalake_admin",
            "module.lakeformation.aws_iam_user.datalake_user1",
            "module.lakeformation.aws_iam_user_login_profile.datalake_admin",
            "module.lakeformation.aws_iam_user_login_profile.datalake_user1",
            "module.lakeformation.aws_iam_user_policy.datalake_admin_inline",
            "module.lakeformation.aws_iam_user_policy.datalake_user1_basic",
            "module.lakeformation.aws_iam_user_policy_attachment.datalake_admin_lf_user_pass_role",
            "module.lakeformation.aws_iam_user_policy_attachment.datalake_admin_managed",
            "module.lakeformation.aws_iam_user_policy_attachment.datalake_admin_ram_access",
            "module.lakeformation.aws_iam_user_policy_attachment.datalake_user1_athena_access",
            "module.lakeformation.aws_iam_user_policy_attachment.datalake_user1_governed_table",
            "module.lakeformation.aws_lakeformation_resource.business_datalake_location",
            "module.lakeformation.aws_lakeformation_resource.raw_datalake_location",
            "module.lakeformation.aws_lakeformation_resource.refined_datalake_location",
            "module.lakeformation.data.aws_caller_identity.current",
            "module.s3.aws_s3_bucket.business_bucket",
            "module.s3.aws_s3_bucket.raw_bucket",
            "module.s3.aws_s3_bucket.refined_bucket",
            "module.s3.aws_s3_bucket.workspace_bucket",
            "module.s3.aws_s3_bucket_lifecycle_configuration.bucket-config",
            "module.s3.aws_s3_bucket_lifecycle_configuration.business-bucket-config",
            "module.s3.aws_s3_bucket_lifecycle_configuration.raw-bucket-config",
            "module.s3.aws_s3_bucket_lifecycle_configuration.refined-bucket-config",
            "module.s3.aws_s3_bucket_public_access_block.business_bucket_public_access_block",
            "module.s3.aws_s3_bucket_public_access_block.raw_bucket_public_access_block",
            "module.s3.aws_s3_bucket_public_access_block.refined_bucket_public_access_block",
            "module.s3.aws_s3_bucket_public_access_block.workspace_bucket",
            "module.s3.data.aws_caller_identity.current"
          ]
        }
      ]
    },
    {
      "module": "module.aws_data_catalog",
      "mode": "managed",
      "type": "aws_lakeformation_permissions",
      "name": "grant_dml_db_raw",
      "provider": "provider[\"registry.terraform.io/hashicorp/aws\"]",
      "instances": [
        {
          "schema_version": 0,
          "attributes": {
            "catalog_id": "331504768406",
            "catalog_resource": false,
            "data_cells_filter": [],
            "data_location": [],
            "database": [],
            "id": "2677030852",
            "lf_tag": [],
            "lf_tag_policy": [],
            "permissions": [
              "ALTER",
              "DELETE",
              "DESCRIBE",
              "INSERT",
              "SELECT"
            ],
            "permissions_with_grant_option": [],
            "principal": "arn:aws:iam::331504768406:role/role-datalake-analytics",
            "table": [
              {
                "catalog_id": "331504768406",
                "database_name": "raw_db",
                "name": "",
                "wildcard": true
              }
            ],
            "table_with_columns": []
          },
          "sensitive_attributes": [],
          "private": "bnVsbA==",
          "dependencies": [
            "module.aws_data_catalog.aws_glue_catalog_database.db_raw",
            "module.iam.aws_iam_policy.datalake_policy",
            "module.iam.aws_iam_role.datalake_role",
            "module.iam.data.aws_caller_identity.current",
            "module.lakeformation.aws_iam_policy.lf_governed_table_policy",
            "module.lakeformation.aws_iam_policy.lf_ram_access_policy",
            "module.lakeformation.aws_iam_policy.lf_user_pass_role_policy",
            "module.lakeformation.aws_iam_policy.lf_workflow_pass_role_policy",
            "module.lakeformation.aws_iam_role.lakeformation_workflow_role",
            "module.lakeformation.aws_iam_role_policy.lf_workflow_permissions",
            "module.lakeformation.aws_iam_role_policy_attachment.lakeformation_workflow_role_attachment",
            "module.lakeformation.aws_iam_role_policy_attachment.lf_workflow_pass_role_policy_attachment",
            "module.lakeformation.aws_iam_user.datalake_admin",
            "module.lakeformation.aws_iam_user.datalake_user1",
            "module.lakeformation.aws_iam_user_login_profile.datalake_admin",
            "module.lakeformation.aws_iam_user_login_profile.datalake_user1",
            "module.lakeformation.aws_iam_user_policy.datalake_admin_inline",
            "module.lakeformation.aws_iam_user_policy.datalake_user1_basic",
            "module.lakeformation.aws_iam_user_policy_attachment.datalake_admin_lf_user_pass_role",
            "module.lakeformation.aws_iam_user_policy_attachment.datalake_admin_managed",
            "module.lakeformation.aws_iam_user_policy_attachment.datalake_admin_ram_access",
            "module.lakeformation.aws_iam_user_policy_attachment.datalake_user1_athena_access",
            "module.lakeformation.aws_iam_user_policy_attachment.datalake_user1_governed_table",
            "module.lakeformation.aws_lakeformation_resource.business_datalake_location",
            "module.lakeformation.aws_lakeformation_resource.raw_datalake_location",
            "module.lakeformation.aws_lakeformation_resource.refined_datalake_location",
            "module.lakeformation.data.aws_caller_identity.current",
            "module.s3.aws_s3_bucket.business_bucket",
            "module.s3.aws_s3_bucket.raw_bucket",
            "module.s3.aws_s3_bucket.refined_bucket",
            "module.s3.aws_s3_bucket.workspace_bucket",
            "module.s3.aws_s3_bucket_lifecycle_configuration.bucket-config",
            "module.s3.aws_s3_bucket_lifecycle_configuration.business-bucket-config",
            "module.s3.aws_s3_bucket_lifecycle_configuration.raw-bucket-config",
            "module.s3.aws_s3_bucket_lifecycle_configuration.refined-bucket-config",
            "module.s3.aws_s3_bucket_public_access_block.business_bucket_public_access_block",
            "module.s3.aws_s3_bucket_public_access_block.raw_bucket_public_access_block",
            "module.s3.aws_s3_bucket_public_access_block.refined_bucket_public_access_block",
            "module.s3.aws_s3_bucket_public_access_block.workspace_bucket",
            "module.s3.data.aws_caller_identity.current"
          ]
        }
      ]
    },
    {
      "module": "module.aws_data_catalog",
      "mode": "managed",
      "type": "aws_lakeformation_permissions",
      "name": "grant_dml_db_refined",
      "provider": "provider[\"registry.terraform.io/hashicorp/aws\"]",
      "instances": [
        {
          "schema_version": 0,
          "attributes": {
            "catalog_id": "331504768406",
            "catalog_resource": false,
            "data_cells_filter": [],
            "data_location": [],
            "database": [],
            "id": "3573430581",
            "lf_tag": [],
            "lf_tag_policy": [],
            "permissions": [
              "ALTER",
              "DELETE",
              "DESCRIBE",
              "INSERT",
              "SELECT"
            ],
            "permissions_with_grant_option": [],
            "principal": "arn:aws:iam::331504768406:role/role-datalake-analytics",
            "table": [
              {
                "catalog_id": "331504768406",
                "database_name": "refined_db",
                "name": "",
                "wildcard": true
              }
            ],
            "table_with_columns": []
          },
          "sensitive_attributes": [],
          "private": "bnVsbA==",
          "dependencies": [
            "module.aws_data_catalog.aws_glue_catalog_database.db_refined",
            "module.iam.aws_iam_policy.datalake_policy",
            "module.iam.aws_iam_role.datalake_role",
            "module.iam.data.aws_caller_identity.current",
            "module.lakeformation.aws_iam_policy.lf_governed_table_policy",
            "module.lakeformation.aws_iam_policy.lf_ram_access_policy",
            "module.lakeformation.aws_iam_policy.lf_user_pass_role_policy",
            "module.lakeformation.aws_iam_policy.lf_workflow_pass_role_policy",
            "module.lakeformation.aws_iam_role.lakeformation_workflow_role",
            "module.lakeformation.aws_iam_role_policy.lf_workflow_permissions",
            "module.lakeformation.aws_iam_role_policy_attachment.lakeformation_workflow_role_attachment",
            "module.lakeformation.aws_iam_role_policy_attachment.lf_workflow_pass_role_policy_attachment",
            "module.lakeformation.aws_iam_user.datalake_admin",
            "module.lakeformation.aws_iam_user.datalake_user1",
            "module.lakeformation.aws_iam_user_login_profile.datalake_admin",
            "module.lakeformation.aws_iam_user_login_profile.datalake_user1",
            "module.lakeformation.aws_iam_user_policy.datalake_admin_inline",
            "module.lakeformation.aws_iam_user_policy.datalake_user1_basic",
            "module.lakeformation.aws_iam_user_policy_attachment.datalake_admin_lf_user_pass_role",
            "module.lakeformation.aws_iam_user_policy_attachment.datalake_admin_managed",
            "module.lakeformation.aws_iam_user_policy_attachment.datalake_admin_ram_access",
            "module.lakeformation.aws_iam_user_policy_attachment.datalake_user1_athena_access",
            "module.lakeformation.aws_iam_user_policy_attachment.datalake_user1_governed_table",
            "module.lakeformation.aws_lakeformation_resource.business_datalake_location",
            "module.lakeformation.aws_lakeformation_resource.raw_datalake_location",
            "module.lakeformation.aws_lakeformation_resource.refined_datalake_location",
            "module.lakeformation.data.aws_caller_identity.current",
            "module.s3.aws_s3_bucket.business_bucket",
            "module.s3.aws_s3_bucket.raw_bucket",
            "module.s3.aws_s3_bucket.refined_bucket",
            "module.s3.aws_s3_bucket.workspace_bucket",
            "module.s3.aws_s3_bucket_lifecycle_configuration.bucket-config",
            "module.s3.aws_s3_bucket_lifecycle_configuration.business-bucket-config",
            "module.s3.aws_s3_bucket_lifecycle_configuration.raw-bucket-config",
            "module.s3.aws_s3_bucket_lifecycle_configuration.refined-bucket-config",
            "module.s3.aws_s3_bucket_public_access_block.business_bucket_public_access_block",
            "module.s3.aws_s3_bucket_public_access_block.raw_bucket_public_access_block",
            "module.s3.aws_s3_bucket_public_access_block.refined_bucket_public_access_block",
            "module.s3.aws_s3_bucket_public_access_block.workspace_bucket",
            "module.s3.data.aws_caller_identity.current"
          ]
        }
      ]
    },
    {
      "module": "module.aws_data_catalog",
      "mode": "managed",
      "type": "aws_lakeformation_permissions",
      "name": "grant_select_lake_admin_business",
      "provider": "provider[\"registry.terraform.io/hashicorp/aws\"]",
      "instances": [
        {
          "schema_version": 0,
          "attributes": {
            "catalog_id": "331504768406",
            "catalog_resource": false,
            "data_cells_filter": [],
            "data_location": [],
            "database": [],
            "id": "2192189548",
            "lf_tag": [],
            "lf_tag_policy": [],
            "permissions": [
              "ALTER",
              "DELETE",
              "DESCRIBE",
              "INSERT",
              "SELECT"
            ],
            "permissions_with_grant_option": [
              "ALL",
              "ALTER",
              "DELETE",
              "DESCRIBE",
              "DROP",
              "INSERT",
              "SELECT"
            ],
            "principal": "arn:aws:iam::331504768406:user/lake-admin",
            "table": [
              {
                "catalog_id": "331504768406",
                "database_name": "business_db",
                "name": "",
                "wildcard": true
              }
            ],
            "table_with_columns": []
          },
          "sensitive_attributes": [],
          "private": "bnVsbA==",
          "dependencies": [
            "module.aws_data_catalog.aws_glue_catalog_database.db_business",
            "module.iam.aws_iam_policy.datalake_policy",
            "module.iam.aws_iam_role.datalake_role",
            "module.iam.data.aws_caller_identity.current",
            "module.lakeformation.aws_iam_policy.lf_governed_table_policy",
            "module.lakeformation.aws_iam_policy.lf_ram_access_policy",
            "module.lakeformation.aws_iam_policy.lf_user_pass_role_policy",
            "module.lakeformation.aws_iam_policy.lf_workflow_pass_role_policy",
            "module.lakeformation.aws_iam_role.lakeformation_workflow_role",
            "module.lakeformation.aws_iam_role_policy.lf_workflow_permissions",
            "module.lakeformation.aws_iam_role_policy_attachment.lakeformation_workflow_role_attachment",
            "module.lakeformation.aws_iam_role_policy_attachment.lf_workflow_pass_role_policy_attachment",
            "module.lakeformation.aws_iam_user.datalake_admin",
            "module.lakeformation.aws_iam_user.datalake_user1",
            "module.lakeformation.aws_iam_user_login_profile.datalake_admin",
            "module.lakeformation.aws_iam_user_login_profile.datalake_user1",
            "module.lakeformation.aws_iam_user_policy.datalake_admin_inline",
            "module.lakeformation.aws_iam_user_policy.datalake_user1_basic",
            "module.lakeformation.aws_iam_user_policy_attachment.datalake_admin_lf_user_pass_role",
            "module.lakeformation.aws_iam_user_policy_attachment.datalake_admin_managed",
            "module.lakeformation.aws_iam_user_policy_attachment.datalake_admin_ram_access",
            "module.lakeformation.aws_iam_user_policy_attachment.datalake_user1_athena_access",
            "module.lakeformation.aws_iam_user_policy_attachment.datalake_user1_governed_table",
            "module.lakeformation.aws_lakeformation_resource.business_datalake_location",
            "module.lakeformation.aws_lakeformation_resource.raw_datalake_location",
            "module.lakeformation.aws_lakeformation_resource.refined_datalake_location",
            "module.lakeformation.data.aws_caller_identity.current",
            "module.s3.aws_s3_bucket.business_bucket",
            "module.s3.aws_s3_bucket.raw_bucket",
            "module.s3.aws_s3_bucket.refined_bucket",
            "module.s3.aws_s3_bucket.workspace_bucket",
            "module.s3.aws_s3_bucket_lifecycle_configuration.bucket-config",
            "module.s3.aws_s3_bucket_lifecycle_configuration.business-bucket-config",
            "module.s3.aws_s3_bucket_lifecycle_configuration.raw-bucket-config",
            "module.s3.aws_s3_bucket_lifecycle_configuration.refined-bucket-config",
            "module.s3.aws_s3_bucket_public_access_block.business_bucket_public_access_block",
            "module.s3.aws_s3_bucket_public_access_block.raw_bucket_public_access_block",
            "module.s3.aws_s3_bucket_public_access_block.refined_bucket_public_access_block",
            "module.s3.aws_s3_bucket_public_access_block.workspace_bucket",
            "module.s3.data.aws_caller_identity.current"
          ]
        }
      ]
    },
    {
      "module": "module.aws_data_catalog",
      "mode": "managed",
      "type": "aws_lakeformation_permissions",
      "name": "grant_select_lake_admin_raw",
      "provider": "provider[\"registry.terraform.io/hashicorp/aws\"]",
      "instances": [
        {
          "schema_version": 0,
          "attributes": {
            "catalog_id": "331504768406",
            "catalog_resource": false,
            "data_cells_filter": [],
            "data_location": [],
            "database": [],
            "id": "1284163348",
            "lf_tag": [],
            "lf_tag_policy": [],
            "permissions": [
              "ALTER",
              "DELETE",
              "DESCRIBE",
              "INSERT",
              "SELECT"
            ],
            "permissions_with_grant_option": [
              "ALL",
              "ALTER",
              "DELETE",
              "DESCRIBE",
              "DROP",
              "INSERT",
              "SELECT"
            ],
            "principal": "arn:aws:iam::331504768406:user/lake-admin",
            "table": [
              {
                "catalog_id": "331504768406",
                "database_name": "raw_db",
                "name": "",
                "wildcard": true
              }
            ],
            "table_with_columns": []
          },
          "sensitive_attributes": [],
          "private": "bnVsbA==",
          "dependencies": [
            "module.aws_data_catalog.aws_glue_catalog_database.db_raw",
            "module.iam.aws_iam_policy.datalake_policy",
            "module.iam.aws_iam_role.datalake_role",
            "module.iam.data.aws_caller_identity.current",
            "module.lakeformation.aws_iam_policy.lf_governed_table_policy",
            "module.lakeformation.aws_iam_policy.lf_ram_access_policy",
            "module.lakeformation.aws_iam_policy.lf_user_pass_role_policy",
            "module.lakeformation.aws_iam_policy.lf_workflow_pass_role_policy",
            "module.lakeformation.aws_iam_role.lakeformation_workflow_role",
            "module.lakeformation.aws_iam_role_policy.lf_workflow_permissions",
            "module.lakeformation.aws_iam_role_policy_attachment.lakeformation_workflow_role_attachment",
            "module.lakeformation.aws_iam_role_policy_attachment.lf_workflow_pass_role_policy_attachment",
            "module.lakeformation.aws_iam_user.datalake_admin",
            "module.lakeformation.aws_iam_user.datalake_user1",
            "module.lakeformation.aws_iam_user_login_profile.datalake_admin",
            "module.lakeformation.aws_iam_user_login_profile.datalake_user1",
            "module.lakeformation.aws_iam_user_policy.datalake_admin_inline",
            "module.lakeformation.aws_iam_user_policy.datalake_user1_basic",
            "module.lakeformation.aws_iam_user_policy_attachment.datalake_admin_lf_user_pass_role",
            "module.lakeformation.aws_iam_user_policy_attachment.datalake_admin_managed",
            "module.lakeformation.aws_iam_user_policy_attachment.datalake_admin_ram_access",
            "module.lakeformation.aws_iam_user_policy_attachment.datalake_user1_athena_access",
            "module.lakeformation.aws_iam_user_policy_attachment.datalake_user1_governed_table",
            "module.lakeformation.aws_lakeformation_resource.business_datalake_location",
            "module.lakeformation.aws_lakeformation_resource.raw_datalake_location",
            "module.lakeformation.aws_lakeformation_resource.refined_datalake_location",
            "module.lakeformation.data.aws_caller_identity.current",
            "module.s3.aws_s3_bucket.business_bucket",
            "module.s3.aws_s3_bucket.raw_bucket",
            "module.s3.aws_s3_bucket.refined_bucket",
            "module.s3.aws_s3_bucket.workspace_bucket",
            "module.s3.aws_s3_bucket_lifecycle_configuration.bucket-config",
            "module.s3.aws_s3_bucket_lifecycle_configuration.business-bucket-config",
            "module.s3.aws_s3_bucket_lifecycle_configuration.raw-bucket-config",
            "module.s3.aws_s3_bucket_lifecycle_configuration.refined-bucket-config",
            "module.s3.aws_s3_bucket_public_access_block.business_bucket_public_access_block",
            "module.s3.aws_s3_bucket_public_access_block.raw_bucket_public_access_block",
            "module.s3.aws_s3_bucket_public_access_block.refined_bucket_public_access_block",
            "module.s3.aws_s3_bucket_public_access_block.workspace_bucket",
            "module.s3.data.aws_caller_identity.current"
          ]
        }
      ]
    },
    {
      "module": "module.aws_data_catalog",
      "mode": "managed",
      "type": "aws_lakeformation_permissions",
      "name": "grant_select_lake_admin_refined",
      "provider": "provider[\"registry.terraform.io/hashicorp/aws\"]",
      "instances": [
        {
          "schema_version": 0,
          "attributes": {
            "catalog_id": "331504768406",
            "catalog_resource": false,
            "data_cells_filter": [],
            "data_location": [],
            "database": [],
            "id": "3867859825",
            "lf_tag": [],
            "lf_tag_policy": [],
            "permissions": [
              "ALTER",
              "DELETE",
              "DESCRIBE",
              "INSERT",
              "SELECT"
            ],
            "permissions_with_grant_option": [
              "ALL",
              "ALTER",
              "DELETE",
              "DESCRIBE",
              "DROP",
              "INSERT",
              "SELECT"
            ],
            "principal": "arn:aws:iam::331504768406:user/lake-admin",
            "table": [
              {
                "catalog_id": "331504768406",
                "database_name": "refined_db",
                "name": "",
                "wildcard": true
              }
            ],
            "table_with_columns": []
          },
          "sensitive_attributes": [],
          "private": "bnVsbA==",
          "dependencies": [
            "module.aws_data_catalog.aws_glue_catalog_database.db_refined",
            "module.iam.aws_iam_policy.datalake_policy",
            "module.iam.aws_iam_role.datalake_role",
            "module.iam.data.aws_caller_identity.current",
            "module.lakeformation.aws_iam_policy.lf_governed_table_policy",
            "module.lakeformation.aws_iam_policy.lf_ram_access_policy",
            "module.lakeformation.aws_iam_policy.lf_user_pass_role_policy",
            "module.lakeformation.aws_iam_policy.lf_workflow_pass_role_policy",
            "module.lakeformation.aws_iam_role.lakeformation_workflow_role",
            "module.lakeformation.aws_iam_role_policy.lf_workflow_permissions",
            "module.lakeformation.aws_iam_role_policy_attachment.lakeformation_workflow_role_attachment",
            "module.lakeformation.aws_iam_role_policy_attachment.lf_workflow_pass_role_policy_attachment",
            "module.lakeformation.aws_iam_user.datalake_admin",
            "module.lakeformation.aws_iam_user.datalake_user1",
            "module.lakeformation.aws_iam_user_login_profile.datalake_admin",
            "module.lakeformation.aws_iam_user_login_profile.datalake_user1",
            "module.lakeformation.aws_iam_user_policy.datalake_admin_inline",
            "module.lakeformation.aws_iam_user_policy.datalake_user1_basic",
            "module.lakeformation.aws_iam_user_policy_attachment.datalake_admin_lf_user_pass_role",
            "module.lakeformation.aws_iam_user_policy_attachment.datalake_admin_managed",
            "module.lakeformation.aws_iam_user_policy_attachment.datalake_admin_ram_access",
            "module.lakeformation.aws_iam_user_policy_attachment.datalake_user1_athena_access",
            "module.lakeformation.aws_iam_user_policy_attachment.datalake_user1_governed_table",
            "module.lakeformation.aws_lakeformation_resource.business_datalake_location",
            "module.lakeformation.aws_lakeformation_resource.raw_datalake_location",
            "module.lakeformation.aws_lakeformation_resource.refined_datalake_location",
            "module.lakeformation.data.aws_caller_identity.current",
            "module.s3.aws_s3_bucket.business_bucket",
            "module.s3.aws_s3_bucket.raw_bucket",
            "module.s3.aws_s3_bucket.refined_bucket",
            "module.s3.aws_s3_bucket.workspace_bucket",
            "module.s3.aws_s3_bucket_lifecycle_configuration.bucket-config",
            "module.s3.aws_s3_bucket_lifecycle_configuration.business-bucket-config",
            "module.s3.aws_s3_bucket_lifecycle_configuration.raw-bucket-config",
            "module.s3.aws_s3_bucket_lifecycle_configuration.refined-bucket-config",
            "module.s3.aws_s3_bucket_public_access_block.business_bucket_public_access_block",
            "module.s3.aws_s3_bucket_public_access_block.raw_bucket_public_access_block",
            "module.s3.aws_s3_bucket_public_access_block.refined_bucket_public_access_block",
            "module.s3.aws_s3_bucket_public_access_block.workspace_bucket",
            "module.s3.data.aws_caller_identity.current"
          ]
        }
      ]
    },
    {
      "module": "module.iam",
      "mode": "data",
      "type": "aws_caller_identity",
      "name": "current",
      "provider": "provider[\"registry.terraform.io/hashicorp/aws\"]",
      "instances": [
        {
          "schema_version": 0,
          "attributes": {
            "account_id": "331504768406",
            "arn": "arn:aws:iam::331504768406:user/lake-admin",
            "id": "331504768406",
            "user_id": "AIDAU2LZZKWLCFPCWNTXM"
          },
          "sensitive_attributes": []
        }
      ]
    },
    {
      "module": "module.iam",
      "mode": "managed",
      "type": "aws_iam_policy",
      "name": "datalake_policy",
      "provider": "provider[\"registry.terraform.io/hashicorp/aws\"]",
      "instances": [
        {
          "schema_version": 0,
          "attributes": {
            "arn": "arn:aws:iam::331504768406:policy/datalake-policy",
            "attachment_count": 0,
            "description": "Policy for Data Lake access",
            "id": "arn:aws:iam::331504768406:policy/datalake-policy",
            "name": "datalake-policy",
            "name_prefix": "",
            "path": "/",
            "policy": "{\"Statement\":[{\"Action\":[\"s3:ListBucket\",\"s3:GetObject\",\"s3:PutObject\",\"s3:DeleteObject\"],\"Effect\":\"Allow\",\"Resource\":[\"arn:aws:s3:::lakehouse-raw-*\",\"arn:aws:s3:::lakehouse-refined-*\",\"arn:aws:s3:::lakehouse-business-*\"]},{\"Action\":[\"glue:GetDatabase\",\"glue:GetTable\",\"glue:CreateTable\",\"glue:UpdateTable\",\"glue:DeleteTable\",\"glue:GetPartition\",\"glue:CreatePartition\",\"glue:DeletePartition\"],\"Effect\":\"Allow\",\"Resource\":\"*\"},{\"Action\":[\"athena:StartQueryExecution\",\"athena:GetQueryExecution\",\"athena:GetQueryResults\"],\"Effect\":\"Allow\",\"Resource\":\"*\"},{\"Action\":[\"states:StartExecution\",\"states:StopExecution\",\"states:DescribeExecution\",\"states:ListExecutions\"],\"Effect\":\"Allow\",\"Resource\":\"*\"},{\"Action\":[\"sns:Publish\",\"sns:Subscribe\",\"sns:Receive\",\"sns:DeleteTopic\"],\"Effect\":\"Allow\",\"Resource\":\"*\"},{\"Action\":[\"sqs:SendMessage\",\"sqs:ReceiveMessage\",\"sqs:DeleteMessage\",\"sqs:GetQueueAttributes\"],\"Effect\":\"Allow\",\"Resource\":\"*\"},{\"Action\":[\"lakeformation:GetDataAccess\",\"lakeformation:GrantPermissions\",\"lakeformation:RevokePermissions\",\"lakeformation:CreateTable\",\"lakeformation:DeleteTable\",\"lakeformation:UpdateTable\"],\"Effect\":\"Allow\",\"Resource\":\"*\"}],\"Version\":\"2012-10-17\"}",
            "policy_id": "ANPAU2LZZKWLK26HLQAIH",
            "tags": null,
            "tags_all": {}
          },
          "sensitive_attributes": [],
          "private": "bnVsbA=="
        }
      ]
    },
    {
      "module": "module.iam",
      "mode": "managed",
      "type": "aws_iam_role",
      "name": "datalake_role",
      "provider": "provider[\"registry.terraform.io/hashicorp/aws\"]",
      "instances": [
        {
          "schema_version": 0,
          "attributes": {
            "arn": "arn:aws:iam::331504768406:role/role-datalake-analytics",
            "assume_role_policy": "{\"Statement\":[{\"Action\":\"sts:AssumeRole\",\"Effect\":\"Allow\",\"Principal\":{\"Service\":[\"glue.amazonaws.com\",\"states.amazonaws.com\",\"athena.amazonaws.com\",\"s3.amazonaws.com\",\"sns.amazonaws.com\",\"sqs.amazonaws.com\"]}}],\"Version\":\"2012-10-17\"}",
            "create_date": "2025-05-25T22:33:18Z",
            "description": "",
            "force_detach_policies": false,
            "id": "role-datalake-analytics",
            "inline_policy": [],
            "managed_policy_arns": [],
            "max_session_duration": 3600,
            "name": "role-datalake-analytics",
            "name_prefix": "",
            "path": "/",
            "permissions_boundary": "",
            "tags": null,
            "tags_all": {},
            "unique_id": "AROAU2LZZKWLPQDYQG6DK"
          },
          "sensitive_attributes": [],
          "private": "bnVsbA=="
        }
      ]
    },
    {
      "module": "module.lakeformation",
      "mode": "data",
      "type": "aws_caller_identity",
      "name": "current",
      "provider": "provider[\"registry.terraform.io/hashicorp/aws\"]",
      "instances": [
        {
          "schema_version": 0,
          "attributes": {
            "account_id": "331504768406",
            "arn": "arn:aws:iam::331504768406:user/lake-admin",
            "id": "331504768406",
            "user_id": "AIDAU2LZZKWLCFPCWNTXM"
          },
          "sensitive_attributes": []
        }
      ]
    },
    {
      "module": "module.lakeformation",
      "mode": "managed",
      "type": "aws_iam_policy",
      "name": "lf_governed_table_policy",
      "provider": "provider[\"registry.terraform.io/hashicorp/aws\"]",
      "instances": [
        {
          "schema_version": 0,
          "attributes": {
            "arn": "arn:aws:iam::331504768406:policy/LFGovernedTablePolicy",
            "attachment_count": 0,
            "description": "Policy to allow datalake-user-01 to use governed tables",
            "id": "arn:aws:iam::331504768406:policy/LFGovernedTablePolicy",
            "name": "LFGovernedTablePolicy",
            "name_prefix": "",
            "path": "/",
            "policy": "{\"Statement\":[{\"Action\":[\"glue:GetTable\",\"glue:GetPartitions\",\"glue:UpdateTable\",\"lakeformation:StartTransaction\",\"lakeformation:CommitTransaction\",\"lakeformation:CancelTransaction\",\"lakeformation:ExtendTransaction\",\"lakeformation:DescribeTransaction\",\"lakeformation:ListTransactions\",\"lakeformation:GetTableObjects\",\"lakeformation:UpdateTableObjects\",\"lakeformation:DeleteObjectsOnCancel\",\"lakeformation:StartQueryPlanning\",\"lakeformation:GetQueryState\",\"lakeformation:GetQueryStatistics\",\"lakeformation:GetWorkUnits\",\"lakeformation:GetWorkUnitResults\",\"lakeformation:ListTableStorageOptimizers\",\"lakeformation:UpdateTableStorageOptimizer\"],\"Effect\":\"Allow\",\"Resource\":\"*\"},{\"Action\":[\"logs:CreateLogGroup\",\"logs:CreateLogStream\",\"logs:PutLogEvents\"],\"Effect\":\"Allow\",\"Resource\":\"arn:aws:logs:*:331504768406:log-group:/aws-lakeformation-acceleration/compaction/logs:*\"}],\"Version\":\"2012-10-17\"}",
            "policy_id": "ANPAU2LZZKWLDEA522KLW",
            "tags": null,
            "tags_all": {}
          },
          "sensitive_attributes": [],
          "private": "bnVsbA==",
          "dependencies": [
            "module.iam.aws_iam_policy.datalake_policy",
            "module.iam.aws_iam_role.datalake_role",
            "module.iam.data.aws_caller_identity.current",
            "module.lakeformation.data.aws_caller_identity.current",
            "module.s3.aws_s3_bucket.business_bucket",
            "module.s3.aws_s3_bucket.raw_bucket",
            "module.s3.aws_s3_bucket.refined_bucket",
            "module.s3.aws_s3_bucket.workspace_bucket",
            "module.s3.aws_s3_bucket_lifecycle_configuration.bucket-config",
            "module.s3.aws_s3_bucket_lifecycle_configuration.business-bucket-config",
            "module.s3.aws_s3_bucket_lifecycle_configuration.raw-bucket-config",
            "module.s3.aws_s3_bucket_lifecycle_configuration.refined-bucket-config",
            "module.s3.aws_s3_bucket_public_access_block.business_bucket_public_access_block",
            "module.s3.aws_s3_bucket_public_access_block.raw_bucket_public_access_block",
            "module.s3.aws_s3_bucket_public_access_block.refined_bucket_public_access_block",
            "module.s3.aws_s3_bucket_public_access_block.workspace_bucket",
            "module.s3.data.aws_caller_identity.current"
          ]
        }
      ]
    },
    {
      "module": "module.lakeformation",
      "mode": "managed",
      "type": "aws_iam_policy",
      "name": "lf_ram_access_policy",
      "provider": "provider[\"registry.terraform.io/hashicorp/aws\"]",
      "instances": [
        {
          "schema_version": 0,
          "attributes": {
            "arn": "arn:aws:iam::331504768406:policy/LFRamAccess",
            "attachment_count": 0,
            "description": "Policy to allow datalake-admin to manage RAM",
            "id": "arn:aws:iam::331504768406:policy/LFRamAccess",
            "name": "LFRamAccess",
            "name_prefix": "",
            "path": "/",
            "policy": "{\"Statement\":[{\"Action\":[\"ram:AcceptResourceShareInvitation\",\"ram:RejectResourceShareInvitation\",\"ec2:DescribeAvailabilityZones\",\"ram:EnableSharingWithAwsOrganization\"],\"Effect\":\"Allow\",\"Resource\":\"*\"}],\"Version\":\"2012-10-17\"}",
            "policy_id": "ANPAU2LZZKWLE6PNCDXNX",
            "tags": null,
            "tags_all": {}
          },
          "sensitive_attributes": [],
          "private": "bnVsbA==",
          "dependencies": [
            "module.iam.aws_iam_policy.datalake_policy",
            "module.iam.aws_iam_role.datalake_role",
            "module.iam.data.aws_caller_identity.current",
            "module.s3.aws_s3_bucket.business_bucket",
            "module.s3.aws_s3_bucket.raw_bucket",
            "module.s3.aws_s3_bucket.refined_bucket",
            "module.s3.aws_s3_bucket.workspace_bucket",
            "module.s3.aws_s3_bucket_lifecycle_configuration.bucket-config",
            "module.s3.aws_s3_bucket_lifecycle_configuration.business-bucket-config",
            "module.s3.aws_s3_bucket_lifecycle_configuration.raw-bucket-config",
            "module.s3.aws_s3_bucket_lifecycle_configuration.refined-bucket-config",
            "module.s3.aws_s3_bucket_public_access_block.business_bucket_public_access_block",
            "module.s3.aws_s3_bucket_public_access_block.raw_bucket_public_access_block",
            "module.s3.aws_s3_bucket_public_access_block.refined_bucket_public_access_block",
            "module.s3.aws_s3_bucket_public_access_block.workspace_bucket",
            "module.s3.data.aws_caller_identity.current"
          ]
        }
      ]
    },
    {
      "module": "module.lakeformation",
      "mode": "managed",
      "type": "aws_iam_policy",
      "name": "lf_user_pass_role_policy",
      "provider": "provider[\"registry.terraform.io/hashicorp/aws\"]",
      "instances": [
        {
          "schema_version": 0,
          "attributes": {
            "arn": "arn:aws:iam::331504768406:policy/LFUserPassRole",
            "attachment_count": 0,
            "description": "Policy to allow datalake-admin to pass roles",
            "id": "arn:aws:iam::331504768406:policy/LFUserPassRole",
            "name": "LFUserPassRole",
            "name_prefix": "",
            "path": "/",
            "policy": "{\"Statement\":[{\"Action\":\"iam:PassRole\",\"Effect\":\"Allow\",\"Resource\":[\"arn:aws:iam::331504768406:role/aws-service-role/lakeformation.amazonaws.com/AWSServiceRoleForLakeFormationDataAccess\",\"arn:aws:iam::331504768406:role/LFWorkflowRole\"]}],\"Version\":\"2012-10-17\"}",
            "policy_id": "ANPAU2LZZKWLOSVLJAWFQ",
            "tags": null,
            "tags_all": {}
          },
          "sensitive_attributes": [],
          "private": "bnVsbA==",
          "dependencies": [
            "module.iam.aws_iam_policy.datalake_policy",
            "module.iam.aws_iam_role.datalake_role",
            "module.iam.data.aws_caller_identity.current",
            "module.lakeformation.aws_iam_role.lakeformation_workflow_role",
            "module.lakeformation.data.aws_caller_identity.current",
            "module.s3.aws_s3_bucket.business_bucket",
            "module.s3.aws_s3_bucket.raw_bucket",
            "module.s3.aws_s3_bucket.refined_bucket",
            "module.s3.aws_s3_bucket.workspace_bucket",
            "module.s3.aws_s3_bucket_lifecycle_configuration.bucket-config",
            "module.s3.aws_s3_bucket_lifecycle_configuration.business-bucket-config",
            "module.s3.aws_s3_bucket_lifecycle_configuration.raw-bucket-config",
            "module.s3.aws_s3_bucket_lifecycle_configuration.refined-bucket-config",
            "module.s3.aws_s3_bucket_public_access_block.business_bucket_public_access_block",
            "module.s3.aws_s3_bucket_public_access_block.raw_bucket_public_access_block",
            "module.s3.aws_s3_bucket_public_access_block.refined_bucket_public_access_block",
            "module.s3.aws_s3_bucket_public_access_block.workspace_bucket",
            "module.s3.data.aws_caller_identity.current"
          ]
        }
      ]
    },
    {
      "module": "module.lakeformation",
      "mode": "managed",
      "type": "aws_iam_policy",
      "name": "lf_workflow_pass_role_policy",
      "provider": "provider[\"registry.terraform.io/hashicorp/aws\"]",
      "instances": [
        {
          "schema_version": 0,
          "attributes": {
            "arn": "arn:aws:iam::331504768406:policy/LFWorkflowSelfPassRole",
            "attachment_count": 0,
            "description": "Policy to allow LFWorkflowRole to pass itself",
            "id": "arn:aws:iam::331504768406:policy/LFWorkflowSelfPassRole",
            "name": "LFWorkflowSelfPassRole",
            "name_prefix": "",
            "path": "/",
            "policy": "{\"Statement\":[{\"Action\":\"iam:PassRole\",\"Effect\":\"Allow\",\"Resource\":\"arn:aws:iam::331504768406:role/LFWorkflowRole\"}],\"Version\":\"2012-10-17\"}",
            "policy_id": "ANPAU2LZZKWLOJCCFH33W",
            "tags": null,
            "tags_all": {}
          },
          "sensitive_attributes": [],
          "private": "bnVsbA==",
          "dependencies": [
            "module.iam.aws_iam_policy.datalake_policy",
            "module.iam.aws_iam_role.datalake_role",
            "module.iam.data.aws_caller_identity.current",
            "module.lakeformation.aws_iam_role.lakeformation_workflow_role",
            "module.s3.aws_s3_bucket.business_bucket",
            "module.s3.aws_s3_bucket.raw_bucket",
            "module.s3.aws_s3_bucket.refined_bucket",
            "module.s3.aws_s3_bucket.workspace_bucket",
            "module.s3.aws_s3_bucket_lifecycle_configuration.bucket-config",
            "module.s3.aws_s3_bucket_lifecycle_configuration.business-bucket-config",
            "module.s3.aws_s3_bucket_lifecycle_configuration.raw-bucket-config",
            "module.s3.aws_s3_bucket_lifecycle_configuration.refined-bucket-config",
            "module.s3.aws_s3_bucket_public_access_block.business_bucket_public_access_block",
            "module.s3.aws_s3_bucket_public_access_block.raw_bucket_public_access_block",
            "module.s3.aws_s3_bucket_public_access_block.refined_bucket_public_access_block",
            "module.s3.aws_s3_bucket_public_access_block.workspace_bucket",
            "module.s3.data.aws_caller_identity.current"
          ]
        }
      ]
    },
    {
      "module": "module.lakeformation",
      "mode": "managed",
      "type": "aws_iam_role",
      "name": "lakeformation_workflow_role",
      "provider": "provider[\"registry.terraform.io/hashicorp/aws\"]",
      "instances": [
        {
          "schema_version": 0,
          "attributes": {
            "arn": "arn:aws:iam::331504768406:role/LFWorkflowRole",
            "assume_role_policy": "{\"Statement\":[{\"Action\":\"sts:AssumeRole\",\"Effect\":\"Allow\",\"Principal\":{\"Service\":\"lakeformation.amazonaws.com\"}}],\"Version\":\"2012-10-17\"}",
            "create_date": "2025-05-25T22:33:42Z",
            "description": "Permissions to use LF Workflow feature",
            "force_detach_policies": false,
            "id": "LFWorkflowRole",
            "inline_policy": [],
            "managed_policy_arns": [],
            "max_session_duration": 3600,
            "name": "LFWorkflowRole",
            "name_prefix": "",
            "path": "/",
            "permissions_boundary": "",
            "tags": null,
            "tags_all": {},
            "unique_id": "AROAU2LZZKWLEHMIHYZ2C"
          },
          "sensitive_attributes": [],
          "private": "bnVsbA==",
          "dependencies": [
            "module.iam.aws_iam_policy.datalake_policy",
            "module.iam.aws_iam_role.datalake_role",
            "module.iam.data.aws_caller_identity.current",
            "module.s3.aws_s3_bucket.business_bucket",
            "module.s3.aws_s3_bucket.raw_bucket",
            "module.s3.aws_s3_bucket.refined_bucket",
            "module.s3.aws_s3_bucket.workspace_bucket",
            "module.s3.aws_s3_bucket_lifecycle_configuration.bucket-config",
            "module.s3.aws_s3_bucket_lifecycle_configuration.business-bucket-config",
            "module.s3.aws_s3_bucket_lifecycle_configuration.raw-bucket-config",
            "module.s3.aws_s3_bucket_lifecycle_configuration.refined-bucket-config",
            "module.s3.aws_s3_bucket_public_access_block.business_bucket_public_access_block",
            "module.s3.aws_s3_bucket_public_access_block.raw_bucket_public_access_block",
            "module.s3.aws_s3_bucket_public_access_block.refined_bucket_public_access_block",
            "module.s3.aws_s3_bucket_public_access_block.workspace_bucket",
            "module.s3.data.aws_caller_identity.current"
          ]
        }
      ]
    },
    {
      "module": "module.lakeformation",
      "mode": "managed",
      "type": "aws_iam_role_policy",
      "name": "lf_workflow_permissions",
      "provider": "provider[\"registry.terraform.io/hashicorp/aws\"]",
      "instances": [
        {
          "schema_version": 0,
          "attributes": {
            "id": "LFWorkflowRole:LFWorkflowPermissions",
            "name": "LFWorkflowPermissions",
            "name_prefix": "",
            "policy": "{\"Version\":\"2012-10-17\",\"Statement\":[{\"Action\":[\"lakeformation:GetDataAccess\",\"lakeformation:GrantPermissions\"],\"Effect\":\"Allow\",\"Resource\":\"*\"}]}",
            "role": "LFWorkflowRole"
          },
          "sensitive_attributes": [],
          "private": "bnVsbA==",
          "dependencies": [
            "module.iam.aws_iam_policy.datalake_policy",
            "module.iam.aws_iam_role.datalake_role",
            "module.iam.data.aws_caller_identity.current",
            "module.lakeformation.aws_iam_role.lakeformation_workflow_role",
            "module.s3.aws_s3_bucket.business_bucket",
            "module.s3.aws_s3_bucket.raw_bucket",
            "module.s3.aws_s3_bucket.refined_bucket",
            "module.s3.aws_s3_bucket.workspace_bucket",
            "module.s3.aws_s3_bucket_lifecycle_configuration.bucket-config",
            "module.s3.aws_s3_bucket_lifecycle_configuration.business-bucket-config",
            "module.s3.aws_s3_bucket_lifecycle_configuration.raw-bucket-config",
            "module.s3.aws_s3_bucket_lifecycle_configuration.refined-bucket-config",
            "module.s3.aws_s3_bucket_public_access_block.business_bucket_public_access_block",
            "module.s3.aws_s3_bucket_public_access_block.raw_bucket_public_access_block",
            "module.s3.aws_s3_bucket_public_access_block.refined_bucket_public_access_block",
            "module.s3.aws_s3_bucket_public_access_block.workspace_bucket",
            "module.s3.data.aws_caller_identity.current"
          ]
        }
      ]
    },
    {
      "module": "module.lakeformation",
      "mode": "managed",
      "type": "aws_iam_role_policy_attachment",
      "name": "lakeformation_workflow_role_attachment",
      "provider": "provider[\"registry.terraform.io/hashicorp/aws\"]",
      "instances": [
        {
          "schema_version": 0,
          "attributes": {
            "id": "LFWorkflowRole-2025052522334287260000000a",
            "policy_arn": "arn:aws:iam::aws:policy/service-role/AWSGlueServiceRole",
            "role": "LFWorkflowRole"
          },
          "sensitive_attributes": [],
          "private": "bnVsbA==",
          "dependencies": [
            "module.iam.aws_iam_policy.datalake_policy",
            "module.iam.aws_iam_role.datalake_role",
            "module.iam.data.aws_caller_identity.current",
            "module.lakeformation.aws_iam_role.lakeformation_workflow_role",
            "module.s3.aws_s3_bucket.business_bucket",
            "module.s3.aws_s3_bucket.raw_bucket",
            "module.s3.aws_s3_bucket.refined_bucket",
            "module.s3.aws_s3_bucket.workspace_bucket",
            "module.s3.aws_s3_bucket_lifecycle_configuration.bucket-config",
            "module.s3.aws_s3_bucket_lifecycle_configuration.business-bucket-config",
            "module.s3.aws_s3_bucket_lifecycle_configuration.raw-bucket-config",
            "module.s3.aws_s3_bucket_lifecycle_configuration.refined-bucket-config",
            "module.s3.aws_s3_bucket_public_access_block.business_bucket_public_access_block",
            "module.s3.aws_s3_bucket_public_access_block.raw_bucket_public_access_block",
            "module.s3.aws_s3_bucket_public_access_block.refined_bucket_public_access_block",
            "module.s3.aws_s3_bucket_public_access_block.workspace_bucket",
            "module.s3.data.aws_caller_identity.current"
          ]
        }
      ]
    },
    {
      "module": "module.lakeformation",
      "mode": "managed",
      "type": "aws_iam_role_policy_attachment",
      "name": "lf_workflow_pass_role_policy_attachment",
      "provider": "provider[\"registry.terraform.io/hashicorp/aws\"]",
      "instances": [
        {
          "schema_version": 0,
          "attributes": {
            "id": "LFWorkflowRole-2025052522334337240000000c",
            "policy_arn": "arn:aws:iam::331504768406:policy/LFWorkflowSelfPassRole",
            "role": "LFWorkflowRole"
          },
          "sensitive_attributes": [],
          "private": "bnVsbA==",
          "dependencies": [
            "module.iam.aws_iam_policy.datalake_policy",
            "module.iam.aws_iam_role.datalake_role",
            "module.iam.data.aws_caller_identity.current",
            "module.lakeformation.aws_iam_policy.lf_workflow_pass_role_policy",
            "module.lakeformation.aws_iam_role.lakeformation_workflow_role",
            "module.s3.aws_s3_bucket.business_bucket",
            "module.s3.aws_s3_bucket.raw_bucket",
            "module.s3.aws_s3_bucket.refined_bucket",
            "module.s3.aws_s3_bucket.workspace_bucket",
            "module.s3.aws_s3_bucket_lifecycle_configuration.bucket-config",
            "module.s3.aws_s3_bucket_lifecycle_configuration.business-bucket-config",
            "module.s3.aws_s3_bucket_lifecycle_configuration.raw-bucket-config",
            "module.s3.aws_s3_bucket_lifecycle_configuration.refined-bucket-config",
            "module.s3.aws_s3_bucket_public_access_block.business_bucket_public_access_block",
            "module.s3.aws_s3_bucket_public_access_block.raw_bucket_public_access_block",
            "module.s3.aws_s3_bucket_public_access_block.refined_bucket_public_access_block",
            "module.s3.aws_s3_bucket_public_access_block.workspace_bucket",
            "module.s3.data.aws_caller_identity.current"
          ]
        }
      ]
    },
    {
      "module": "module.lakeformation",
      "mode": "managed",
      "type": "aws_iam_user",
      "name": "datalake_admin",
      "provider": "provider[\"registry.terraform.io/hashicorp/aws\"]",
      "instances": [
        {
          "schema_version": 0,
          "attributes": {
            "arn": "arn:aws:iam::331504768406:user/datalake-admin",
            "force_destroy": false,
            "id": "datalake-admin",
            "name": "datalake-admin",
            "path": "/",
            "permissions_boundary": "",
            "tags": null,
            "tags_all": {},
            "unique_id": "AIDAU2LZZKWLC2G2QX5JW"
          },
          "sensitive_attributes": [],
          "private": "bnVsbA==",
          "dependencies": [
            "module.iam.aws_iam_policy.datalake_policy",
            "module.iam.aws_iam_role.datalake_role",
            "module.iam.data.aws_caller_identity.current",
            "module.s3.aws_s3_bucket.business_bucket",
            "module.s3.aws_s3_bucket.raw_bucket",
            "module.s3.aws_s3_bucket.refined_bucket",
            "module.s3.aws_s3_bucket.workspace_bucket",
            "module.s3.aws_s3_bucket_lifecycle_configuration.bucket-config",
            "module.s3.aws_s3_bucket_lifecycle_configuration.business-bucket-config",
            "module.s3.aws_s3_bucket_lifecycle_configuration.raw-bucket-config",
            "module.s3.aws_s3_bucket_lifecycle_configuration.refined-bucket-config",
            "module.s3.aws_s3_bucket_public_access_block.business_bucket_public_access_block",
            "module.s3.aws_s3_bucket_public_access_block.raw_bucket_public_access_block",
            "module.s3.aws_s3_bucket_public_access_block.refined_bucket_public_access_block",
            "module.s3.aws_s3_bucket_public_access_block.workspace_bucket",
            "module.s3.data.aws_caller_identity.current"
          ]
        }
      ]
    },
    {
      "module": "module.lakeformation",
      "mode": "managed",
      "type": "aws_iam_user",
      "name": "datalake_user1",
      "provider": "provider[\"registry.terraform.io/hashicorp/aws\"]",
      "instances": [
        {
          "schema_version": 0,
          "attributes": {
            "arn": "arn:aws:iam::331504768406:user/datalake-user-01",
            "force_destroy": false,
            "id": "datalake-user-01",
            "name": "datalake-user-01",
            "path": "/",
            "permissions_boundary": "",
            "tags": null,
            "tags_all": {},
            "unique_id": "AIDAU2LZZKWLMXWULULL6"
          },
          "sensitive_attributes": [],
          "private": "bnVsbA==",
          "dependencies": [
            "module.iam.aws_iam_policy.datalake_policy",
            "module.iam.aws_iam_role.datalake_role",
            "module.iam.data.aws_caller_identity.current",
            "module.s3.aws_s3_bucket.business_bucket",
            "module.s3.aws_s3_bucket.raw_bucket",
            "module.s3.aws_s3_bucket.refined_bucket",
            "module.s3.aws_s3_bucket.workspace_bucket",
            "module.s3.aws_s3_bucket_lifecycle_configuration.bucket-config",
            "module.s3.aws_s3_bucket_lifecycle_configuration.business-bucket-config",
            "module.s3.aws_s3_bucket_lifecycle_configuration.raw-bucket-config",
            "module.s3.aws_s3_bucket_lifecycle_configuration.refined-bucket-config",
            "module.s3.aws_s3_bucket_public_access_block.business_bucket_public_access_block",
            "module.s3.aws_s3_bucket_public_access_block.raw_bucket_public_access_block",
            "module.s3.aws_s3_bucket_public_access_block.refined_bucket_public_access_block",
            "module.s3.aws_s3_bucket_public_access_block.workspace_bucket",
            "module.s3.data.aws_caller_identity.current"
          ]
        }
      ]
    },
    {
      "module": "module.lakeformation",
      "mode": "managed",
      "type": "aws_iam_user_login_profile",
      "name": "datalake_admin",
      "provider": "provider[\"registry.terraform.io/hashicorp/aws\"]",
      "instances": [
        {
          "schema_version": 0,
          "attributes": {
            "encrypted_password": null,
            "id": "datalake-admin",
            "key_fingerprint": null,
            "password": "W8fsAdK{FfZY8Q^dQAN+",
            "password_length": 20,
            "password_reset_required": true,
            "pgp_key": null,
            "user": "datalake-admin"
          },
          "sensitive_attributes": [
            [
              {
                "type": "get_attr",
                "value": "password"
              }
            ]
          ],
          "private": "bnVsbA==",
          "dependencies": [
            "module.iam.aws_iam_policy.datalake_policy",
            "module.iam.aws_iam_role.datalake_role",
            "module.iam.data.aws_caller_identity.current",
            "module.lakeformation.aws_iam_user.datalake_admin",
            "module.s3.aws_s3_bucket.business_bucket",
            "module.s3.aws_s3_bucket.raw_bucket",
            "module.s3.aws_s3_bucket.refined_bucket",
            "module.s3.aws_s3_bucket.workspace_bucket",
            "module.s3.aws_s3_bucket_lifecycle_configuration.bucket-config",
            "module.s3.aws_s3_bucket_lifecycle_configuration.business-bucket-config",
            "module.s3.aws_s3_bucket_lifecycle_configuration.raw-bucket-config",
            "module.s3.aws_s3_bucket_lifecycle_configuration.refined-bucket-config",
            "module.s3.aws_s3_bucket_public_access_block.business_bucket_public_access_block",
            "module.s3.aws_s3_bucket_public_access_block.raw_bucket_public_access_block",
            "module.s3.aws_s3_bucket_public_access_block.refined_bucket_public_access_block",
            "module.s3.aws_s3_bucket_public_access_block.workspace_bucket",
            "module.s3.data.aws_caller_identity.current"
          ]
        }
      ]
    },
    {
      "module": "module.lakeformation",
      "mode": "managed",
      "type": "aws_iam_user_login_profile",
      "name": "datalake_user1",
      "provider": "provider[\"registry.terraform.io/hashicorp/aws\"]",
      "instances": [
        {
          "schema_version": 0,
          "attributes": {
            "encrypted_password": null,
            "id": "datalake-user-01",
            "key_fingerprint": null,
            "password": "v[uP0!_gt3bO]QSsx[[q",
            "password_length": 20,
            "password_reset_required": true,
            "pgp_key": null,
            "user": "datalake-user-01"
          },
          "sensitive_attributes": [
            [
              {
                "type": "get_attr",
                "value": "password"
              }
            ]
          ],
          "private": "bnVsbA==",
          "dependencies": [
            "module.iam.aws_iam_policy.datalake_policy",
            "module.iam.aws_iam_role.datalake_role",
            "module.iam.data.aws_caller_identity.current",
            "module.lakeformation.aws_iam_user.datalake_user1",
            "module.s3.aws_s3_bucket.business_bucket",
            "module.s3.aws_s3_bucket.raw_bucket",
            "module.s3.aws_s3_bucket.refined_bucket",
            "module.s3.aws_s3_bucket.workspace_bucket",
            "module.s3.aws_s3_bucket_lifecycle_configuration.bucket-config",
            "module.s3.aws_s3_bucket_lifecycle_configuration.business-bucket-config",
            "module.s3.aws_s3_bucket_lifecycle_configuration.raw-bucket-config",
            "module.s3.aws_s3_bucket_lifecycle_configuration.refined-bucket-config",
            "module.s3.aws_s3_bucket_public_access_block.business_bucket_public_access_block",
            "module.s3.aws_s3_bucket_public_access_block.raw_bucket_public_access_block",
            "module.s3.aws_s3_bucket_public_access_block.refined_bucket_public_access_block",
            "module.s3.aws_s3_bucket_public_access_block.workspace_bucket",
            "module.s3.data.aws_caller_identity.current"
          ]
        }
      ]
    },
    {
      "module": "module.lakeformation",
      "mode": "managed",
      "type": "aws_iam_user_policy",
      "name": "datalake_admin_inline",
      "provider": "provider[\"registry.terraform.io/hashicorp/aws\"]",
      "instances": [
        {
          "schema_version": 0,
          "attributes": {
            "id": "datalake-admin:LakeFormationSLR",
            "name": "LakeFormationSLR",
            "name_prefix": "",
            "policy": "{\"Version\":\"2012-10-17\",\"Statement\":[{\"Action\":\"iam:CreateServiceLinkedRole\",\"Condition\":{\"StringEquals\":{\"iam:AWSServiceName\":\"lakeformation.amazonaws.com\"}},\"Effect\":\"Allow\",\"Resource\":\"*\"},{\"Action\":\"iam:PutRolePolicy\",\"Effect\":\"Allow\",\"Resource\":\"arn:aws:iam::331504768406:role/aws-service-role/lakeformation.amazonaws.com/AWSServiceRoleForLakeFormationDataAccess\"}]}",
            "user": "datalake-admin"
          },
          "sensitive_attributes": [],
          "private": "bnVsbA==",
          "dependencies": [
            "module.iam.aws_iam_policy.datalake_policy",
            "module.iam.aws_iam_role.datalake_role",
            "module.iam.data.aws_caller_identity.current",
            "module.lakeformation.aws_iam_user.datalake_admin",
            "module.lakeformation.data.aws_caller_identity.current",
            "module.s3.aws_s3_bucket.business_bucket",
            "module.s3.aws_s3_bucket.raw_bucket",
            "module.s3.aws_s3_bucket.refined_bucket",
            "module.s3.aws_s3_bucket.workspace_bucket",
            "module.s3.aws_s3_bucket_lifecycle_configuration.bucket-config",
            "module.s3.aws_s3_bucket_lifecycle_configuration.business-bucket-config",
            "module.s3.aws_s3_bucket_lifecycle_configuration.raw-bucket-config",
            "module.s3.aws_s3_bucket_lifecycle_configuration.refined-bucket-config",
            "module.s3.aws_s3_bucket_public_access_block.business_bucket_public_access_block",
            "module.s3.aws_s3_bucket_public_access_block.raw_bucket_public_access_block",
            "module.s3.aws_s3_bucket_public_access_block.refined_bucket_public_access_block",
            "module.s3.aws_s3_bucket_public_access_block.workspace_bucket",
            "module.s3.data.aws_caller_identity.current"
          ]
        }
      ]
    },
    {
      "module": "module.lakeformation",
      "mode": "managed",
      "type": "aws_iam_user_policy",
      "name": "datalake_user1_basic",
      "provider": "provider[\"registry.terraform.io/hashicorp/aws\"]",
      "instances": [
        {
          "schema_version": 0,
          "attributes": {
            "id": "datalake-user-01:DatalakeUserBasic",
            "name": "DatalakeUserBasic",
            "name_prefix": "",
            "policy": "{\"Version\":\"2012-10-17\",\"Statement\":[{\"Action\":[\"lakeformation:GetDataAccess\",\"glue:GetDatabase\",\"glue:GetDatabases\",\"glue:GetTable\",\"glue:GetTables\",\"glue:GetTableVersions\",\"glue:SearchTables\",\"glue:UpdateTable\",\"glue:GetPartitions\",\"lakeformation:GetResourceLFTags\",\"lakeformation:ListLFTags\",\"lakeformation:GetLFTag\",\"lakeformation:SearchTablesByLFTag\",\"lakeformation:SearchDatabasesByLFTags\"],\"Effect\":\"Allow\",\"Resource\":\"*\"}]}",
            "user": "datalake-user-01"
          },
          "sensitive_attributes": [],
          "private": "bnVsbA==",
          "dependencies": [
            "module.iam.aws_iam_policy.datalake_policy",
            "module.iam.aws_iam_role.datalake_role",
            "module.iam.data.aws_caller_identity.current",
            "module.lakeformation.aws_iam_user.datalake_user1",
            "module.s3.aws_s3_bucket.business_bucket",
            "module.s3.aws_s3_bucket.raw_bucket",
            "module.s3.aws_s3_bucket.refined_bucket",
            "module.s3.aws_s3_bucket.workspace_bucket",
            "module.s3.aws_s3_bucket_lifecycle_configuration.bucket-config",
            "module.s3.aws_s3_bucket_lifecycle_configuration.business-bucket-config",
            "module.s3.aws_s3_bucket_lifecycle_configuration.raw-bucket-config",
            "module.s3.aws_s3_bucket_lifecycle_configuration.refined-bucket-config",
            "module.s3.aws_s3_bucket_public_access_block.business_bucket_public_access_block",
            "module.s3.aws_s3_bucket_public_access_block.raw_bucket_public_access_block",
            "module.s3.aws_s3_bucket_public_access_block.refined_bucket_public_access_block",
            "module.s3.aws_s3_bucket_public_access_block.workspace_bucket",
            "module.s3.data.aws_caller_identity.current"
          ]
        }
      ]
    },
    {
      "module": "module.lakeformation",
      "mode": "managed",
      "type": "aws_iam_user_policy_attachment",
      "name": "datalake_admin_lf_user_pass_role",
      "provider": "provider[\"registry.terraform.io/hashicorp/aws\"]",
      "instances": [
        {
          "schema_version": 0,
          "attributes": {
            "id": "datalake-admin-2025052522334327080000000b",
            "policy_arn": "arn:aws:iam::331504768406:policy/LFUserPassRole",
            "user": "datalake-admin"
          },
          "sensitive_attributes": [],
          "private": "bnVsbA==",
          "dependencies": [
            "module.iam.aws_iam_policy.datalake_policy",
            "module.iam.aws_iam_role.datalake_role",
            "module.iam.data.aws_caller_identity.current",
            "module.lakeformation.aws_iam_policy.lf_user_pass_role_policy",
            "module.lakeformation.aws_iam_role.lakeformation_workflow_role",
            "module.lakeformation.aws_iam_user.datalake_admin",
            "module.lakeformation.data.aws_caller_identity.current",
            "module.s3.aws_s3_bucket.business_bucket",
            "module.s3.aws_s3_bucket.raw_bucket",
            "module.s3.aws_s3_bucket.refined_bucket",
            "module.s3.aws_s3_bucket.workspace_bucket",
            "module.s3.aws_s3_bucket_lifecycle_configuration.bucket-config",
            "module.s3.aws_s3_bucket_lifecycle_configuration.business-bucket-config",
            "module.s3.aws_s3_bucket_lifecycle_configuration.raw-bucket-config",
            "module.s3.aws_s3_bucket_lifecycle_configuration.refined-bucket-config",
            "module.s3.aws_s3_bucket_public_access_block.business_bucket_public_access_block",
            "module.s3.aws_s3_bucket_public_access_block.raw_bucket_public_access_block",
            "module.s3.aws_s3_bucket_public_access_block.refined_bucket_public_access_block",
            "module.s3.aws_s3_bucket_public_access_block.workspace_bucket",
            "module.s3.data.aws_caller_identity.current"
          ]
        }
      ]
    },
    {
      "module": "module.lakeformation",
      "mode": "managed",
      "type": "aws_iam_user_policy_attachment",
      "name": "datalake_admin_managed",
      "provider": "provider[\"registry.terraform.io/hashicorp/aws\"]",
      "instances": [
        {
          "index_key": "arn:aws:iam::aws:policy/AWSCloudFormationReadOnlyAccess",
          "schema_version": 0,
          "attributes": {
            "id": "datalake-admin-20250525223342275900000002",
            "policy_arn": "arn:aws:iam::aws:policy/AWSCloudFormationReadOnlyAccess",
            "user": "datalake-admin"
          },
          "sensitive_attributes": [],
          "private": "bnVsbA==",
          "dependencies": [
            "module.iam.aws_iam_policy.datalake_policy",
            "module.iam.aws_iam_role.datalake_role",
            "module.iam.data.aws_caller_identity.current",
            "module.lakeformation.aws_iam_user.datalake_admin",
            "module.s3.aws_s3_bucket.business_bucket",
            "module.s3.aws_s3_bucket.raw_bucket",
            "module.s3.aws_s3_bucket.refined_bucket",
            "module.s3.aws_s3_bucket.workspace_bucket",
            "module.s3.aws_s3_bucket_lifecycle_configuration.bucket-config",
            "module.s3.aws_s3_bucket_lifecycle_configuration.business-bucket-config",
            "module.s3.aws_s3_bucket_lifecycle_configuration.raw-bucket-config",
            "module.s3.aws_s3_bucket_lifecycle_configuration.refined-bucket-config",
            "module.s3.aws_s3_bucket_public_access_block.business_bucket_public_access_block",
            "module.s3.aws_s3_bucket_public_access_block.raw_bucket_public_access_block",
            "module.s3.aws_s3_bucket_public_access_block.refined_bucket_public_access_block",
            "module.s3.aws_s3_bucket_public_access_block.workspace_bucket",
            "module.s3.data.aws_caller_identity.current"
          ]
        },
        {
          "index_key": "arn:aws:iam::aws:policy/AWSGlueConsoleFullAccess",
          "schema_version": 0,
          "attributes": {
            "id": "datalake-admin-20250525223342540700000006",
            "policy_arn": "arn:aws:iam::aws:policy/AWSGlueConsoleFullAccess",
            "user": "datalake-admin"
          },
          "sensitive_attributes": [],
          "private": "bnVsbA==",
          "dependencies": [
            "module.iam.aws_iam_policy.datalake_policy",
            "module.iam.aws_iam_role.datalake_role",
            "module.iam.data.aws_caller_identity.current",
            "module.lakeformation.aws_iam_user.datalake_admin",
            "module.s3.aws_s3_bucket.business_bucket",
            "module.s3.aws_s3_bucket.raw_bucket",
            "module.s3.aws_s3_bucket.refined_bucket",
            "module.s3.aws_s3_bucket.workspace_bucket",
            "module.s3.aws_s3_bucket_lifecycle_configuration.bucket-config",
            "module.s3.aws_s3_bucket_lifecycle_configuration.business-bucket-config",
            "module.s3.aws_s3_bucket_lifecycle_configuration.raw-bucket-config",
            "module.s3.aws_s3_bucket_lifecycle_configuration.refined-bucket-config",
            "module.s3.aws_s3_bucket_public_access_block.business_bucket_public_access_block",
            "module.s3.aws_s3_bucket_public_access_block.raw_bucket_public_access_block",
            "module.s3.aws_s3_bucket_public_access_block.refined_bucket_public_access_block",
            "module.s3.aws_s3_bucket_public_access_block.workspace_bucket",
            "module.s3.data.aws_caller_identity.current"
          ]
        },
        {
          "index_key": "arn:aws:iam::aws:policy/AWSLakeFormationCrossAccountManager",
          "schema_version": 0,
          "attributes": {
            "id": "datalake-admin-20250525223342482200000004",
            "policy_arn": "arn:aws:iam::aws:policy/AWSLakeFormationCrossAccountManager",
            "user": "datalake-admin"
          },
          "sensitive_attributes": [],
          "private": "bnVsbA==",
          "dependencies": [
            "module.iam.aws_iam_policy.datalake_policy",
            "module.iam.aws_iam_role.datalake_role",
            "module.iam.data.aws_caller_identity.current",
            "module.lakeformation.aws_iam_user.datalake_admin",
            "module.s3.aws_s3_bucket.business_bucket",
            "module.s3.aws_s3_bucket.raw_bucket",
            "module.s3.aws_s3_bucket.refined_bucket",
            "module.s3.aws_s3_bucket.workspace_bucket",
            "module.s3.aws_s3_bucket_lifecycle_configuration.bucket-config",
            "module.s3.aws_s3_bucket_lifecycle_configuration.business-bucket-config",
            "module.s3.aws_s3_bucket_lifecycle_configuration.raw-bucket-config",
            "module.s3.aws_s3_bucket_lifecycle_configuration.refined-bucket-config",
            "module.s3.aws_s3_bucket_public_access_block.business_bucket_public_access_block",
            "module.s3.aws_s3_bucket_public_access_block.raw_bucket_public_access_block",
            "module.s3.aws_s3_bucket_public_access_block.refined_bucket_public_access_block",
            "module.s3.aws_s3_bucket_public_access_block.workspace_bucket",
            "module.s3.data.aws_caller_identity.current"
          ]
        },
        {
          "index_key": "arn:aws:iam::aws:policy/AWSLakeFormationDataAdmin",
          "schema_version": 0,
          "attributes": {
            "id": "datalake-admin-20250525223342515000000005",
            "policy_arn": "arn:aws:iam::aws:policy/AWSLakeFormationDataAdmin",
            "user": "datalake-admin"
          },
          "sensitive_attributes": [],
          "private": "bnVsbA==",
          "dependencies": [
            "module.iam.aws_iam_policy.datalake_policy",
            "module.iam.aws_iam_role.datalake_role",
            "module.iam.data.aws_caller_identity.current",
            "module.lakeformation.aws_iam_user.datalake_admin",
            "module.s3.aws_s3_bucket.business_bucket",
            "module.s3.aws_s3_bucket.raw_bucket",
            "module.s3.aws_s3_bucket.refined_bucket",
            "module.s3.aws_s3_bucket.workspace_bucket",
            "module.s3.aws_s3_bucket_lifecycle_configuration.bucket-config",
            "module.s3.aws_s3_bucket_lifecycle_configuration.business-bucket-config",
            "module.s3.aws_s3_bucket_lifecycle_configuration.raw-bucket-config",
            "module.s3.aws_s3_bucket_lifecycle_configuration.refined-bucket-config",
            "module.s3.aws_s3_bucket_public_access_block.business_bucket_public_access_block",
            "module.s3.aws_s3_bucket_public_access_block.raw_bucket_public_access_block",
            "module.s3.aws_s3_bucket_public_access_block.refined_bucket_public_access_block",
            "module.s3.aws_s3_bucket_public_access_block.workspace_bucket",
            "module.s3.data.aws_caller_identity.current"
          ]
        },
        {
          "index_key": "arn:aws:iam::aws:policy/AmazonAthenaFullAccess",
          "schema_version": 0,
          "attributes": {
            "id": "datalake-admin-20250525223342285400000003",
            "policy_arn": "arn:aws:iam::aws:policy/AmazonAthenaFullAccess",
            "user": "datalake-admin"
          },
          "sensitive_attributes": [],
          "private": "bnVsbA==",
          "dependencies": [
            "module.iam.aws_iam_policy.datalake_policy",
            "module.iam.aws_iam_role.datalake_role",
            "module.iam.data.aws_caller_identity.current",
            "module.lakeformation.aws_iam_user.datalake_admin",
            "module.s3.aws_s3_bucket.business_bucket",
            "module.s3.aws_s3_bucket.raw_bucket",
            "module.s3.aws_s3_bucket.refined_bucket",
            "module.s3.aws_s3_bucket.workspace_bucket",
            "module.s3.aws_s3_bucket_lifecycle_configuration.bucket-config",
            "module.s3.aws_s3_bucket_lifecycle_configuration.business-bucket-config",
            "module.s3.aws_s3_bucket_lifecycle_configuration.raw-bucket-config",
            "module.s3.aws_s3_bucket_lifecycle_configuration.refined-bucket-config",
            "module.s3.aws_s3_bucket_public_access_block.business_bucket_public_access_block",
            "module.s3.aws_s3_bucket_public_access_block.raw_bucket_public_access_block",
            "module.s3.aws_s3_bucket_public_access_block.refined_bucket_public_access_block",
            "module.s3.aws_s3_bucket_public_access_block.workspace_bucket",
            "module.s3.data.aws_caller_identity.current"
          ]
        },
        {
          "index_key": "arn:aws:iam::aws:policy/CloudWatchLogsReadOnlyAccess",
          "schema_version": 0,
          "attributes": {
            "id": "datalake-admin-20250525223342272000000001",
            "policy_arn": "arn:aws:iam::aws:policy/CloudWatchLogsReadOnlyAccess",
            "user": "datalake-admin"
          },
          "sensitive_attributes": [],
          "private": "bnVsbA==",
          "dependencies": [
            "module.iam.aws_iam_policy.datalake_policy",
            "module.iam.aws_iam_role.datalake_role",
            "module.iam.data.aws_caller_identity.current",
            "module.lakeformation.aws_iam_user.datalake_admin",
            "module.s3.aws_s3_bucket.business_bucket",
            "module.s3.aws_s3_bucket.raw_bucket",
            "module.s3.aws_s3_bucket.refined_bucket",
            "module.s3.aws_s3_bucket.workspace_bucket",
            "module.s3.aws_s3_bucket_lifecycle_configuration.bucket-config",
            "module.s3.aws_s3_bucket_lifecycle_configuration.business-bucket-config",
            "module.s3.aws_s3_bucket_lifecycle_configuration.raw-bucket-config",
            "module.s3.aws_s3_bucket_lifecycle_configuration.refined-bucket-config",
            "module.s3.aws_s3_bucket_public_access_block.business_bucket_public_access_block",
            "module.s3.aws_s3_bucket_public_access_block.raw_bucket_public_access_block",
            "module.s3.aws_s3_bucket_public_access_block.refined_bucket_public_access_block",
            "module.s3.aws_s3_bucket_public_access_block.workspace_bucket",
            "module.s3.data.aws_caller_identity.current"
          ]
        }
      ]
    },
    {
      "module": "module.lakeformation",
      "mode": "managed",
      "type": "aws_iam_user_policy_attachment",
      "name": "datalake_admin_ram_access",
      "provider": "provider[\"registry.terraform.io/hashicorp/aws\"]",
      "instances": [
        {
          "schema_version": 0,
          "attributes": {
            "id": "datalake-admin-20250525223342603800000008",
            "policy_arn": "arn:aws:iam::331504768406:policy/LFRamAccess",
            "user": "datalake-admin"
          },
          "sensitive_attributes": [],
          "private": "bnVsbA==",
          "dependencies": [
            "module.iam.aws_iam_policy.datalake_policy",
            "module.iam.aws_iam_role.datalake_role",
            "module.iam.data.aws_caller_identity.current",
            "module.lakeformation.aws_iam_policy.lf_ram_access_policy",
            "module.lakeformation.aws_iam_user.datalake_admin",
            "module.s3.aws_s3_bucket.business_bucket",
            "module.s3.aws_s3_bucket.raw_bucket",
            "module.s3.aws_s3_bucket.refined_bucket",
            "module.s3.aws_s3_bucket.workspace_bucket",
            "module.s3.aws_s3_bucket_lifecycle_configuration.bucket-config",
            "module.s3.aws_s3_bucket_lifecycle_configuration.business-bucket-config",
            "module.s3.aws_s3_bucket_lifecycle_configuration.raw-bucket-config",
            "module.s3.aws_s3_bucket_lifecycle_configuration.refined-bucket-config",
            "module.s3.aws_s3_bucket_public_access_block.business_bucket_public_access_block",
            "module.s3.aws_s3_bucket_public_access_block.raw_bucket_public_access_block",
            "module.s3.aws_s3_bucket_public_access_block.refined_bucket_public_access_block",
            "module.s3.aws_s3_bucket_public_access_block.workspace_bucket",
            "module.s3.data.aws_caller_identity.current"
          ]
        }
      ]
    },
    {
      "module": "module.lakeformation",
      "mode": "managed",
      "type": "aws_iam_user_policy_attachment",
      "name": "datalake_user1_athena_access",
      "provider": "provider[\"registry.terraform.io/hashicorp/aws\"]",
      "instances": [
        {
          "schema_version": 0,
          "attributes": {
            "id": "datalake-user-01-20250525223342556700000007",
            "policy_arn": "arn:aws:iam::aws:policy/AmazonAthenaFullAccess",
            "user": "datalake-user-01"
          },
          "sensitive_attributes": [],
          "private": "bnVsbA==",
          "dependencies": [
            "module.iam.aws_iam_policy.datalake_policy",
            "module.iam.aws_iam_role.datalake_role",
            "module.iam.data.aws_caller_identity.current",
            "module.lakeformation.aws_iam_user.datalake_user1",
            "module.s3.aws_s3_bucket.business_bucket",
            "module.s3.aws_s3_bucket.raw_bucket",
            "module.s3.aws_s3_bucket.refined_bucket",
            "module.s3.aws_s3_bucket.workspace_bucket",
            "module.s3.aws_s3_bucket_lifecycle_configuration.bucket-config",
            "module.s3.aws_s3_bucket_lifecycle_configuration.business-bucket-config",
            "module.s3.aws_s3_bucket_lifecycle_configuration.raw-bucket-config",
            "module.s3.aws_s3_bucket_lifecycle_configuration.refined-bucket-config",
            "module.s3.aws_s3_bucket_public_access_block.business_bucket_public_access_block",
            "module.s3.aws_s3_bucket_public_access_block.raw_bucket_public_access_block",
            "module.s3.aws_s3_bucket_public_access_block.refined_bucket_public_access_block",
            "module.s3.aws_s3_bucket_public_access_block.workspace_bucket",
            "module.s3.data.aws_caller_identity.current"
          ]
        }
      ]
    },
    {
      "module": "module.lakeformation",
      "mode": "managed",
      "type": "aws_iam_user_policy_attachment",
      "name": "datalake_user1_governed_table",
      "provider": "provider[\"registry.terraform.io/hashicorp/aws\"]",
      "instances": [
        {
          "schema_version": 0,
          "attributes": {
            "id": "datalake-user-01-20250525223342728500000009",
            "policy_arn": "arn:aws:iam::331504768406:policy/LFGovernedTablePolicy",
            "user": "datalake-user-01"
          },
          "sensitive_attributes": [],
          "private": "bnVsbA==",
          "dependencies": [
            "module.iam.aws_iam_policy.datalake_policy",
            "module.iam.aws_iam_role.datalake_role",
            "module.iam.data.aws_caller_identity.current",
            "module.lakeformation.aws_iam_policy.lf_governed_table_policy",
            "module.lakeformation.aws_iam_user.datalake_user1",
            "module.lakeformation.data.aws_caller_identity.current",
            "module.s3.aws_s3_bucket.business_bucket",
            "module.s3.aws_s3_bucket.raw_bucket",
            "module.s3.aws_s3_bucket.refined_bucket",
            "module.s3.aws_s3_bucket.workspace_bucket",
            "module.s3.aws_s3_bucket_lifecycle_configuration.bucket-config",
            "module.s3.aws_s3_bucket_lifecycle_configuration.business-bucket-config",
            "module.s3.aws_s3_bucket_lifecycle_configuration.raw-bucket-config",
            "module.s3.aws_s3_bucket_lifecycle_configuration.refined-bucket-config",
            "module.s3.aws_s3_bucket_public_access_block.business_bucket_public_access_block",
            "module.s3.aws_s3_bucket_public_access_block.raw_bucket_public_access_block",
            "module.s3.aws_s3_bucket_public_access_block.refined_bucket_public_access_block",
            "module.s3.aws_s3_bucket_public_access_block.workspace_bucket",
            "module.s3.data.aws_caller_identity.current"
          ]
        }
      ]
    },
    {
      "module": "module.lakeformation",
      "mode": "managed",
      "type": "aws_lakeformation_resource",
      "name": "business_datalake_location",
      "provider": "provider[\"registry.terraform.io/hashicorp/aws\"]",
      "instances": [
        {
          "schema_version": 0,
          "attributes": {
            "arn": "arn:aws:s3:::lakehouse-business-331504768406",
            "hybrid_access_enabled": false,
            "id": "arn:aws:s3:::lakehouse-business-331504768406",
            "last_modified": null,
            "role_arn": "arn:aws:iam::331504768406:role/aws-service-role/lakeformation.amazonaws.com/AWSServiceRoleForLakeFormationDataAccess",
            "use_service_linked_role": true,
            "with_federation": false
          },
          "sensitive_attributes": [],
          "private": "bnVsbA==",
          "dependencies": [
            "module.iam.aws_iam_policy.datalake_policy",
            "module.iam.aws_iam_role.datalake_role",
            "module.iam.data.aws_caller_identity.current",
            "module.lakeformation.data.aws_caller_identity.current",
            "module.s3.aws_s3_bucket.business_bucket",
            "module.s3.aws_s3_bucket.raw_bucket",
            "module.s3.aws_s3_bucket.refined_bucket",
            "module.s3.aws_s3_bucket.workspace_bucket",
            "module.s3.aws_s3_bucket_lifecycle_configuration.bucket-config",
            "module.s3.aws_s3_bucket_lifecycle_configuration.business-bucket-config",
            "module.s3.aws_s3_bucket_lifecycle_configuration.raw-bucket-config",
            "module.s3.aws_s3_bucket_lifecycle_configuration.refined-bucket-config",
            "module.s3.aws_s3_bucket_public_access_block.business_bucket_public_access_block",
            "module.s3.aws_s3_bucket_public_access_block.raw_bucket_public_access_block",
            "module.s3.aws_s3_bucket_public_access_block.refined_bucket_public_access_block",
            "module.s3.aws_s3_bucket_public_access_block.workspace_bucket",
            "module.s3.data.aws_caller_identity.current"
          ]
        }
      ]
    },
    {
      "module": "module.lakeformation",
      "mode": "managed",
      "type": "aws_lakeformation_resource",
      "name": "raw_datalake_location",
      "provider": "provider[\"registry.terraform.io/hashicorp/aws\"]",
      "instances": [
        {
          "schema_version": 0,
          "attributes": {
            "arn": "arn:aws:s3:::lakehouse-raw-331504768406",
            "hybrid_access_enabled": false,
            "id": "arn:aws:s3:::lakehouse-raw-331504768406",
            "last_modified": null,
            "role_arn": "arn:aws:iam::331504768406:role/aws-service-role/lakeformation.amazonaws.com/AWSServiceRoleForLakeFormationDataAccess",
            "use_service_linked_role": true,
            "with_federation": false
          },
          "sensitive_attributes": [],
          "private": "bnVsbA==",
          "dependencies": [
            "module.iam.aws_iam_policy.datalake_policy",
            "module.iam.aws_iam_role.datalake_role",
            "module.iam.data.aws_caller_identity.current",
            "module.lakeformation.data.aws_caller_identity.current",
            "module.s3.aws_s3_bucket.business_bucket",
            "module.s3.aws_s3_bucket.raw_bucket",
            "module.s3.aws_s3_bucket.refined_bucket",
            "module.s3.aws_s3_bucket.workspace_bucket",
            "module.s3.aws_s3_bucket_lifecycle_configuration.bucket-config",
            "module.s3.aws_s3_bucket_lifecycle_configuration.business-bucket-config",
            "module.s3.aws_s3_bucket_lifecycle_configuration.raw-bucket-config",
            "module.s3.aws_s3_bucket_lifecycle_configuration.refined-bucket-config",
            "module.s3.aws_s3_bucket_public_access_block.business_bucket_public_access_block",
            "module.s3.aws_s3_bucket_public_access_block.raw_bucket_public_access_block",
            "module.s3.aws_s3_bucket_public_access_block.refined_bucket_public_access_block",
            "module.s3.aws_s3_bucket_public_access_block.workspace_bucket",
            "module.s3.data.aws_caller_identity.current"
          ]
        }
      ]
    },
    {
      "module": "module.lakeformation",
      "mode": "managed",
      "type": "aws_lakeformation_resource",
      "name": "refined_datalake_location",
      "provider": "provider[\"registry.terraform.io/hashicorp/aws\"]",
      "instances": [
        {
          "schema_version": 0,
          "attributes": {
            "arn": "arn:aws:s3:::lakehouse-refined-331504768406",
            "hybrid_access_enabled": false,
            "id": "arn:aws:s3:::lakehouse-refined-331504768406",
            "last_modified": null,
            "role_arn": "arn:aws:iam::331504768406:role/aws-service-role/lakeformation.amazonaws.com/AWSServiceRoleForLakeFormationDataAccess",
            "use_service_linked_role": true,
            "with_federation": false
          },
          "sensitive_attributes": [],
          "private": "bnVsbA==",
          "dependencies": [
            "module.iam.aws_iam_policy.datalake_policy",
            "module.iam.aws_iam_role.datalake_role",
            "module.iam.data.aws_caller_identity.current",
            "module.lakeformation.data.aws_caller_identity.current",
            "module.s3.aws_s3_bucket.business_bucket",
            "module.s3.aws_s3_bucket.raw_bucket",
            "module.s3.aws_s3_bucket.refined_bucket",
            "module.s3.aws_s3_bucket.workspace_bucket",
            "module.s3.aws_s3_bucket_lifecycle_configuration.bucket-config",
            "module.s3.aws_s3_bucket_lifecycle_configuration.business-bucket-config",
            "module.s3.aws_s3_bucket_lifecycle_configuration.raw-bucket-config",
            "module.s3.aws_s3_bucket_lifecycle_configuration.refined-bucket-config",
            "module.s3.aws_s3_bucket_public_access_block.business_bucket_public_access_block",
            "module.s3.aws_s3_bucket_public_access_block.raw_bucket_public_access_block",
            "module.s3.aws_s3_bucket_public_access_block.refined_bucket_public_access_block",
            "module.s3.aws_s3_bucket_public_access_block.workspace_bucket",
            "module.s3.data.aws_caller_identity.current"
          ]
        }
      ]
    },
    {
      "module": "module.s3",
      "mode": "data",
      "type": "aws_caller_identity",
      "name": "current",
      "provider": "provider[\"registry.terraform.io/hashicorp/aws\"]",
      "instances": [
        {
          "schema_version": 0,
          "attributes": {
            "account_id": "331504768406",
            "arn": "arn:aws:iam::331504768406:user/lake-admin",
            "id": "331504768406",
            "user_id": "AIDAU2LZZKWLCFPCWNTXM"
          },
          "sensitive_attributes": []
        }
      ]
    },
    {
      "module": "module.s3",
      "mode": "managed",
      "type": "aws_s3_bucket",
      "name": "business_bucket",
      "provider": "provider[\"registry.terraform.io/hashicorp/aws\"]",
      "instances": [
        {
          "schema_version": 0,
          "attributes": {
            "acceleration_status": "",
            "acl": null,
            "arn": "arn:aws:s3:::lakehouse-business-331504768406",
            "bucket": "lakehouse-business-331504768406",
            "bucket_domain_name": "lakehouse-business-331504768406.s3.amazonaws.com",
            "bucket_prefix": "",
            "bucket_regional_domain_name": "lakehouse-business-331504768406.s3.us-east-1.amazonaws.com",
            "cors_rule": [],
            "force_destroy": true,
            "grant": [
              {
                "id": "696fdfdae572eadd061d6b9a4e197439f75c68f4a3aa4cc0dc6053f5b8a5f15b",
                "permissions": [
                  "FULL_CONTROL"
                ],
                "type": "CanonicalUser",
                "uri": ""
              }
            ],
            "hosted_zone_id": "Z3AQBSTGFYJSTF",
            "id": "lakehouse-business-331504768406",
            "lifecycle_rule": [],
            "logging": [],
            "object_lock_configuration": [],
            "object_lock_enabled": false,
            "policy": "",
            "region": "us-east-1",
            "replication_configuration": [],
            "request_payer": "BucketOwner",
            "server_side_encryption_configuration": [
              {
                "rule": [
                  {
                    "apply_server_side_encryption_by_default": [
                      {
                        "kms_master_key_id": "",
                        "sse_algorithm": "AES256"
                      }
                    ],
                    "bucket_key_enabled": false
                  }
                ]
              }
            ],
            "tags": {
              "Environment": "dev",
              "Name": "lakehouse-business-331504768406"
            },
            "tags_all": {
              "Environment": "dev",
              "Name": "lakehouse-business-331504768406"
            },
            "timeouts": null,
            "versioning": [
              {
                "enabled": false,
                "mfa_delete": false
              }
            ],
            "website": [],
            "website_domain": null,
            "website_endpoint": null
          },
          "sensitive_attributes": [],
          "private": "eyJlMmJmYjczMC1lY2FhLTExZTYtOGY4OC0zNDM2M2JjN2M0YzAiOnsiY3JlYXRlIjoxMjAwMDAwMDAwMDAwLCJkZWxldGUiOjM2MDAwMDAwMDAwMDAsInJlYWQiOjEyMDAwMDAwMDAwMDAsInVwZGF0ZSI6MTIwMDAwMDAwMDAwMH19"
        }
      ]
    },
    {
      "module": "module.s3",
      "mode": "managed",
      "type": "aws_s3_bucket",
      "name": "raw_bucket",
      "provider": "provider[\"registry.terraform.io/hashicorp/aws\"]",
      "instances": [
        {
          "schema_version": 0,
          "attributes": {
            "acceleration_status": "",
            "acl": null,
            "arn": "arn:aws:s3:::lakehouse-raw-331504768406",
            "bucket": "lakehouse-raw-331504768406",
            "bucket_domain_name": "lakehouse-raw-331504768406.s3.amazonaws.com",
            "bucket_prefix": "",
            "bucket_regional_domain_name": "lakehouse-raw-331504768406.s3.us-east-1.amazonaws.com",
            "cors_rule": [],
            "force_destroy": true,
            "grant": [
              {
                "id": "696fdfdae572eadd061d6b9a4e197439f75c68f4a3aa4cc0dc6053f5b8a5f15b",
                "permissions": [
                  "FULL_CONTROL"
                ],
                "type": "CanonicalUser",
                "uri": ""
              }
            ],
            "hosted_zone_id": "Z3AQBSTGFYJSTF",
            "id": "lakehouse-raw-331504768406",
            "lifecycle_rule": [],
            "logging": [],
            "object_lock_configuration": [],
            "object_lock_enabled": false,
            "policy": "",
            "region": "us-east-1",
            "replication_configuration": [],
            "request_payer": "BucketOwner",
            "server_side_encryption_configuration": [
              {
                "rule": [
                  {
                    "apply_server_side_encryption_by_default": [
                      {
                        "kms_master_key_id": "",
                        "sse_algorithm": "AES256"
                      }
                    ],
                    "bucket_key_enabled": false
                  }
                ]
              }
            ],
            "tags": {
              "Environment": "dev",
              "Name": "lakehouse-raw-331504768406"
            },
            "tags_all": {
              "Environment": "dev",
              "Name": "lakehouse-raw-331504768406"
            },
            "timeouts": null,
            "versioning": [
              {
                "enabled": false,
                "mfa_delete": false
              }
            ],
            "website": [],
            "website_domain": null,
            "website_endpoint": null
          },
          "sensitive_attributes": [],
          "private": "eyJlMmJmYjczMC1lY2FhLTExZTYtOGY4OC0zNDM2M2JjN2M0YzAiOnsiY3JlYXRlIjoxMjAwMDAwMDAwMDAwLCJkZWxldGUiOjM2MDAwMDAwMDAwMDAsInJlYWQiOjEyMDAwMDAwMDAwMDAsInVwZGF0ZSI6MTIwMDAwMDAwMDAwMH19"
        }
      ]
    },
    {
      "module": "module.s3",
      "mode": "managed",
      "type": "aws_s3_bucket",
      "name": "refined_bucket",
      "provider": "provider[\"registry.terraform.io/hashicorp/aws\"]",
      "instances": [
        {
          "schema_version": 0,
          "attributes": {
            "acceleration_status": "",
            "acl": null,
            "arn": "arn:aws:s3:::lakehouse-refined-331504768406",
            "bucket": "lakehouse-refined-331504768406",
            "bucket_domain_name": "lakehouse-refined-331504768406.s3.amazonaws.com",
            "bucket_prefix": "",
            "bucket_regional_domain_name": "lakehouse-refined-331504768406.s3.us-east-1.amazonaws.com",
            "cors_rule": [],
            "force_destroy": true,
            "grant": [
              {
                "id": "696fdfdae572eadd061d6b9a4e197439f75c68f4a3aa4cc0dc6053f5b8a5f15b",
                "permissions": [
                  "FULL_CONTROL"
                ],
                "type": "CanonicalUser",
                "uri": ""
              }
            ],
            "hosted_zone_id": "Z3AQBSTGFYJSTF",
            "id": "lakehouse-refined-331504768406",
            "lifecycle_rule": [],
            "logging": [],
            "object_lock_configuration": [],
            "object_lock_enabled": false,
            "policy": "",
            "region": "us-east-1",
            "replication_configuration": [],
            "request_payer": "BucketOwner",
            "server_side_encryption_configuration": [
              {
                "rule": [
                  {
                    "apply_server_side_encryption_by_default": [
                      {
                        "kms_master_key_id": "",
                        "sse_algorithm": "AES256"
                      }
                    ],
                    "bucket_key_enabled": false
                  }
                ]
              }
            ],
            "tags": {
              "Environment": "dev",
              "Name": "lakehouse-refined-331504768406"
            },
            "tags_all": {
              "Environment": "dev",
              "Name": "lakehouse-refined-331504768406"
            },
            "timeouts": null,
            "versioning": [
              {
                "enabled": false,
                "mfa_delete": false
              }
            ],
            "website": [],
            "website_domain": null,
            "website_endpoint": null
          },
          "sensitive_attributes": [],
          "private": "eyJlMmJmYjczMC1lY2FhLTExZTYtOGY4OC0zNDM2M2JjN2M0YzAiOnsiY3JlYXRlIjoxMjAwMDAwMDAwMDAwLCJkZWxldGUiOjM2MDAwMDAwMDAwMDAsInJlYWQiOjEyMDAwMDAwMDAwMDAsInVwZGF0ZSI6MTIwMDAwMDAwMDAwMH19"
        }
      ]
    },
    {
      "module": "module.s3",
      "mode": "managed",
      "type": "aws_s3_bucket",
      "name": "workspace_bucket",
      "provider": "provider[\"registry.terraform.io/hashicorp/aws\"]",
      "instances": [
        {
          "schema_version": 0,
          "attributes": {
            "acceleration_status": "",
            "acl": null,
            "arn": "arn:aws:s3:::lakehouse-workspace-331504768406",
            "bucket": "lakehouse-workspace-331504768406",
            "bucket_domain_name": "lakehouse-workspace-331504768406.s3.amazonaws.com",
            "bucket_prefix": "",
            "bucket_regional_domain_name": "lakehouse-workspace-331504768406.s3.us-east-1.amazonaws.com",
            "cors_rule": [],
            "force_destroy": true,
            "grant": [
              {
                "id": "696fdfdae572eadd061d6b9a4e197439f75c68f4a3aa4cc0dc6053f5b8a5f15b",
                "permissions": [
                  "FULL_CONTROL"
                ],
                "type": "CanonicalUser",
                "uri": ""
              }
            ],
            "hosted_zone_id": "Z3AQBSTGFYJSTF",
            "id": "lakehouse-workspace-331504768406",
            "lifecycle_rule": [],
            "logging": [],
            "object_lock_configuration": [],
            "object_lock_enabled": false,
            "policy": "",
            "region": "us-east-1",
            "replication_configuration": [],
            "request_payer": "BucketOwner",
            "server_side_encryption_configuration": [
              {
                "rule": [
                  {
                    "apply_server_side_encryption_by_default": [
                      {
                        "kms_master_key_id": "",
                        "sse_algorithm": "AES256"
                      }
                    ],
                    "bucket_key_enabled": false
                  }
                ]
              }
            ],
            "tags": {
              "Environment": "dev",
              "Name": "lakehouse-workspace-331504768406"
            },
            "tags_all": {
              "Environment": "dev",
              "Name": "lakehouse-workspace-331504768406"
            },
            "timeouts": null,
            "versioning": [
              {
                "enabled": false,
                "mfa_delete": false
              }
            ],
            "website": [],
            "website_domain": null,
            "website_endpoint": null
          },
          "sensitive_attributes": [],
          "private": "eyJlMmJmYjczMC1lY2FhLTExZTYtOGY4OC0zNDM2M2JjN2M0YzAiOnsiY3JlYXRlIjoxMjAwMDAwMDAwMDAwLCJkZWxldGUiOjM2MDAwMDAwMDAwMDAsInJlYWQiOjEyMDAwMDAwMDAwMDAsInVwZGF0ZSI6MTIwMDAwMDAwMDAwMH19"
        }
      ]
    },
    {
      "module": "module.s3",
      "mode": "managed",
      "type": "aws_s3_bucket_lifecycle_configuration",
      "name": "bucket-config",
      "provider": "provider[\"registry.terraform.io/hashicorp/aws\"]",
      "instances": [
        {
          "schema_version": 1,
          "attributes": {
            "bucket": "lakehouse-workspace-331504768406",
            "expected_bucket_owner": "",
            "id": "lakehouse-workspace-331504768406",
            "rule": [
              {
                "abort_incomplete_multipart_upload": [],
                "expiration": [],
                "filter": [
                  {
                    "and": [],
                    "object_size_greater_than": null,
                    "object_size_less_than": null,
                    "prefix": "tmp/",
                    "tag": []
                  }
                ],
                "id": "lifecycle",
                "noncurrent_version_expiration": [],
                "noncurrent_version_transition": [],
                "prefix": "",
                "status": "Enabled",
                "transition": [
                  {
                    "date": null,
                    "days": 60,
                    "storage_class": "STANDARD_IA"
                  },
                  {
                    "date": null,
                    "days": 90,
                    "storage_class": "GLACIER"
                  }
                ]
              }
            ],
            "timeouts": null,
            "transition_default_minimum_object_size": "all_storage_classes_128K"
          },
          "sensitive_attributes": [],
          "dependencies": [
            "module.s3.aws_s3_bucket.workspace_bucket"
          ]
        }
      ]
    },
    {
      "module": "module.s3",
      "mode": "managed",
      "type": "aws_s3_bucket_lifecycle_configuration",
      "name": "business-bucket-config",
      "provider": "provider[\"registry.terraform.io/hashicorp/aws\"]",
      "instances": [
        {
          "schema_version": 1,
          "attributes": {
            "bucket": "lakehouse-business-331504768406",
            "expected_bucket_owner": "",
            "id": "lakehouse-business-331504768406",
            "rule": [
              {
                "abort_incomplete_multipart_upload": [],
                "expiration": [],
                "filter": [
                  {
                    "and": [],
                    "object_size_greater_than": null,
                    "object_size_less_than": null,
                    "prefix": "tmp/",
                    "tag": []
                  }
                ],
                "id": "lifecycle",
                "noncurrent_version_expiration": [],
                "noncurrent_version_transition": [],
                "prefix": "",
                "status": "Enabled",
                "transition": [
                  {
                    "date": null,
                    "days": 60,
                    "storage_class": "STANDARD_IA"
                  },
                  {
                    "date": null,
                    "days": 90,
                    "storage_class": "GLACIER"
                  }
                ]
              }
            ],
            "timeouts": null,
            "transition_default_minimum_object_size": "all_storage_classes_128K"
          },
          "sensitive_attributes": [],
          "dependencies": [
            "module.s3.aws_s3_bucket.business_bucket"
          ]
        }
      ]
    },
    {
      "module": "module.s3",
      "mode": "managed",
      "type": "aws_s3_bucket_lifecycle_configuration",
      "name": "raw-bucket-config",
      "provider": "provider[\"registry.terraform.io/hashicorp/aws\"]",
      "instances": [
        {
          "schema_version": 1,
          "attributes": {
            "bucket": "lakehouse-raw-331504768406",
            "expected_bucket_owner": "",
            "id": "lakehouse-raw-331504768406",
            "rule": [
              {
                "abort_incomplete_multipart_upload": [],
                "expiration": [],
                "filter": [
                  {
                    "and": [],
                    "object_size_greater_than": null,
                    "object_size_less_than": null,
                    "prefix": "tmp/",
                    "tag": []
                  }
                ],
                "id": "lifecycle",
                "noncurrent_version_expiration": [],
                "noncurrent_version_transition": [],
                "prefix": "",
                "status": "Enabled",
                "transition": [
                  {
                    "date": null,
                    "days": 60,
                    "storage_class": "STANDARD_IA"
                  },
                  {
                    "date": null,
                    "days": 90,
                    "storage_class": "GLACIER"
                  }
                ]
              }
            ],
            "timeouts": null,
            "transition_default_minimum_object_size": "all_storage_classes_128K"
          },
          "sensitive_attributes": [],
          "dependencies": [
            "module.s3.aws_s3_bucket.raw_bucket"
          ]
        }
      ]
    },
    {
      "module": "module.s3",
      "mode": "managed",
      "type": "aws_s3_bucket_lifecycle_configuration",
      "name": "refined-bucket-config",
      "provider": "provider[\"registry.terraform.io/hashicorp/aws\"]",
      "instances": [
        {
          "schema_version": 1,
          "attributes": {
            "bucket": "lakehouse-refined-331504768406",
            "expected_bucket_owner": "",
            "id": "lakehouse-refined-331504768406",
            "rule": [
              {
                "abort_incomplete_multipart_upload": [],
                "expiration": [],
                "filter": [
                  {
                    "and": [],
                    "object_size_greater_than": null,
                    "object_size_less_than": null,
                    "prefix": "tmp/",
                    "tag": []
                  }
                ],
                "id": "lifecycle",
                "noncurrent_version_expiration": [],
                "noncurrent_version_transition": [],
                "prefix": "",
                "status": "Enabled",
                "transition": [
                  {
                    "date": null,
                    "days": 60,
                    "storage_class": "STANDARD_IA"
                  },
                  {
                    "date": null,
                    "days": 90,
                    "storage_class": "GLACIER"
                  }
                ]
              }
            ],
            "timeouts": null,
            "transition_default_minimum_object_size": "all_storage_classes_128K"
          },
          "sensitive_attributes": [],
          "dependencies": [
            "module.s3.aws_s3_bucket.refined_bucket"
          ]
        }
      ]
    },
    {
      "module": "module.s3",
      "mode": "managed",
      "type": "aws_s3_bucket_public_access_block",
      "name": "business_bucket_public_access_block",
      "provider": "provider[\"registry.terraform.io/hashicorp/aws\"]",
      "instances": [
        {
          "schema_version": 0,
          "attributes": {
            "block_public_acls": true,
            "block_public_policy": true,
            "bucket": "lakehouse-business-331504768406",
            "id": "lakehouse-business-331504768406",
            "ignore_public_acls": true,
            "restrict_public_buckets": true
          },
          "sensitive_attributes": [],
          "private": "bnVsbA==",
          "dependencies": [
            "module.s3.aws_s3_bucket.business_bucket"
          ]
        }
      ]
    },
    {
      "module": "module.s3",
      "mode": "managed",
      "type": "aws_s3_bucket_public_access_block",
      "name": "raw_bucket_public_access_block",
      "provider": "provider[\"registry.terraform.io/hashicorp/aws\"]",
      "instances": [
        {
          "schema_version": 0,
          "attributes": {
            "block_public_acls": true,
            "block_public_policy": true,
            "bucket": "lakehouse-raw-331504768406",
            "id": "lakehouse-raw-331504768406",
            "ignore_public_acls": true,
            "restrict_public_buckets": true
          },
          "sensitive_attributes": [],
          "private": "bnVsbA==",
          "dependencies": [
            "module.s3.aws_s3_bucket.raw_bucket"
          ]
        }
      ]
    },
    {
      "module": "module.s3",
      "mode": "managed",
      "type": "aws_s3_bucket_public_access_block",
      "name": "refined_bucket_public_access_block",
      "provider": "provider[\"registry.terraform.io/hashicorp/aws\"]",
      "instances": [
        {
          "schema_version": 0,
          "attributes": {
            "block_public_acls": true,
            "block_public_policy": true,
            "bucket": "lakehouse-refined-331504768406",
            "id": "lakehouse-refined-331504768406",
            "ignore_public_acls": true,
            "restrict_public_buckets": true
          },
          "sensitive_attributes": [],
          "private": "bnVsbA==",
          "dependencies": [
            "module.s3.aws_s3_bucket.refined_bucket"
          ]
        }
      ]
    },
    {
      "module": "module.s3",
      "mode": "managed",
      "type": "aws_s3_bucket_public_access_block",
      "name": "workspace_bucket",
      "provider": "provider[\"registry.terraform.io/hashicorp/aws\"]",
      "instances": [
        {
          "schema_version": 0,
          "attributes": {
            "block_public_acls": true,
            "block_public_policy": true,
            "bucket": "lakehouse-workspace-331504768406",
            "id": "lakehouse-workspace-331504768406",
            "ignore_public_acls": true,
            "restrict_public_buckets": true
          },
          "sensitive_attributes": [],
          "private": "bnVsbA==",
          "dependencies": [
            "module.s3.aws_s3_bucket.workspace_bucket"
          ]
        }
      ]
    }
  ],
  "check_results": null
}
