{
  "version": 4,
  "terraform_version": "1.11.1",
  "serial": 2411,
  "lineage": "86cc15f4-e2fb-590e-4df7-cb1104703574",
  "outputs": {
    "business_bucket_arn": {
      "value": "arn:aws:s3:::lakehouse-business-331504768406",
      "type": "string"
    },
    "datalake_admin_arn": {
      "value": "arn:aws:iam::331504768406:user/datalake-admin",
      "type": "string"
    },
    "datalake_role_arn": {
      "value": "arn:aws:iam::331504768406:role/role-datalake-analytics",
      "type": "string"
    },
    "datalake_user1_arn": {
      "value": "arn:aws:iam::331504768406:user/datalake-user-01",
      "type": "string"
    },
    "lakeformation_workflow_role_arn": {
      "value": "arn:aws:iam::331504768406:role/LFWorkflowRole",
      "type": "string"
    },
    "landing_bucket_arn": {
      "value": "arn:aws:s3:::lakehouse-landing-331504768406",
      "type": "string"
    },
    "raw_bucket_arn": {
      "value": "arn:aws:s3:::lakehouse-raw-331504768406",
      "type": "string"
    },
    "trusted_bucket_arn": {
      "value": "arn:aws:s3:::lakehouse-trusted-331504768406",
      "type": "string"
    }
  },
  "resources": [
    {
      "mode": "data",
      "type": "aws_caller_identity",
      "name": "current",
      "provider": "provider[\"registry.terraform.io/hashicorp/aws\"]",
      "instances": [
        {
          "schema_version": 0,
          "attributes": {
            "account_id": "331504768406",
            "arn": "arn:aws:sts::331504768406:assumed-role/datalake-admins-lf-role/terraform-admin",
            "id": "331504768406",
            "user_id": "AROAU2LZZKWLCLJMYVKM2:terraform-admin"
          },
          "sensitive_attributes": []
        }
      ]
    },
    {
      "module": "module.aws_data_catalog",
      "mode": "data",
      "type": "aws_caller_identity",
      "name": "current",
      "provider": "provider[\"registry.terraform.io/hashicorp/aws\"]",
      "instances": [
        {
          "schema_version": 0,
          "attributes": {
            "account_id": "331504768406",
            "arn": "arn:aws:sts::331504768406:assumed-role/datalake-admins-lf-role/terraform-admin",
            "id": "331504768406",
            "user_id": "AROAU2LZZKWLCLJMYVKM2:terraform-admin"
          },
          "sensitive_attributes": []
        }
      ]
    },
    {
      "module": "module.aws_data_catalog",
      "mode": "managed",
      "type": "aws_glue_catalog_database",
      "name": "db_business",
      "provider": "provider[\"registry.terraform.io/hashicorp/aws\"]",
      "instances": [
        {
          "schema_version": 0,
          "attributes": {
            "arn": "arn:aws:glue:us-east-1:331504768406:database/db_business",
            "catalog_id": "331504768406",
            "create_table_default_permission": [],
            "description": "",
            "federated_database": [],
            "id": "331504768406:db_business",
            "location_uri": "s3://lakehouse-business-331504768406",
            "name": "db_business",
            "parameters": {},
            "tags": {},
            "tags_all": {},
            "target_database": []
          },
          "sensitive_attributes": [],
          "private": "bnVsbA==",
          "dependencies": [
            "data.aws_caller_identity.current",
            "module.iam.aws_iam_policy.datalake_policy",
            "module.iam.aws_iam_role.datalake_role",
            "module.iam.data.aws_caller_identity.current",
            "module.lakeformation.aws_iam_group.datalake_admins",
            "module.lakeformation.aws_iam_group.datalake_users_external",
            "module.lakeformation.aws_iam_group.datalake_users_internal",
            "module.lakeformation.aws_iam_group_membership.datalake_admin_membership",
            "module.lakeformation.aws_iam_group_membership.datalake_user1_membership",
            "module.lakeformation.aws_iam_group_policy.datalake_admins_assume_role",
            "module.lakeformation.aws_iam_group_policy.datalake_admins_slr",
            "module.lakeformation.aws_iam_group_policy.datalake_users_external_assume_role",
            "module.lakeformation.aws_iam_group_policy.datalake_users_external_athena_readonly",
            "module.lakeformation.aws_iam_group_policy.datalake_users_external_basic",
            "module.lakeformation.aws_iam_group_policy.datalake_users_internal_assume_role",
            "module.lakeformation.aws_iam_group_policy.datalake_users_internal_basic",
            "module.lakeformation.aws_iam_group_policy_attachment.datalake_admins_athena",
            "module.lakeformation.aws_iam_group_policy_attachment.datalake_admins_cfn_readonly",
            "module.lakeformation.aws_iam_group_policy_attachment.datalake_admins_cloudwatch",
            "module.lakeformation.aws_iam_group_policy_attachment.datalake_admins_glue_console",
            "module.lakeformation.aws_iam_group_policy_attachment.datalake_admins_lf_cross_account",
            "module.lakeformation.aws_iam_group_policy_attachment.datalake_admins_lf_data_admin",
            "module.lakeformation.aws_iam_group_policy_attachment.datalake_admins_pass_role",
            "module.lakeformation.aws_iam_group_policy_attachment.datalake_admins_ram_access",
            "module.lakeformation.aws_iam_group_policy_attachment.datalake_users_internal_athena",
            "module.lakeformation.aws_iam_group_policy_attachment.datalake_users_internal_governed_table",
            "module.lakeformation.aws_iam_policy.lf_governed_table_policy",
            "module.lakeformation.aws_iam_policy.lf_ram_access_policy",
            "module.lakeformation.aws_iam_policy.lf_user_pass_role_policy",
            "module.lakeformation.aws_iam_policy.lf_workflow_pass_role_policy",
            "module.lakeformation.aws_iam_role.datalake_admins_lf_role",
            "module.lakeformation.aws_iam_role.datalake_users_external_lf_role",
            "module.lakeformation.aws_iam_role.datalake_users_internal_lf_role",
            "module.lakeformation.aws_iam_role.lakeformation_workflow_role",
            "module.lakeformation.aws_iam_role_policy.datalake_admins_lf_inline_policy",
            "module.lakeformation.aws_iam_role_policy.datalake_users_external_lf_inline_policy",
            "module.lakeformation.aws_iam_role_policy.datalake_users_internal_lf_inline_policy",
            "module.lakeformation.aws_iam_role_policy.lf_workflow_permissions",
            "module.lakeformation.aws_iam_role_policy_attachment.datalake_admins_lf_athena",
            "module.lakeformation.aws_iam_role_policy_attachment.lakeformation_workflow_role_attachment",
            "module.lakeformation.aws_iam_role_policy_attachment.lf_workflow_pass_role_policy_attachment",
            "module.lakeformation.aws_iam_user.datalake_admin",
            "module.lakeformation.aws_iam_user.datalake_user1",
            "module.lakeformation.aws_iam_user_login_profile.datalake_admin",
            "module.lakeformation.aws_iam_user_login_profile.datalake_user1",
            "module.lakeformation.aws_lakeformation_data_lake_settings.this",
            "module.lakeformation.aws_lakeformation_permissions.business_location_admins",
            "module.lakeformation.aws_lakeformation_permissions.business_location_datalake_role",
            "module.lakeformation.aws_lakeformation_permissions.business_location_external_users",
            "module.lakeformation.aws_lakeformation_permissions.business_location_internal_users",
            "module.lakeformation.aws_lakeformation_permissions.raw_location_admins",
            "module.lakeformation.aws_lakeformation_permissions.raw_location_datalake_role",
            "module.lakeformation.aws_lakeformation_permissions.raw_location_internal_users",
            "module.lakeformation.aws_lakeformation_permissions.trusted_location_admins",
            "module.lakeformation.aws_lakeformation_permissions.trusted_location_datalake_role",
            "module.lakeformation.aws_lakeformation_permissions.trusted_location_internal_users",
            "module.lakeformation.aws_lakeformation_resource.business_datalake_location",
            "module.lakeformation.aws_lakeformation_resource.raw_datalake_location",
            "module.lakeformation.aws_lakeformation_resource.trusted_datalake_location",
            "module.lakeformation.data.aws_caller_identity.current",
            "module.s3.aws_s3_bucket.business_bucket",
            "module.s3.aws_s3_bucket.landing_bucket",
            "module.s3.aws_s3_bucket.raw_bucket",
            "module.s3.aws_s3_bucket.trusted_bucket",
            "module.s3.aws_s3_bucket.workspace_bucket",
            "module.s3.aws_s3_bucket_lifecycle_configuration.bucket-config",
            "module.s3.aws_s3_bucket_lifecycle_configuration.business-bucket-config",
            "module.s3.aws_s3_bucket_lifecycle_configuration.landing-bucket-config",
            "module.s3.aws_s3_bucket_lifecycle_configuration.raw-bucket-config",
            "module.s3.aws_s3_bucket_lifecycle_configuration.trusted-bucket-config",
            "module.s3.aws_s3_bucket_public_access_block.business_bucket_public_access_block",
            "module.s3.aws_s3_bucket_public_access_block.landing_bucket_public_access_block",
            "module.s3.aws_s3_bucket_public_access_block.raw_bucket_public_access_block",
            "module.s3.aws_s3_bucket_public_access_block.trusted_bucket_public_access_block",
            "module.s3.aws_s3_bucket_public_access_block.workspace_bucket",
            "module.s3.aws_s3_bucket_server_side_encryption_configuration.workspace_bucket",
            "module.s3.data.aws_caller_identity.current"
          ]
        }
      ]
    },
    {
      "module": "module.aws_data_catalog",
      "mode": "managed",
      "type": "aws_glue_catalog_database",
      "name": "db_raw",
      "provider": "provider[\"registry.terraform.io/hashicorp/aws\"]",
      "instances": [
        {
          "schema_version": 0,
          "attributes": {
            "arn": "arn:aws:glue:us-east-1:331504768406:database/db_raw",
            "catalog_id": "331504768406",
            "create_table_default_permission": [],
            "description": "",
            "federated_database": [],
            "id": "331504768406:db_raw",
            "location_uri": "s3://lakehouse-raw-331504768406",
            "name": "db_raw",
            "parameters": {},
            "tags": {},
            "tags_all": {},
            "target_database": []
          },
          "sensitive_attributes": [],
          "private": "bnVsbA==",
          "dependencies": [
            "data.aws_caller_identity.current",
            "module.iam.aws_iam_policy.datalake_policy",
            "module.iam.aws_iam_role.datalake_role",
            "module.iam.data.aws_caller_identity.current",
            "module.lakeformation.aws_iam_group.datalake_admins",
            "module.lakeformation.aws_iam_group.datalake_users_external",
            "module.lakeformation.aws_iam_group.datalake_users_internal",
            "module.lakeformation.aws_iam_group_membership.datalake_admin_membership",
            "module.lakeformation.aws_iam_group_membership.datalake_user1_membership",
            "module.lakeformation.aws_iam_group_policy.datalake_admins_assume_role",
            "module.lakeformation.aws_iam_group_policy.datalake_admins_slr",
            "module.lakeformation.aws_iam_group_policy.datalake_users_external_assume_role",
            "module.lakeformation.aws_iam_group_policy.datalake_users_external_athena_readonly",
            "module.lakeformation.aws_iam_group_policy.datalake_users_external_basic",
            "module.lakeformation.aws_iam_group_policy.datalake_users_internal_assume_role",
            "module.lakeformation.aws_iam_group_policy.datalake_users_internal_basic",
            "module.lakeformation.aws_iam_group_policy_attachment.datalake_admins_athena",
            "module.lakeformation.aws_iam_group_policy_attachment.datalake_admins_cfn_readonly",
            "module.lakeformation.aws_iam_group_policy_attachment.datalake_admins_cloudwatch",
            "module.lakeformation.aws_iam_group_policy_attachment.datalake_admins_glue_console",
            "module.lakeformation.aws_iam_group_policy_attachment.datalake_admins_lf_cross_account",
            "module.lakeformation.aws_iam_group_policy_attachment.datalake_admins_lf_data_admin",
            "module.lakeformation.aws_iam_group_policy_attachment.datalake_admins_pass_role",
            "module.lakeformation.aws_iam_group_policy_attachment.datalake_admins_ram_access",
            "module.lakeformation.aws_iam_group_policy_attachment.datalake_users_internal_athena",
            "module.lakeformation.aws_iam_group_policy_attachment.datalake_users_internal_governed_table",
            "module.lakeformation.aws_iam_policy.lf_governed_table_policy",
            "module.lakeformation.aws_iam_policy.lf_ram_access_policy",
            "module.lakeformation.aws_iam_policy.lf_user_pass_role_policy",
            "module.lakeformation.aws_iam_policy.lf_workflow_pass_role_policy",
            "module.lakeformation.aws_iam_role.datalake_admins_lf_role",
            "module.lakeformation.aws_iam_role.datalake_users_external_lf_role",
            "module.lakeformation.aws_iam_role.datalake_users_internal_lf_role",
            "module.lakeformation.aws_iam_role.lakeformation_workflow_role",
            "module.lakeformation.aws_iam_role_policy.datalake_admins_lf_inline_policy",
            "module.lakeformation.aws_iam_role_policy.datalake_users_external_lf_inline_policy",
            "module.lakeformation.aws_iam_role_policy.datalake_users_internal_lf_inline_policy",
            "module.lakeformation.aws_iam_role_policy.lf_workflow_permissions",
            "module.lakeformation.aws_iam_role_policy_attachment.datalake_admins_lf_athena",
            "module.lakeformation.aws_iam_role_policy_attachment.lakeformation_workflow_role_attachment",
            "module.lakeformation.aws_iam_role_policy_attachment.lf_workflow_pass_role_policy_attachment",
            "module.lakeformation.aws_iam_user.datalake_admin",
            "module.lakeformation.aws_iam_user.datalake_user1",
            "module.lakeformation.aws_iam_user_login_profile.datalake_admin",
            "module.lakeformation.aws_iam_user_login_profile.datalake_user1",
            "module.lakeformation.aws_lakeformation_data_lake_settings.this",
            "module.lakeformation.aws_lakeformation_permissions.business_location_admins",
            "module.lakeformation.aws_lakeformation_permissions.business_location_datalake_role",
            "module.lakeformation.aws_lakeformation_permissions.business_location_external_users",
            "module.lakeformation.aws_lakeformation_permissions.business_location_internal_users",
            "module.lakeformation.aws_lakeformation_permissions.raw_location_admins",
            "module.lakeformation.aws_lakeformation_permissions.raw_location_datalake_role",
            "module.lakeformation.aws_lakeformation_permissions.raw_location_internal_users",
            "module.lakeformation.aws_lakeformation_permissions.trusted_location_admins",
            "module.lakeformation.aws_lakeformation_permissions.trusted_location_datalake_role",
            "module.lakeformation.aws_lakeformation_permissions.trusted_location_internal_users",
            "module.lakeformation.aws_lakeformation_resource.business_datalake_location",
            "module.lakeformation.aws_lakeformation_resource.raw_datalake_location",
            "module.lakeformation.aws_lakeformation_resource.trusted_datalake_location",
            "module.lakeformation.data.aws_caller_identity.current",
            "module.s3.aws_s3_bucket.business_bucket",
            "module.s3.aws_s3_bucket.landing_bucket",
            "module.s3.aws_s3_bucket.raw_bucket",
            "module.s3.aws_s3_bucket.trusted_bucket",
            "module.s3.aws_s3_bucket.workspace_bucket",
            "module.s3.aws_s3_bucket_lifecycle_configuration.bucket-config",
            "module.s3.aws_s3_bucket_lifecycle_configuration.business-bucket-config",
            "module.s3.aws_s3_bucket_lifecycle_configuration.landing-bucket-config",
            "module.s3.aws_s3_bucket_lifecycle_configuration.raw-bucket-config",
            "module.s3.aws_s3_bucket_lifecycle_configuration.trusted-bucket-config",
            "module.s3.aws_s3_bucket_public_access_block.business_bucket_public_access_block",
            "module.s3.aws_s3_bucket_public_access_block.landing_bucket_public_access_block",
            "module.s3.aws_s3_bucket_public_access_block.raw_bucket_public_access_block",
            "module.s3.aws_s3_bucket_public_access_block.trusted_bucket_public_access_block",
            "module.s3.aws_s3_bucket_public_access_block.workspace_bucket",
            "module.s3.aws_s3_bucket_server_side_encryption_configuration.workspace_bucket",
            "module.s3.data.aws_caller_identity.current"
          ]
        }
      ]
    },
    {
      "module": "module.aws_data_catalog",
      "mode": "managed",
      "type": "aws_glue_catalog_database",
      "name": "db_trusted",
      "provider": "provider[\"registry.terraform.io/hashicorp/aws\"]",
      "instances": [
        {
          "schema_version": 0,
          "attributes": {
            "arn": "arn:aws:glue:us-east-1:331504768406:database/db_trusted",
            "catalog_id": "331504768406",
            "create_table_default_permission": [],
            "description": "",
            "federated_database": [],
            "id": "331504768406:db_trusted",
            "location_uri": "s3://lakehouse-trusted-331504768406",
            "name": "db_trusted",
            "parameters": {},
            "tags": {},
            "tags_all": {},
            "target_database": []
          },
          "sensitive_attributes": [],
          "private": "bnVsbA==",
          "dependencies": [
            "data.aws_caller_identity.current",
            "module.iam.aws_iam_policy.datalake_policy",
            "module.iam.aws_iam_role.datalake_role",
            "module.iam.data.aws_caller_identity.current",
            "module.lakeformation.aws_iam_group.datalake_admins",
            "module.lakeformation.aws_iam_group.datalake_users_external",
            "module.lakeformation.aws_iam_group.datalake_users_internal",
            "module.lakeformation.aws_iam_group_membership.datalake_admin_membership",
            "module.lakeformation.aws_iam_group_membership.datalake_user1_membership",
            "module.lakeformation.aws_iam_group_policy.datalake_admins_assume_role",
            "module.lakeformation.aws_iam_group_policy.datalake_admins_slr",
            "module.lakeformation.aws_iam_group_policy.datalake_users_external_assume_role",
            "module.lakeformation.aws_iam_group_policy.datalake_users_external_athena_readonly",
            "module.lakeformation.aws_iam_group_policy.datalake_users_external_basic",
            "module.lakeformation.aws_iam_group_policy.datalake_users_internal_assume_role",
            "module.lakeformation.aws_iam_group_policy.datalake_users_internal_basic",
            "module.lakeformation.aws_iam_group_policy_attachment.datalake_admins_athena",
            "module.lakeformation.aws_iam_group_policy_attachment.datalake_admins_cfn_readonly",
            "module.lakeformation.aws_iam_group_policy_attachment.datalake_admins_cloudwatch",
            "module.lakeformation.aws_iam_group_policy_attachment.datalake_admins_glue_console",
            "module.lakeformation.aws_iam_group_policy_attachment.datalake_admins_lf_cross_account",
            "module.lakeformation.aws_iam_group_policy_attachment.datalake_admins_lf_data_admin",
            "module.lakeformation.aws_iam_group_policy_attachment.datalake_admins_pass_role",
            "module.lakeformation.aws_iam_group_policy_attachment.datalake_admins_ram_access",
            "module.lakeformation.aws_iam_group_policy_attachment.datalake_users_internal_athena",
            "module.lakeformation.aws_iam_group_policy_attachment.datalake_users_internal_governed_table",
            "module.lakeformation.aws_iam_policy.lf_governed_table_policy",
            "module.lakeformation.aws_iam_policy.lf_ram_access_policy",
            "module.lakeformation.aws_iam_policy.lf_user_pass_role_policy",
            "module.lakeformation.aws_iam_policy.lf_workflow_pass_role_policy",
            "module.lakeformation.aws_iam_role.datalake_admins_lf_role",
            "module.lakeformation.aws_iam_role.datalake_users_external_lf_role",
            "module.lakeformation.aws_iam_role.datalake_users_internal_lf_role",
            "module.lakeformation.aws_iam_role.lakeformation_workflow_role",
            "module.lakeformation.aws_iam_role_policy.datalake_admins_lf_inline_policy",
            "module.lakeformation.aws_iam_role_policy.datalake_users_external_lf_inline_policy",
            "module.lakeformation.aws_iam_role_policy.datalake_users_internal_lf_inline_policy",
            "module.lakeformation.aws_iam_role_policy.lf_workflow_permissions",
            "module.lakeformation.aws_iam_role_policy_attachment.datalake_admins_lf_athena",
            "module.lakeformation.aws_iam_role_policy_attachment.lakeformation_workflow_role_attachment",
            "module.lakeformation.aws_iam_role_policy_attachment.lf_workflow_pass_role_policy_attachment",
            "module.lakeformation.aws_iam_user.datalake_admin",
            "module.lakeformation.aws_iam_user.datalake_user1",
            "module.lakeformation.aws_iam_user_login_profile.datalake_admin",
            "module.lakeformation.aws_iam_user_login_profile.datalake_user1",
            "module.lakeformation.aws_lakeformation_data_lake_settings.this",
            "module.lakeformation.aws_lakeformation_permissions.business_location_admins",
            "module.lakeformation.aws_lakeformation_permissions.business_location_datalake_role",
            "module.lakeformation.aws_lakeformation_permissions.business_location_external_users",
            "module.lakeformation.aws_lakeformation_permissions.business_location_internal_users",
            "module.lakeformation.aws_lakeformation_permissions.raw_location_admins",
            "module.lakeformation.aws_lakeformation_permissions.raw_location_datalake_role",
            "module.lakeformation.aws_lakeformation_permissions.raw_location_internal_users",
            "module.lakeformation.aws_lakeformation_permissions.trusted_location_admins",
            "module.lakeformation.aws_lakeformation_permissions.trusted_location_datalake_role",
            "module.lakeformation.aws_lakeformation_permissions.trusted_location_internal_users",
            "module.lakeformation.aws_lakeformation_resource.business_datalake_location",
            "module.lakeformation.aws_lakeformation_resource.raw_datalake_location",
            "module.lakeformation.aws_lakeformation_resource.trusted_datalake_location",
            "module.lakeformation.data.aws_caller_identity.current",
            "module.s3.aws_s3_bucket.business_bucket",
            "module.s3.aws_s3_bucket.landing_bucket",
            "module.s3.aws_s3_bucket.raw_bucket",
            "module.s3.aws_s3_bucket.trusted_bucket",
            "module.s3.aws_s3_bucket.workspace_bucket",
            "module.s3.aws_s3_bucket_lifecycle_configuration.bucket-config",
            "module.s3.aws_s3_bucket_lifecycle_configuration.business-bucket-config",
            "module.s3.aws_s3_bucket_lifecycle_configuration.landing-bucket-config",
            "module.s3.aws_s3_bucket_lifecycle_configuration.raw-bucket-config",
            "module.s3.aws_s3_bucket_lifecycle_configuration.trusted-bucket-config",
            "module.s3.aws_s3_bucket_public_access_block.business_bucket_public_access_block",
            "module.s3.aws_s3_bucket_public_access_block.landing_bucket_public_access_block",
            "module.s3.aws_s3_bucket_public_access_block.raw_bucket_public_access_block",
            "module.s3.aws_s3_bucket_public_access_block.trusted_bucket_public_access_block",
            "module.s3.aws_s3_bucket_public_access_block.workspace_bucket",
            "module.s3.aws_s3_bucket_server_side_encryption_configuration.workspace_bucket",
            "module.s3.data.aws_caller_identity.current"
          ]
        }
      ]
    },
    {
      "module": "module.aws_data_catalog",
      "mode": "managed",
      "type": "aws_glue_catalog_table",
      "name": "dataquality_metrics",
      "provider": "provider[\"registry.terraform.io/hashicorp/aws\"]",
      "instances": [
        {
          "schema_version": 0,
          "attributes": {
            "arn": "arn:aws:glue:us-east-1:331504768406:table/db_raw/data_quality_metrics",
            "catalog_id": "331504768406",
            "database_name": "db_raw",
            "description": "",
            "id": "331504768406:db_raw:data_quality_metrics",
            "name": "data_quality_metrics",
            "open_table_format_input": [],
            "owner": "",
            "parameters": {
              "classification": "parquet"
            },
            "partition_index": [],
            "partition_keys": [
              {
                "comment": "",
                "name": "reference_date",
                "type": "date"
              }
            ],
            "retention": 0,
            "storage_descriptor": [
              {
                "additional_locations": [],
                "bucket_columns": [],
                "columns": [
                  {
                    "comment": "Name of the evaluated database",
                    "name": "database",
                    "parameters": {},
                    "type": "string"
                  },
                  {
                    "comment": "Processing date and time",
                    "name": "processing_timestamp",
                    "parameters": {},
                    "type": "timestamp"
                  },
                  {
                    "comment": "Evaluated metric",
                    "name": "metric",
                    "parameters": {},
                    "type": "string"
                  },
                  {
                    "comment": "Reason for evaluation failure",
                    "name": "failure_reason",
                    "parameters": {},
                    "type": "string"
                  },
                  {
                    "comment": "Evaluation status",
                    "name": "status",
                    "parameters": {},
                    "type": "string"
                  },
                  {
                    "comment": "Evaluated table partition identification",
                    "name": "partition",
                    "parameters": {},
                    "type": "string"
                  },
                  {
                    "comment": "Applied evaluation rule",
                    "name": "rule",
                    "parameters": {},
                    "type": "string"
                  },
                  {
                    "comment": "Name of the evaluated table",
                    "name": "table",
                    "parameters": {},
                    "type": "string"
                  },
                  {
                    "comment": "Name of the evaluated database technology",
                    "name": "technology",
                    "parameters": {},
                    "type": "string"
                  }
                ],
                "compressed": false,
                "input_format": "org.apache.hadoop.hive.ql.io.parquet.MapredParquetInputFormat",
                "location": "s3://lakehouse-raw-331504768406/tables/data_quality_metrics/",
                "number_of_buckets": 0,
                "output_format": "org.apache.hadoop.hive.ql.io.parquet.MapredParquetOutputFormat",
                "parameters": {},
                "schema_reference": [],
                "ser_de_info": [
                  {
                    "name": "data_quality_metrics",
                    "parameters": {
                      "serialization.format": "1"
                    },
                    "serialization_library": "org.apache.hadoop.hive.ql.io.parquet.serde.ParquetHiveSerDe"
                  }
                ],
                "skewed_info": [],
                "sort_columns": [],
                "stored_as_sub_directories": false
              }
            ],
            "table_type": "EXTERNAL_TABLE",
            "target_table": [],
            "view_expanded_text": "",
            "view_original_text": ""
          },
          "sensitive_attributes": [],
          "private": "bnVsbA==",
          "dependencies": [
            "data.aws_caller_identity.current",
            "module.aws_data_catalog.aws_glue_catalog_database.db_raw",
            "module.iam.aws_iam_policy.datalake_policy",
            "module.iam.aws_iam_role.datalake_role",
            "module.iam.data.aws_caller_identity.current",
            "module.lakeformation.aws_iam_group.datalake_admins",
            "module.lakeformation.aws_iam_group.datalake_users_external",
            "module.lakeformation.aws_iam_group.datalake_users_internal",
            "module.lakeformation.aws_iam_group_membership.datalake_admin_membership",
            "module.lakeformation.aws_iam_group_membership.datalake_user1_membership",
            "module.lakeformation.aws_iam_group_policy.datalake_admins_assume_role",
            "module.lakeformation.aws_iam_group_policy.datalake_admins_slr",
            "module.lakeformation.aws_iam_group_policy.datalake_users_external_assume_role",
            "module.lakeformation.aws_iam_group_policy.datalake_users_external_athena_readonly",
            "module.lakeformation.aws_iam_group_policy.datalake_users_external_basic",
            "module.lakeformation.aws_iam_group_policy.datalake_users_internal_assume_role",
            "module.lakeformation.aws_iam_group_policy.datalake_users_internal_basic",
            "module.lakeformation.aws_iam_group_policy_attachment.datalake_admins_athena",
            "module.lakeformation.aws_iam_group_policy_attachment.datalake_admins_cfn_readonly",
            "module.lakeformation.aws_iam_group_policy_attachment.datalake_admins_cloudwatch",
            "module.lakeformation.aws_iam_group_policy_attachment.datalake_admins_glue_console",
            "module.lakeformation.aws_iam_group_policy_attachment.datalake_admins_lf_cross_account",
            "module.lakeformation.aws_iam_group_policy_attachment.datalake_admins_lf_data_admin",
            "module.lakeformation.aws_iam_group_policy_attachment.datalake_admins_pass_role",
            "module.lakeformation.aws_iam_group_policy_attachment.datalake_admins_ram_access",
            "module.lakeformation.aws_iam_group_policy_attachment.datalake_users_internal_athena",
            "module.lakeformation.aws_iam_group_policy_attachment.datalake_users_internal_governed_table",
            "module.lakeformation.aws_iam_policy.lf_governed_table_policy",
            "module.lakeformation.aws_iam_policy.lf_ram_access_policy",
            "module.lakeformation.aws_iam_policy.lf_user_pass_role_policy",
            "module.lakeformation.aws_iam_policy.lf_workflow_pass_role_policy",
            "module.lakeformation.aws_iam_role.datalake_admins_lf_role",
            "module.lakeformation.aws_iam_role.datalake_users_external_lf_role",
            "module.lakeformation.aws_iam_role.datalake_users_internal_lf_role",
            "module.lakeformation.aws_iam_role.lakeformation_workflow_role",
            "module.lakeformation.aws_iam_role_policy.datalake_admins_lf_inline_policy",
            "module.lakeformation.aws_iam_role_policy.datalake_users_external_lf_inline_policy",
            "module.lakeformation.aws_iam_role_policy.datalake_users_internal_lf_inline_policy",
            "module.lakeformation.aws_iam_role_policy.lf_workflow_permissions",
            "module.lakeformation.aws_iam_role_policy_attachment.datalake_admins_lf_athena",
            "module.lakeformation.aws_iam_role_policy_attachment.lakeformation_workflow_role_attachment",
            "module.lakeformation.aws_iam_role_policy_attachment.lf_workflow_pass_role_policy_attachment",
            "module.lakeformation.aws_iam_user.datalake_admin",
            "module.lakeformation.aws_iam_user.datalake_user1",
            "module.lakeformation.aws_iam_user_login_profile.datalake_admin",
            "module.lakeformation.aws_iam_user_login_profile.datalake_user1",
            "module.lakeformation.aws_lakeformation_data_lake_settings.this",
            "module.lakeformation.aws_lakeformation_permissions.business_location_admins",
            "module.lakeformation.aws_lakeformation_permissions.business_location_datalake_role",
            "module.lakeformation.aws_lakeformation_permissions.business_location_external_users",
            "module.lakeformation.aws_lakeformation_permissions.business_location_internal_users",
            "module.lakeformation.aws_lakeformation_permissions.raw_location_admins",
            "module.lakeformation.aws_lakeformation_permissions.raw_location_datalake_role",
            "module.lakeformation.aws_lakeformation_permissions.raw_location_internal_users",
            "module.lakeformation.aws_lakeformation_permissions.trusted_location_admins",
            "module.lakeformation.aws_lakeformation_permissions.trusted_location_datalake_role",
            "module.lakeformation.aws_lakeformation_permissions.trusted_location_internal_users",
            "module.lakeformation.aws_lakeformation_resource.business_datalake_location",
            "module.lakeformation.aws_lakeformation_resource.raw_datalake_location",
            "module.lakeformation.aws_lakeformation_resource.trusted_datalake_location",
            "module.lakeformation.data.aws_caller_identity.current",
            "module.s3.aws_s3_bucket.business_bucket",
            "module.s3.aws_s3_bucket.landing_bucket",
            "module.s3.aws_s3_bucket.raw_bucket",
            "module.s3.aws_s3_bucket.trusted_bucket",
            "module.s3.aws_s3_bucket.workspace_bucket",
            "module.s3.aws_s3_bucket_lifecycle_configuration.bucket-config",
            "module.s3.aws_s3_bucket_lifecycle_configuration.business-bucket-config",
            "module.s3.aws_s3_bucket_lifecycle_configuration.landing-bucket-config",
            "module.s3.aws_s3_bucket_lifecycle_configuration.raw-bucket-config",
            "module.s3.aws_s3_bucket_lifecycle_configuration.trusted-bucket-config",
            "module.s3.aws_s3_bucket_public_access_block.business_bucket_public_access_block",
            "module.s3.aws_s3_bucket_public_access_block.landing_bucket_public_access_block",
            "module.s3.aws_s3_bucket_public_access_block.raw_bucket_public_access_block",
            "module.s3.aws_s3_bucket_public_access_block.trusted_bucket_public_access_block",
            "module.s3.aws_s3_bucket_public_access_block.workspace_bucket",
            "module.s3.aws_s3_bucket_server_side_encryption_configuration.workspace_bucket",
            "module.s3.data.aws_caller_identity.current"
          ]
        }
      ]
    },
    {
      "module": "module.aws_data_catalog",
      "mode": "managed",
      "type": "aws_glue_catalog_table",
      "name": "etl_execution_control",
      "provider": "provider[\"registry.terraform.io/hashicorp/aws\"]",
      "instances": [
        {
          "schema_version": 0,
          "attributes": {
            "arn": "arn:aws:glue:us-east-1:331504768406:table/db_raw/etl_control",
            "catalog_id": "331504768406",
            "database_name": "db_raw",
            "description": "ETL execution control table",
            "id": "331504768406:db_raw:etl_control",
            "name": "etl_control",
            "open_table_format_input": [],
            "owner": "",
            "parameters": {
              "classification": "parquet"
            },
            "partition_index": [],
            "partition_keys": [
              {
                "comment": "Reference date of the execution",
                "name": "reference_date",
                "type": "date"
              }
            ],
            "retention": 0,
            "storage_descriptor": [
              {
                "additional_locations": [],
                "bucket_columns": [],
                "columns": [
                  {
                    "comment": "Name of the target table",
                    "name": "target_table_name",
                    "parameters": {},
                    "type": "string"
                  },
                  {
                    "comment": "Start datetime of the execution",
                    "name": "execution_start_timestamp",
                    "parameters": {},
                    "type": "timestamp"
                  },
                  {
                    "comment": "End datetime of the execution",
                    "name": "execution_end_timestamp",
                    "parameters": {},
                    "type": "timestamp"
                  },
                  {
                    "comment": "Partition of the target table",
                    "name": "target_partition",
                    "parameters": {},
                    "type": "string"
                  },
                  {
                    "comment": "Source tables data",
                    "name": "source_tables",
                    "parameters": {},
                    "type": "array\u003cstruct\u003csource_table_name:string,source_partition:string\u003e\u003e"
                  }
                ],
                "compressed": false,
                "input_format": "org.apache.hadoop.hive.ql.io.parquet.MapredParquetInputFormat",
                "location": "s3://lakehouse-raw-331504768406/tables/etl_control/",
                "number_of_buckets": 0,
                "output_format": "org.apache.hadoop.hive.ql.io.parquet.MapredParquetOutputFormat",
                "parameters": {},
                "schema_reference": [],
                "ser_de_info": [
                  {
                    "name": "etl_control",
                    "parameters": {
                      "serialization.format": "1"
                    },
                    "serialization_library": "org.apache.hadoop.hive.ql.io.parquet.serde.ParquetHiveSerDe"
                  }
                ],
                "skewed_info": [],
                "sort_columns": [],
                "stored_as_sub_directories": false
              }
            ],
            "table_type": "EXTERNAL_TABLE",
            "target_table": [],
            "view_expanded_text": "",
            "view_original_text": ""
          },
          "sensitive_attributes": [],
          "private": "bnVsbA==",
          "dependencies": [
            "data.aws_caller_identity.current",
            "module.aws_data_catalog.aws_glue_catalog_database.db_raw",
            "module.iam.aws_iam_policy.datalake_policy",
            "module.iam.aws_iam_role.datalake_role",
            "module.iam.data.aws_caller_identity.current",
            "module.lakeformation.aws_iam_group.datalake_admins",
            "module.lakeformation.aws_iam_group.datalake_users_external",
            "module.lakeformation.aws_iam_group.datalake_users_internal",
            "module.lakeformation.aws_iam_group_membership.datalake_admin_membership",
            "module.lakeformation.aws_iam_group_membership.datalake_user1_membership",
            "module.lakeformation.aws_iam_group_policy.datalake_admins_assume_role",
            "module.lakeformation.aws_iam_group_policy.datalake_admins_slr",
            "module.lakeformation.aws_iam_group_policy.datalake_users_external_assume_role",
            "module.lakeformation.aws_iam_group_policy.datalake_users_external_athena_readonly",
            "module.lakeformation.aws_iam_group_policy.datalake_users_external_basic",
            "module.lakeformation.aws_iam_group_policy.datalake_users_internal_assume_role",
            "module.lakeformation.aws_iam_group_policy.datalake_users_internal_basic",
            "module.lakeformation.aws_iam_group_policy_attachment.datalake_admins_athena",
            "module.lakeformation.aws_iam_group_policy_attachment.datalake_admins_cfn_readonly",
            "module.lakeformation.aws_iam_group_policy_attachment.datalake_admins_cloudwatch",
            "module.lakeformation.aws_iam_group_policy_attachment.datalake_admins_glue_console",
            "module.lakeformation.aws_iam_group_policy_attachment.datalake_admins_lf_cross_account",
            "module.lakeformation.aws_iam_group_policy_attachment.datalake_admins_lf_data_admin",
            "module.lakeformation.aws_iam_group_policy_attachment.datalake_admins_pass_role",
            "module.lakeformation.aws_iam_group_policy_attachment.datalake_admins_ram_access",
            "module.lakeformation.aws_iam_group_policy_attachment.datalake_users_internal_athena",
            "module.lakeformation.aws_iam_group_policy_attachment.datalake_users_internal_governed_table",
            "module.lakeformation.aws_iam_policy.lf_governed_table_policy",
            "module.lakeformation.aws_iam_policy.lf_ram_access_policy",
            "module.lakeformation.aws_iam_policy.lf_user_pass_role_policy",
            "module.lakeformation.aws_iam_policy.lf_workflow_pass_role_policy",
            "module.lakeformation.aws_iam_role.datalake_admins_lf_role",
            "module.lakeformation.aws_iam_role.datalake_users_external_lf_role",
            "module.lakeformation.aws_iam_role.datalake_users_internal_lf_role",
            "module.lakeformation.aws_iam_role.lakeformation_workflow_role",
            "module.lakeformation.aws_iam_role_policy.datalake_admins_lf_inline_policy",
            "module.lakeformation.aws_iam_role_policy.datalake_users_external_lf_inline_policy",
            "module.lakeformation.aws_iam_role_policy.datalake_users_internal_lf_inline_policy",
            "module.lakeformation.aws_iam_role_policy.lf_workflow_permissions",
            "module.lakeformation.aws_iam_role_policy_attachment.datalake_admins_lf_athena",
            "module.lakeformation.aws_iam_role_policy_attachment.lakeformation_workflow_role_attachment",
            "module.lakeformation.aws_iam_role_policy_attachment.lf_workflow_pass_role_policy_attachment",
            "module.lakeformation.aws_iam_user.datalake_admin",
            "module.lakeformation.aws_iam_user.datalake_user1",
            "module.lakeformation.aws_iam_user_login_profile.datalake_admin",
            "module.lakeformation.aws_iam_user_login_profile.datalake_user1",
            "module.lakeformation.aws_lakeformation_data_lake_settings.this",
            "module.lakeformation.aws_lakeformation_permissions.business_location_admins",
            "module.lakeformation.aws_lakeformation_permissions.business_location_datalake_role",
            "module.lakeformation.aws_lakeformation_permissions.business_location_external_users",
            "module.lakeformation.aws_lakeformation_permissions.business_location_internal_users",
            "module.lakeformation.aws_lakeformation_permissions.raw_location_admins",
            "module.lakeformation.aws_lakeformation_permissions.raw_location_datalake_role",
            "module.lakeformation.aws_lakeformation_permissions.raw_location_internal_users",
            "module.lakeformation.aws_lakeformation_permissions.trusted_location_admins",
            "module.lakeformation.aws_lakeformation_permissions.trusted_location_datalake_role",
            "module.lakeformation.aws_lakeformation_permissions.trusted_location_internal_users",
            "module.lakeformation.aws_lakeformation_resource.business_datalake_location",
            "module.lakeformation.aws_lakeformation_resource.raw_datalake_location",
            "module.lakeformation.aws_lakeformation_resource.trusted_datalake_location",
            "module.lakeformation.data.aws_caller_identity.current",
            "module.s3.aws_s3_bucket.business_bucket",
            "module.s3.aws_s3_bucket.landing_bucket",
            "module.s3.aws_s3_bucket.raw_bucket",
            "module.s3.aws_s3_bucket.trusted_bucket",
            "module.s3.aws_s3_bucket.workspace_bucket",
            "module.s3.aws_s3_bucket_lifecycle_configuration.bucket-config",
            "module.s3.aws_s3_bucket_lifecycle_configuration.business-bucket-config",
            "module.s3.aws_s3_bucket_lifecycle_configuration.landing-bucket-config",
            "module.s3.aws_s3_bucket_lifecycle_configuration.raw-bucket-config",
            "module.s3.aws_s3_bucket_lifecycle_configuration.trusted-bucket-config",
            "module.s3.aws_s3_bucket_public_access_block.business_bucket_public_access_block",
            "module.s3.aws_s3_bucket_public_access_block.landing_bucket_public_access_block",
            "module.s3.aws_s3_bucket_public_access_block.raw_bucket_public_access_block",
            "module.s3.aws_s3_bucket_public_access_block.trusted_bucket_public_access_block",
            "module.s3.aws_s3_bucket_public_access_block.workspace_bucket",
            "module.s3.aws_s3_bucket_server_side_encryption_configuration.workspace_bucket",
            "module.s3.data.aws_caller_identity.current"
          ]
        }
      ]
    },
    {
      "module": "module.aws_data_catalog",
      "mode": "managed",
      "type": "aws_lakeformation_permissions",
      "name": "grant_admins_database_business",
      "provider": "provider[\"registry.terraform.io/hashicorp/aws\"]",
      "instances": [
        {
          "schema_version": 0,
          "attributes": {
            "catalog_id": "331504768406",
            "catalog_resource": false,
            "data_cells_filter": [],
            "data_location": [],
            "database": [
              {
                "catalog_id": "331504768406",
                "name": "db_business"
              }
            ],
            "id": "3728018655",
            "lf_tag": [],
            "lf_tag_policy": [],
            "permissions": [
              "DESCRIBE"
            ],
            "permissions_with_grant_option": [
              "ALL",
              "ALTER",
              "CREATE_TABLE",
              "DESCRIBE",
              "DROP"
            ],
            "principal": "arn:aws:iam::331504768406:role/datalake-admins-lf-role",
            "table": [],
            "table_with_columns": []
          },
          "sensitive_attributes": [],
          "private": "bnVsbA==",
          "dependencies": [
            "data.aws_caller_identity.current",
            "module.aws_data_catalog.aws_glue_catalog_database.db_business",
            "module.iam.aws_iam_policy.datalake_policy",
            "module.iam.aws_iam_role.datalake_role",
            "module.iam.data.aws_caller_identity.current",
            "module.lakeformation.aws_iam_group.datalake_admins",
            "module.lakeformation.aws_iam_group.datalake_users_external",
            "module.lakeformation.aws_iam_group.datalake_users_internal",
            "module.lakeformation.aws_iam_group_membership.datalake_admin_membership",
            "module.lakeformation.aws_iam_group_membership.datalake_user1_membership",
            "module.lakeformation.aws_iam_group_policy.datalake_admins_assume_role",
            "module.lakeformation.aws_iam_group_policy.datalake_admins_slr",
            "module.lakeformation.aws_iam_group_policy.datalake_users_external_assume_role",
            "module.lakeformation.aws_iam_group_policy.datalake_users_external_athena_readonly",
            "module.lakeformation.aws_iam_group_policy.datalake_users_external_basic",
            "module.lakeformation.aws_iam_group_policy.datalake_users_internal_assume_role",
            "module.lakeformation.aws_iam_group_policy.datalake_users_internal_basic",
            "module.lakeformation.aws_iam_group_policy_attachment.datalake_admins_athena",
            "module.lakeformation.aws_iam_group_policy_attachment.datalake_admins_cfn_readonly",
            "module.lakeformation.aws_iam_group_policy_attachment.datalake_admins_cloudwatch",
            "module.lakeformation.aws_iam_group_policy_attachment.datalake_admins_glue_console",
            "module.lakeformation.aws_iam_group_policy_attachment.datalake_admins_lf_cross_account",
            "module.lakeformation.aws_iam_group_policy_attachment.datalake_admins_lf_data_admin",
            "module.lakeformation.aws_iam_group_policy_attachment.datalake_admins_pass_role",
            "module.lakeformation.aws_iam_group_policy_attachment.datalake_admins_ram_access",
            "module.lakeformation.aws_iam_group_policy_attachment.datalake_users_internal_athena",
            "module.lakeformation.aws_iam_group_policy_attachment.datalake_users_internal_governed_table",
            "module.lakeformation.aws_iam_policy.lf_governed_table_policy",
            "module.lakeformation.aws_iam_policy.lf_ram_access_policy",
            "module.lakeformation.aws_iam_policy.lf_user_pass_role_policy",
            "module.lakeformation.aws_iam_policy.lf_workflow_pass_role_policy",
            "module.lakeformation.aws_iam_role.datalake_admins_lf_role",
            "module.lakeformation.aws_iam_role.datalake_users_external_lf_role",
            "module.lakeformation.aws_iam_role.datalake_users_internal_lf_role",
            "module.lakeformation.aws_iam_role.lakeformation_workflow_role",
            "module.lakeformation.aws_iam_role_policy.datalake_admins_lf_inline_policy",
            "module.lakeformation.aws_iam_role_policy.datalake_users_external_lf_inline_policy",
            "module.lakeformation.aws_iam_role_policy.datalake_users_internal_lf_inline_policy",
            "module.lakeformation.aws_iam_role_policy.lf_workflow_permissions",
            "module.lakeformation.aws_iam_role_policy_attachment.datalake_admins_lf_athena",
            "module.lakeformation.aws_iam_role_policy_attachment.lakeformation_workflow_role_attachment",
            "module.lakeformation.aws_iam_role_policy_attachment.lf_workflow_pass_role_policy_attachment",
            "module.lakeformation.aws_iam_user.datalake_admin",
            "module.lakeformation.aws_iam_user.datalake_user1",
            "module.lakeformation.aws_iam_user_login_profile.datalake_admin",
            "module.lakeformation.aws_iam_user_login_profile.datalake_user1",
            "module.lakeformation.aws_lakeformation_data_lake_settings.this",
            "module.lakeformation.aws_lakeformation_permissions.business_location_admins",
            "module.lakeformation.aws_lakeformation_permissions.business_location_datalake_role",
            "module.lakeformation.aws_lakeformation_permissions.business_location_external_users",
            "module.lakeformation.aws_lakeformation_permissions.business_location_internal_users",
            "module.lakeformation.aws_lakeformation_permissions.raw_location_admins",
            "module.lakeformation.aws_lakeformation_permissions.raw_location_datalake_role",
            "module.lakeformation.aws_lakeformation_permissions.raw_location_internal_users",
            "module.lakeformation.aws_lakeformation_permissions.trusted_location_admins",
            "module.lakeformation.aws_lakeformation_permissions.trusted_location_datalake_role",
            "module.lakeformation.aws_lakeformation_permissions.trusted_location_internal_users",
            "module.lakeformation.aws_lakeformation_resource.business_datalake_location",
            "module.lakeformation.aws_lakeformation_resource.raw_datalake_location",
            "module.lakeformation.aws_lakeformation_resource.trusted_datalake_location",
            "module.lakeformation.data.aws_caller_identity.current",
            "module.s3.aws_s3_bucket.business_bucket",
            "module.s3.aws_s3_bucket.landing_bucket",
            "module.s3.aws_s3_bucket.raw_bucket",
            "module.s3.aws_s3_bucket.trusted_bucket",
            "module.s3.aws_s3_bucket.workspace_bucket",
            "module.s3.aws_s3_bucket_lifecycle_configuration.bucket-config",
            "module.s3.aws_s3_bucket_lifecycle_configuration.business-bucket-config",
            "module.s3.aws_s3_bucket_lifecycle_configuration.landing-bucket-config",
            "module.s3.aws_s3_bucket_lifecycle_configuration.raw-bucket-config",
            "module.s3.aws_s3_bucket_lifecycle_configuration.trusted-bucket-config",
            "module.s3.aws_s3_bucket_public_access_block.business_bucket_public_access_block",
            "module.s3.aws_s3_bucket_public_access_block.landing_bucket_public_access_block",
            "module.s3.aws_s3_bucket_public_access_block.raw_bucket_public_access_block",
            "module.s3.aws_s3_bucket_public_access_block.trusted_bucket_public_access_block",
            "module.s3.aws_s3_bucket_public_access_block.workspace_bucket",
            "module.s3.aws_s3_bucket_server_side_encryption_configuration.workspace_bucket",
            "module.s3.data.aws_caller_identity.current"
          ]
        }
      ]
    },
    {
      "module": "module.aws_data_catalog",
      "mode": "managed",
      "type": "aws_lakeformation_permissions",
      "name": "grant_admins_database_raw",
      "provider": "provider[\"registry.terraform.io/hashicorp/aws\"]",
      "instances": [
        {
          "schema_version": 0,
          "attributes": {
            "catalog_id": "331504768406",
            "catalog_resource": false,
            "data_cells_filter": [],
            "data_location": [],
            "database": [
              {
                "catalog_id": "331504768406",
                "name": "db_raw"
              }
            ],
            "id": "2464348511",
            "lf_tag": [],
            "lf_tag_policy": [],
            "permissions": [
              "DESCRIBE"
            ],
            "permissions_with_grant_option": [
              "ALL",
              "ALTER",
              "CREATE_TABLE",
              "DESCRIBE",
              "DROP"
            ],
            "principal": "arn:aws:iam::331504768406:role/datalake-admins-lf-role",
            "table": [],
            "table_with_columns": []
          },
          "sensitive_attributes": [],
          "private": "bnVsbA==",
          "dependencies": [
            "data.aws_caller_identity.current",
            "module.aws_data_catalog.aws_glue_catalog_database.db_raw",
            "module.iam.aws_iam_policy.datalake_policy",
            "module.iam.aws_iam_role.datalake_role",
            "module.iam.data.aws_caller_identity.current",
            "module.lakeformation.aws_iam_group.datalake_admins",
            "module.lakeformation.aws_iam_group.datalake_users_external",
            "module.lakeformation.aws_iam_group.datalake_users_internal",
            "module.lakeformation.aws_iam_group_membership.datalake_admin_membership",
            "module.lakeformation.aws_iam_group_membership.datalake_user1_membership",
            "module.lakeformation.aws_iam_group_policy.datalake_admins_assume_role",
            "module.lakeformation.aws_iam_group_policy.datalake_admins_slr",
            "module.lakeformation.aws_iam_group_policy.datalake_users_external_assume_role",
            "module.lakeformation.aws_iam_group_policy.datalake_users_external_athena_readonly",
            "module.lakeformation.aws_iam_group_policy.datalake_users_external_basic",
            "module.lakeformation.aws_iam_group_policy.datalake_users_internal_assume_role",
            "module.lakeformation.aws_iam_group_policy.datalake_users_internal_basic",
            "module.lakeformation.aws_iam_group_policy_attachment.datalake_admins_athena",
            "module.lakeformation.aws_iam_group_policy_attachment.datalake_admins_cfn_readonly",
            "module.lakeformation.aws_iam_group_policy_attachment.datalake_admins_cloudwatch",
            "module.lakeformation.aws_iam_group_policy_attachment.datalake_admins_glue_console",
            "module.lakeformation.aws_iam_group_policy_attachment.datalake_admins_lf_cross_account",
            "module.lakeformation.aws_iam_group_policy_attachment.datalake_admins_lf_data_admin",
            "module.lakeformation.aws_iam_group_policy_attachment.datalake_admins_pass_role",
            "module.lakeformation.aws_iam_group_policy_attachment.datalake_admins_ram_access",
            "module.lakeformation.aws_iam_group_policy_attachment.datalake_users_internal_athena",
            "module.lakeformation.aws_iam_group_policy_attachment.datalake_users_internal_governed_table",
            "module.lakeformation.aws_iam_policy.lf_governed_table_policy",
            "module.lakeformation.aws_iam_policy.lf_ram_access_policy",
            "module.lakeformation.aws_iam_policy.lf_user_pass_role_policy",
            "module.lakeformation.aws_iam_policy.lf_workflow_pass_role_policy",
            "module.lakeformation.aws_iam_role.datalake_admins_lf_role",
            "module.lakeformation.aws_iam_role.datalake_users_external_lf_role",
            "module.lakeformation.aws_iam_role.datalake_users_internal_lf_role",
            "module.lakeformation.aws_iam_role.lakeformation_workflow_role",
            "module.lakeformation.aws_iam_role_policy.datalake_admins_lf_inline_policy",
            "module.lakeformation.aws_iam_role_policy.datalake_users_external_lf_inline_policy",
            "module.lakeformation.aws_iam_role_policy.datalake_users_internal_lf_inline_policy",
            "module.lakeformation.aws_iam_role_policy.lf_workflow_permissions",
            "module.lakeformation.aws_iam_role_policy_attachment.datalake_admins_lf_athena",
            "module.lakeformation.aws_iam_role_policy_attachment.lakeformation_workflow_role_attachment",
            "module.lakeformation.aws_iam_role_policy_attachment.lf_workflow_pass_role_policy_attachment",
            "module.lakeformation.aws_iam_user.datalake_admin",
            "module.lakeformation.aws_iam_user.datalake_user1",
            "module.lakeformation.aws_iam_user_login_profile.datalake_admin",
            "module.lakeformation.aws_iam_user_login_profile.datalake_user1",
            "module.lakeformation.aws_lakeformation_data_lake_settings.this",
            "module.lakeformation.aws_lakeformation_permissions.business_location_admins",
            "module.lakeformation.aws_lakeformation_permissions.business_location_datalake_role",
            "module.lakeformation.aws_lakeformation_permissions.business_location_external_users",
            "module.lakeformation.aws_lakeformation_permissions.business_location_internal_users",
            "module.lakeformation.aws_lakeformation_permissions.raw_location_admins",
            "module.lakeformation.aws_lakeformation_permissions.raw_location_datalake_role",
            "module.lakeformation.aws_lakeformation_permissions.raw_location_internal_users",
            "module.lakeformation.aws_lakeformation_permissions.trusted_location_admins",
            "module.lakeformation.aws_lakeformation_permissions.trusted_location_datalake_role",
            "module.lakeformation.aws_lakeformation_permissions.trusted_location_internal_users",
            "module.lakeformation.aws_lakeformation_resource.business_datalake_location",
            "module.lakeformation.aws_lakeformation_resource.raw_datalake_location",
            "module.lakeformation.aws_lakeformation_resource.trusted_datalake_location",
            "module.lakeformation.data.aws_caller_identity.current",
            "module.s3.aws_s3_bucket.business_bucket",
            "module.s3.aws_s3_bucket.landing_bucket",
            "module.s3.aws_s3_bucket.raw_bucket",
            "module.s3.aws_s3_bucket.trusted_bucket",
            "module.s3.aws_s3_bucket.workspace_bucket",
            "module.s3.aws_s3_bucket_lifecycle_configuration.bucket-config",
            "module.s3.aws_s3_bucket_lifecycle_configuration.business-bucket-config",
            "module.s3.aws_s3_bucket_lifecycle_configuration.landing-bucket-config",
            "module.s3.aws_s3_bucket_lifecycle_configuration.raw-bucket-config",
            "module.s3.aws_s3_bucket_lifecycle_configuration.trusted-bucket-config",
            "module.s3.aws_s3_bucket_public_access_block.business_bucket_public_access_block",
            "module.s3.aws_s3_bucket_public_access_block.landing_bucket_public_access_block",
            "module.s3.aws_s3_bucket_public_access_block.raw_bucket_public_access_block",
            "module.s3.aws_s3_bucket_public_access_block.trusted_bucket_public_access_block",
            "module.s3.aws_s3_bucket_public_access_block.workspace_bucket",
            "module.s3.aws_s3_bucket_server_side_encryption_configuration.workspace_bucket",
            "module.s3.data.aws_caller_identity.current"
          ]
        }
      ]
    },
    {
      "module": "module.aws_data_catalog",
      "mode": "managed",
      "type": "aws_lakeformation_permissions",
      "name": "grant_admins_database_trusted",
      "provider": "provider[\"registry.terraform.io/hashicorp/aws\"]",
      "instances": [
        {
          "schema_version": 0,
          "attributes": {
            "catalog_id": "331504768406",
            "catalog_resource": false,
            "data_cells_filter": [],
            "data_location": [],
            "database": [
              {
                "catalog_id": "331504768406",
                "name": "db_trusted"
              }
            ],
            "id": "2277873115",
            "lf_tag": [],
            "lf_tag_policy": [],
            "permissions": [
              "DESCRIBE"
            ],
            "permissions_with_grant_option": [
              "ALL",
              "ALTER",
              "CREATE_TABLE",
              "DESCRIBE",
              "DROP"
            ],
            "principal": "arn:aws:iam::331504768406:role/datalake-admins-lf-role",
            "table": [],
            "table_with_columns": []
          },
          "sensitive_attributes": [],
          "private": "bnVsbA==",
          "dependencies": [
            "data.aws_caller_identity.current",
            "module.aws_data_catalog.aws_glue_catalog_database.db_trusted",
            "module.iam.aws_iam_policy.datalake_policy",
            "module.iam.aws_iam_role.datalake_role",
            "module.iam.data.aws_caller_identity.current",
            "module.lakeformation.aws_iam_group.datalake_admins",
            "module.lakeformation.aws_iam_group.datalake_users_external",
            "module.lakeformation.aws_iam_group.datalake_users_internal",
            "module.lakeformation.aws_iam_group_membership.datalake_admin_membership",
            "module.lakeformation.aws_iam_group_membership.datalake_user1_membership",
            "module.lakeformation.aws_iam_group_policy.datalake_admins_assume_role",
            "module.lakeformation.aws_iam_group_policy.datalake_admins_slr",
            "module.lakeformation.aws_iam_group_policy.datalake_users_external_assume_role",
            "module.lakeformation.aws_iam_group_policy.datalake_users_external_athena_readonly",
            "module.lakeformation.aws_iam_group_policy.datalake_users_external_basic",
            "module.lakeformation.aws_iam_group_policy.datalake_users_internal_assume_role",
            "module.lakeformation.aws_iam_group_policy.datalake_users_internal_basic",
            "module.lakeformation.aws_iam_group_policy_attachment.datalake_admins_athena",
            "module.lakeformation.aws_iam_group_policy_attachment.datalake_admins_cfn_readonly",
            "module.lakeformation.aws_iam_group_policy_attachment.datalake_admins_cloudwatch",
            "module.lakeformation.aws_iam_group_policy_attachment.datalake_admins_glue_console",
            "module.lakeformation.aws_iam_group_policy_attachment.datalake_admins_lf_cross_account",
            "module.lakeformation.aws_iam_group_policy_attachment.datalake_admins_lf_data_admin",
            "module.lakeformation.aws_iam_group_policy_attachment.datalake_admins_pass_role",
            "module.lakeformation.aws_iam_group_policy_attachment.datalake_admins_ram_access",
            "module.lakeformation.aws_iam_group_policy_attachment.datalake_users_internal_athena",
            "module.lakeformation.aws_iam_group_policy_attachment.datalake_users_internal_governed_table",
            "module.lakeformation.aws_iam_policy.lf_governed_table_policy",
            "module.lakeformation.aws_iam_policy.lf_ram_access_policy",
            "module.lakeformation.aws_iam_policy.lf_user_pass_role_policy",
            "module.lakeformation.aws_iam_policy.lf_workflow_pass_role_policy",
            "module.lakeformation.aws_iam_role.datalake_admins_lf_role",
            "module.lakeformation.aws_iam_role.datalake_users_external_lf_role",
            "module.lakeformation.aws_iam_role.datalake_users_internal_lf_role",
            "module.lakeformation.aws_iam_role.lakeformation_workflow_role",
            "module.lakeformation.aws_iam_role_policy.datalake_admins_lf_inline_policy",
            "module.lakeformation.aws_iam_role_policy.datalake_users_external_lf_inline_policy",
            "module.lakeformation.aws_iam_role_policy.datalake_users_internal_lf_inline_policy",
            "module.lakeformation.aws_iam_role_policy.lf_workflow_permissions",
            "module.lakeformation.aws_iam_role_policy_attachment.datalake_admins_lf_athena",
            "module.lakeformation.aws_iam_role_policy_attachment.lakeformation_workflow_role_attachment",
            "module.lakeformation.aws_iam_role_policy_attachment.lf_workflow_pass_role_policy_attachment",
            "module.lakeformation.aws_iam_user.datalake_admin",
            "module.lakeformation.aws_iam_user.datalake_user1",
            "module.lakeformation.aws_iam_user_login_profile.datalake_admin",
            "module.lakeformation.aws_iam_user_login_profile.datalake_user1",
            "module.lakeformation.aws_lakeformation_data_lake_settings.this",
            "module.lakeformation.aws_lakeformation_permissions.business_location_admins",
            "module.lakeformation.aws_lakeformation_permissions.business_location_datalake_role",
            "module.lakeformation.aws_lakeformation_permissions.business_location_external_users",
            "module.lakeformation.aws_lakeformation_permissions.business_location_internal_users",
            "module.lakeformation.aws_lakeformation_permissions.raw_location_admins",
            "module.lakeformation.aws_lakeformation_permissions.raw_location_datalake_role",
            "module.lakeformation.aws_lakeformation_permissions.raw_location_internal_users",
            "module.lakeformation.aws_lakeformation_permissions.trusted_location_admins",
            "module.lakeformation.aws_lakeformation_permissions.trusted_location_datalake_role",
            "module.lakeformation.aws_lakeformation_permissions.trusted_location_internal_users",
            "module.lakeformation.aws_lakeformation_resource.business_datalake_location",
            "module.lakeformation.aws_lakeformation_resource.raw_datalake_location",
            "module.lakeformation.aws_lakeformation_resource.trusted_datalake_location",
            "module.lakeformation.data.aws_caller_identity.current",
            "module.s3.aws_s3_bucket.business_bucket",
            "module.s3.aws_s3_bucket.landing_bucket",
            "module.s3.aws_s3_bucket.raw_bucket",
            "module.s3.aws_s3_bucket.trusted_bucket",
            "module.s3.aws_s3_bucket.workspace_bucket",
            "module.s3.aws_s3_bucket_lifecycle_configuration.bucket-config",
            "module.s3.aws_s3_bucket_lifecycle_configuration.business-bucket-config",
            "module.s3.aws_s3_bucket_lifecycle_configuration.landing-bucket-config",
            "module.s3.aws_s3_bucket_lifecycle_configuration.raw-bucket-config",
            "module.s3.aws_s3_bucket_lifecycle_configuration.trusted-bucket-config",
            "module.s3.aws_s3_bucket_public_access_block.business_bucket_public_access_block",
            "module.s3.aws_s3_bucket_public_access_block.landing_bucket_public_access_block",
            "module.s3.aws_s3_bucket_public_access_block.raw_bucket_public_access_block",
            "module.s3.aws_s3_bucket_public_access_block.trusted_bucket_public_access_block",
            "module.s3.aws_s3_bucket_public_access_block.workspace_bucket",
            "module.s3.aws_s3_bucket_server_side_encryption_configuration.workspace_bucket",
            "module.s3.data.aws_caller_identity.current"
          ]
        }
      ]
    },
    {
      "module": "module.aws_data_catalog",
      "mode": "managed",
      "type": "aws_lakeformation_permissions",
      "name": "grant_admins_table_business",
      "provider": "provider[\"registry.terraform.io/hashicorp/aws\"]",
      "instances": [
        {
          "schema_version": 0,
          "attributes": {
            "catalog_id": "331504768406",
            "catalog_resource": false,
            "data_cells_filter": [],
            "data_location": [],
            "database": [],
            "id": "3695226131",
            "lf_tag": [],
            "lf_tag_policy": [],
            "permissions": [
              "ALTER",
              "DELETE",
              "DESCRIBE",
              "INSERT",
              "SELECT"
            ],
            "permissions_with_grant_option": [
              "ALL",
              "ALTER",
              "DELETE",
              "DESCRIBE",
              "DROP",
              "INSERT",
              "SELECT"
            ],
            "principal": "arn:aws:iam::331504768406:role/datalake-admins-lf-role",
            "table": [
              {
                "catalog_id": "331504768406",
                "database_name": "db_business",
                "name": "",
                "wildcard": true
              }
            ],
            "table_with_columns": []
          },
          "sensitive_attributes": [],
          "private": "bnVsbA==",
          "dependencies": [
            "data.aws_caller_identity.current",
            "module.aws_data_catalog.aws_glue_catalog_database.db_business",
            "module.iam.aws_iam_policy.datalake_policy",
            "module.iam.aws_iam_role.datalake_role",
            "module.iam.data.aws_caller_identity.current",
            "module.lakeformation.aws_iam_group.datalake_admins",
            "module.lakeformation.aws_iam_group.datalake_users_external",
            "module.lakeformation.aws_iam_group.datalake_users_internal",
            "module.lakeformation.aws_iam_group_membership.datalake_admin_membership",
            "module.lakeformation.aws_iam_group_membership.datalake_user1_membership",
            "module.lakeformation.aws_iam_group_policy.datalake_admins_assume_role",
            "module.lakeformation.aws_iam_group_policy.datalake_admins_slr",
            "module.lakeformation.aws_iam_group_policy.datalake_users_external_assume_role",
            "module.lakeformation.aws_iam_group_policy.datalake_users_external_athena_readonly",
            "module.lakeformation.aws_iam_group_policy.datalake_users_external_basic",
            "module.lakeformation.aws_iam_group_policy.datalake_users_internal_assume_role",
            "module.lakeformation.aws_iam_group_policy.datalake_users_internal_basic",
            "module.lakeformation.aws_iam_group_policy_attachment.datalake_admins_athena",
            "module.lakeformation.aws_iam_group_policy_attachment.datalake_admins_cfn_readonly",
            "module.lakeformation.aws_iam_group_policy_attachment.datalake_admins_cloudwatch",
            "module.lakeformation.aws_iam_group_policy_attachment.datalake_admins_glue_console",
            "module.lakeformation.aws_iam_group_policy_attachment.datalake_admins_lf_cross_account",
            "module.lakeformation.aws_iam_group_policy_attachment.datalake_admins_lf_data_admin",
            "module.lakeformation.aws_iam_group_policy_attachment.datalake_admins_pass_role",
            "module.lakeformation.aws_iam_group_policy_attachment.datalake_admins_ram_access",
            "module.lakeformation.aws_iam_group_policy_attachment.datalake_users_internal_athena",
            "module.lakeformation.aws_iam_group_policy_attachment.datalake_users_internal_governed_table",
            "module.lakeformation.aws_iam_policy.lf_governed_table_policy",
            "module.lakeformation.aws_iam_policy.lf_ram_access_policy",
            "module.lakeformation.aws_iam_policy.lf_user_pass_role_policy",
            "module.lakeformation.aws_iam_policy.lf_workflow_pass_role_policy",
            "module.lakeformation.aws_iam_role.datalake_admins_lf_role",
            "module.lakeformation.aws_iam_role.datalake_users_external_lf_role",
            "module.lakeformation.aws_iam_role.datalake_users_internal_lf_role",
            "module.lakeformation.aws_iam_role.lakeformation_workflow_role",
            "module.lakeformation.aws_iam_role_policy.datalake_admins_lf_inline_policy",
            "module.lakeformation.aws_iam_role_policy.datalake_users_external_lf_inline_policy",
            "module.lakeformation.aws_iam_role_policy.datalake_users_internal_lf_inline_policy",
            "module.lakeformation.aws_iam_role_policy.lf_workflow_permissions",
            "module.lakeformation.aws_iam_role_policy_attachment.datalake_admins_lf_athena",
            "module.lakeformation.aws_iam_role_policy_attachment.lakeformation_workflow_role_attachment",
            "module.lakeformation.aws_iam_role_policy_attachment.lf_workflow_pass_role_policy_attachment",
            "module.lakeformation.aws_iam_user.datalake_admin",
            "module.lakeformation.aws_iam_user.datalake_user1",
            "module.lakeformation.aws_iam_user_login_profile.datalake_admin",
            "module.lakeformation.aws_iam_user_login_profile.datalake_user1",
            "module.lakeformation.aws_lakeformation_data_lake_settings.this",
            "module.lakeformation.aws_lakeformation_permissions.business_location_admins",
            "module.lakeformation.aws_lakeformation_permissions.business_location_datalake_role",
            "module.lakeformation.aws_lakeformation_permissions.business_location_external_users",
            "module.lakeformation.aws_lakeformation_permissions.business_location_internal_users",
            "module.lakeformation.aws_lakeformation_permissions.raw_location_admins",
            "module.lakeformation.aws_lakeformation_permissions.raw_location_datalake_role",
            "module.lakeformation.aws_lakeformation_permissions.raw_location_internal_users",
            "module.lakeformation.aws_lakeformation_permissions.trusted_location_admins",
            "module.lakeformation.aws_lakeformation_permissions.trusted_location_datalake_role",
            "module.lakeformation.aws_lakeformation_permissions.trusted_location_internal_users",
            "module.lakeformation.aws_lakeformation_resource.business_datalake_location",
            "module.lakeformation.aws_lakeformation_resource.raw_datalake_location",
            "module.lakeformation.aws_lakeformation_resource.trusted_datalake_location",
            "module.lakeformation.data.aws_caller_identity.current",
            "module.s3.aws_s3_bucket.business_bucket",
            "module.s3.aws_s3_bucket.landing_bucket",
            "module.s3.aws_s3_bucket.raw_bucket",
            "module.s3.aws_s3_bucket.trusted_bucket",
            "module.s3.aws_s3_bucket.workspace_bucket",
            "module.s3.aws_s3_bucket_lifecycle_configuration.bucket-config",
            "module.s3.aws_s3_bucket_lifecycle_configuration.business-bucket-config",
            "module.s3.aws_s3_bucket_lifecycle_configuration.landing-bucket-config",
            "module.s3.aws_s3_bucket_lifecycle_configuration.raw-bucket-config",
            "module.s3.aws_s3_bucket_lifecycle_configuration.trusted-bucket-config",
            "module.s3.aws_s3_bucket_public_access_block.business_bucket_public_access_block",
            "module.s3.aws_s3_bucket_public_access_block.landing_bucket_public_access_block",
            "module.s3.aws_s3_bucket_public_access_block.raw_bucket_public_access_block",
            "module.s3.aws_s3_bucket_public_access_block.trusted_bucket_public_access_block",
            "module.s3.aws_s3_bucket_public_access_block.workspace_bucket",
            "module.s3.aws_s3_bucket_server_side_encryption_configuration.workspace_bucket",
            "module.s3.data.aws_caller_identity.current"
          ]
        }
      ]
    },
    {
      "module": "module.aws_data_catalog",
      "mode": "managed",
      "type": "aws_lakeformation_permissions",
      "name": "grant_admins_table_raw",
      "provider": "provider[\"registry.terraform.io/hashicorp/aws\"]",
      "instances": [
        {
          "schema_version": 0,
          "attributes": {
            "catalog_id": "331504768406",
            "catalog_resource": false,
            "data_cells_filter": [],
            "data_location": [],
            "database": [],
            "id": "892116252",
            "lf_tag": [],
            "lf_tag_policy": [],
            "permissions": [
              "ALTER",
              "DELETE",
              "DESCRIBE",
              "INSERT",
              "SELECT"
            ],
            "permissions_with_grant_option": [
              "ALL",
              "ALTER",
              "DELETE",
              "DESCRIBE",
              "DROP",
              "INSERT",
              "SELECT"
            ],
            "principal": "arn:aws:iam::331504768406:role/datalake-admins-lf-role",
            "table": [
              {
                "catalog_id": "331504768406",
                "database_name": "db_raw",
                "name": "",
                "wildcard": true
              }
            ],
            "table_with_columns": []
          },
          "sensitive_attributes": [],
          "private": "bnVsbA==",
          "dependencies": [
            "data.aws_caller_identity.current",
            "module.aws_data_catalog.aws_glue_catalog_database.db_raw",
            "module.iam.aws_iam_policy.datalake_policy",
            "module.iam.aws_iam_role.datalake_role",
            "module.iam.data.aws_caller_identity.current",
            "module.lakeformation.aws_iam_group.datalake_admins",
            "module.lakeformation.aws_iam_group.datalake_users_external",
            "module.lakeformation.aws_iam_group.datalake_users_internal",
            "module.lakeformation.aws_iam_group_membership.datalake_admin_membership",
            "module.lakeformation.aws_iam_group_membership.datalake_user1_membership",
            "module.lakeformation.aws_iam_group_policy.datalake_admins_assume_role",
            "module.lakeformation.aws_iam_group_policy.datalake_admins_slr",
            "module.lakeformation.aws_iam_group_policy.datalake_users_external_assume_role",
            "module.lakeformation.aws_iam_group_policy.datalake_users_external_athena_readonly",
            "module.lakeformation.aws_iam_group_policy.datalake_users_external_basic",
            "module.lakeformation.aws_iam_group_policy.datalake_users_internal_assume_role",
            "module.lakeformation.aws_iam_group_policy.datalake_users_internal_basic",
            "module.lakeformation.aws_iam_group_policy_attachment.datalake_admins_athena",
            "module.lakeformation.aws_iam_group_policy_attachment.datalake_admins_cfn_readonly",
            "module.lakeformation.aws_iam_group_policy_attachment.datalake_admins_cloudwatch",
            "module.lakeformation.aws_iam_group_policy_attachment.datalake_admins_glue_console",
            "module.lakeformation.aws_iam_group_policy_attachment.datalake_admins_lf_cross_account",
            "module.lakeformation.aws_iam_group_policy_attachment.datalake_admins_lf_data_admin",
            "module.lakeformation.aws_iam_group_policy_attachment.datalake_admins_pass_role",
            "module.lakeformation.aws_iam_group_policy_attachment.datalake_admins_ram_access",
            "module.lakeformation.aws_iam_group_policy_attachment.datalake_users_internal_athena",
            "module.lakeformation.aws_iam_group_policy_attachment.datalake_users_internal_governed_table",
            "module.lakeformation.aws_iam_policy.lf_governed_table_policy",
            "module.lakeformation.aws_iam_policy.lf_ram_access_policy",
            "module.lakeformation.aws_iam_policy.lf_user_pass_role_policy",
            "module.lakeformation.aws_iam_policy.lf_workflow_pass_role_policy",
            "module.lakeformation.aws_iam_role.datalake_admins_lf_role",
            "module.lakeformation.aws_iam_role.datalake_users_external_lf_role",
            "module.lakeformation.aws_iam_role.datalake_users_internal_lf_role",
            "module.lakeformation.aws_iam_role.lakeformation_workflow_role",
            "module.lakeformation.aws_iam_role_policy.datalake_admins_lf_inline_policy",
            "module.lakeformation.aws_iam_role_policy.datalake_users_external_lf_inline_policy",
            "module.lakeformation.aws_iam_role_policy.datalake_users_internal_lf_inline_policy",
            "module.lakeformation.aws_iam_role_policy.lf_workflow_permissions",
            "module.lakeformation.aws_iam_role_policy_attachment.datalake_admins_lf_athena",
            "module.lakeformation.aws_iam_role_policy_attachment.lakeformation_workflow_role_attachment",
            "module.lakeformation.aws_iam_role_policy_attachment.lf_workflow_pass_role_policy_attachment",
            "module.lakeformation.aws_iam_user.datalake_admin",
            "module.lakeformation.aws_iam_user.datalake_user1",
            "module.lakeformation.aws_iam_user_login_profile.datalake_admin",
            "module.lakeformation.aws_iam_user_login_profile.datalake_user1",
            "module.lakeformation.aws_lakeformation_data_lake_settings.this",
            "module.lakeformation.aws_lakeformation_permissions.business_location_admins",
            "module.lakeformation.aws_lakeformation_permissions.business_location_datalake_role",
            "module.lakeformation.aws_lakeformation_permissions.business_location_external_users",
            "module.lakeformation.aws_lakeformation_permissions.business_location_internal_users",
            "module.lakeformation.aws_lakeformation_permissions.raw_location_admins",
            "module.lakeformation.aws_lakeformation_permissions.raw_location_datalake_role",
            "module.lakeformation.aws_lakeformation_permissions.raw_location_internal_users",
            "module.lakeformation.aws_lakeformation_permissions.trusted_location_admins",
            "module.lakeformation.aws_lakeformation_permissions.trusted_location_datalake_role",
            "module.lakeformation.aws_lakeformation_permissions.trusted_location_internal_users",
            "module.lakeformation.aws_lakeformation_resource.business_datalake_location",
            "module.lakeformation.aws_lakeformation_resource.raw_datalake_location",
            "module.lakeformation.aws_lakeformation_resource.trusted_datalake_location",
            "module.lakeformation.data.aws_caller_identity.current",
            "module.s3.aws_s3_bucket.business_bucket",
            "module.s3.aws_s3_bucket.landing_bucket",
            "module.s3.aws_s3_bucket.raw_bucket",
            "module.s3.aws_s3_bucket.trusted_bucket",
            "module.s3.aws_s3_bucket.workspace_bucket",
            "module.s3.aws_s3_bucket_lifecycle_configuration.bucket-config",
            "module.s3.aws_s3_bucket_lifecycle_configuration.business-bucket-config",
            "module.s3.aws_s3_bucket_lifecycle_configuration.landing-bucket-config",
            "module.s3.aws_s3_bucket_lifecycle_configuration.raw-bucket-config",
            "module.s3.aws_s3_bucket_lifecycle_configuration.trusted-bucket-config",
            "module.s3.aws_s3_bucket_public_access_block.business_bucket_public_access_block",
            "module.s3.aws_s3_bucket_public_access_block.landing_bucket_public_access_block",
            "module.s3.aws_s3_bucket_public_access_block.raw_bucket_public_access_block",
            "module.s3.aws_s3_bucket_public_access_block.trusted_bucket_public_access_block",
            "module.s3.aws_s3_bucket_public_access_block.workspace_bucket",
            "module.s3.aws_s3_bucket_server_side_encryption_configuration.workspace_bucket",
            "module.s3.data.aws_caller_identity.current"
          ]
        }
      ]
    },
    {
      "module": "module.aws_data_catalog",
      "mode": "managed",
      "type": "aws_lakeformation_permissions",
      "name": "grant_admins_table_trusted",
      "provider": "provider[\"registry.terraform.io/hashicorp/aws\"]",
      "instances": [
        {
          "schema_version": 0,
          "attributes": {
            "catalog_id": "331504768406",
            "catalog_resource": false,
            "data_cells_filter": [],
            "data_location": [],
            "database": [],
            "id": "3210415249",
            "lf_tag": [],
            "lf_tag_policy": [],
            "permissions": [
              "ALTER",
              "DELETE",
              "DESCRIBE",
              "INSERT",
              "SELECT"
            ],
            "permissions_with_grant_option": [
              "ALL",
              "ALTER",
              "DELETE",
              "DESCRIBE",
              "DROP",
              "INSERT",
              "SELECT"
            ],
            "principal": "arn:aws:iam::331504768406:role/datalake-admins-lf-role",
            "table": [
              {
                "catalog_id": "331504768406",
                "database_name": "db_trusted",
                "name": "",
                "wildcard": true
              }
            ],
            "table_with_columns": []
          },
          "sensitive_attributes": [],
          "private": "bnVsbA==",
          "dependencies": [
            "data.aws_caller_identity.current",
            "module.aws_data_catalog.aws_glue_catalog_database.db_trusted",
            "module.iam.aws_iam_policy.datalake_policy",
            "module.iam.aws_iam_role.datalake_role",
            "module.iam.data.aws_caller_identity.current",
            "module.lakeformation.aws_iam_group.datalake_admins",
            "module.lakeformation.aws_iam_group.datalake_users_external",
            "module.lakeformation.aws_iam_group.datalake_users_internal",
            "module.lakeformation.aws_iam_group_membership.datalake_admin_membership",
            "module.lakeformation.aws_iam_group_membership.datalake_user1_membership",
            "module.lakeformation.aws_iam_group_policy.datalake_admins_assume_role",
            "module.lakeformation.aws_iam_group_policy.datalake_admins_slr",
            "module.lakeformation.aws_iam_group_policy.datalake_users_external_assume_role",
            "module.lakeformation.aws_iam_group_policy.datalake_users_external_athena_readonly",
            "module.lakeformation.aws_iam_group_policy.datalake_users_external_basic",
            "module.lakeformation.aws_iam_group_policy.datalake_users_internal_assume_role",
            "module.lakeformation.aws_iam_group_policy.datalake_users_internal_basic",
            "module.lakeformation.aws_iam_group_policy_attachment.datalake_admins_athena",
            "module.lakeformation.aws_iam_group_policy_attachment.datalake_admins_cfn_readonly",
            "module.lakeformation.aws_iam_group_policy_attachment.datalake_admins_cloudwatch",
            "module.lakeformation.aws_iam_group_policy_attachment.datalake_admins_glue_console",
            "module.lakeformation.aws_iam_group_policy_attachment.datalake_admins_lf_cross_account",
            "module.lakeformation.aws_iam_group_policy_attachment.datalake_admins_lf_data_admin",
            "module.lakeformation.aws_iam_group_policy_attachment.datalake_admins_pass_role",
            "module.lakeformation.aws_iam_group_policy_attachment.datalake_admins_ram_access",
            "module.lakeformation.aws_iam_group_policy_attachment.datalake_users_internal_athena",
            "module.lakeformation.aws_iam_group_policy_attachment.datalake_users_internal_governed_table",
            "module.lakeformation.aws_iam_policy.lf_governed_table_policy",
            "module.lakeformation.aws_iam_policy.lf_ram_access_policy",
            "module.lakeformation.aws_iam_policy.lf_user_pass_role_policy",
            "module.lakeformation.aws_iam_policy.lf_workflow_pass_role_policy",
            "module.lakeformation.aws_iam_role.datalake_admins_lf_role",
            "module.lakeformation.aws_iam_role.datalake_users_external_lf_role",
            "module.lakeformation.aws_iam_role.datalake_users_internal_lf_role",
            "module.lakeformation.aws_iam_role.lakeformation_workflow_role",
            "module.lakeformation.aws_iam_role_policy.datalake_admins_lf_inline_policy",
            "module.lakeformation.aws_iam_role_policy.datalake_users_external_lf_inline_policy",
            "module.lakeformation.aws_iam_role_policy.datalake_users_internal_lf_inline_policy",
            "module.lakeformation.aws_iam_role_policy.lf_workflow_permissions",
            "module.lakeformation.aws_iam_role_policy_attachment.datalake_admins_lf_athena",
            "module.lakeformation.aws_iam_role_policy_attachment.lakeformation_workflow_role_attachment",
            "module.lakeformation.aws_iam_role_policy_attachment.lf_workflow_pass_role_policy_attachment",
            "module.lakeformation.aws_iam_user.datalake_admin",
            "module.lakeformation.aws_iam_user.datalake_user1",
            "module.lakeformation.aws_iam_user_login_profile.datalake_admin",
            "module.lakeformation.aws_iam_user_login_profile.datalake_user1",
            "module.lakeformation.aws_lakeformation_data_lake_settings.this",
            "module.lakeformation.aws_lakeformation_permissions.business_location_admins",
            "module.lakeformation.aws_lakeformation_permissions.business_location_datalake_role",
            "module.lakeformation.aws_lakeformation_permissions.business_location_external_users",
            "module.lakeformation.aws_lakeformation_permissions.business_location_internal_users",
            "module.lakeformation.aws_lakeformation_permissions.raw_location_admins",
            "module.lakeformation.aws_lakeformation_permissions.raw_location_datalake_role",
            "module.lakeformation.aws_lakeformation_permissions.raw_location_internal_users",
            "module.lakeformation.aws_lakeformation_permissions.trusted_location_admins",
            "module.lakeformation.aws_lakeformation_permissions.trusted_location_datalake_role",
            "module.lakeformation.aws_lakeformation_permissions.trusted_location_internal_users",
            "module.lakeformation.aws_lakeformation_resource.business_datalake_location",
            "module.lakeformation.aws_lakeformation_resource.raw_datalake_location",
            "module.lakeformation.aws_lakeformation_resource.trusted_datalake_location",
            "module.lakeformation.data.aws_caller_identity.current",
            "module.s3.aws_s3_bucket.business_bucket",
            "module.s3.aws_s3_bucket.landing_bucket",
            "module.s3.aws_s3_bucket.raw_bucket",
            "module.s3.aws_s3_bucket.trusted_bucket",
            "module.s3.aws_s3_bucket.workspace_bucket",
            "module.s3.aws_s3_bucket_lifecycle_configuration.bucket-config",
            "module.s3.aws_s3_bucket_lifecycle_configuration.business-bucket-config",
            "module.s3.aws_s3_bucket_lifecycle_configuration.landing-bucket-config",
            "module.s3.aws_s3_bucket_lifecycle_configuration.raw-bucket-config",
            "module.s3.aws_s3_bucket_lifecycle_configuration.trusted-bucket-config",
            "module.s3.aws_s3_bucket_public_access_block.business_bucket_public_access_block",
            "module.s3.aws_s3_bucket_public_access_block.landing_bucket_public_access_block",
            "module.s3.aws_s3_bucket_public_access_block.raw_bucket_public_access_block",
            "module.s3.aws_s3_bucket_public_access_block.trusted_bucket_public_access_block",
            "module.s3.aws_s3_bucket_public_access_block.workspace_bucket",
            "module.s3.aws_s3_bucket_server_side_encryption_configuration.workspace_bucket",
            "module.s3.data.aws_caller_identity.current"
          ]
        }
      ]
    },
    {
      "module": "module.aws_data_catalog",
      "mode": "managed",
      "type": "aws_lakeformation_permissions",
      "name": "grant_dml_db_business",
      "provider": "provider[\"registry.terraform.io/hashicorp/aws\"]",
      "instances": [
        {
          "schema_version": 0,
          "attributes": {
            "catalog_id": "331504768406",
            "catalog_resource": false,
            "data_cells_filter": [],
            "data_location": [],
            "database": [],
            "id": "107467065",
            "lf_tag": [],
            "lf_tag_policy": [],
            "permissions": [
              "ALTER",
              "DELETE",
              "DESCRIBE",
              "INSERT",
              "SELECT"
            ],
            "permissions_with_grant_option": [],
            "principal": "arn:aws:iam::331504768406:role/role-datalake-analytics",
            "table": [
              {
                "catalog_id": "331504768406",
                "database_name": "db_business",
                "name": "",
                "wildcard": true
              }
            ],
            "table_with_columns": []
          },
          "sensitive_attributes": [],
          "private": "bnVsbA==",
          "dependencies": [
            "data.aws_caller_identity.current",
            "module.aws_data_catalog.aws_glue_catalog_database.db_business",
            "module.iam.aws_iam_policy.datalake_policy",
            "module.iam.aws_iam_role.datalake_role",
            "module.iam.data.aws_caller_identity.current",
            "module.lakeformation.aws_iam_group.datalake_admins",
            "module.lakeformation.aws_iam_group.datalake_users_external",
            "module.lakeformation.aws_iam_group.datalake_users_internal",
            "module.lakeformation.aws_iam_group_membership.datalake_admin_membership",
            "module.lakeformation.aws_iam_group_membership.datalake_user1_membership",
            "module.lakeformation.aws_iam_group_policy.datalake_admins_assume_role",
            "module.lakeformation.aws_iam_group_policy.datalake_admins_slr",
            "module.lakeformation.aws_iam_group_policy.datalake_users_external_assume_role",
            "module.lakeformation.aws_iam_group_policy.datalake_users_external_athena_readonly",
            "module.lakeformation.aws_iam_group_policy.datalake_users_external_basic",
            "module.lakeformation.aws_iam_group_policy.datalake_users_internal_assume_role",
            "module.lakeformation.aws_iam_group_policy.datalake_users_internal_basic",
            "module.lakeformation.aws_iam_group_policy_attachment.datalake_admins_athena",
            "module.lakeformation.aws_iam_group_policy_attachment.datalake_admins_cfn_readonly",
            "module.lakeformation.aws_iam_group_policy_attachment.datalake_admins_cloudwatch",
            "module.lakeformation.aws_iam_group_policy_attachment.datalake_admins_glue_console",
            "module.lakeformation.aws_iam_group_policy_attachment.datalake_admins_lf_cross_account",
            "module.lakeformation.aws_iam_group_policy_attachment.datalake_admins_lf_data_admin",
            "module.lakeformation.aws_iam_group_policy_attachment.datalake_admins_pass_role",
            "module.lakeformation.aws_iam_group_policy_attachment.datalake_admins_ram_access",
            "module.lakeformation.aws_iam_group_policy_attachment.datalake_users_internal_athena",
            "module.lakeformation.aws_iam_group_policy_attachment.datalake_users_internal_governed_table",
            "module.lakeformation.aws_iam_policy.lf_governed_table_policy",
            "module.lakeformation.aws_iam_policy.lf_ram_access_policy",
            "module.lakeformation.aws_iam_policy.lf_user_pass_role_policy",
            "module.lakeformation.aws_iam_policy.lf_workflow_pass_role_policy",
            "module.lakeformation.aws_iam_role.datalake_admins_lf_role",
            "module.lakeformation.aws_iam_role.datalake_users_external_lf_role",
            "module.lakeformation.aws_iam_role.datalake_users_internal_lf_role",
            "module.lakeformation.aws_iam_role.lakeformation_workflow_role",
            "module.lakeformation.aws_iam_role_policy.datalake_admins_lf_inline_policy",
            "module.lakeformation.aws_iam_role_policy.datalake_users_external_lf_inline_policy",
            "module.lakeformation.aws_iam_role_policy.datalake_users_internal_lf_inline_policy",
            "module.lakeformation.aws_iam_role_policy.lf_workflow_permissions",
            "module.lakeformation.aws_iam_role_policy_attachment.datalake_admins_lf_athena",
            "module.lakeformation.aws_iam_role_policy_attachment.lakeformation_workflow_role_attachment",
            "module.lakeformation.aws_iam_role_policy_attachment.lf_workflow_pass_role_policy_attachment",
            "module.lakeformation.aws_iam_user.datalake_admin",
            "module.lakeformation.aws_iam_user.datalake_user1",
            "module.lakeformation.aws_iam_user_login_profile.datalake_admin",
            "module.lakeformation.aws_iam_user_login_profile.datalake_user1",
            "module.lakeformation.aws_lakeformation_data_lake_settings.this",
            "module.lakeformation.aws_lakeformation_permissions.business_location_admins",
            "module.lakeformation.aws_lakeformation_permissions.business_location_datalake_role",
            "module.lakeformation.aws_lakeformation_permissions.business_location_external_users",
            "module.lakeformation.aws_lakeformation_permissions.business_location_internal_users",
            "module.lakeformation.aws_lakeformation_permissions.raw_location_admins",
            "module.lakeformation.aws_lakeformation_permissions.raw_location_datalake_role",
            "module.lakeformation.aws_lakeformation_permissions.raw_location_internal_users",
            "module.lakeformation.aws_lakeformation_permissions.trusted_location_admins",
            "module.lakeformation.aws_lakeformation_permissions.trusted_location_datalake_role",
            "module.lakeformation.aws_lakeformation_permissions.trusted_location_internal_users",
            "module.lakeformation.aws_lakeformation_resource.business_datalake_location",
            "module.lakeformation.aws_lakeformation_resource.raw_datalake_location",
            "module.lakeformation.aws_lakeformation_resource.trusted_datalake_location",
            "module.lakeformation.data.aws_caller_identity.current",
            "module.s3.aws_s3_bucket.business_bucket",
            "module.s3.aws_s3_bucket.landing_bucket",
            "module.s3.aws_s3_bucket.raw_bucket",
            "module.s3.aws_s3_bucket.trusted_bucket",
            "module.s3.aws_s3_bucket.workspace_bucket",
            "module.s3.aws_s3_bucket_lifecycle_configuration.bucket-config",
            "module.s3.aws_s3_bucket_lifecycle_configuration.business-bucket-config",
            "module.s3.aws_s3_bucket_lifecycle_configuration.landing-bucket-config",
            "module.s3.aws_s3_bucket_lifecycle_configuration.raw-bucket-config",
            "module.s3.aws_s3_bucket_lifecycle_configuration.trusted-bucket-config",
            "module.s3.aws_s3_bucket_public_access_block.business_bucket_public_access_block",
            "module.s3.aws_s3_bucket_public_access_block.landing_bucket_public_access_block",
            "module.s3.aws_s3_bucket_public_access_block.raw_bucket_public_access_block",
            "module.s3.aws_s3_bucket_public_access_block.trusted_bucket_public_access_block",
            "module.s3.aws_s3_bucket_public_access_block.workspace_bucket",
            "module.s3.aws_s3_bucket_server_side_encryption_configuration.workspace_bucket",
            "module.s3.data.aws_caller_identity.current"
          ]
        }
      ]
    },
    {
      "module": "module.aws_data_catalog",
      "mode": "managed",
      "type": "aws_lakeformation_permissions",
      "name": "grant_dml_db_raw",
      "provider": "provider[\"registry.terraform.io/hashicorp/aws\"]",
      "instances": [
        {
          "schema_version": 0,
          "attributes": {
            "catalog_id": "331504768406",
            "catalog_resource": false,
            "data_cells_filter": [],
            "data_location": [],
            "database": [],
            "id": "3977473462",
            "lf_tag": [],
            "lf_tag_policy": [],
            "permissions": [
              "ALTER",
              "DELETE",
              "DESCRIBE",
              "INSERT",
              "SELECT"
            ],
            "permissions_with_grant_option": [],
            "principal": "arn:aws:iam::331504768406:role/role-datalake-analytics",
            "table": [
              {
                "catalog_id": "331504768406",
                "database_name": "db_raw",
                "name": "",
                "wildcard": true
              }
            ],
            "table_with_columns": []
          },
          "sensitive_attributes": [],
          "private": "bnVsbA==",
          "dependencies": [
            "data.aws_caller_identity.current",
            "module.aws_data_catalog.aws_glue_catalog_database.db_raw",
            "module.iam.aws_iam_policy.datalake_policy",
            "module.iam.aws_iam_role.datalake_role",
            "module.iam.data.aws_caller_identity.current",
            "module.lakeformation.aws_iam_group.datalake_admins",
            "module.lakeformation.aws_iam_group.datalake_users_external",
            "module.lakeformation.aws_iam_group.datalake_users_internal",
            "module.lakeformation.aws_iam_group_membership.datalake_admin_membership",
            "module.lakeformation.aws_iam_group_membership.datalake_user1_membership",
            "module.lakeformation.aws_iam_group_policy.datalake_admins_assume_role",
            "module.lakeformation.aws_iam_group_policy.datalake_admins_slr",
            "module.lakeformation.aws_iam_group_policy.datalake_users_external_assume_role",
            "module.lakeformation.aws_iam_group_policy.datalake_users_external_athena_readonly",
            "module.lakeformation.aws_iam_group_policy.datalake_users_external_basic",
            "module.lakeformation.aws_iam_group_policy.datalake_users_internal_assume_role",
            "module.lakeformation.aws_iam_group_policy.datalake_users_internal_basic",
            "module.lakeformation.aws_iam_group_policy_attachment.datalake_admins_athena",
            "module.lakeformation.aws_iam_group_policy_attachment.datalake_admins_cfn_readonly",
            "module.lakeformation.aws_iam_group_policy_attachment.datalake_admins_cloudwatch",
            "module.lakeformation.aws_iam_group_policy_attachment.datalake_admins_glue_console",
            "module.lakeformation.aws_iam_group_policy_attachment.datalake_admins_lf_cross_account",
            "module.lakeformation.aws_iam_group_policy_attachment.datalake_admins_lf_data_admin",
            "module.lakeformation.aws_iam_group_policy_attachment.datalake_admins_pass_role",
            "module.lakeformation.aws_iam_group_policy_attachment.datalake_admins_ram_access",
            "module.lakeformation.aws_iam_group_policy_attachment.datalake_users_internal_athena",
            "module.lakeformation.aws_iam_group_policy_attachment.datalake_users_internal_governed_table",
            "module.lakeformation.aws_iam_policy.lf_governed_table_policy",
            "module.lakeformation.aws_iam_policy.lf_ram_access_policy",
            "module.lakeformation.aws_iam_policy.lf_user_pass_role_policy",
            "module.lakeformation.aws_iam_policy.lf_workflow_pass_role_policy",
            "module.lakeformation.aws_iam_role.datalake_admins_lf_role",
            "module.lakeformation.aws_iam_role.datalake_users_external_lf_role",
            "module.lakeformation.aws_iam_role.datalake_users_internal_lf_role",
            "module.lakeformation.aws_iam_role.lakeformation_workflow_role",
            "module.lakeformation.aws_iam_role_policy.datalake_admins_lf_inline_policy",
            "module.lakeformation.aws_iam_role_policy.datalake_users_external_lf_inline_policy",
            "module.lakeformation.aws_iam_role_policy.datalake_users_internal_lf_inline_policy",
            "module.lakeformation.aws_iam_role_policy.lf_workflow_permissions",
            "module.lakeformation.aws_iam_role_policy_attachment.datalake_admins_lf_athena",
            "module.lakeformation.aws_iam_role_policy_attachment.lakeformation_workflow_role_attachment",
            "module.lakeformation.aws_iam_role_policy_attachment.lf_workflow_pass_role_policy_attachment",
            "module.lakeformation.aws_iam_user.datalake_admin",
            "module.lakeformation.aws_iam_user.datalake_user1",
            "module.lakeformation.aws_iam_user_login_profile.datalake_admin",
            "module.lakeformation.aws_iam_user_login_profile.datalake_user1",
            "module.lakeformation.aws_lakeformation_data_lake_settings.this",
            "module.lakeformation.aws_lakeformation_permissions.business_location_admins",
            "module.lakeformation.aws_lakeformation_permissions.business_location_datalake_role",
            "module.lakeformation.aws_lakeformation_permissions.business_location_external_users",
            "module.lakeformation.aws_lakeformation_permissions.business_location_internal_users",
            "module.lakeformation.aws_lakeformation_permissions.raw_location_admins",
            "module.lakeformation.aws_lakeformation_permissions.raw_location_datalake_role",
            "module.lakeformation.aws_lakeformation_permissions.raw_location_internal_users",
            "module.lakeformation.aws_lakeformation_permissions.trusted_location_admins",
            "module.lakeformation.aws_lakeformation_permissions.trusted_location_datalake_role",
            "module.lakeformation.aws_lakeformation_permissions.trusted_location_internal_users",
            "module.lakeformation.aws_lakeformation_resource.business_datalake_location",
            "module.lakeformation.aws_lakeformation_resource.raw_datalake_location",
            "module.lakeformation.aws_lakeformation_resource.trusted_datalake_location",
            "module.lakeformation.data.aws_caller_identity.current",
            "module.s3.aws_s3_bucket.business_bucket",
            "module.s3.aws_s3_bucket.landing_bucket",
            "module.s3.aws_s3_bucket.raw_bucket",
            "module.s3.aws_s3_bucket.trusted_bucket",
            "module.s3.aws_s3_bucket.workspace_bucket",
            "module.s3.aws_s3_bucket_lifecycle_configuration.bucket-config",
            "module.s3.aws_s3_bucket_lifecycle_configuration.business-bucket-config",
            "module.s3.aws_s3_bucket_lifecycle_configuration.landing-bucket-config",
            "module.s3.aws_s3_bucket_lifecycle_configuration.raw-bucket-config",
            "module.s3.aws_s3_bucket_lifecycle_configuration.trusted-bucket-config",
            "module.s3.aws_s3_bucket_public_access_block.business_bucket_public_access_block",
            "module.s3.aws_s3_bucket_public_access_block.landing_bucket_public_access_block",
            "module.s3.aws_s3_bucket_public_access_block.raw_bucket_public_access_block",
            "module.s3.aws_s3_bucket_public_access_block.trusted_bucket_public_access_block",
            "module.s3.aws_s3_bucket_public_access_block.workspace_bucket",
            "module.s3.aws_s3_bucket_server_side_encryption_configuration.workspace_bucket",
            "module.s3.data.aws_caller_identity.current"
          ]
        }
      ]
    },
    {
      "module": "module.aws_data_catalog",
      "mode": "managed",
      "type": "aws_lakeformation_permissions",
      "name": "grant_dml_db_trusted",
      "provider": "provider[\"registry.terraform.io/hashicorp/aws\"]",
      "instances": [
        {
          "schema_version": 0,
          "attributes": {
            "catalog_id": "331504768406",
            "catalog_resource": false,
            "data_cells_filter": [],
            "data_location": [],
            "database": [],
            "id": "4171233018",
            "lf_tag": [],
            "lf_tag_policy": [],
            "permissions": [
              "ALTER",
              "DELETE",
              "DESCRIBE",
              "INSERT",
              "SELECT"
            ],
            "permissions_with_grant_option": [],
            "principal": "arn:aws:iam::331504768406:role/role-datalake-analytics",
            "table": [
              {
                "catalog_id": "331504768406",
                "database_name": "db_trusted",
                "name": "",
                "wildcard": true
              }
            ],
            "table_with_columns": []
          },
          "sensitive_attributes": [],
          "private": "bnVsbA==",
          "dependencies": [
            "data.aws_caller_identity.current",
            "module.aws_data_catalog.aws_glue_catalog_database.db_trusted",
            "module.iam.aws_iam_policy.datalake_policy",
            "module.iam.aws_iam_role.datalake_role",
            "module.iam.data.aws_caller_identity.current",
            "module.lakeformation.aws_iam_group.datalake_admins",
            "module.lakeformation.aws_iam_group.datalake_users_external",
            "module.lakeformation.aws_iam_group.datalake_users_internal",
            "module.lakeformation.aws_iam_group_membership.datalake_admin_membership",
            "module.lakeformation.aws_iam_group_membership.datalake_user1_membership",
            "module.lakeformation.aws_iam_group_policy.datalake_admins_assume_role",
            "module.lakeformation.aws_iam_group_policy.datalake_admins_slr",
            "module.lakeformation.aws_iam_group_policy.datalake_users_external_assume_role",
            "module.lakeformation.aws_iam_group_policy.datalake_users_external_athena_readonly",
            "module.lakeformation.aws_iam_group_policy.datalake_users_external_basic",
            "module.lakeformation.aws_iam_group_policy.datalake_users_internal_assume_role",
            "module.lakeformation.aws_iam_group_policy.datalake_users_internal_basic",
            "module.lakeformation.aws_iam_group_policy_attachment.datalake_admins_athena",
            "module.lakeformation.aws_iam_group_policy_attachment.datalake_admins_cfn_readonly",
            "module.lakeformation.aws_iam_group_policy_attachment.datalake_admins_cloudwatch",
            "module.lakeformation.aws_iam_group_policy_attachment.datalake_admins_glue_console",
            "module.lakeformation.aws_iam_group_policy_attachment.datalake_admins_lf_cross_account",
            "module.lakeformation.aws_iam_group_policy_attachment.datalake_admins_lf_data_admin",
            "module.lakeformation.aws_iam_group_policy_attachment.datalake_admins_pass_role",
            "module.lakeformation.aws_iam_group_policy_attachment.datalake_admins_ram_access",
            "module.lakeformation.aws_iam_group_policy_attachment.datalake_users_internal_athena",
            "module.lakeformation.aws_iam_group_policy_attachment.datalake_users_internal_governed_table",
            "module.lakeformation.aws_iam_policy.lf_governed_table_policy",
            "module.lakeformation.aws_iam_policy.lf_ram_access_policy",
            "module.lakeformation.aws_iam_policy.lf_user_pass_role_policy",
            "module.lakeformation.aws_iam_policy.lf_workflow_pass_role_policy",
            "module.lakeformation.aws_iam_role.datalake_admins_lf_role",
            "module.lakeformation.aws_iam_role.datalake_users_external_lf_role",
            "module.lakeformation.aws_iam_role.datalake_users_internal_lf_role",
            "module.lakeformation.aws_iam_role.lakeformation_workflow_role",
            "module.lakeformation.aws_iam_role_policy.datalake_admins_lf_inline_policy",
            "module.lakeformation.aws_iam_role_policy.datalake_users_external_lf_inline_policy",
            "module.lakeformation.aws_iam_role_policy.datalake_users_internal_lf_inline_policy",
            "module.lakeformation.aws_iam_role_policy.lf_workflow_permissions",
            "module.lakeformation.aws_iam_role_policy_attachment.datalake_admins_lf_athena",
            "module.lakeformation.aws_iam_role_policy_attachment.lakeformation_workflow_role_attachment",
            "module.lakeformation.aws_iam_role_policy_attachment.lf_workflow_pass_role_policy_attachment",
            "module.lakeformation.aws_iam_user.datalake_admin",
            "module.lakeformation.aws_iam_user.datalake_user1",
            "module.lakeformation.aws_iam_user_login_profile.datalake_admin",
            "module.lakeformation.aws_iam_user_login_profile.datalake_user1",
            "module.lakeformation.aws_lakeformation_data_lake_settings.this",
            "module.lakeformation.aws_lakeformation_permissions.business_location_admins",
            "module.lakeformation.aws_lakeformation_permissions.business_location_datalake_role",
            "module.lakeformation.aws_lakeformation_permissions.business_location_external_users",
            "module.lakeformation.aws_lakeformation_permissions.business_location_internal_users",
            "module.lakeformation.aws_lakeformation_permissions.raw_location_admins",
            "module.lakeformation.aws_lakeformation_permissions.raw_location_datalake_role",
            "module.lakeformation.aws_lakeformation_permissions.raw_location_internal_users",
            "module.lakeformation.aws_lakeformation_permissions.trusted_location_admins",
            "module.lakeformation.aws_lakeformation_permissions.trusted_location_datalake_role",
            "module.lakeformation.aws_lakeformation_permissions.trusted_location_internal_users",
            "module.lakeformation.aws_lakeformation_resource.business_datalake_location",
            "module.lakeformation.aws_lakeformation_resource.raw_datalake_location",
            "module.lakeformation.aws_lakeformation_resource.trusted_datalake_location",
            "module.lakeformation.data.aws_caller_identity.current",
            "module.s3.aws_s3_bucket.business_bucket",
            "module.s3.aws_s3_bucket.landing_bucket",
            "module.s3.aws_s3_bucket.raw_bucket",
            "module.s3.aws_s3_bucket.trusted_bucket",
            "module.s3.aws_s3_bucket.workspace_bucket",
            "module.s3.aws_s3_bucket_lifecycle_configuration.bucket-config",
            "module.s3.aws_s3_bucket_lifecycle_configuration.business-bucket-config",
            "module.s3.aws_s3_bucket_lifecycle_configuration.landing-bucket-config",
            "module.s3.aws_s3_bucket_lifecycle_configuration.raw-bucket-config",
            "module.s3.aws_s3_bucket_lifecycle_configuration.trusted-bucket-config",
            "module.s3.aws_s3_bucket_public_access_block.business_bucket_public_access_block",
            "module.s3.aws_s3_bucket_public_access_block.landing_bucket_public_access_block",
            "module.s3.aws_s3_bucket_public_access_block.raw_bucket_public_access_block",
            "module.s3.aws_s3_bucket_public_access_block.trusted_bucket_public_access_block",
            "module.s3.aws_s3_bucket_public_access_block.workspace_bucket",
            "module.s3.aws_s3_bucket_server_side_encryption_configuration.workspace_bucket",
            "module.s3.data.aws_caller_identity.current"
          ]
        }
      ]
    },
    {
      "module": "module.aws_data_catalog",
      "mode": "managed",
      "type": "aws_lakeformation_permissions",
      "name": "grant_external_users_database_business",
      "provider": "provider[\"registry.terraform.io/hashicorp/aws\"]",
      "instances": [
        {
          "schema_version": 0,
          "attributes": {
            "catalog_id": "331504768406",
            "catalog_resource": false,
            "data_cells_filter": [],
            "data_location": [],
            "database": [
              {
                "catalog_id": "331504768406",
                "name": "db_business"
              }
            ],
            "id": "3999196085",
            "lf_tag": [],
            "lf_tag_policy": [],
            "permissions": [
              "DESCRIBE"
            ],
            "permissions_with_grant_option": [],
            "principal": "arn:aws:iam::331504768406:role/datalake-users-external-lf-role",
            "table": [],
            "table_with_columns": []
          },
          "sensitive_attributes": [],
          "private": "bnVsbA==",
          "dependencies": [
            "data.aws_caller_identity.current",
            "module.aws_data_catalog.aws_glue_catalog_database.db_business",
            "module.iam.aws_iam_policy.datalake_policy",
            "module.iam.aws_iam_role.datalake_role",
            "module.iam.data.aws_caller_identity.current",
            "module.lakeformation.aws_iam_group.datalake_admins",
            "module.lakeformation.aws_iam_group.datalake_users_external",
            "module.lakeformation.aws_iam_group.datalake_users_internal",
            "module.lakeformation.aws_iam_group_membership.datalake_admin_membership",
            "module.lakeformation.aws_iam_group_membership.datalake_user1_membership",
            "module.lakeformation.aws_iam_group_policy.datalake_admins_assume_role",
            "module.lakeformation.aws_iam_group_policy.datalake_admins_slr",
            "module.lakeformation.aws_iam_group_policy.datalake_users_external_assume_role",
            "module.lakeformation.aws_iam_group_policy.datalake_users_external_athena_readonly",
            "module.lakeformation.aws_iam_group_policy.datalake_users_external_basic",
            "module.lakeformation.aws_iam_group_policy.datalake_users_internal_assume_role",
            "module.lakeformation.aws_iam_group_policy.datalake_users_internal_basic",
            "module.lakeformation.aws_iam_group_policy_attachment.datalake_admins_athena",
            "module.lakeformation.aws_iam_group_policy_attachment.datalake_admins_cfn_readonly",
            "module.lakeformation.aws_iam_group_policy_attachment.datalake_admins_cloudwatch",
            "module.lakeformation.aws_iam_group_policy_attachment.datalake_admins_glue_console",
            "module.lakeformation.aws_iam_group_policy_attachment.datalake_admins_lf_cross_account",
            "module.lakeformation.aws_iam_group_policy_attachment.datalake_admins_lf_data_admin",
            "module.lakeformation.aws_iam_group_policy_attachment.datalake_admins_pass_role",
            "module.lakeformation.aws_iam_group_policy_attachment.datalake_admins_ram_access",
            "module.lakeformation.aws_iam_group_policy_attachment.datalake_users_internal_athena",
            "module.lakeformation.aws_iam_group_policy_attachment.datalake_users_internal_governed_table",
            "module.lakeformation.aws_iam_policy.lf_governed_table_policy",
            "module.lakeformation.aws_iam_policy.lf_ram_access_policy",
            "module.lakeformation.aws_iam_policy.lf_user_pass_role_policy",
            "module.lakeformation.aws_iam_policy.lf_workflow_pass_role_policy",
            "module.lakeformation.aws_iam_role.datalake_admins_lf_role",
            "module.lakeformation.aws_iam_role.datalake_users_external_lf_role",
            "module.lakeformation.aws_iam_role.datalake_users_internal_lf_role",
            "module.lakeformation.aws_iam_role.lakeformation_workflow_role",
            "module.lakeformation.aws_iam_role_policy.datalake_admins_lf_inline_policy",
            "module.lakeformation.aws_iam_role_policy.datalake_users_external_lf_inline_policy",
            "module.lakeformation.aws_iam_role_policy.datalake_users_internal_lf_inline_policy",
            "module.lakeformation.aws_iam_role_policy.lf_workflow_permissions",
            "module.lakeformation.aws_iam_role_policy_attachment.datalake_admins_lf_athena",
            "module.lakeformation.aws_iam_role_policy_attachment.lakeformation_workflow_role_attachment",
            "module.lakeformation.aws_iam_role_policy_attachment.lf_workflow_pass_role_policy_attachment",
            "module.lakeformation.aws_iam_user.datalake_admin",
            "module.lakeformation.aws_iam_user.datalake_user1",
            "module.lakeformation.aws_iam_user_login_profile.datalake_admin",
            "module.lakeformation.aws_iam_user_login_profile.datalake_user1",
            "module.lakeformation.aws_lakeformation_data_lake_settings.this",
            "module.lakeformation.aws_lakeformation_permissions.business_location_admins",
            "module.lakeformation.aws_lakeformation_permissions.business_location_datalake_role",
            "module.lakeformation.aws_lakeformation_permissions.business_location_external_users",
            "module.lakeformation.aws_lakeformation_permissions.business_location_internal_users",
            "module.lakeformation.aws_lakeformation_permissions.raw_location_admins",
            "module.lakeformation.aws_lakeformation_permissions.raw_location_datalake_role",
            "module.lakeformation.aws_lakeformation_permissions.raw_location_internal_users",
            "module.lakeformation.aws_lakeformation_permissions.trusted_location_admins",
            "module.lakeformation.aws_lakeformation_permissions.trusted_location_datalake_role",
            "module.lakeformation.aws_lakeformation_permissions.trusted_location_internal_users",
            "module.lakeformation.aws_lakeformation_resource.business_datalake_location",
            "module.lakeformation.aws_lakeformation_resource.raw_datalake_location",
            "module.lakeformation.aws_lakeformation_resource.trusted_datalake_location",
            "module.lakeformation.data.aws_caller_identity.current",
            "module.s3.aws_s3_bucket.business_bucket",
            "module.s3.aws_s3_bucket.landing_bucket",
            "module.s3.aws_s3_bucket.raw_bucket",
            "module.s3.aws_s3_bucket.trusted_bucket",
            "module.s3.aws_s3_bucket.workspace_bucket",
            "module.s3.aws_s3_bucket_lifecycle_configuration.bucket-config",
            "module.s3.aws_s3_bucket_lifecycle_configuration.business-bucket-config",
            "module.s3.aws_s3_bucket_lifecycle_configuration.landing-bucket-config",
            "module.s3.aws_s3_bucket_lifecycle_configuration.raw-bucket-config",
            "module.s3.aws_s3_bucket_lifecycle_configuration.trusted-bucket-config",
            "module.s3.aws_s3_bucket_public_access_block.business_bucket_public_access_block",
            "module.s3.aws_s3_bucket_public_access_block.landing_bucket_public_access_block",
            "module.s3.aws_s3_bucket_public_access_block.raw_bucket_public_access_block",
            "module.s3.aws_s3_bucket_public_access_block.trusted_bucket_public_access_block",
            "module.s3.aws_s3_bucket_public_access_block.workspace_bucket",
            "module.s3.aws_s3_bucket_server_side_encryption_configuration.workspace_bucket",
            "module.s3.data.aws_caller_identity.current"
          ]
        }
      ]
    },
    {
      "module": "module.aws_data_catalog",
      "mode": "managed",
      "type": "aws_lakeformation_permissions",
      "name": "grant_external_users_table_business",
      "provider": "provider[\"registry.terraform.io/hashicorp/aws\"]",
      "instances": [
        {
          "schema_version": 0,
          "attributes": {
            "catalog_id": "331504768406",
            "catalog_resource": false,
            "data_cells_filter": [],
            "data_location": [],
            "database": [],
            "id": "4064521720",
            "lf_tag": [],
            "lf_tag_policy": [],
            "permissions": [
              "DESCRIBE",
              "SELECT"
            ],
            "permissions_with_grant_option": [],
            "principal": "arn:aws:iam::331504768406:role/datalake-users-external-lf-role",
            "table": [
              {
                "catalog_id": "331504768406",
                "database_name": "db_business",
                "name": "",
                "wildcard": true
              }
            ],
            "table_with_columns": []
          },
          "sensitive_attributes": [],
          "private": "bnVsbA==",
          "dependencies": [
            "data.aws_caller_identity.current",
            "module.aws_data_catalog.aws_glue_catalog_database.db_business",
            "module.iam.aws_iam_policy.datalake_policy",
            "module.iam.aws_iam_role.datalake_role",
            "module.iam.data.aws_caller_identity.current",
            "module.lakeformation.aws_iam_group.datalake_admins",
            "module.lakeformation.aws_iam_group.datalake_users_external",
            "module.lakeformation.aws_iam_group.datalake_users_internal",
            "module.lakeformation.aws_iam_group_membership.datalake_admin_membership",
            "module.lakeformation.aws_iam_group_membership.datalake_user1_membership",
            "module.lakeformation.aws_iam_group_policy.datalake_admins_assume_role",
            "module.lakeformation.aws_iam_group_policy.datalake_admins_slr",
            "module.lakeformation.aws_iam_group_policy.datalake_users_external_assume_role",
            "module.lakeformation.aws_iam_group_policy.datalake_users_external_athena_readonly",
            "module.lakeformation.aws_iam_group_policy.datalake_users_external_basic",
            "module.lakeformation.aws_iam_group_policy.datalake_users_internal_assume_role",
            "module.lakeformation.aws_iam_group_policy.datalake_users_internal_basic",
            "module.lakeformation.aws_iam_group_policy_attachment.datalake_admins_athena",
            "module.lakeformation.aws_iam_group_policy_attachment.datalake_admins_cfn_readonly",
            "module.lakeformation.aws_iam_group_policy_attachment.datalake_admins_cloudwatch",
            "module.lakeformation.aws_iam_group_policy_attachment.datalake_admins_glue_console",
            "module.lakeformation.aws_iam_group_policy_attachment.datalake_admins_lf_cross_account",
            "module.lakeformation.aws_iam_group_policy_attachment.datalake_admins_lf_data_admin",
            "module.lakeformation.aws_iam_group_policy_attachment.datalake_admins_pass_role",
            "module.lakeformation.aws_iam_group_policy_attachment.datalake_admins_ram_access",
            "module.lakeformation.aws_iam_group_policy_attachment.datalake_users_internal_athena",
            "module.lakeformation.aws_iam_group_policy_attachment.datalake_users_internal_governed_table",
            "module.lakeformation.aws_iam_policy.lf_governed_table_policy",
            "module.lakeformation.aws_iam_policy.lf_ram_access_policy",
            "module.lakeformation.aws_iam_policy.lf_user_pass_role_policy",
            "module.lakeformation.aws_iam_policy.lf_workflow_pass_role_policy",
            "module.lakeformation.aws_iam_role.datalake_admins_lf_role",
            "module.lakeformation.aws_iam_role.datalake_users_external_lf_role",
            "module.lakeformation.aws_iam_role.datalake_users_internal_lf_role",
            "module.lakeformation.aws_iam_role.lakeformation_workflow_role",
            "module.lakeformation.aws_iam_role_policy.datalake_admins_lf_inline_policy",
            "module.lakeformation.aws_iam_role_policy.datalake_users_external_lf_inline_policy",
            "module.lakeformation.aws_iam_role_policy.datalake_users_internal_lf_inline_policy",
            "module.lakeformation.aws_iam_role_policy.lf_workflow_permissions",
            "module.lakeformation.aws_iam_role_policy_attachment.datalake_admins_lf_athena",
            "module.lakeformation.aws_iam_role_policy_attachment.lakeformation_workflow_role_attachment",
            "module.lakeformation.aws_iam_role_policy_attachment.lf_workflow_pass_role_policy_attachment",
            "module.lakeformation.aws_iam_user.datalake_admin",
            "module.lakeformation.aws_iam_user.datalake_user1",
            "module.lakeformation.aws_iam_user_login_profile.datalake_admin",
            "module.lakeformation.aws_iam_user_login_profile.datalake_user1",
            "module.lakeformation.aws_lakeformation_data_lake_settings.this",
            "module.lakeformation.aws_lakeformation_permissions.business_location_admins",
            "module.lakeformation.aws_lakeformation_permissions.business_location_datalake_role",
            "module.lakeformation.aws_lakeformation_permissions.business_location_external_users",
            "module.lakeformation.aws_lakeformation_permissions.business_location_internal_users",
            "module.lakeformation.aws_lakeformation_permissions.raw_location_admins",
            "module.lakeformation.aws_lakeformation_permissions.raw_location_datalake_role",
            "module.lakeformation.aws_lakeformation_permissions.raw_location_internal_users",
            "module.lakeformation.aws_lakeformation_permissions.trusted_location_admins",
            "module.lakeformation.aws_lakeformation_permissions.trusted_location_datalake_role",
            "module.lakeformation.aws_lakeformation_permissions.trusted_location_internal_users",
            "module.lakeformation.aws_lakeformation_resource.business_datalake_location",
            "module.lakeformation.aws_lakeformation_resource.raw_datalake_location",
            "module.lakeformation.aws_lakeformation_resource.trusted_datalake_location",
            "module.lakeformation.data.aws_caller_identity.current",
            "module.s3.aws_s3_bucket.business_bucket",
            "module.s3.aws_s3_bucket.landing_bucket",
            "module.s3.aws_s3_bucket.raw_bucket",
            "module.s3.aws_s3_bucket.trusted_bucket",
            "module.s3.aws_s3_bucket.workspace_bucket",
            "module.s3.aws_s3_bucket_lifecycle_configuration.bucket-config",
            "module.s3.aws_s3_bucket_lifecycle_configuration.business-bucket-config",
            "module.s3.aws_s3_bucket_lifecycle_configuration.landing-bucket-config",
            "module.s3.aws_s3_bucket_lifecycle_configuration.raw-bucket-config",
            "module.s3.aws_s3_bucket_lifecycle_configuration.trusted-bucket-config",
            "module.s3.aws_s3_bucket_public_access_block.business_bucket_public_access_block",
            "module.s3.aws_s3_bucket_public_access_block.landing_bucket_public_access_block",
            "module.s3.aws_s3_bucket_public_access_block.raw_bucket_public_access_block",
            "module.s3.aws_s3_bucket_public_access_block.trusted_bucket_public_access_block",
            "module.s3.aws_s3_bucket_public_access_block.workspace_bucket",
            "module.s3.aws_s3_bucket_server_side_encryption_configuration.workspace_bucket",
            "module.s3.data.aws_caller_identity.current"
          ]
        }
      ]
    },
    {
      "module": "module.aws_data_catalog",
      "mode": "managed",
      "type": "aws_lakeformation_permissions",
      "name": "grant_internal_users_database_business",
      "provider": "provider[\"registry.terraform.io/hashicorp/aws\"]",
      "instances": [
        {
          "schema_version": 0,
          "attributes": {
            "catalog_id": "331504768406",
            "catalog_resource": false,
            "data_cells_filter": [],
            "data_location": [],
            "database": [
              {
                "catalog_id": "331504768406",
                "name": "db_business"
              }
            ],
            "id": "1097353162",
            "lf_tag": [],
            "lf_tag_policy": [],
            "permissions": [
              "DESCRIBE"
            ],
            "permissions_with_grant_option": [],
            "principal": "arn:aws:iam::331504768406:role/datalake-users-internal-lf-role",
            "table": [],
            "table_with_columns": []
          },
          "sensitive_attributes": [],
          "private": "bnVsbA==",
          "dependencies": [
            "data.aws_caller_identity.current",
            "module.aws_data_catalog.aws_glue_catalog_database.db_business",
            "module.iam.aws_iam_policy.datalake_policy",
            "module.iam.aws_iam_role.datalake_role",
            "module.iam.data.aws_caller_identity.current",
            "module.lakeformation.aws_iam_group.datalake_admins",
            "module.lakeformation.aws_iam_group.datalake_users_external",
            "module.lakeformation.aws_iam_group.datalake_users_internal",
            "module.lakeformation.aws_iam_group_membership.datalake_admin_membership",
            "module.lakeformation.aws_iam_group_membership.datalake_user1_membership",
            "module.lakeformation.aws_iam_group_policy.datalake_admins_assume_role",
            "module.lakeformation.aws_iam_group_policy.datalake_admins_slr",
            "module.lakeformation.aws_iam_group_policy.datalake_users_external_assume_role",
            "module.lakeformation.aws_iam_group_policy.datalake_users_external_athena_readonly",
            "module.lakeformation.aws_iam_group_policy.datalake_users_external_basic",
            "module.lakeformation.aws_iam_group_policy.datalake_users_internal_assume_role",
            "module.lakeformation.aws_iam_group_policy.datalake_users_internal_basic",
            "module.lakeformation.aws_iam_group_policy_attachment.datalake_admins_athena",
            "module.lakeformation.aws_iam_group_policy_attachment.datalake_admins_cfn_readonly",
            "module.lakeformation.aws_iam_group_policy_attachment.datalake_admins_cloudwatch",
            "module.lakeformation.aws_iam_group_policy_attachment.datalake_admins_glue_console",
            "module.lakeformation.aws_iam_group_policy_attachment.datalake_admins_lf_cross_account",
            "module.lakeformation.aws_iam_group_policy_attachment.datalake_admins_lf_data_admin",
            "module.lakeformation.aws_iam_group_policy_attachment.datalake_admins_pass_role",
            "module.lakeformation.aws_iam_group_policy_attachment.datalake_admins_ram_access",
            "module.lakeformation.aws_iam_group_policy_attachment.datalake_users_internal_athena",
            "module.lakeformation.aws_iam_group_policy_attachment.datalake_users_internal_governed_table",
            "module.lakeformation.aws_iam_policy.lf_governed_table_policy",
            "module.lakeformation.aws_iam_policy.lf_ram_access_policy",
            "module.lakeformation.aws_iam_policy.lf_user_pass_role_policy",
            "module.lakeformation.aws_iam_policy.lf_workflow_pass_role_policy",
            "module.lakeformation.aws_iam_role.datalake_admins_lf_role",
            "module.lakeformation.aws_iam_role.datalake_users_external_lf_role",
            "module.lakeformation.aws_iam_role.datalake_users_internal_lf_role",
            "module.lakeformation.aws_iam_role.lakeformation_workflow_role",
            "module.lakeformation.aws_iam_role_policy.datalake_admins_lf_inline_policy",
            "module.lakeformation.aws_iam_role_policy.datalake_users_external_lf_inline_policy",
            "module.lakeformation.aws_iam_role_policy.datalake_users_internal_lf_inline_policy",
            "module.lakeformation.aws_iam_role_policy.lf_workflow_permissions",
            "module.lakeformation.aws_iam_role_policy_attachment.datalake_admins_lf_athena",
            "module.lakeformation.aws_iam_role_policy_attachment.lakeformation_workflow_role_attachment",
            "module.lakeformation.aws_iam_role_policy_attachment.lf_workflow_pass_role_policy_attachment",
            "module.lakeformation.aws_iam_user.datalake_admin",
            "module.lakeformation.aws_iam_user.datalake_user1",
            "module.lakeformation.aws_iam_user_login_profile.datalake_admin",
            "module.lakeformation.aws_iam_user_login_profile.datalake_user1",
            "module.lakeformation.aws_lakeformation_data_lake_settings.this",
            "module.lakeformation.aws_lakeformation_permissions.business_location_admins",
            "module.lakeformation.aws_lakeformation_permissions.business_location_datalake_role",
            "module.lakeformation.aws_lakeformation_permissions.business_location_external_users",
            "module.lakeformation.aws_lakeformation_permissions.business_location_internal_users",
            "module.lakeformation.aws_lakeformation_permissions.raw_location_admins",
            "module.lakeformation.aws_lakeformation_permissions.raw_location_datalake_role",
            "module.lakeformation.aws_lakeformation_permissions.raw_location_internal_users",
            "module.lakeformation.aws_lakeformation_permissions.trusted_location_admins",
            "module.lakeformation.aws_lakeformation_permissions.trusted_location_datalake_role",
            "module.lakeformation.aws_lakeformation_permissions.trusted_location_internal_users",
            "module.lakeformation.aws_lakeformation_resource.business_datalake_location",
            "module.lakeformation.aws_lakeformation_resource.raw_datalake_location",
            "module.lakeformation.aws_lakeformation_resource.trusted_datalake_location",
            "module.lakeformation.data.aws_caller_identity.current",
            "module.s3.aws_s3_bucket.business_bucket",
            "module.s3.aws_s3_bucket.landing_bucket",
            "module.s3.aws_s3_bucket.raw_bucket",
            "module.s3.aws_s3_bucket.trusted_bucket",
            "module.s3.aws_s3_bucket.workspace_bucket",
            "module.s3.aws_s3_bucket_lifecycle_configuration.bucket-config",
            "module.s3.aws_s3_bucket_lifecycle_configuration.business-bucket-config",
            "module.s3.aws_s3_bucket_lifecycle_configuration.landing-bucket-config",
            "module.s3.aws_s3_bucket_lifecycle_configuration.raw-bucket-config",
            "module.s3.aws_s3_bucket_lifecycle_configuration.trusted-bucket-config",
            "module.s3.aws_s3_bucket_public_access_block.business_bucket_public_access_block",
            "module.s3.aws_s3_bucket_public_access_block.landing_bucket_public_access_block",
            "module.s3.aws_s3_bucket_public_access_block.raw_bucket_public_access_block",
            "module.s3.aws_s3_bucket_public_access_block.trusted_bucket_public_access_block",
            "module.s3.aws_s3_bucket_public_access_block.workspace_bucket",
            "module.s3.aws_s3_bucket_server_side_encryption_configuration.workspace_bucket",
            "module.s3.data.aws_caller_identity.current"
          ]
        }
      ]
    },
    {
      "module": "module.aws_data_catalog",
      "mode": "managed",
      "type": "aws_lakeformation_permissions",
      "name": "grant_internal_users_database_raw",
      "provider": "provider[\"registry.terraform.io/hashicorp/aws\"]",
      "instances": [
        {
          "schema_version": 0,
          "attributes": {
            "catalog_id": "331504768406",
            "catalog_resource": false,
            "data_cells_filter": [],
            "data_location": [],
            "database": [
              {
                "catalog_id": "331504768406",
                "name": "db_raw"
              }
            ],
            "id": "2298169754",
            "lf_tag": [],
            "lf_tag_policy": [],
            "permissions": [
              "DESCRIBE"
            ],
            "permissions_with_grant_option": [],
            "principal": "arn:aws:iam::331504768406:role/datalake-users-internal-lf-role",
            "table": [],
            "table_with_columns": []
          },
          "sensitive_attributes": [],
          "private": "bnVsbA==",
          "dependencies": [
            "data.aws_caller_identity.current",
            "module.aws_data_catalog.aws_glue_catalog_database.db_raw",
            "module.iam.aws_iam_policy.datalake_policy",
            "module.iam.aws_iam_role.datalake_role",
            "module.iam.data.aws_caller_identity.current",
            "module.lakeformation.aws_iam_group.datalake_admins",
            "module.lakeformation.aws_iam_group.datalake_users_external",
            "module.lakeformation.aws_iam_group.datalake_users_internal",
            "module.lakeformation.aws_iam_group_membership.datalake_admin_membership",
            "module.lakeformation.aws_iam_group_membership.datalake_user1_membership",
            "module.lakeformation.aws_iam_group_policy.datalake_admins_assume_role",
            "module.lakeformation.aws_iam_group_policy.datalake_admins_slr",
            "module.lakeformation.aws_iam_group_policy.datalake_users_external_assume_role",
            "module.lakeformation.aws_iam_group_policy.datalake_users_external_athena_readonly",
            "module.lakeformation.aws_iam_group_policy.datalake_users_external_basic",
            "module.lakeformation.aws_iam_group_policy.datalake_users_internal_assume_role",
            "module.lakeformation.aws_iam_group_policy.datalake_users_internal_basic",
            "module.lakeformation.aws_iam_group_policy_attachment.datalake_admins_athena",
            "module.lakeformation.aws_iam_group_policy_attachment.datalake_admins_cfn_readonly",
            "module.lakeformation.aws_iam_group_policy_attachment.datalake_admins_cloudwatch",
            "module.lakeformation.aws_iam_group_policy_attachment.datalake_admins_glue_console",
            "module.lakeformation.aws_iam_group_policy_attachment.datalake_admins_lf_cross_account",
            "module.lakeformation.aws_iam_group_policy_attachment.datalake_admins_lf_data_admin",
            "module.lakeformation.aws_iam_group_policy_attachment.datalake_admins_pass_role",
            "module.lakeformation.aws_iam_group_policy_attachment.datalake_admins_ram_access",
            "module.lakeformation.aws_iam_group_policy_attachment.datalake_users_internal_athena",
            "module.lakeformation.aws_iam_group_policy_attachment.datalake_users_internal_governed_table",
            "module.lakeformation.aws_iam_policy.lf_governed_table_policy",
            "module.lakeformation.aws_iam_policy.lf_ram_access_policy",
            "module.lakeformation.aws_iam_policy.lf_user_pass_role_policy",
            "module.lakeformation.aws_iam_policy.lf_workflow_pass_role_policy",
            "module.lakeformation.aws_iam_role.datalake_admins_lf_role",
            "module.lakeformation.aws_iam_role.datalake_users_external_lf_role",
            "module.lakeformation.aws_iam_role.datalake_users_internal_lf_role",
            "module.lakeformation.aws_iam_role.lakeformation_workflow_role",
            "module.lakeformation.aws_iam_role_policy.datalake_admins_lf_inline_policy",
            "module.lakeformation.aws_iam_role_policy.datalake_users_external_lf_inline_policy",
            "module.lakeformation.aws_iam_role_policy.datalake_users_internal_lf_inline_policy",
            "module.lakeformation.aws_iam_role_policy.lf_workflow_permissions",
            "module.lakeformation.aws_iam_role_policy_attachment.datalake_admins_lf_athena",
            "module.lakeformation.aws_iam_role_policy_attachment.lakeformation_workflow_role_attachment",
            "module.lakeformation.aws_iam_role_policy_attachment.lf_workflow_pass_role_policy_attachment",
            "module.lakeformation.aws_iam_user.datalake_admin",
            "module.lakeformation.aws_iam_user.datalake_user1",
            "module.lakeformation.aws_iam_user_login_profile.datalake_admin",
            "module.lakeformation.aws_iam_user_login_profile.datalake_user1",
            "module.lakeformation.aws_lakeformation_data_lake_settings.this",
            "module.lakeformation.aws_lakeformation_permissions.business_location_admins",
            "module.lakeformation.aws_lakeformation_permissions.business_location_datalake_role",
            "module.lakeformation.aws_lakeformation_permissions.business_location_external_users",
            "module.lakeformation.aws_lakeformation_permissions.business_location_internal_users",
            "module.lakeformation.aws_lakeformation_permissions.raw_location_admins",
            "module.lakeformation.aws_lakeformation_permissions.raw_location_datalake_role",
            "module.lakeformation.aws_lakeformation_permissions.raw_location_internal_users",
            "module.lakeformation.aws_lakeformation_permissions.trusted_location_admins",
            "module.lakeformation.aws_lakeformation_permissions.trusted_location_datalake_role",
            "module.lakeformation.aws_lakeformation_permissions.trusted_location_internal_users",
            "module.lakeformation.aws_lakeformation_resource.business_datalake_location",
            "module.lakeformation.aws_lakeformation_resource.raw_datalake_location",
            "module.lakeformation.aws_lakeformation_resource.trusted_datalake_location",
            "module.lakeformation.data.aws_caller_identity.current",
            "module.s3.aws_s3_bucket.business_bucket",
            "module.s3.aws_s3_bucket.landing_bucket",
            "module.s3.aws_s3_bucket.raw_bucket",
            "module.s3.aws_s3_bucket.trusted_bucket",
            "module.s3.aws_s3_bucket.workspace_bucket",
            "module.s3.aws_s3_bucket_lifecycle_configuration.bucket-config",
            "module.s3.aws_s3_bucket_lifecycle_configuration.business-bucket-config",
            "module.s3.aws_s3_bucket_lifecycle_configuration.landing-bucket-config",
            "module.s3.aws_s3_bucket_lifecycle_configuration.raw-bucket-config",
            "module.s3.aws_s3_bucket_lifecycle_configuration.trusted-bucket-config",
            "module.s3.aws_s3_bucket_public_access_block.business_bucket_public_access_block",
            "module.s3.aws_s3_bucket_public_access_block.landing_bucket_public_access_block",
            "module.s3.aws_s3_bucket_public_access_block.raw_bucket_public_access_block",
            "module.s3.aws_s3_bucket_public_access_block.trusted_bucket_public_access_block",
            "module.s3.aws_s3_bucket_public_access_block.workspace_bucket",
            "module.s3.aws_s3_bucket_server_side_encryption_configuration.workspace_bucket",
            "module.s3.data.aws_caller_identity.current"
          ]
        }
      ]
    },
    {
      "module": "module.aws_data_catalog",
      "mode": "managed",
      "type": "aws_lakeformation_permissions",
      "name": "grant_internal_users_database_trusted",
      "provider": "provider[\"registry.terraform.io/hashicorp/aws\"]",
      "instances": [
        {
          "schema_version": 0,
          "attributes": {
            "catalog_id": "331504768406",
            "catalog_resource": false,
            "data_cells_filter": [],
            "data_location": [],
            "database": [
              {
                "catalog_id": "331504768406",
                "name": "db_trusted"
              }
            ],
            "id": "1701455261",
            "lf_tag": [],
            "lf_tag_policy": [],
            "permissions": [
              "DESCRIBE"
            ],
            "permissions_with_grant_option": [],
            "principal": "arn:aws:iam::331504768406:role/datalake-users-internal-lf-role",
            "table": [],
            "table_with_columns": []
          },
          "sensitive_attributes": [],
          "private": "bnVsbA==",
          "dependencies": [
            "data.aws_caller_identity.current",
            "module.aws_data_catalog.aws_glue_catalog_database.db_trusted",
            "module.iam.aws_iam_policy.datalake_policy",
            "module.iam.aws_iam_role.datalake_role",
            "module.iam.data.aws_caller_identity.current",
            "module.lakeformation.aws_iam_group.datalake_admins",
            "module.lakeformation.aws_iam_group.datalake_users_external",
            "module.lakeformation.aws_iam_group.datalake_users_internal",
            "module.lakeformation.aws_iam_group_membership.datalake_admin_membership",
            "module.lakeformation.aws_iam_group_membership.datalake_user1_membership",
            "module.lakeformation.aws_iam_group_policy.datalake_admins_assume_role",
            "module.lakeformation.aws_iam_group_policy.datalake_admins_slr",
            "module.lakeformation.aws_iam_group_policy.datalake_users_external_assume_role",
            "module.lakeformation.aws_iam_group_policy.datalake_users_external_athena_readonly",
            "module.lakeformation.aws_iam_group_policy.datalake_users_external_basic",
            "module.lakeformation.aws_iam_group_policy.datalake_users_internal_assume_role",
            "module.lakeformation.aws_iam_group_policy.datalake_users_internal_basic",
            "module.lakeformation.aws_iam_group_policy_attachment.datalake_admins_athena",
            "module.lakeformation.aws_iam_group_policy_attachment.datalake_admins_cfn_readonly",
            "module.lakeformation.aws_iam_group_policy_attachment.datalake_admins_cloudwatch",
            "module.lakeformation.aws_iam_group_policy_attachment.datalake_admins_glue_console",
            "module.lakeformation.aws_iam_group_policy_attachment.datalake_admins_lf_cross_account",
            "module.lakeformation.aws_iam_group_policy_attachment.datalake_admins_lf_data_admin",
            "module.lakeformation.aws_iam_group_policy_attachment.datalake_admins_pass_role",
            "module.lakeformation.aws_iam_group_policy_attachment.datalake_admins_ram_access",
            "module.lakeformation.aws_iam_group_policy_attachment.datalake_users_internal_athena",
            "module.lakeformation.aws_iam_group_policy_attachment.datalake_users_internal_governed_table",
            "module.lakeformation.aws_iam_policy.lf_governed_table_policy",
            "module.lakeformation.aws_iam_policy.lf_ram_access_policy",
            "module.lakeformation.aws_iam_policy.lf_user_pass_role_policy",
            "module.lakeformation.aws_iam_policy.lf_workflow_pass_role_policy",
            "module.lakeformation.aws_iam_role.datalake_admins_lf_role",
            "module.lakeformation.aws_iam_role.datalake_users_external_lf_role",
            "module.lakeformation.aws_iam_role.datalake_users_internal_lf_role",
            "module.lakeformation.aws_iam_role.lakeformation_workflow_role",
            "module.lakeformation.aws_iam_role_policy.datalake_admins_lf_inline_policy",
            "module.lakeformation.aws_iam_role_policy.datalake_users_external_lf_inline_policy",
            "module.lakeformation.aws_iam_role_policy.datalake_users_internal_lf_inline_policy",
            "module.lakeformation.aws_iam_role_policy.lf_workflow_permissions",
            "module.lakeformation.aws_iam_role_policy_attachment.datalake_admins_lf_athena",
            "module.lakeformation.aws_iam_role_policy_attachment.lakeformation_workflow_role_attachment",
            "module.lakeformation.aws_iam_role_policy_attachment.lf_workflow_pass_role_policy_attachment",
            "module.lakeformation.aws_iam_user.datalake_admin",
            "module.lakeformation.aws_iam_user.datalake_user1",
            "module.lakeformation.aws_iam_user_login_profile.datalake_admin",
            "module.lakeformation.aws_iam_user_login_profile.datalake_user1",
            "module.lakeformation.aws_lakeformation_data_lake_settings.this",
            "module.lakeformation.aws_lakeformation_permissions.business_location_admins",
            "module.lakeformation.aws_lakeformation_permissions.business_location_datalake_role",
            "module.lakeformation.aws_lakeformation_permissions.business_location_external_users",
            "module.lakeformation.aws_lakeformation_permissions.business_location_internal_users",
            "module.lakeformation.aws_lakeformation_permissions.raw_location_admins",
            "module.lakeformation.aws_lakeformation_permissions.raw_location_datalake_role",
            "module.lakeformation.aws_lakeformation_permissions.raw_location_internal_users",
            "module.lakeformation.aws_lakeformation_permissions.trusted_location_admins",
            "module.lakeformation.aws_lakeformation_permissions.trusted_location_datalake_role",
            "module.lakeformation.aws_lakeformation_permissions.trusted_location_internal_users",
            "module.lakeformation.aws_lakeformation_resource.business_datalake_location",
            "module.lakeformation.aws_lakeformation_resource.raw_datalake_location",
            "module.lakeformation.aws_lakeformation_resource.trusted_datalake_location",
            "module.lakeformation.data.aws_caller_identity.current",
            "module.s3.aws_s3_bucket.business_bucket",
            "module.s3.aws_s3_bucket.landing_bucket",
            "module.s3.aws_s3_bucket.raw_bucket",
            "module.s3.aws_s3_bucket.trusted_bucket",
            "module.s3.aws_s3_bucket.workspace_bucket",
            "module.s3.aws_s3_bucket_lifecycle_configuration.bucket-config",
            "module.s3.aws_s3_bucket_lifecycle_configuration.business-bucket-config",
            "module.s3.aws_s3_bucket_lifecycle_configuration.landing-bucket-config",
            "module.s3.aws_s3_bucket_lifecycle_configuration.raw-bucket-config",
            "module.s3.aws_s3_bucket_lifecycle_configuration.trusted-bucket-config",
            "module.s3.aws_s3_bucket_public_access_block.business_bucket_public_access_block",
            "module.s3.aws_s3_bucket_public_access_block.landing_bucket_public_access_block",
            "module.s3.aws_s3_bucket_public_access_block.raw_bucket_public_access_block",
            "module.s3.aws_s3_bucket_public_access_block.trusted_bucket_public_access_block",
            "module.s3.aws_s3_bucket_public_access_block.workspace_bucket",
            "module.s3.aws_s3_bucket_server_side_encryption_configuration.workspace_bucket",
            "module.s3.data.aws_caller_identity.current"
          ]
        }
      ]
    },
    {
      "module": "module.aws_data_catalog",
      "mode": "managed",
      "type": "aws_lakeformation_permissions",
      "name": "grant_internal_users_table_business",
      "provider": "provider[\"registry.terraform.io/hashicorp/aws\"]",
      "instances": [
        {
          "schema_version": 0,
          "attributes": {
            "catalog_id": "331504768406",
            "catalog_resource": false,
            "data_cells_filter": [],
            "data_location": [],
            "database": [],
            "id": "2506376070",
            "lf_tag": [],
            "lf_tag_policy": [],
            "permissions": [
              "DESCRIBE",
              "SELECT"
            ],
            "permissions_with_grant_option": [],
            "principal": "arn:aws:iam::331504768406:role/datalake-users-internal-lf-role",
            "table": [
              {
                "catalog_id": "331504768406",
                "database_name": "db_business",
                "name": "",
                "wildcard": true
              }
            ],
            "table_with_columns": []
          },
          "sensitive_attributes": [],
          "private": "bnVsbA==",
          "dependencies": [
            "data.aws_caller_identity.current",
            "module.aws_data_catalog.aws_glue_catalog_database.db_business",
            "module.iam.aws_iam_policy.datalake_policy",
            "module.iam.aws_iam_role.datalake_role",
            "module.iam.data.aws_caller_identity.current",
            "module.lakeformation.aws_iam_group.datalake_admins",
            "module.lakeformation.aws_iam_group.datalake_users_external",
            "module.lakeformation.aws_iam_group.datalake_users_internal",
            "module.lakeformation.aws_iam_group_membership.datalake_admin_membership",
            "module.lakeformation.aws_iam_group_membership.datalake_user1_membership",
            "module.lakeformation.aws_iam_group_policy.datalake_admins_assume_role",
            "module.lakeformation.aws_iam_group_policy.datalake_admins_slr",
            "module.lakeformation.aws_iam_group_policy.datalake_users_external_assume_role",
            "module.lakeformation.aws_iam_group_policy.datalake_users_external_athena_readonly",
            "module.lakeformation.aws_iam_group_policy.datalake_users_external_basic",
            "module.lakeformation.aws_iam_group_policy.datalake_users_internal_assume_role",
            "module.lakeformation.aws_iam_group_policy.datalake_users_internal_basic",
            "module.lakeformation.aws_iam_group_policy_attachment.datalake_admins_athena",
            "module.lakeformation.aws_iam_group_policy_attachment.datalake_admins_cfn_readonly",
            "module.lakeformation.aws_iam_group_policy_attachment.datalake_admins_cloudwatch",
            "module.lakeformation.aws_iam_group_policy_attachment.datalake_admins_glue_console",
            "module.lakeformation.aws_iam_group_policy_attachment.datalake_admins_lf_cross_account",
            "module.lakeformation.aws_iam_group_policy_attachment.datalake_admins_lf_data_admin",
            "module.lakeformation.aws_iam_group_policy_attachment.datalake_admins_pass_role",
            "module.lakeformation.aws_iam_group_policy_attachment.datalake_admins_ram_access",
            "module.lakeformation.aws_iam_group_policy_attachment.datalake_users_internal_athena",
            "module.lakeformation.aws_iam_group_policy_attachment.datalake_users_internal_governed_table",
            "module.lakeformation.aws_iam_policy.lf_governed_table_policy",
            "module.lakeformation.aws_iam_policy.lf_ram_access_policy",
            "module.lakeformation.aws_iam_policy.lf_user_pass_role_policy",
            "module.lakeformation.aws_iam_policy.lf_workflow_pass_role_policy",
            "module.lakeformation.aws_iam_role.datalake_admins_lf_role",
            "module.lakeformation.aws_iam_role.datalake_users_external_lf_role",
            "module.lakeformation.aws_iam_role.datalake_users_internal_lf_role",
            "module.lakeformation.aws_iam_role.lakeformation_workflow_role",
            "module.lakeformation.aws_iam_role_policy.datalake_admins_lf_inline_policy",
            "module.lakeformation.aws_iam_role_policy.datalake_users_external_lf_inline_policy",
            "module.lakeformation.aws_iam_role_policy.datalake_users_internal_lf_inline_policy",
            "module.lakeformation.aws_iam_role_policy.lf_workflow_permissions",
            "module.lakeformation.aws_iam_role_policy_attachment.datalake_admins_lf_athena",
            "module.lakeformation.aws_iam_role_policy_attachment.lakeformation_workflow_role_attachment",
            "module.lakeformation.aws_iam_role_policy_attachment.lf_workflow_pass_role_policy_attachment",
            "module.lakeformation.aws_iam_user.datalake_admin",
            "module.lakeformation.aws_iam_user.datalake_user1",
            "module.lakeformation.aws_iam_user_login_profile.datalake_admin",
            "module.lakeformation.aws_iam_user_login_profile.datalake_user1",
            "module.lakeformation.aws_lakeformation_data_lake_settings.this",
            "module.lakeformation.aws_lakeformation_permissions.business_location_admins",
            "module.lakeformation.aws_lakeformation_permissions.business_location_datalake_role",
            "module.lakeformation.aws_lakeformation_permissions.business_location_external_users",
            "module.lakeformation.aws_lakeformation_permissions.business_location_internal_users",
            "module.lakeformation.aws_lakeformation_permissions.raw_location_admins",
            "module.lakeformation.aws_lakeformation_permissions.raw_location_datalake_role",
            "module.lakeformation.aws_lakeformation_permissions.raw_location_internal_users",
            "module.lakeformation.aws_lakeformation_permissions.trusted_location_admins",
            "module.lakeformation.aws_lakeformation_permissions.trusted_location_datalake_role",
            "module.lakeformation.aws_lakeformation_permissions.trusted_location_internal_users",
            "module.lakeformation.aws_lakeformation_resource.business_datalake_location",
            "module.lakeformation.aws_lakeformation_resource.raw_datalake_location",
            "module.lakeformation.aws_lakeformation_resource.trusted_datalake_location",
            "module.lakeformation.data.aws_caller_identity.current",
            "module.s3.aws_s3_bucket.business_bucket",
            "module.s3.aws_s3_bucket.landing_bucket",
            "module.s3.aws_s3_bucket.raw_bucket",
            "module.s3.aws_s3_bucket.trusted_bucket",
            "module.s3.aws_s3_bucket.workspace_bucket",
            "module.s3.aws_s3_bucket_lifecycle_configuration.bucket-config",
            "module.s3.aws_s3_bucket_lifecycle_configuration.business-bucket-config",
            "module.s3.aws_s3_bucket_lifecycle_configuration.landing-bucket-config",
            "module.s3.aws_s3_bucket_lifecycle_configuration.raw-bucket-config",
            "module.s3.aws_s3_bucket_lifecycle_configuration.trusted-bucket-config",
            "module.s3.aws_s3_bucket_public_access_block.business_bucket_public_access_block",
            "module.s3.aws_s3_bucket_public_access_block.landing_bucket_public_access_block",
            "module.s3.aws_s3_bucket_public_access_block.raw_bucket_public_access_block",
            "module.s3.aws_s3_bucket_public_access_block.trusted_bucket_public_access_block",
            "module.s3.aws_s3_bucket_public_access_block.workspace_bucket",
            "module.s3.aws_s3_bucket_server_side_encryption_configuration.workspace_bucket",
            "module.s3.data.aws_caller_identity.current"
          ]
        }
      ]
    },
    {
      "module": "module.aws_data_catalog",
      "mode": "managed",
      "type": "aws_lakeformation_permissions",
      "name": "grant_internal_users_table_raw",
      "provider": "provider[\"registry.terraform.io/hashicorp/aws\"]",
      "instances": [
        {
          "schema_version": 0,
          "attributes": {
            "catalog_id": "331504768406",
            "catalog_resource": false,
            "data_cells_filter": [],
            "data_location": [],
            "database": [],
            "id": "924962233",
            "lf_tag": [],
            "lf_tag_policy": [],
            "permissions": [
              "DESCRIBE",
              "SELECT"
            ],
            "permissions_with_grant_option": [],
            "principal": "arn:aws:iam::331504768406:role/datalake-users-internal-lf-role",
            "table": [
              {
                "catalog_id": "331504768406",
                "database_name": "db_raw",
                "name": "",
                "wildcard": true
              }
            ],
            "table_with_columns": []
          },
          "sensitive_attributes": [],
          "private": "bnVsbA==",
          "dependencies": [
            "data.aws_caller_identity.current",
            "module.aws_data_catalog.aws_glue_catalog_database.db_raw",
            "module.iam.aws_iam_policy.datalake_policy",
            "module.iam.aws_iam_role.datalake_role",
            "module.iam.data.aws_caller_identity.current",
            "module.lakeformation.aws_iam_group.datalake_admins",
            "module.lakeformation.aws_iam_group.datalake_users_external",
            "module.lakeformation.aws_iam_group.datalake_users_internal",
            "module.lakeformation.aws_iam_group_membership.datalake_admin_membership",
            "module.lakeformation.aws_iam_group_membership.datalake_user1_membership",
            "module.lakeformation.aws_iam_group_policy.datalake_admins_assume_role",
            "module.lakeformation.aws_iam_group_policy.datalake_admins_slr",
            "module.lakeformation.aws_iam_group_policy.datalake_users_external_assume_role",
            "module.lakeformation.aws_iam_group_policy.datalake_users_external_athena_readonly",
            "module.lakeformation.aws_iam_group_policy.datalake_users_external_basic",
            "module.lakeformation.aws_iam_group_policy.datalake_users_internal_assume_role",
            "module.lakeformation.aws_iam_group_policy.datalake_users_internal_basic",
            "module.lakeformation.aws_iam_group_policy_attachment.datalake_admins_athena",
            "module.lakeformation.aws_iam_group_policy_attachment.datalake_admins_cfn_readonly",
            "module.lakeformation.aws_iam_group_policy_attachment.datalake_admins_cloudwatch",
            "module.lakeformation.aws_iam_group_policy_attachment.datalake_admins_glue_console",
            "module.lakeformation.aws_iam_group_policy_attachment.datalake_admins_lf_cross_account",
            "module.lakeformation.aws_iam_group_policy_attachment.datalake_admins_lf_data_admin",
            "module.lakeformation.aws_iam_group_policy_attachment.datalake_admins_pass_role",
            "module.lakeformation.aws_iam_group_policy_attachment.datalake_admins_ram_access",
            "module.lakeformation.aws_iam_group_policy_attachment.datalake_users_internal_athena",
            "module.lakeformation.aws_iam_group_policy_attachment.datalake_users_internal_governed_table",
            "module.lakeformation.aws_iam_policy.lf_governed_table_policy",
            "module.lakeformation.aws_iam_policy.lf_ram_access_policy",
            "module.lakeformation.aws_iam_policy.lf_user_pass_role_policy",
            "module.lakeformation.aws_iam_policy.lf_workflow_pass_role_policy",
            "module.lakeformation.aws_iam_role.datalake_admins_lf_role",
            "module.lakeformation.aws_iam_role.datalake_users_external_lf_role",
            "module.lakeformation.aws_iam_role.datalake_users_internal_lf_role",
            "module.lakeformation.aws_iam_role.lakeformation_workflow_role",
            "module.lakeformation.aws_iam_role_policy.datalake_admins_lf_inline_policy",
            "module.lakeformation.aws_iam_role_policy.datalake_users_external_lf_inline_policy",
            "module.lakeformation.aws_iam_role_policy.datalake_users_internal_lf_inline_policy",
            "module.lakeformation.aws_iam_role_policy.lf_workflow_permissions",
            "module.lakeformation.aws_iam_role_policy_attachment.datalake_admins_lf_athena",
            "module.lakeformation.aws_iam_role_policy_attachment.lakeformation_workflow_role_attachment",
            "module.lakeformation.aws_iam_role_policy_attachment.lf_workflow_pass_role_policy_attachment",
            "module.lakeformation.aws_iam_user.datalake_admin",
            "module.lakeformation.aws_iam_user.datalake_user1",
            "module.lakeformation.aws_iam_user_login_profile.datalake_admin",
            "module.lakeformation.aws_iam_user_login_profile.datalake_user1",
            "module.lakeformation.aws_lakeformation_data_lake_settings.this",
            "module.lakeformation.aws_lakeformation_permissions.business_location_admins",
            "module.lakeformation.aws_lakeformation_permissions.business_location_datalake_role",
            "module.lakeformation.aws_lakeformation_permissions.business_location_external_users",
            "module.lakeformation.aws_lakeformation_permissions.business_location_internal_users",
            "module.lakeformation.aws_lakeformation_permissions.raw_location_admins",
            "module.lakeformation.aws_lakeformation_permissions.raw_location_datalake_role",
            "module.lakeformation.aws_lakeformation_permissions.raw_location_internal_users",
            "module.lakeformation.aws_lakeformation_permissions.trusted_location_admins",
            "module.lakeformation.aws_lakeformation_permissions.trusted_location_datalake_role",
            "module.lakeformation.aws_lakeformation_permissions.trusted_location_internal_users",
            "module.lakeformation.aws_lakeformation_resource.business_datalake_location",
            "module.lakeformation.aws_lakeformation_resource.raw_datalake_location",
            "module.lakeformation.aws_lakeformation_resource.trusted_datalake_location",
            "module.lakeformation.data.aws_caller_identity.current",
            "module.s3.aws_s3_bucket.business_bucket",
            "module.s3.aws_s3_bucket.landing_bucket",
            "module.s3.aws_s3_bucket.raw_bucket",
            "module.s3.aws_s3_bucket.trusted_bucket",
            "module.s3.aws_s3_bucket.workspace_bucket",
            "module.s3.aws_s3_bucket_lifecycle_configuration.bucket-config",
            "module.s3.aws_s3_bucket_lifecycle_configuration.business-bucket-config",
            "module.s3.aws_s3_bucket_lifecycle_configuration.landing-bucket-config",
            "module.s3.aws_s3_bucket_lifecycle_configuration.raw-bucket-config",
            "module.s3.aws_s3_bucket_lifecycle_configuration.trusted-bucket-config",
            "module.s3.aws_s3_bucket_public_access_block.business_bucket_public_access_block",
            "module.s3.aws_s3_bucket_public_access_block.landing_bucket_public_access_block",
            "module.s3.aws_s3_bucket_public_access_block.raw_bucket_public_access_block",
            "module.s3.aws_s3_bucket_public_access_block.trusted_bucket_public_access_block",
            "module.s3.aws_s3_bucket_public_access_block.workspace_bucket",
            "module.s3.aws_s3_bucket_server_side_encryption_configuration.workspace_bucket",
            "module.s3.data.aws_caller_identity.current"
          ]
        }
      ]
    },
    {
      "module": "module.aws_data_catalog",
      "mode": "managed",
      "type": "aws_lakeformation_permissions",
      "name": "grant_internal_users_table_trusted",
      "provider": "provider[\"registry.terraform.io/hashicorp/aws\"]",
      "instances": [
        {
          "schema_version": 0,
          "attributes": {
            "catalog_id": "331504768406",
            "catalog_resource": false,
            "data_cells_filter": [],
            "data_location": [],
            "database": [],
            "id": "4076000375",
            "lf_tag": [],
            "lf_tag_policy": [],
            "permissions": [
              "DESCRIBE",
              "SELECT"
            ],
            "permissions_with_grant_option": [],
            "principal": "arn:aws:iam::331504768406:role/datalake-users-internal-lf-role",
            "table": [
              {
                "catalog_id": "331504768406",
                "database_name": "db_trusted",
                "name": "",
                "wildcard": true
              }
            ],
            "table_with_columns": []
          },
          "sensitive_attributes": [],
          "private": "bnVsbA==",
          "dependencies": [
            "data.aws_caller_identity.current",
            "module.aws_data_catalog.aws_glue_catalog_database.db_trusted",
            "module.iam.aws_iam_policy.datalake_policy",
            "module.iam.aws_iam_role.datalake_role",
            "module.iam.data.aws_caller_identity.current",
            "module.lakeformation.aws_iam_group.datalake_admins",
            "module.lakeformation.aws_iam_group.datalake_users_external",
            "module.lakeformation.aws_iam_group.datalake_users_internal",
            "module.lakeformation.aws_iam_group_membership.datalake_admin_membership",
            "module.lakeformation.aws_iam_group_membership.datalake_user1_membership",
            "module.lakeformation.aws_iam_group_policy.datalake_admins_assume_role",
            "module.lakeformation.aws_iam_group_policy.datalake_admins_slr",
            "module.lakeformation.aws_iam_group_policy.datalake_users_external_assume_role",
            "module.lakeformation.aws_iam_group_policy.datalake_users_external_athena_readonly",
            "module.lakeformation.aws_iam_group_policy.datalake_users_external_basic",
            "module.lakeformation.aws_iam_group_policy.datalake_users_internal_assume_role",
            "module.lakeformation.aws_iam_group_policy.datalake_users_internal_basic",
            "module.lakeformation.aws_iam_group_policy_attachment.datalake_admins_athena",
            "module.lakeformation.aws_iam_group_policy_attachment.datalake_admins_cfn_readonly",
            "module.lakeformation.aws_iam_group_policy_attachment.datalake_admins_cloudwatch",
            "module.lakeformation.aws_iam_group_policy_attachment.datalake_admins_glue_console",
            "module.lakeformation.aws_iam_group_policy_attachment.datalake_admins_lf_cross_account",
            "module.lakeformation.aws_iam_group_policy_attachment.datalake_admins_lf_data_admin",
            "module.lakeformation.aws_iam_group_policy_attachment.datalake_admins_pass_role",
            "module.lakeformation.aws_iam_group_policy_attachment.datalake_admins_ram_access",
            "module.lakeformation.aws_iam_group_policy_attachment.datalake_users_internal_athena",
            "module.lakeformation.aws_iam_group_policy_attachment.datalake_users_internal_governed_table",
            "module.lakeformation.aws_iam_policy.lf_governed_table_policy",
            "module.lakeformation.aws_iam_policy.lf_ram_access_policy",
            "module.lakeformation.aws_iam_policy.lf_user_pass_role_policy",
            "module.lakeformation.aws_iam_policy.lf_workflow_pass_role_policy",
            "module.lakeformation.aws_iam_role.datalake_admins_lf_role",
            "module.lakeformation.aws_iam_role.datalake_users_external_lf_role",
            "module.lakeformation.aws_iam_role.datalake_users_internal_lf_role",
            "module.lakeformation.aws_iam_role.lakeformation_workflow_role",
            "module.lakeformation.aws_iam_role_policy.datalake_admins_lf_inline_policy",
            "module.lakeformation.aws_iam_role_policy.datalake_users_external_lf_inline_policy",
            "module.lakeformation.aws_iam_role_policy.datalake_users_internal_lf_inline_policy",
            "module.lakeformation.aws_iam_role_policy.lf_workflow_permissions",
            "module.lakeformation.aws_iam_role_policy_attachment.datalake_admins_lf_athena",
            "module.lakeformation.aws_iam_role_policy_attachment.lakeformation_workflow_role_attachment",
            "module.lakeformation.aws_iam_role_policy_attachment.lf_workflow_pass_role_policy_attachment",
            "module.lakeformation.aws_iam_user.datalake_admin",
            "module.lakeformation.aws_iam_user.datalake_user1",
            "module.lakeformation.aws_iam_user_login_profile.datalake_admin",
            "module.lakeformation.aws_iam_user_login_profile.datalake_user1",
            "module.lakeformation.aws_lakeformation_data_lake_settings.this",
            "module.lakeformation.aws_lakeformation_permissions.business_location_admins",
            "module.lakeformation.aws_lakeformation_permissions.business_location_datalake_role",
            "module.lakeformation.aws_lakeformation_permissions.business_location_external_users",
            "module.lakeformation.aws_lakeformation_permissions.business_location_internal_users",
            "module.lakeformation.aws_lakeformation_permissions.raw_location_admins",
            "module.lakeformation.aws_lakeformation_permissions.raw_location_datalake_role",
            "module.lakeformation.aws_lakeformation_permissions.raw_location_internal_users",
            "module.lakeformation.aws_lakeformation_permissions.trusted_location_admins",
            "module.lakeformation.aws_lakeformation_permissions.trusted_location_datalake_role",
            "module.lakeformation.aws_lakeformation_permissions.trusted_location_internal_users",
            "module.lakeformation.aws_lakeformation_resource.business_datalake_location",
            "module.lakeformation.aws_lakeformation_resource.raw_datalake_location",
            "module.lakeformation.aws_lakeformation_resource.trusted_datalake_location",
            "module.lakeformation.data.aws_caller_identity.current",
            "module.s3.aws_s3_bucket.business_bucket",
            "module.s3.aws_s3_bucket.landing_bucket",
            "module.s3.aws_s3_bucket.raw_bucket",
            "module.s3.aws_s3_bucket.trusted_bucket",
            "module.s3.aws_s3_bucket.workspace_bucket",
            "module.s3.aws_s3_bucket_lifecycle_configuration.bucket-config",
            "module.s3.aws_s3_bucket_lifecycle_configuration.business-bucket-config",
            "module.s3.aws_s3_bucket_lifecycle_configuration.landing-bucket-config",
            "module.s3.aws_s3_bucket_lifecycle_configuration.raw-bucket-config",
            "module.s3.aws_s3_bucket_lifecycle_configuration.trusted-bucket-config",
            "module.s3.aws_s3_bucket_public_access_block.business_bucket_public_access_block",
            "module.s3.aws_s3_bucket_public_access_block.landing_bucket_public_access_block",
            "module.s3.aws_s3_bucket_public_access_block.raw_bucket_public_access_block",
            "module.s3.aws_s3_bucket_public_access_block.trusted_bucket_public_access_block",
            "module.s3.aws_s3_bucket_public_access_block.workspace_bucket",
            "module.s3.aws_s3_bucket_server_side_encryption_configuration.workspace_bucket",
            "module.s3.data.aws_caller_identity.current"
          ]
        }
      ]
    },
    {
      "module": "module.iam",
      "mode": "data",
      "type": "aws_caller_identity",
      "name": "current",
      "provider": "provider[\"registry.terraform.io/hashicorp/aws\"]",
      "instances": [
        {
          "schema_version": 0,
          "attributes": {
            "account_id": "331504768406",
            "arn": "arn:aws:sts::331504768406:assumed-role/datalake-admins-lf-role/terraform-admin",
            "id": "331504768406",
            "user_id": "AROAU2LZZKWLCLJMYVKM2:terraform-admin"
          },
          "sensitive_attributes": []
        }
      ]
    },
    {
      "module": "module.iam",
      "mode": "managed",
      "type": "aws_iam_policy",
      "name": "datalake_policy",
      "provider": "provider[\"registry.terraform.io/hashicorp/aws\"]",
      "instances": [
        {
          "schema_version": 0,
          "attributes": {
            "arn": "arn:aws:iam::331504768406:policy/datalake-policy",
            "attachment_count": 0,
            "description": "Policy for Data Lake access",
            "id": "arn:aws:iam::331504768406:policy/datalake-policy",
            "name": "datalake-policy",
            "name_prefix": "",
            "path": "/",
            "policy": "{\"Statement\":[{\"Action\":[\"s3:ListBucket\",\"s3:GetBucketLocation\",\"s3:GetObject\",\"s3:PutObject\",\"s3:PutObjectAcl\",\"s3:DeleteObject\"],\"Effect\":\"Allow\",\"Resource\":[\"arn:aws:s3:::lakehouse-landing-*\",\"arn:aws:s3:::lakehouse-raw-*\",\"arn:aws:s3:::lakehouse-refined-*\",\"arn:aws:s3:::lakehouse-business-*\"]},{\"Action\":[\"glue:GetDatabase\",\"glue:GetTable\",\"glue:CreateTable\",\"glue:UpdateTable\",\"glue:DeleteTable\",\"glue:GetPartition\",\"glue:CreatePartition\",\"glue:DeletePartition\"],\"Effect\":\"Allow\",\"Resource\":\"*\"},{\"Action\":[\"athena:StartQueryExecution\",\"athena:GetQueryExecution\",\"athena:GetQueryResults\"],\"Effect\":\"Allow\",\"Resource\":\"*\"},{\"Action\":[\"states:StartExecution\",\"states:StopExecution\",\"states:DescribeExecution\",\"states:ListExecutions\"],\"Effect\":\"Allow\",\"Resource\":\"*\"},{\"Action\":[\"sns:Publish\",\"sns:Subscribe\"],\"Effect\":\"Allow\",\"Resource\":\"*\"},{\"Action\":[\"sqs:SendMessage\",\"sqs:ReceiveMessage\",\"sqs:DeleteMessage\",\"sqs:GetQueueAttributes\"],\"Effect\":\"Allow\",\"Resource\":\"*\"},{\"Action\":[\"lakeformation:GetDataAccess\",\"lakeformation:GrantPermissions\",\"lakeformation:RevokePermissions\"],\"Effect\":\"Allow\",\"Resource\":\"*\"}],\"Version\":\"2012-10-17\"}",
            "policy_id": "ANPAU2LZZKWLAATXX3HMJ",
            "tags": {},
            "tags_all": {}
          },
          "sensitive_attributes": [],
          "private": "bnVsbA=="
        }
      ]
    },
    {
      "module": "module.iam",
      "mode": "managed",
      "type": "aws_iam_role",
      "name": "datalake_role",
      "provider": "provider[\"registry.terraform.io/hashicorp/aws\"]",
      "instances": [
        {
          "schema_version": 0,
          "attributes": {
            "arn": "arn:aws:iam::331504768406:role/role-datalake-analytics",
            "assume_role_policy": "{\"Statement\":[{\"Action\":\"sts:AssumeRole\",\"Effect\":\"Allow\",\"Principal\":{\"Service\":[\"glue.amazonaws.com\",\"states.amazonaws.com\",\"athena.amazonaws.com\",\"s3.amazonaws.com\",\"sns.amazonaws.com\",\"sqs.amazonaws.com\",\"firehose.amazonaws.com\"]}}],\"Version\":\"2012-10-17\"}",
            "create_date": "2026-02-08T21:11:47Z",
            "description": "",
            "force_detach_policies": false,
            "id": "role-datalake-analytics",
            "inline_policy": [],
            "managed_policy_arns": [],
            "max_session_duration": 3600,
            "name": "role-datalake-analytics",
            "name_prefix": "",
            "path": "/",
            "permissions_boundary": "",
            "tags": {},
            "tags_all": {},
            "unique_id": "AROAU2LZZKWLJFUTIYNIP"
          },
          "sensitive_attributes": [],
          "private": "bnVsbA=="
        }
      ]
    },
    {
      "module": "module.lakeformation",
      "mode": "data",
      "type": "aws_caller_identity",
      "name": "current",
      "provider": "provider[\"registry.terraform.io/hashicorp/aws\"]",
      "instances": [
        {
          "schema_version": 0,
          "attributes": {
            "account_id": "331504768406",
            "arn": "arn:aws:sts::331504768406:assumed-role/datalake-admins-lf-role/terraform-admin",
            "id": "331504768406",
            "user_id": "AROAU2LZZKWLCLJMYVKM2:terraform-admin"
          },
          "sensitive_attributes": []
        }
      ]
    },
    {
      "module": "module.lakeformation",
      "mode": "managed",
      "type": "aws_iam_group",
      "name": "datalake_admins",
      "provider": "provider[\"registry.terraform.io/hashicorp/aws\"]",
      "instances": [
        {
          "schema_version": 0,
          "attributes": {
            "arn": "arn:aws:iam::331504768406:group/datalake-admins",
            "id": "datalake-admins",
            "name": "datalake-admins",
            "path": "/",
            "unique_id": "AGPAU2LZZKWLP5OF2O6TI"
          },
          "sensitive_attributes": [],
          "private": "bnVsbA==",
          "dependencies": [
            "data.aws_caller_identity.current",
            "module.iam.aws_iam_policy.datalake_policy",
            "module.iam.aws_iam_role.datalake_role",
            "module.iam.data.aws_caller_identity.current",
            "module.s3.aws_s3_bucket.business_bucket",
            "module.s3.aws_s3_bucket.landing_bucket",
            "module.s3.aws_s3_bucket.raw_bucket",
            "module.s3.aws_s3_bucket.trusted_bucket",
            "module.s3.aws_s3_bucket.workspace_bucket",
            "module.s3.aws_s3_bucket_lifecycle_configuration.bucket-config",
            "module.s3.aws_s3_bucket_lifecycle_configuration.business-bucket-config",
            "module.s3.aws_s3_bucket_lifecycle_configuration.landing-bucket-config",
            "module.s3.aws_s3_bucket_lifecycle_configuration.raw-bucket-config",
            "module.s3.aws_s3_bucket_lifecycle_configuration.trusted-bucket-config",
            "module.s3.aws_s3_bucket_public_access_block.business_bucket_public_access_block",
            "module.s3.aws_s3_bucket_public_access_block.landing_bucket_public_access_block",
            "module.s3.aws_s3_bucket_public_access_block.raw_bucket_public_access_block",
            "module.s3.aws_s3_bucket_public_access_block.trusted_bucket_public_access_block",
            "module.s3.aws_s3_bucket_public_access_block.workspace_bucket",
            "module.s3.aws_s3_bucket_server_side_encryption_configuration.workspace_bucket",
            "module.s3.data.aws_caller_identity.current"
          ]
        }
      ]
    },
    {
      "module": "module.lakeformation",
      "mode": "managed",
      "type": "aws_iam_group",
      "name": "datalake_users_external",
      "provider": "provider[\"registry.terraform.io/hashicorp/aws\"]",
      "instances": [
        {
          "schema_version": 0,
          "attributes": {
            "arn": "arn:aws:iam::331504768406:group/datalake-users-external",
            "id": "datalake-users-external",
            "name": "datalake-users-external",
            "path": "/",
            "unique_id": "AGPAU2LZZKWLBP7ITVTGF"
          },
          "sensitive_attributes": [],
          "private": "bnVsbA==",
          "dependencies": [
            "data.aws_caller_identity.current",
            "module.iam.aws_iam_policy.datalake_policy",
            "module.iam.aws_iam_role.datalake_role",
            "module.iam.data.aws_caller_identity.current",
            "module.s3.aws_s3_bucket.business_bucket",
            "module.s3.aws_s3_bucket.landing_bucket",
            "module.s3.aws_s3_bucket.raw_bucket",
            "module.s3.aws_s3_bucket.trusted_bucket",
            "module.s3.aws_s3_bucket.workspace_bucket",
            "module.s3.aws_s3_bucket_lifecycle_configuration.bucket-config",
            "module.s3.aws_s3_bucket_lifecycle_configuration.business-bucket-config",
            "module.s3.aws_s3_bucket_lifecycle_configuration.landing-bucket-config",
            "module.s3.aws_s3_bucket_lifecycle_configuration.raw-bucket-config",
            "module.s3.aws_s3_bucket_lifecycle_configuration.trusted-bucket-config",
            "module.s3.aws_s3_bucket_public_access_block.business_bucket_public_access_block",
            "module.s3.aws_s3_bucket_public_access_block.landing_bucket_public_access_block",
            "module.s3.aws_s3_bucket_public_access_block.raw_bucket_public_access_block",
            "module.s3.aws_s3_bucket_public_access_block.trusted_bucket_public_access_block",
            "module.s3.aws_s3_bucket_public_access_block.workspace_bucket",
            "module.s3.aws_s3_bucket_server_side_encryption_configuration.workspace_bucket",
            "module.s3.data.aws_caller_identity.current"
          ]
        }
      ]
    },
    {
      "module": "module.lakeformation",
      "mode": "managed",
      "type": "aws_iam_group",
      "name": "datalake_users_internal",
      "provider": "provider[\"registry.terraform.io/hashicorp/aws\"]",
      "instances": [
        {
          "schema_version": 0,
          "attributes": {
            "arn": "arn:aws:iam::331504768406:group/datalake-users-internal",
            "id": "datalake-users-internal",
            "name": "datalake-users-internal",
            "path": "/",
            "unique_id": "AGPAU2LZZKWLBROQG3BSN"
          },
          "sensitive_attributes": [],
          "private": "bnVsbA==",
          "dependencies": [
            "data.aws_caller_identity.current",
            "module.iam.aws_iam_policy.datalake_policy",
            "module.iam.aws_iam_role.datalake_role",
            "module.iam.data.aws_caller_identity.current",
            "module.s3.aws_s3_bucket.business_bucket",
            "module.s3.aws_s3_bucket.landing_bucket",
            "module.s3.aws_s3_bucket.raw_bucket",
            "module.s3.aws_s3_bucket.trusted_bucket",
            "module.s3.aws_s3_bucket.workspace_bucket",
            "module.s3.aws_s3_bucket_lifecycle_configuration.bucket-config",
            "module.s3.aws_s3_bucket_lifecycle_configuration.business-bucket-config",
            "module.s3.aws_s3_bucket_lifecycle_configuration.landing-bucket-config",
            "module.s3.aws_s3_bucket_lifecycle_configuration.raw-bucket-config",
            "module.s3.aws_s3_bucket_lifecycle_configuration.trusted-bucket-config",
            "module.s3.aws_s3_bucket_public_access_block.business_bucket_public_access_block",
            "module.s3.aws_s3_bucket_public_access_block.landing_bucket_public_access_block",
            "module.s3.aws_s3_bucket_public_access_block.raw_bucket_public_access_block",
            "module.s3.aws_s3_bucket_public_access_block.trusted_bucket_public_access_block",
            "module.s3.aws_s3_bucket_public_access_block.workspace_bucket",
            "module.s3.aws_s3_bucket_server_side_encryption_configuration.workspace_bucket",
            "module.s3.data.aws_caller_identity.current"
          ]
        }
      ]
    },
    {
      "module": "module.lakeformation",
      "mode": "managed",
      "type": "aws_iam_group_membership",
      "name": "datalake_admin_membership",
      "provider": "provider[\"registry.terraform.io/hashicorp/aws\"]",
      "instances": [
        {
          "schema_version": 0,
          "attributes": {
            "group": "datalake-admins",
            "id": "datalake-admin-group-membership",
            "name": "datalake-admin-group-membership",
            "users": [
              "datalake-admin",
              "lake-admin"
            ]
          },
          "sensitive_attributes": [],
          "private": "bnVsbA==",
          "dependencies": [
            "data.aws_caller_identity.current",
            "module.iam.aws_iam_policy.datalake_policy",
            "module.iam.aws_iam_role.datalake_role",
            "module.iam.data.aws_caller_identity.current",
            "module.lakeformation.aws_iam_group.datalake_admins",
            "module.lakeformation.aws_iam_user.datalake_admin",
            "module.s3.aws_s3_bucket.business_bucket",
            "module.s3.aws_s3_bucket.landing_bucket",
            "module.s3.aws_s3_bucket.raw_bucket",
            "module.s3.aws_s3_bucket.trusted_bucket",
            "module.s3.aws_s3_bucket.workspace_bucket",
            "module.s3.aws_s3_bucket_lifecycle_configuration.bucket-config",
            "module.s3.aws_s3_bucket_lifecycle_configuration.business-bucket-config",
            "module.s3.aws_s3_bucket_lifecycle_configuration.landing-bucket-config",
            "module.s3.aws_s3_bucket_lifecycle_configuration.raw-bucket-config",
            "module.s3.aws_s3_bucket_lifecycle_configuration.trusted-bucket-config",
            "module.s3.aws_s3_bucket_public_access_block.business_bucket_public_access_block",
            "module.s3.aws_s3_bucket_public_access_block.landing_bucket_public_access_block",
            "module.s3.aws_s3_bucket_public_access_block.raw_bucket_public_access_block",
            "module.s3.aws_s3_bucket_public_access_block.trusted_bucket_public_access_block",
            "module.s3.aws_s3_bucket_public_access_block.workspace_bucket",
            "module.s3.aws_s3_bucket_server_side_encryption_configuration.workspace_bucket",
            "module.s3.data.aws_caller_identity.current"
          ]
        }
      ]
    },
    {
      "module": "module.lakeformation",
      "mode": "managed",
      "type": "aws_iam_group_membership",
      "name": "datalake_user1_membership",
      "provider": "provider[\"registry.terraform.io/hashicorp/aws\"]",
      "instances": [
        {
          "schema_version": 0,
          "attributes": {
            "group": "datalake-users-internal",
            "id": "datalake-user1-group-membership",
            "name": "datalake-user1-group-membership",
            "users": [
              "datalake-user-01"
            ]
          },
          "sensitive_attributes": [],
          "private": "bnVsbA==",
          "dependencies": [
            "data.aws_caller_identity.current",
            "module.iam.aws_iam_policy.datalake_policy",
            "module.iam.aws_iam_role.datalake_role",
            "module.iam.data.aws_caller_identity.current",
            "module.lakeformation.aws_iam_group.datalake_users_internal",
            "module.lakeformation.aws_iam_user.datalake_user1",
            "module.s3.aws_s3_bucket.business_bucket",
            "module.s3.aws_s3_bucket.landing_bucket",
            "module.s3.aws_s3_bucket.raw_bucket",
            "module.s3.aws_s3_bucket.trusted_bucket",
            "module.s3.aws_s3_bucket.workspace_bucket",
            "module.s3.aws_s3_bucket_lifecycle_configuration.bucket-config",
            "module.s3.aws_s3_bucket_lifecycle_configuration.business-bucket-config",
            "module.s3.aws_s3_bucket_lifecycle_configuration.landing-bucket-config",
            "module.s3.aws_s3_bucket_lifecycle_configuration.raw-bucket-config",
            "module.s3.aws_s3_bucket_lifecycle_configuration.trusted-bucket-config",
            "module.s3.aws_s3_bucket_public_access_block.business_bucket_public_access_block",
            "module.s3.aws_s3_bucket_public_access_block.landing_bucket_public_access_block",
            "module.s3.aws_s3_bucket_public_access_block.raw_bucket_public_access_block",
            "module.s3.aws_s3_bucket_public_access_block.trusted_bucket_public_access_block",
            "module.s3.aws_s3_bucket_public_access_block.workspace_bucket",
            "module.s3.aws_s3_bucket_server_side_encryption_configuration.workspace_bucket",
            "module.s3.data.aws_caller_identity.current"
          ]
        }
      ]
    },
    {
      "module": "module.lakeformation",
      "mode": "managed",
      "type": "aws_iam_group_policy",
      "name": "datalake_admins_assume_role",
      "provider": "provider[\"registry.terraform.io/hashicorp/aws\"]",
      "instances": [
        {
          "schema_version": 0,
          "attributes": {
            "group": "datalake-admins",
            "id": "datalake-admins:AllowAssumeAdminRole",
            "name": "AllowAssumeAdminRole",
            "name_prefix": "",
            "policy": "{\"Version\":\"2012-10-17\",\"Statement\":[{\"Action\":\"sts:AssumeRole\",\"Effect\":\"Allow\",\"Resource\":\"arn:aws:iam::331504768406:role/datalake-admins-lf-role\"}]}"
          },
          "sensitive_attributes": [],
          "private": "bnVsbA==",
          "dependencies": [
            "data.aws_caller_identity.current",
            "module.iam.aws_iam_policy.datalake_policy",
            "module.iam.aws_iam_role.datalake_role",
            "module.iam.data.aws_caller_identity.current",
            "module.lakeformation.aws_iam_group.datalake_admins",
            "module.lakeformation.aws_iam_role.datalake_admins_lf_role",
            "module.lakeformation.data.aws_caller_identity.current",
            "module.s3.aws_s3_bucket.business_bucket",
            "module.s3.aws_s3_bucket.landing_bucket",
            "module.s3.aws_s3_bucket.raw_bucket",
            "module.s3.aws_s3_bucket.trusted_bucket",
            "module.s3.aws_s3_bucket.workspace_bucket",
            "module.s3.aws_s3_bucket_lifecycle_configuration.bucket-config",
            "module.s3.aws_s3_bucket_lifecycle_configuration.business-bucket-config",
            "module.s3.aws_s3_bucket_lifecycle_configuration.landing-bucket-config",
            "module.s3.aws_s3_bucket_lifecycle_configuration.raw-bucket-config",
            "module.s3.aws_s3_bucket_lifecycle_configuration.trusted-bucket-config",
            "module.s3.aws_s3_bucket_public_access_block.business_bucket_public_access_block",
            "module.s3.aws_s3_bucket_public_access_block.landing_bucket_public_access_block",
            "module.s3.aws_s3_bucket_public_access_block.raw_bucket_public_access_block",
            "module.s3.aws_s3_bucket_public_access_block.trusted_bucket_public_access_block",
            "module.s3.aws_s3_bucket_public_access_block.workspace_bucket",
            "module.s3.aws_s3_bucket_server_side_encryption_configuration.workspace_bucket",
            "module.s3.data.aws_caller_identity.current"
          ]
        }
      ]
    },
    {
      "module": "module.lakeformation",
      "mode": "managed",
      "type": "aws_iam_group_policy",
      "name": "datalake_admins_slr",
      "provider": "provider[\"registry.terraform.io/hashicorp/aws\"]",
      "instances": [
        {
          "schema_version": 0,
          "attributes": {
            "group": "datalake-admins",
            "id": "datalake-admins:LakeFormationSLR",
            "name": "LakeFormationSLR",
            "name_prefix": "",
            "policy": "{\"Version\":\"2012-10-17\",\"Statement\":[{\"Action\":\"iam:CreateServiceLinkedRole\",\"Condition\":{\"StringEquals\":{\"iam:AWSServiceName\":\"lakeformation.amazonaws.com\"}},\"Effect\":\"Allow\",\"Resource\":\"*\"},{\"Action\":\"iam:PutRolePolicy\",\"Effect\":\"Allow\",\"Resource\":\"arn:aws:iam::331504768406:role/aws-service-role/lakeformation.amazonaws.com/AWSServiceRoleForLakeFormationDataAccess\"}]}"
          },
          "sensitive_attributes": [],
          "private": "bnVsbA==",
          "dependencies": [
            "data.aws_caller_identity.current",
            "module.iam.aws_iam_policy.datalake_policy",
            "module.iam.aws_iam_role.datalake_role",
            "module.iam.data.aws_caller_identity.current",
            "module.lakeformation.aws_iam_group.datalake_admins",
            "module.lakeformation.data.aws_caller_identity.current",
            "module.s3.aws_s3_bucket.business_bucket",
            "module.s3.aws_s3_bucket.landing_bucket",
            "module.s3.aws_s3_bucket.raw_bucket",
            "module.s3.aws_s3_bucket.trusted_bucket",
            "module.s3.aws_s3_bucket.workspace_bucket",
            "module.s3.aws_s3_bucket_lifecycle_configuration.bucket-config",
            "module.s3.aws_s3_bucket_lifecycle_configuration.business-bucket-config",
            "module.s3.aws_s3_bucket_lifecycle_configuration.landing-bucket-config",
            "module.s3.aws_s3_bucket_lifecycle_configuration.raw-bucket-config",
            "module.s3.aws_s3_bucket_lifecycle_configuration.trusted-bucket-config",
            "module.s3.aws_s3_bucket_public_access_block.business_bucket_public_access_block",
            "module.s3.aws_s3_bucket_public_access_block.landing_bucket_public_access_block",
            "module.s3.aws_s3_bucket_public_access_block.raw_bucket_public_access_block",
            "module.s3.aws_s3_bucket_public_access_block.trusted_bucket_public_access_block",
            "module.s3.aws_s3_bucket_public_access_block.workspace_bucket",
            "module.s3.aws_s3_bucket_server_side_encryption_configuration.workspace_bucket",
            "module.s3.data.aws_caller_identity.current"
          ]
        }
      ]
    },
    {
      "module": "module.lakeformation",
      "mode": "managed",
      "type": "aws_iam_group_policy",
      "name": "datalake_users_external_assume_role",
      "provider": "provider[\"registry.terraform.io/hashicorp/aws\"]",
      "instances": [
        {
          "schema_version": 0,
          "attributes": {
            "group": "datalake-users-external",
            "id": "datalake-users-external:AllowAssumeExternalUserRole",
            "name": "AllowAssumeExternalUserRole",
            "name_prefix": "",
            "policy": "{\"Version\":\"2012-10-17\",\"Statement\":[{\"Action\":\"sts:AssumeRole\",\"Effect\":\"Allow\",\"Resource\":\"arn:aws:iam::331504768406:role/datalake-users-external-lf-role\"}]}"
          },
          "sensitive_attributes": [],
          "private": "bnVsbA==",
          "dependencies": [
            "data.aws_caller_identity.current",
            "module.iam.aws_iam_policy.datalake_policy",
            "module.iam.aws_iam_role.datalake_role",
            "module.iam.data.aws_caller_identity.current",
            "module.lakeformation.aws_iam_group.datalake_users_external",
            "module.lakeformation.aws_iam_role.datalake_users_external_lf_role",
            "module.lakeformation.data.aws_caller_identity.current",
            "module.s3.aws_s3_bucket.business_bucket",
            "module.s3.aws_s3_bucket.landing_bucket",
            "module.s3.aws_s3_bucket.raw_bucket",
            "module.s3.aws_s3_bucket.trusted_bucket",
            "module.s3.aws_s3_bucket.workspace_bucket",
            "module.s3.aws_s3_bucket_lifecycle_configuration.bucket-config",
            "module.s3.aws_s3_bucket_lifecycle_configuration.business-bucket-config",
            "module.s3.aws_s3_bucket_lifecycle_configuration.landing-bucket-config",
            "module.s3.aws_s3_bucket_lifecycle_configuration.raw-bucket-config",
            "module.s3.aws_s3_bucket_lifecycle_configuration.trusted-bucket-config",
            "module.s3.aws_s3_bucket_public_access_block.business_bucket_public_access_block",
            "module.s3.aws_s3_bucket_public_access_block.landing_bucket_public_access_block",
            "module.s3.aws_s3_bucket_public_access_block.raw_bucket_public_access_block",
            "module.s3.aws_s3_bucket_public_access_block.trusted_bucket_public_access_block",
            "module.s3.aws_s3_bucket_public_access_block.workspace_bucket",
            "module.s3.aws_s3_bucket_server_side_encryption_configuration.workspace_bucket",
            "module.s3.data.aws_caller_identity.current"
          ]
        }
      ]
    },
    {
      "module": "module.lakeformation",
      "mode": "managed",
      "type": "aws_iam_group_policy",
      "name": "datalake_users_external_athena_readonly",
      "provider": "provider[\"registry.terraform.io/hashicorp/aws\"]",
      "instances": [
        {
          "schema_version": 0,
          "attributes": {
            "group": "datalake-users-external",
            "id": "datalake-users-external:DatalakeExternalUserAthenaReadOnly",
            "name": "DatalakeExternalUserAthenaReadOnly",
            "name_prefix": "",
            "policy": "{\"Version\":\"2012-10-17\",\"Statement\":[{\"Action\":[\"athena:GetQueryExecution\",\"athena:GetQueryResults\",\"athena:StartQueryExecution\",\"athena:StopQueryExecution\",\"athena:GetWorkGroup\",\"athena:GetQueryResultsStream\"],\"Effect\":\"Allow\",\"Resource\":\"*\"}]}"
          },
          "sensitive_attributes": [],
          "private": "bnVsbA==",
          "dependencies": [
            "data.aws_caller_identity.current",
            "module.iam.aws_iam_policy.datalake_policy",
            "module.iam.aws_iam_role.datalake_role",
            "module.iam.data.aws_caller_identity.current",
            "module.lakeformation.aws_iam_group.datalake_users_external",
            "module.s3.aws_s3_bucket.business_bucket",
            "module.s3.aws_s3_bucket.landing_bucket",
            "module.s3.aws_s3_bucket.raw_bucket",
            "module.s3.aws_s3_bucket.trusted_bucket",
            "module.s3.aws_s3_bucket.workspace_bucket",
            "module.s3.aws_s3_bucket_lifecycle_configuration.bucket-config",
            "module.s3.aws_s3_bucket_lifecycle_configuration.business-bucket-config",
            "module.s3.aws_s3_bucket_lifecycle_configuration.landing-bucket-config",
            "module.s3.aws_s3_bucket_lifecycle_configuration.raw-bucket-config",
            "module.s3.aws_s3_bucket_lifecycle_configuration.trusted-bucket-config",
            "module.s3.aws_s3_bucket_public_access_block.business_bucket_public_access_block",
            "module.s3.aws_s3_bucket_public_access_block.landing_bucket_public_access_block",
            "module.s3.aws_s3_bucket_public_access_block.raw_bucket_public_access_block",
            "module.s3.aws_s3_bucket_public_access_block.trusted_bucket_public_access_block",
            "module.s3.aws_s3_bucket_public_access_block.workspace_bucket",
            "module.s3.aws_s3_bucket_server_side_encryption_configuration.workspace_bucket",
            "module.s3.data.aws_caller_identity.current"
          ]
        }
      ]
    },
    {
      "module": "module.lakeformation",
      "mode": "managed",
      "type": "aws_iam_group_policy",
      "name": "datalake_users_external_basic",
      "provider": "provider[\"registry.terraform.io/hashicorp/aws\"]",
      "instances": [
        {
          "schema_version": 0,
          "attributes": {
            "group": "datalake-users-external",
            "id": "datalake-users-external:DatalakeExternalUserBasic",
            "name": "DatalakeExternalUserBasic",
            "name_prefix": "",
            "policy": "{\"Version\":\"2012-10-17\",\"Statement\":[{\"Action\":[\"lakeformation:GetDataAccess\",\"glue:GetDatabase\",\"glue:GetDatabases\",\"glue:GetTable\",\"glue:GetTables\",\"glue:GetTableVersions\",\"glue:SearchTables\",\"glue:GetPartitions\",\"lakeformation:GetResourceLFTags\",\"lakeformation:ListLFTags\"],\"Effect\":\"Allow\",\"Resource\":\"*\"}]}"
          },
          "sensitive_attributes": [],
          "private": "bnVsbA==",
          "dependencies": [
            "data.aws_caller_identity.current",
            "module.iam.aws_iam_policy.datalake_policy",
            "module.iam.aws_iam_role.datalake_role",
            "module.iam.data.aws_caller_identity.current",
            "module.lakeformation.aws_iam_group.datalake_users_external",
            "module.s3.aws_s3_bucket.business_bucket",
            "module.s3.aws_s3_bucket.landing_bucket",
            "module.s3.aws_s3_bucket.raw_bucket",
            "module.s3.aws_s3_bucket.trusted_bucket",
            "module.s3.aws_s3_bucket.workspace_bucket",
            "module.s3.aws_s3_bucket_lifecycle_configuration.bucket-config",
            "module.s3.aws_s3_bucket_lifecycle_configuration.business-bucket-config",
            "module.s3.aws_s3_bucket_lifecycle_configuration.landing-bucket-config",
            "module.s3.aws_s3_bucket_lifecycle_configuration.raw-bucket-config",
            "module.s3.aws_s3_bucket_lifecycle_configuration.trusted-bucket-config",
            "module.s3.aws_s3_bucket_public_access_block.business_bucket_public_access_block",
            "module.s3.aws_s3_bucket_public_access_block.landing_bucket_public_access_block",
            "module.s3.aws_s3_bucket_public_access_block.raw_bucket_public_access_block",
            "module.s3.aws_s3_bucket_public_access_block.trusted_bucket_public_access_block",
            "module.s3.aws_s3_bucket_public_access_block.workspace_bucket",
            "module.s3.aws_s3_bucket_server_side_encryption_configuration.workspace_bucket",
            "module.s3.data.aws_caller_identity.current"
          ]
        }
      ]
    },
    {
      "module": "module.lakeformation",
      "mode": "managed",
      "type": "aws_iam_group_policy",
      "name": "datalake_users_internal_assume_role",
      "provider": "provider[\"registry.terraform.io/hashicorp/aws\"]",
      "instances": [
        {
          "schema_version": 0,
          "attributes": {
            "group": "datalake-users-internal",
            "id": "datalake-users-internal:AllowAssumeInternalUserRole",
            "name": "AllowAssumeInternalUserRole",
            "name_prefix": "",
            "policy": "{\"Version\":\"2012-10-17\",\"Statement\":[{\"Action\":\"sts:AssumeRole\",\"Effect\":\"Allow\",\"Resource\":\"arn:aws:iam::331504768406:role/datalake-users-internal-lf-role\"}]}"
          },
          "sensitive_attributes": [],
          "private": "bnVsbA==",
          "dependencies": [
            "data.aws_caller_identity.current",
            "module.iam.aws_iam_policy.datalake_policy",
            "module.iam.aws_iam_role.datalake_role",
            "module.iam.data.aws_caller_identity.current",
            "module.lakeformation.aws_iam_group.datalake_users_internal",
            "module.lakeformation.aws_iam_role.datalake_users_internal_lf_role",
            "module.lakeformation.data.aws_caller_identity.current",
            "module.s3.aws_s3_bucket.business_bucket",
            "module.s3.aws_s3_bucket.landing_bucket",
            "module.s3.aws_s3_bucket.raw_bucket",
            "module.s3.aws_s3_bucket.trusted_bucket",
            "module.s3.aws_s3_bucket.workspace_bucket",
            "module.s3.aws_s3_bucket_lifecycle_configuration.bucket-config",
            "module.s3.aws_s3_bucket_lifecycle_configuration.business-bucket-config",
            "module.s3.aws_s3_bucket_lifecycle_configuration.landing-bucket-config",
            "module.s3.aws_s3_bucket_lifecycle_configuration.raw-bucket-config",
            "module.s3.aws_s3_bucket_lifecycle_configuration.trusted-bucket-config",
            "module.s3.aws_s3_bucket_public_access_block.business_bucket_public_access_block",
            "module.s3.aws_s3_bucket_public_access_block.landing_bucket_public_access_block",
            "module.s3.aws_s3_bucket_public_access_block.raw_bucket_public_access_block",
            "module.s3.aws_s3_bucket_public_access_block.trusted_bucket_public_access_block",
            "module.s3.aws_s3_bucket_public_access_block.workspace_bucket",
            "module.s3.aws_s3_bucket_server_side_encryption_configuration.workspace_bucket",
            "module.s3.data.aws_caller_identity.current"
          ]
        }
      ]
    },
    {
      "module": "module.lakeformation",
      "mode": "managed",
      "type": "aws_iam_group_policy",
      "name": "datalake_users_internal_basic",
      "provider": "provider[\"registry.terraform.io/hashicorp/aws\"]",
      "instances": [
        {
          "schema_version": 0,
          "attributes": {
            "group": "datalake-users-internal",
            "id": "datalake-users-internal:DatalakeInternalUserBasic",
            "name": "DatalakeInternalUserBasic",
            "name_prefix": "",
            "policy": "{\"Version\":\"2012-10-17\",\"Statement\":[{\"Action\":[\"lakeformation:GetDataAccess\",\"glue:GetDatabase\",\"glue:GetDatabases\",\"glue:GetTable\",\"glue:GetTables\",\"glue:GetTableVersions\",\"glue:SearchTables\",\"glue:GetPartitions\",\"lakeformation:GetResourceLFTags\",\"lakeformation:ListLFTags\",\"lakeformation:GetLFTag\",\"lakeformation:SearchTablesByLFTag\",\"lakeformation:SearchDatabasesByLFTags\"],\"Effect\":\"Allow\",\"Resource\":\"*\"}]}"
          },
          "sensitive_attributes": [],
          "private": "bnVsbA==",
          "dependencies": [
            "data.aws_caller_identity.current",
            "module.iam.aws_iam_policy.datalake_policy",
            "module.iam.aws_iam_role.datalake_role",
            "module.iam.data.aws_caller_identity.current",
            "module.lakeformation.aws_iam_group.datalake_users_internal",
            "module.s3.aws_s3_bucket.business_bucket",
            "module.s3.aws_s3_bucket.landing_bucket",
            "module.s3.aws_s3_bucket.raw_bucket",
            "module.s3.aws_s3_bucket.trusted_bucket",
            "module.s3.aws_s3_bucket.workspace_bucket",
            "module.s3.aws_s3_bucket_lifecycle_configuration.bucket-config",
            "module.s3.aws_s3_bucket_lifecycle_configuration.business-bucket-config",
            "module.s3.aws_s3_bucket_lifecycle_configuration.landing-bucket-config",
            "module.s3.aws_s3_bucket_lifecycle_configuration.raw-bucket-config",
            "module.s3.aws_s3_bucket_lifecycle_configuration.trusted-bucket-config",
            "module.s3.aws_s3_bucket_public_access_block.business_bucket_public_access_block",
            "module.s3.aws_s3_bucket_public_access_block.landing_bucket_public_access_block",
            "module.s3.aws_s3_bucket_public_access_block.raw_bucket_public_access_block",
            "module.s3.aws_s3_bucket_public_access_block.trusted_bucket_public_access_block",
            "module.s3.aws_s3_bucket_public_access_block.workspace_bucket",
            "module.s3.aws_s3_bucket_server_side_encryption_configuration.workspace_bucket",
            "module.s3.data.aws_caller_identity.current"
          ]
        }
      ]
    },
    {
      "module": "module.lakeformation",
      "mode": "managed",
      "type": "aws_iam_group_policy_attachment",
      "name": "datalake_admins_athena",
      "provider": "provider[\"registry.terraform.io/hashicorp/aws\"]",
      "instances": [
        {
          "schema_version": 0,
          "attributes": {
            "group": "datalake-admins",
            "id": "datalake-admins-20260208211214044900000006",
            "policy_arn": "arn:aws:iam::aws:policy/AmazonAthenaFullAccess"
          },
          "sensitive_attributes": [],
          "private": "bnVsbA==",
          "dependencies": [
            "data.aws_caller_identity.current",
            "module.iam.aws_iam_policy.datalake_policy",
            "module.iam.aws_iam_role.datalake_role",
            "module.iam.data.aws_caller_identity.current",
            "module.lakeformation.aws_iam_group.datalake_admins",
            "module.s3.aws_s3_bucket.business_bucket",
            "module.s3.aws_s3_bucket.landing_bucket",
            "module.s3.aws_s3_bucket.raw_bucket",
            "module.s3.aws_s3_bucket.trusted_bucket",
            "module.s3.aws_s3_bucket.workspace_bucket",
            "module.s3.aws_s3_bucket_lifecycle_configuration.bucket-config",
            "module.s3.aws_s3_bucket_lifecycle_configuration.business-bucket-config",
            "module.s3.aws_s3_bucket_lifecycle_configuration.landing-bucket-config",
            "module.s3.aws_s3_bucket_lifecycle_configuration.raw-bucket-config",
            "module.s3.aws_s3_bucket_lifecycle_configuration.trusted-bucket-config",
            "module.s3.aws_s3_bucket_public_access_block.business_bucket_public_access_block",
            "module.s3.aws_s3_bucket_public_access_block.landing_bucket_public_access_block",
            "module.s3.aws_s3_bucket_public_access_block.raw_bucket_public_access_block",
            "module.s3.aws_s3_bucket_public_access_block.trusted_bucket_public_access_block",
            "module.s3.aws_s3_bucket_public_access_block.workspace_bucket",
            "module.s3.aws_s3_bucket_server_side_encryption_configuration.workspace_bucket",
            "module.s3.data.aws_caller_identity.current"
          ]
        }
      ]
    },
    {
      "module": "module.lakeformation",
      "mode": "managed",
      "type": "aws_iam_group_policy_attachment",
      "name": "datalake_admins_cfn_readonly",
      "provider": "provider[\"registry.terraform.io/hashicorp/aws\"]",
      "instances": [
        {
          "schema_version": 0,
          "attributes": {
            "group": "datalake-admins",
            "id": "datalake-admins-20260208211214138500000008",
            "policy_arn": "arn:aws:iam::aws:policy/AWSCloudFormationReadOnlyAccess"
          },
          "sensitive_attributes": [],
          "private": "bnVsbA==",
          "dependencies": [
            "data.aws_caller_identity.current",
            "module.iam.aws_iam_policy.datalake_policy",
            "module.iam.aws_iam_role.datalake_role",
            "module.iam.data.aws_caller_identity.current",
            "module.lakeformation.aws_iam_group.datalake_admins",
            "module.s3.aws_s3_bucket.business_bucket",
            "module.s3.aws_s3_bucket.landing_bucket",
            "module.s3.aws_s3_bucket.raw_bucket",
            "module.s3.aws_s3_bucket.trusted_bucket",
            "module.s3.aws_s3_bucket.workspace_bucket",
            "module.s3.aws_s3_bucket_lifecycle_configuration.bucket-config",
            "module.s3.aws_s3_bucket_lifecycle_configuration.business-bucket-config",
            "module.s3.aws_s3_bucket_lifecycle_configuration.landing-bucket-config",
            "module.s3.aws_s3_bucket_lifecycle_configuration.raw-bucket-config",
            "module.s3.aws_s3_bucket_lifecycle_configuration.trusted-bucket-config",
            "module.s3.aws_s3_bucket_public_access_block.business_bucket_public_access_block",
            "module.s3.aws_s3_bucket_public_access_block.landing_bucket_public_access_block",
            "module.s3.aws_s3_bucket_public_access_block.raw_bucket_public_access_block",
            "module.s3.aws_s3_bucket_public_access_block.trusted_bucket_public_access_block",
            "module.s3.aws_s3_bucket_public_access_block.workspace_bucket",
            "module.s3.aws_s3_bucket_server_side_encryption_configuration.workspace_bucket",
            "module.s3.data.aws_caller_identity.current"
          ]
        }
      ]
    },
    {
      "module": "module.lakeformation",
      "mode": "managed",
      "type": "aws_iam_group_policy_attachment",
      "name": "datalake_admins_cloudwatch",
      "provider": "provider[\"registry.terraform.io/hashicorp/aws\"]",
      "instances": [
        {
          "schema_version": 0,
          "attributes": {
            "group": "datalake-admins",
            "id": "datalake-admins-20260208211213884600000003",
            "policy_arn": "arn:aws:iam::aws:policy/CloudWatchLogsReadOnlyAccess"
          },
          "sensitive_attributes": [],
          "private": "bnVsbA==",
          "dependencies": [
            "data.aws_caller_identity.current",
            "module.iam.aws_iam_policy.datalake_policy",
            "module.iam.aws_iam_role.datalake_role",
            "module.iam.data.aws_caller_identity.current",
            "module.lakeformation.aws_iam_group.datalake_admins",
            "module.s3.aws_s3_bucket.business_bucket",
            "module.s3.aws_s3_bucket.landing_bucket",
            "module.s3.aws_s3_bucket.raw_bucket",
            "module.s3.aws_s3_bucket.trusted_bucket",
            "module.s3.aws_s3_bucket.workspace_bucket",
            "module.s3.aws_s3_bucket_lifecycle_configuration.bucket-config",
            "module.s3.aws_s3_bucket_lifecycle_configuration.business-bucket-config",
            "module.s3.aws_s3_bucket_lifecycle_configuration.landing-bucket-config",
            "module.s3.aws_s3_bucket_lifecycle_configuration.raw-bucket-config",
            "module.s3.aws_s3_bucket_lifecycle_configuration.trusted-bucket-config",
            "module.s3.aws_s3_bucket_public_access_block.business_bucket_public_access_block",
            "module.s3.aws_s3_bucket_public_access_block.landing_bucket_public_access_block",
            "module.s3.aws_s3_bucket_public_access_block.raw_bucket_public_access_block",
            "module.s3.aws_s3_bucket_public_access_block.trusted_bucket_public_access_block",
            "module.s3.aws_s3_bucket_public_access_block.workspace_bucket",
            "module.s3.aws_s3_bucket_server_side_encryption_configuration.workspace_bucket",
            "module.s3.data.aws_caller_identity.current"
          ]
        }
      ]
    },
    {
      "module": "module.lakeformation",
      "mode": "managed",
      "type": "aws_iam_group_policy_attachment",
      "name": "datalake_admins_glue_console",
      "provider": "provider[\"registry.terraform.io/hashicorp/aws\"]",
      "instances": [
        {
          "schema_version": 0,
          "attributes": {
            "group": "datalake-admins",
            "id": "datalake-admins-20260208211214048000000007",
            "policy_arn": "arn:aws:iam::aws:policy/AWSGlueConsoleFullAccess"
          },
          "sensitive_attributes": [],
          "private": "bnVsbA==",
          "dependencies": [
            "data.aws_caller_identity.current",
            "module.iam.aws_iam_policy.datalake_policy",
            "module.iam.aws_iam_role.datalake_role",
            "module.iam.data.aws_caller_identity.current",
            "module.lakeformation.aws_iam_group.datalake_admins",
            "module.s3.aws_s3_bucket.business_bucket",
            "module.s3.aws_s3_bucket.landing_bucket",
            "module.s3.aws_s3_bucket.raw_bucket",
            "module.s3.aws_s3_bucket.trusted_bucket",
            "module.s3.aws_s3_bucket.workspace_bucket",
            "module.s3.aws_s3_bucket_lifecycle_configuration.bucket-config",
            "module.s3.aws_s3_bucket_lifecycle_configuration.business-bucket-config",
            "module.s3.aws_s3_bucket_lifecycle_configuration.landing-bucket-config",
            "module.s3.aws_s3_bucket_lifecycle_configuration.raw-bucket-config",
            "module.s3.aws_s3_bucket_lifecycle_configuration.trusted-bucket-config",
            "module.s3.aws_s3_bucket_public_access_block.business_bucket_public_access_block",
            "module.s3.aws_s3_bucket_public_access_block.landing_bucket_public_access_block",
            "module.s3.aws_s3_bucket_public_access_block.raw_bucket_public_access_block",
            "module.s3.aws_s3_bucket_public_access_block.trusted_bucket_public_access_block",
            "module.s3.aws_s3_bucket_public_access_block.workspace_bucket",
            "module.s3.aws_s3_bucket_server_side_encryption_configuration.workspace_bucket",
            "module.s3.data.aws_caller_identity.current"
          ]
        }
      ]
    },
    {
      "module": "module.lakeformation",
      "mode": "managed",
      "type": "aws_iam_group_policy_attachment",
      "name": "datalake_admins_lf_cross_account",
      "provider": "provider[\"registry.terraform.io/hashicorp/aws\"]",
      "instances": [
        {
          "schema_version": 0,
          "attributes": {
            "group": "datalake-admins",
            "id": "datalake-admins-20260208211213933000000004",
            "policy_arn": "arn:aws:iam::aws:policy/AWSLakeFormationCrossAccountManager"
          },
          "sensitive_attributes": [],
          "private": "bnVsbA==",
          "dependencies": [
            "data.aws_caller_identity.current",
            "module.iam.aws_iam_policy.datalake_policy",
            "module.iam.aws_iam_role.datalake_role",
            "module.iam.data.aws_caller_identity.current",
            "module.lakeformation.aws_iam_group.datalake_admins",
            "module.s3.aws_s3_bucket.business_bucket",
            "module.s3.aws_s3_bucket.landing_bucket",
            "module.s3.aws_s3_bucket.raw_bucket",
            "module.s3.aws_s3_bucket.trusted_bucket",
            "module.s3.aws_s3_bucket.workspace_bucket",
            "module.s3.aws_s3_bucket_lifecycle_configuration.bucket-config",
            "module.s3.aws_s3_bucket_lifecycle_configuration.business-bucket-config",
            "module.s3.aws_s3_bucket_lifecycle_configuration.landing-bucket-config",
            "module.s3.aws_s3_bucket_lifecycle_configuration.raw-bucket-config",
            "module.s3.aws_s3_bucket_lifecycle_configuration.trusted-bucket-config",
            "module.s3.aws_s3_bucket_public_access_block.business_bucket_public_access_block",
            "module.s3.aws_s3_bucket_public_access_block.landing_bucket_public_access_block",
            "module.s3.aws_s3_bucket_public_access_block.raw_bucket_public_access_block",
            "module.s3.aws_s3_bucket_public_access_block.trusted_bucket_public_access_block",
            "module.s3.aws_s3_bucket_public_access_block.workspace_bucket",
            "module.s3.aws_s3_bucket_server_side_encryption_configuration.workspace_bucket",
            "module.s3.data.aws_caller_identity.current"
          ]
        }
      ]
    },
    {
      "module": "module.lakeformation",
      "mode": "managed",
      "type": "aws_iam_group_policy_attachment",
      "name": "datalake_admins_lf_data_admin",
      "provider": "provider[\"registry.terraform.io/hashicorp/aws\"]",
      "instances": [
        {
          "schema_version": 0,
          "attributes": {
            "group": "datalake-admins",
            "id": "datalake-admins-20260208211213960100000005",
            "policy_arn": "arn:aws:iam::aws:policy/AWSLakeFormationDataAdmin"
          },
          "sensitive_attributes": [],
          "private": "bnVsbA==",
          "dependencies": [
            "data.aws_caller_identity.current",
            "module.iam.aws_iam_policy.datalake_policy",
            "module.iam.aws_iam_role.datalake_role",
            "module.iam.data.aws_caller_identity.current",
            "module.lakeformation.aws_iam_group.datalake_admins",
            "module.s3.aws_s3_bucket.business_bucket",
            "module.s3.aws_s3_bucket.landing_bucket",
            "module.s3.aws_s3_bucket.raw_bucket",
            "module.s3.aws_s3_bucket.trusted_bucket",
            "module.s3.aws_s3_bucket.workspace_bucket",
            "module.s3.aws_s3_bucket_lifecycle_configuration.bucket-config",
            "module.s3.aws_s3_bucket_lifecycle_configuration.business-bucket-config",
            "module.s3.aws_s3_bucket_lifecycle_configuration.landing-bucket-config",
            "module.s3.aws_s3_bucket_lifecycle_configuration.raw-bucket-config",
            "module.s3.aws_s3_bucket_lifecycle_configuration.trusted-bucket-config",
            "module.s3.aws_s3_bucket_public_access_block.business_bucket_public_access_block",
            "module.s3.aws_s3_bucket_public_access_block.landing_bucket_public_access_block",
            "module.s3.aws_s3_bucket_public_access_block.raw_bucket_public_access_block",
            "module.s3.aws_s3_bucket_public_access_block.trusted_bucket_public_access_block",
            "module.s3.aws_s3_bucket_public_access_block.workspace_bucket",
            "module.s3.aws_s3_bucket_server_side_encryption_configuration.workspace_bucket",
            "module.s3.data.aws_caller_identity.current"
          ]
        }
      ]
    },
    {
      "module": "module.lakeformation",
      "mode": "managed",
      "type": "aws_iam_group_policy_attachment",
      "name": "datalake_admins_pass_role",
      "provider": "provider[\"registry.terraform.io/hashicorp/aws\"]",
      "instances": [
        {
          "schema_version": 0,
          "attributes": {
            "group": "datalake-admins",
            "id": "datalake-admins-2026020821121487220000000d",
            "policy_arn": "arn:aws:iam::331504768406:policy/LFUserPassRole"
          },
          "sensitive_attributes": [],
          "private": "bnVsbA==",
          "dependencies": [
            "data.aws_caller_identity.current",
            "module.iam.aws_iam_policy.datalake_policy",
            "module.iam.aws_iam_role.datalake_role",
            "module.iam.data.aws_caller_identity.current",
            "module.lakeformation.aws_iam_group.datalake_admins",
            "module.lakeformation.aws_iam_policy.lf_user_pass_role_policy",
            "module.lakeformation.aws_iam_role.lakeformation_workflow_role",
            "module.lakeformation.data.aws_caller_identity.current",
            "module.s3.aws_s3_bucket.business_bucket",
            "module.s3.aws_s3_bucket.landing_bucket",
            "module.s3.aws_s3_bucket.raw_bucket",
            "module.s3.aws_s3_bucket.trusted_bucket",
            "module.s3.aws_s3_bucket.workspace_bucket",
            "module.s3.aws_s3_bucket_lifecycle_configuration.bucket-config",
            "module.s3.aws_s3_bucket_lifecycle_configuration.business-bucket-config",
            "module.s3.aws_s3_bucket_lifecycle_configuration.landing-bucket-config",
            "module.s3.aws_s3_bucket_lifecycle_configuration.raw-bucket-config",
            "module.s3.aws_s3_bucket_lifecycle_configuration.trusted-bucket-config",
            "module.s3.aws_s3_bucket_public_access_block.business_bucket_public_access_block",
            "module.s3.aws_s3_bucket_public_access_block.landing_bucket_public_access_block",
            "module.s3.aws_s3_bucket_public_access_block.raw_bucket_public_access_block",
            "module.s3.aws_s3_bucket_public_access_block.trusted_bucket_public_access_block",
            "module.s3.aws_s3_bucket_public_access_block.workspace_bucket",
            "module.s3.aws_s3_bucket_server_side_encryption_configuration.workspace_bucket",
            "module.s3.data.aws_caller_identity.current"
          ]
        }
      ]
    },
    {
      "module": "module.lakeformation",
      "mode": "managed",
      "type": "aws_iam_group_policy_attachment",
      "name": "datalake_admins_ram_access",
      "provider": "provider[\"registry.terraform.io/hashicorp/aws\"]",
      "instances": [
        {
          "schema_version": 0,
          "attributes": {
            "group": "datalake-admins",
            "id": "datalake-admins-20260208211214164600000009",
            "policy_arn": "arn:aws:iam::331504768406:policy/LFRamAccess"
          },
          "sensitive_attributes": [],
          "private": "bnVsbA==",
          "dependencies": [
            "data.aws_caller_identity.current",
            "module.iam.aws_iam_policy.datalake_policy",
            "module.iam.aws_iam_role.datalake_role",
            "module.iam.data.aws_caller_identity.current",
            "module.lakeformation.aws_iam_group.datalake_admins",
            "module.lakeformation.aws_iam_policy.lf_ram_access_policy",
            "module.s3.aws_s3_bucket.business_bucket",
            "module.s3.aws_s3_bucket.landing_bucket",
            "module.s3.aws_s3_bucket.raw_bucket",
            "module.s3.aws_s3_bucket.trusted_bucket",
            "module.s3.aws_s3_bucket.workspace_bucket",
            "module.s3.aws_s3_bucket_lifecycle_configuration.bucket-config",
            "module.s3.aws_s3_bucket_lifecycle_configuration.business-bucket-config",
            "module.s3.aws_s3_bucket_lifecycle_configuration.landing-bucket-config",
            "module.s3.aws_s3_bucket_lifecycle_configuration.raw-bucket-config",
            "module.s3.aws_s3_bucket_lifecycle_configuration.trusted-bucket-config",
            "module.s3.aws_s3_bucket_public_access_block.business_bucket_public_access_block",
            "module.s3.aws_s3_bucket_public_access_block.landing_bucket_public_access_block",
            "module.s3.aws_s3_bucket_public_access_block.raw_bucket_public_access_block",
            "module.s3.aws_s3_bucket_public_access_block.trusted_bucket_public_access_block",
            "module.s3.aws_s3_bucket_public_access_block.workspace_bucket",
            "module.s3.aws_s3_bucket_server_side_encryption_configuration.workspace_bucket",
            "module.s3.data.aws_caller_identity.current"
          ]
        }
      ]
    },
    {
      "module": "module.lakeformation",
      "mode": "managed",
      "type": "aws_iam_group_policy_attachment",
      "name": "datalake_users_internal_athena",
      "provider": "provider[\"registry.terraform.io/hashicorp/aws\"]",
      "instances": [
        {
          "schema_version": 0,
          "attributes": {
            "group": "datalake-users-internal",
            "id": "datalake-users-internal-20260208211213613000000002",
            "policy_arn": "arn:aws:iam::aws:policy/AmazonAthenaFullAccess"
          },
          "sensitive_attributes": [],
          "private": "bnVsbA==",
          "dependencies": [
            "data.aws_caller_identity.current",
            "module.iam.aws_iam_policy.datalake_policy",
            "module.iam.aws_iam_role.datalake_role",
            "module.iam.data.aws_caller_identity.current",
            "module.lakeformation.aws_iam_group.datalake_users_internal",
            "module.s3.aws_s3_bucket.business_bucket",
            "module.s3.aws_s3_bucket.landing_bucket",
            "module.s3.aws_s3_bucket.raw_bucket",
            "module.s3.aws_s3_bucket.trusted_bucket",
            "module.s3.aws_s3_bucket.workspace_bucket",
            "module.s3.aws_s3_bucket_lifecycle_configuration.bucket-config",
            "module.s3.aws_s3_bucket_lifecycle_configuration.business-bucket-config",
            "module.s3.aws_s3_bucket_lifecycle_configuration.landing-bucket-config",
            "module.s3.aws_s3_bucket_lifecycle_configuration.raw-bucket-config",
            "module.s3.aws_s3_bucket_lifecycle_configuration.trusted-bucket-config",
            "module.s3.aws_s3_bucket_public_access_block.business_bucket_public_access_block",
            "module.s3.aws_s3_bucket_public_access_block.landing_bucket_public_access_block",
            "module.s3.aws_s3_bucket_public_access_block.raw_bucket_public_access_block",
            "module.s3.aws_s3_bucket_public_access_block.trusted_bucket_public_access_block",
            "module.s3.aws_s3_bucket_public_access_block.workspace_bucket",
            "module.s3.aws_s3_bucket_server_side_encryption_configuration.workspace_bucket",
            "module.s3.data.aws_caller_identity.current"
          ]
        }
      ]
    },
    {
      "module": "module.lakeformation",
      "mode": "managed",
      "type": "aws_iam_group_policy_attachment",
      "name": "datalake_users_internal_governed_table",
      "provider": "provider[\"registry.terraform.io/hashicorp/aws\"]",
      "instances": [
        {
          "schema_version": 0,
          "attributes": {
            "group": "datalake-users-internal",
            "id": "datalake-users-internal-2026020821121471620000000b",
            "policy_arn": "arn:aws:iam::331504768406:policy/LFGovernedTablePolicy"
          },
          "sensitive_attributes": [],
          "private": "bnVsbA==",
          "dependencies": [
            "data.aws_caller_identity.current",
            "module.iam.aws_iam_policy.datalake_policy",
            "module.iam.aws_iam_role.datalake_role",
            "module.iam.data.aws_caller_identity.current",
            "module.lakeformation.aws_iam_group.datalake_users_internal",
            "module.lakeformation.aws_iam_policy.lf_governed_table_policy",
            "module.lakeformation.data.aws_caller_identity.current",
            "module.s3.aws_s3_bucket.business_bucket",
            "module.s3.aws_s3_bucket.landing_bucket",
            "module.s3.aws_s3_bucket.raw_bucket",
            "module.s3.aws_s3_bucket.trusted_bucket",
            "module.s3.aws_s3_bucket.workspace_bucket",
            "module.s3.aws_s3_bucket_lifecycle_configuration.bucket-config",
            "module.s3.aws_s3_bucket_lifecycle_configuration.business-bucket-config",
            "module.s3.aws_s3_bucket_lifecycle_configuration.landing-bucket-config",
            "module.s3.aws_s3_bucket_lifecycle_configuration.raw-bucket-config",
            "module.s3.aws_s3_bucket_lifecycle_configuration.trusted-bucket-config",
            "module.s3.aws_s3_bucket_public_access_block.business_bucket_public_access_block",
            "module.s3.aws_s3_bucket_public_access_block.landing_bucket_public_access_block",
            "module.s3.aws_s3_bucket_public_access_block.raw_bucket_public_access_block",
            "module.s3.aws_s3_bucket_public_access_block.trusted_bucket_public_access_block",
            "module.s3.aws_s3_bucket_public_access_block.workspace_bucket",
            "module.s3.aws_s3_bucket_server_side_encryption_configuration.workspace_bucket",
            "module.s3.data.aws_caller_identity.current"
          ]
        }
      ]
    },
    {
      "module": "module.lakeformation",
      "mode": "managed",
      "type": "aws_iam_policy",
      "name": "lf_governed_table_policy",
      "provider": "provider[\"registry.terraform.io/hashicorp/aws\"]",
      "instances": [
        {
          "schema_version": 0,
          "attributes": {
            "arn": "arn:aws:iam::331504768406:policy/LFGovernedTablePolicy",
            "attachment_count": 1,
            "description": "Policy to allow datalake-user-01 to use governed tables",
            "id": "arn:aws:iam::331504768406:policy/LFGovernedTablePolicy",
            "name": "LFGovernedTablePolicy",
            "name_prefix": "",
            "path": "/",
            "policy": "{\"Statement\":[{\"Action\":[\"glue:GetTable\",\"glue:GetPartitions\",\"glue:UpdateTable\",\"lakeformation:StartTransaction\",\"lakeformation:CommitTransaction\",\"lakeformation:CancelTransaction\",\"lakeformation:ExtendTransaction\",\"lakeformation:DescribeTransaction\",\"lakeformation:ListTransactions\",\"lakeformation:GetTableObjects\",\"lakeformation:UpdateTableObjects\",\"lakeformation:DeleteObjectsOnCancel\",\"lakeformation:StartQueryPlanning\",\"lakeformation:GetQueryState\",\"lakeformation:GetQueryStatistics\",\"lakeformation:GetWorkUnits\",\"lakeformation:GetWorkUnitResults\",\"lakeformation:ListTableStorageOptimizers\",\"lakeformation:UpdateTableStorageOptimizer\"],\"Effect\":\"Allow\",\"Resource\":\"*\"},{\"Action\":[\"logs:CreateLogGroup\",\"logs:CreateLogStream\",\"logs:PutLogEvents\"],\"Effect\":\"Allow\",\"Resource\":\"arn:aws:logs:*:331504768406:log-group:/aws-lakeformation-acceleration/compaction/logs:*\"}],\"Version\":\"2012-10-17\"}",
            "policy_id": "ANPAU2LZZKWLF54QAACQB",
            "tags": {},
            "tags_all": {}
          },
          "sensitive_attributes": [],
          "private": "bnVsbA==",
          "dependencies": [
            "data.aws_caller_identity.current",
            "module.iam.aws_iam_policy.datalake_policy",
            "module.iam.aws_iam_role.datalake_role",
            "module.iam.data.aws_caller_identity.current",
            "module.lakeformation.data.aws_caller_identity.current",
            "module.s3.aws_s3_bucket.business_bucket",
            "module.s3.aws_s3_bucket.landing_bucket",
            "module.s3.aws_s3_bucket.raw_bucket",
            "module.s3.aws_s3_bucket.trusted_bucket",
            "module.s3.aws_s3_bucket.workspace_bucket",
            "module.s3.aws_s3_bucket_lifecycle_configuration.bucket-config",
            "module.s3.aws_s3_bucket_lifecycle_configuration.business-bucket-config",
            "module.s3.aws_s3_bucket_lifecycle_configuration.landing-bucket-config",
            "module.s3.aws_s3_bucket_lifecycle_configuration.raw-bucket-config",
            "module.s3.aws_s3_bucket_lifecycle_configuration.trusted-bucket-config",
            "module.s3.aws_s3_bucket_public_access_block.business_bucket_public_access_block",
            "module.s3.aws_s3_bucket_public_access_block.landing_bucket_public_access_block",
            "module.s3.aws_s3_bucket_public_access_block.raw_bucket_public_access_block",
            "module.s3.aws_s3_bucket_public_access_block.trusted_bucket_public_access_block",
            "module.s3.aws_s3_bucket_public_access_block.workspace_bucket",
            "module.s3.aws_s3_bucket_server_side_encryption_configuration.workspace_bucket",
            "module.s3.data.aws_caller_identity.current"
          ]
        }
      ]
    },
    {
      "module": "module.lakeformation",
      "mode": "managed",
      "type": "aws_iam_policy",
      "name": "lf_ram_access_policy",
      "provider": "provider[\"registry.terraform.io/hashicorp/aws\"]",
      "instances": [
        {
          "schema_version": 0,
          "attributes": {
            "arn": "arn:aws:iam::331504768406:policy/LFRamAccess",
            "attachment_count": 1,
            "description": "Policy to allow datalake-admin to manage RAM",
            "id": "arn:aws:iam::331504768406:policy/LFRamAccess",
            "name": "LFRamAccess",
            "name_prefix": "",
            "path": "/",
            "policy": "{\"Statement\":[{\"Action\":[\"ram:AcceptResourceShareInvitation\",\"ram:RejectResourceShareInvitation\",\"ec2:DescribeAvailabilityZones\",\"ram:EnableSharingWithAwsOrganization\"],\"Effect\":\"Allow\",\"Resource\":\"*\"}],\"Version\":\"2012-10-17\"}",
            "policy_id": "ANPAU2LZZKWLBBNVGLKRJ",
            "tags": {},
            "tags_all": {}
          },
          "sensitive_attributes": [],
          "private": "bnVsbA==",
          "dependencies": [
            "data.aws_caller_identity.current",
            "module.iam.aws_iam_policy.datalake_policy",
            "module.iam.aws_iam_role.datalake_role",
            "module.iam.data.aws_caller_identity.current",
            "module.s3.aws_s3_bucket.business_bucket",
            "module.s3.aws_s3_bucket.landing_bucket",
            "module.s3.aws_s3_bucket.raw_bucket",
            "module.s3.aws_s3_bucket.trusted_bucket",
            "module.s3.aws_s3_bucket.workspace_bucket",
            "module.s3.aws_s3_bucket_lifecycle_configuration.bucket-config",
            "module.s3.aws_s3_bucket_lifecycle_configuration.business-bucket-config",
            "module.s3.aws_s3_bucket_lifecycle_configuration.landing-bucket-config",
            "module.s3.aws_s3_bucket_lifecycle_configuration.raw-bucket-config",
            "module.s3.aws_s3_bucket_lifecycle_configuration.trusted-bucket-config",
            "module.s3.aws_s3_bucket_public_access_block.business_bucket_public_access_block",
            "module.s3.aws_s3_bucket_public_access_block.landing_bucket_public_access_block",
            "module.s3.aws_s3_bucket_public_access_block.raw_bucket_public_access_block",
            "module.s3.aws_s3_bucket_public_access_block.trusted_bucket_public_access_block",
            "module.s3.aws_s3_bucket_public_access_block.workspace_bucket",
            "module.s3.aws_s3_bucket_server_side_encryption_configuration.workspace_bucket",
            "module.s3.data.aws_caller_identity.current"
          ]
        }
      ]
    },
    {
      "module": "module.lakeformation",
      "mode": "managed",
      "type": "aws_iam_policy",
      "name": "lf_user_pass_role_policy",
      "provider": "provider[\"registry.terraform.io/hashicorp/aws\"]",
      "instances": [
        {
          "schema_version": 0,
          "attributes": {
            "arn": "arn:aws:iam::331504768406:policy/LFUserPassRole",
            "attachment_count": 1,
            "description": "Policy to allow datalake-admin to pass roles",
            "id": "arn:aws:iam::331504768406:policy/LFUserPassRole",
            "name": "LFUserPassRole",
            "name_prefix": "",
            "path": "/",
            "policy": "{\"Statement\":[{\"Action\":\"iam:PassRole\",\"Effect\":\"Allow\",\"Resource\":[\"arn:aws:iam::331504768406:role/aws-service-role/lakeformation.amazonaws.com/AWSServiceRoleForLakeFormationDataAccess\",\"arn:aws:iam::331504768406:role/LFWorkflowRole\"]}],\"Version\":\"2012-10-17\"}",
            "policy_id": "ANPAU2LZZKWLNKPRNT6UB",
            "tags": {},
            "tags_all": {}
          },
          "sensitive_attributes": [],
          "private": "bnVsbA==",
          "dependencies": [
            "data.aws_caller_identity.current",
            "module.iam.aws_iam_policy.datalake_policy",
            "module.iam.aws_iam_role.datalake_role",
            "module.iam.data.aws_caller_identity.current",
            "module.lakeformation.aws_iam_role.lakeformation_workflow_role",
            "module.lakeformation.data.aws_caller_identity.current",
            "module.s3.aws_s3_bucket.business_bucket",
            "module.s3.aws_s3_bucket.landing_bucket",
            "module.s3.aws_s3_bucket.raw_bucket",
            "module.s3.aws_s3_bucket.trusted_bucket",
            "module.s3.aws_s3_bucket.workspace_bucket",
            "module.s3.aws_s3_bucket_lifecycle_configuration.bucket-config",
            "module.s3.aws_s3_bucket_lifecycle_configuration.business-bucket-config",
            "module.s3.aws_s3_bucket_lifecycle_configuration.landing-bucket-config",
            "module.s3.aws_s3_bucket_lifecycle_configuration.raw-bucket-config",
            "module.s3.aws_s3_bucket_lifecycle_configuration.trusted-bucket-config",
            "module.s3.aws_s3_bucket_public_access_block.business_bucket_public_access_block",
            "module.s3.aws_s3_bucket_public_access_block.landing_bucket_public_access_block",
            "module.s3.aws_s3_bucket_public_access_block.raw_bucket_public_access_block",
            "module.s3.aws_s3_bucket_public_access_block.trusted_bucket_public_access_block",
            "module.s3.aws_s3_bucket_public_access_block.workspace_bucket",
            "module.s3.aws_s3_bucket_server_side_encryption_configuration.workspace_bucket",
            "module.s3.data.aws_caller_identity.current"
          ]
        }
      ]
    },
    {
      "module": "module.lakeformation",
      "mode": "managed",
      "type": "aws_iam_policy",
      "name": "lf_workflow_pass_role_policy",
      "provider": "provider[\"registry.terraform.io/hashicorp/aws\"]",
      "instances": [
        {
          "schema_version": 0,
          "attributes": {
            "arn": "arn:aws:iam::331504768406:policy/LFWorkflowSelfPassRole",
            "attachment_count": 1,
            "description": "Policy to allow LFWorkflowRole to pass itself",
            "id": "arn:aws:iam::331504768406:policy/LFWorkflowSelfPassRole",
            "name": "LFWorkflowSelfPassRole",
            "name_prefix": "",
            "path": "/",
            "policy": "{\"Statement\":[{\"Action\":\"iam:PassRole\",\"Effect\":\"Allow\",\"Resource\":\"arn:aws:iam::331504768406:role/LFWorkflowRole\"}],\"Version\":\"2012-10-17\"}",
            "policy_id": "ANPAU2LZZKWLJ2OXBUYE3",
            "tags": {},
            "tags_all": {}
          },
          "sensitive_attributes": [],
          "private": "bnVsbA==",
          "dependencies": [
            "data.aws_caller_identity.current",
            "module.iam.aws_iam_policy.datalake_policy",
            "module.iam.aws_iam_role.datalake_role",
            "module.iam.data.aws_caller_identity.current",
            "module.lakeformation.aws_iam_role.lakeformation_workflow_role",
            "module.s3.aws_s3_bucket.business_bucket",
            "module.s3.aws_s3_bucket.landing_bucket",
            "module.s3.aws_s3_bucket.raw_bucket",
            "module.s3.aws_s3_bucket.trusted_bucket",
            "module.s3.aws_s3_bucket.workspace_bucket",
            "module.s3.aws_s3_bucket_lifecycle_configuration.bucket-config",
            "module.s3.aws_s3_bucket_lifecycle_configuration.business-bucket-config",
            "module.s3.aws_s3_bucket_lifecycle_configuration.landing-bucket-config",
            "module.s3.aws_s3_bucket_lifecycle_configuration.raw-bucket-config",
            "module.s3.aws_s3_bucket_lifecycle_configuration.trusted-bucket-config",
            "module.s3.aws_s3_bucket_public_access_block.business_bucket_public_access_block",
            "module.s3.aws_s3_bucket_public_access_block.landing_bucket_public_access_block",
            "module.s3.aws_s3_bucket_public_access_block.raw_bucket_public_access_block",
            "module.s3.aws_s3_bucket_public_access_block.trusted_bucket_public_access_block",
            "module.s3.aws_s3_bucket_public_access_block.workspace_bucket",
            "module.s3.aws_s3_bucket_server_side_encryption_configuration.workspace_bucket",
            "module.s3.data.aws_caller_identity.current"
          ]
        }
      ]
    },
    {
      "module": "module.lakeformation",
      "mode": "managed",
      "type": "aws_iam_role",
      "name": "datalake_admins_lf_role",
      "provider": "provider[\"registry.terraform.io/hashicorp/aws\"]",
      "instances": [
        {
          "schema_version": 0,
          "attributes": {
            "arn": "arn:aws:iam::331504768406:role/datalake-admins-lf-role",
            "assume_role_policy": "{\"Statement\":[{\"Action\":\"sts:AssumeRole\",\"Effect\":\"Allow\",\"Principal\":{\"AWS\":\"arn:aws:iam::331504768406:root\"}}],\"Version\":\"2012-10-17\"}",
            "create_date": "2026-02-08T21:12:12Z",
            "description": "Role para administradores do Data Lake (Lake Formation principal)",
            "force_detach_policies": false,
            "id": "datalake-admins-lf-role",
            "inline_policy": [
              {
                "name": "AdminLakeFormationPolicy",
                "policy": "{\"Version\":\"2012-10-17\",\"Statement\":[{\"Action\":[\"lakeformation:*\",\"glue:*\",\"s3:*\",\"ec2:DescribeVpcs\",\"ec2:DescribeSubnets\",\"ec2:DescribeSecurityGroups\",\"ec2:DescribeNetworkInterfaces\",\"iam:ListUsers\",\"iam:ListRoles\",\"iam:ListGroups\",\"iam:GetRole\",\"iam:GetUser\",\"iam:GetGroup\",\"cloudtrail:LookupEvents\"],\"Effect\":\"Allow\",\"Resource\":\"*\"},{\"Action\":[\"iam:GetRole\",\"iam:GetRolePolicy\",\"iam:CreateRole\",\"iam:DeleteRole\",\"iam:UpdateRole\",\"iam:AttachRolePolicy\",\"iam:DetachRolePolicy\",\"iam:ListAttachedRolePolicies\",\"iam:ListRolePolicies\",\"iam:PutRolePolicy\",\"iam:DeleteRolePolicy\",\"iam:GetPolicy\",\"iam:GetPolicyVersion\",\"iam:CreatePolicy\",\"iam:DeletePolicy\",\"iam:CreatePolicyVersion\",\"iam:DeletePolicyVersion\",\"iam:ListPolicyVersions\",\"iam:UpdateAssumeRolePolicy\"],\"Effect\":\"Allow\",\"Resource\":[\"arn:aws:iam::331504768406:role/role-datalake-analytics\",\"arn:aws:iam::331504768406:policy/datalake-policy\"]},{\"Action\":[\"iam:GetGroup\",\"iam:CreateGroup\",\"iam:DeleteGroup\",\"iam:GetGroupPolicy\",\"iam:PutGroupPolicy\",\"iam:DeleteGroupPolicy\",\"iam:AttachGroupPolicy\",\"iam:DetachGroupPolicy\",\"iam:ListAttachedGroupPolicies\"],\"Effect\":\"Allow\",\"Resource\":[\"arn:aws:iam::331504768406:group/datalake-admins\",\"arn:aws:iam::331504768406:group/datalake-users-internal\",\"arn:aws:iam::331504768406:group/datalake-users-external\"]},{\"Action\":[\"iam:GetUser\",\"iam:CreateUser\",\"iam:DeleteUser\",\"iam:GetLoginProfile\",\"iam:CreateLoginProfile\",\"iam:UpdateLoginProfile\",\"iam:DeleteLoginProfile\"],\"Effect\":\"Allow\",\"Resource\":[\"arn:aws:iam::331504768406:user/datalake-admin\",\"arn:aws:iam::331504768406:user/datalake-user-01\"]},{\"Action\":[\"iam:AddUserToGroup\",\"iam:RemoveUserFromGroup\"],\"Effect\":\"Allow\",\"Resource\":\"*\"},{\"Action\":[\"iam:GetRole\",\"iam:GetRolePolicy\",\"iam:CreateRole\",\"iam:DeleteRole\",\"iam:UpdateRole\",\"iam:AttachRolePolicy\",\"iam:DetachRolePolicy\",\"iam:ListAttachedRolePolicies\",\"iam:ListRolePolicies\",\"iam:PutRolePolicy\",\"iam:DeleteRolePolicy\"],\"Effect\":\"Allow\",\"Resource\":[\"arn:aws:iam::331504768406:role/datalake-admins-lf-role\",\"arn:aws:iam::331504768406:role/datalake-users-internal-lf-role\",\"arn:aws:iam::331504768406:role/datalake-users-external-lf-role\",\"arn:aws:iam::331504768406:role/LFWorkflowRole\"]},{\"Action\":[\"iam:GetPolicy\",\"iam:GetPolicyVersion\",\"iam:CreatePolicy\",\"iam:DeletePolicy\",\"iam:CreatePolicyVersion\",\"iam:DeletePolicyVersion\",\"iam:ListPolicyVersions\"],\"Effect\":\"Allow\",\"Resource\":[\"arn:aws:iam::331504768406:policy/LFWorkflowSelfPassRole\",\"arn:aws:iam::331504768406:policy/LFUserPassRole\",\"arn:aws:iam::331504768406:policy/LFRamAccess\",\"arn:aws:iam::331504768406:policy/LFGovernedTablePolicy\"]},{\"Action\":[\"iam:GetRole\",\"iam:GetRolePolicy\",\"iam:PutRolePolicy\",\"iam:AttachRolePolicy\",\"iam:DetachRolePolicy\",\"iam:ListAttachedRolePolicies\",\"iam:ListRolePolicies\",\"iam:PutRolePolicy\",\"iam:DeleteRolePolicy\"],\"Effect\":\"Allow\",\"Resource\":\"arn:aws:iam::331504768406:role/aws-service-role/lakeformation.amazonaws.com/AWSServiceRoleForLakeFormationDataAccess\"}]}"
              }
            ],
            "managed_policy_arns": [
              "arn:aws:iam::aws:policy/AmazonAthenaFullAccess"
            ],
            "max_session_duration": 3600,
            "name": "datalake-admins-lf-role",
            "name_prefix": "",
            "path": "/",
            "permissions_boundary": "",
            "tags": {},
            "tags_all": {},
            "unique_id": "AROAU2LZZKWLCLJMYVKM2"
          },
          "sensitive_attributes": [],
          "private": "bnVsbA==",
          "dependencies": [
            "data.aws_caller_identity.current",
            "module.iam.aws_iam_policy.datalake_policy",
            "module.iam.aws_iam_role.datalake_role",
            "module.iam.data.aws_caller_identity.current",
            "module.lakeformation.data.aws_caller_identity.current",
            "module.s3.aws_s3_bucket.business_bucket",
            "module.s3.aws_s3_bucket.landing_bucket",
            "module.s3.aws_s3_bucket.raw_bucket",
            "module.s3.aws_s3_bucket.trusted_bucket",
            "module.s3.aws_s3_bucket.workspace_bucket",
            "module.s3.aws_s3_bucket_lifecycle_configuration.bucket-config",
            "module.s3.aws_s3_bucket_lifecycle_configuration.business-bucket-config",
            "module.s3.aws_s3_bucket_lifecycle_configuration.landing-bucket-config",
            "module.s3.aws_s3_bucket_lifecycle_configuration.raw-bucket-config",
            "module.s3.aws_s3_bucket_lifecycle_configuration.trusted-bucket-config",
            "module.s3.aws_s3_bucket_public_access_block.business_bucket_public_access_block",
            "module.s3.aws_s3_bucket_public_access_block.landing_bucket_public_access_block",
            "module.s3.aws_s3_bucket_public_access_block.raw_bucket_public_access_block",
            "module.s3.aws_s3_bucket_public_access_block.trusted_bucket_public_access_block",
            "module.s3.aws_s3_bucket_public_access_block.workspace_bucket",
            "module.s3.aws_s3_bucket_server_side_encryption_configuration.workspace_bucket",
            "module.s3.data.aws_caller_identity.current"
          ]
        }
      ]
    },
    {
      "module": "module.lakeformation",
      "mode": "managed",
      "type": "aws_iam_role",
      "name": "datalake_users_external_lf_role",
      "provider": "provider[\"registry.terraform.io/hashicorp/aws\"]",
      "instances": [
        {
          "schema_version": 0,
          "attributes": {
            "arn": "arn:aws:iam::331504768406:role/datalake-users-external-lf-role",
            "assume_role_policy": "{\"Statement\":[{\"Action\":\"sts:AssumeRole\",\"Effect\":\"Allow\",\"Principal\":{\"AWS\":\"arn:aws:iam::331504768406:root\"}}],\"Version\":\"2012-10-17\"}",
            "create_date": "2026-02-08T21:12:12Z",
            "description": "Role para usuários externos do Data Lake (Lake Formation principal)",
            "force_detach_policies": false,
            "id": "datalake-users-external-lf-role",
            "inline_policy": [
              {
                "name": "ExternalUserLakeFormationPolicy",
                "policy": "{\"Version\":\"2012-10-17\",\"Statement\":[{\"Action\":[\"lakeformation:GetDataAccess\",\"lakeformation:GetResourceLFTags\",\"lakeformation:ListLFTags\",\"glue:GetDatabase\",\"glue:GetDatabases\",\"glue:GetTable\",\"glue:GetTables\",\"glue:GetTableVersions\",\"glue:SearchTables\",\"glue:GetPartitions\",\"s3:GetObject\",\"s3:ListBucket\"],\"Effect\":\"Allow\",\"Resource\":\"*\"}]}"
              }
            ],
            "managed_policy_arns": [],
            "max_session_duration": 3600,
            "name": "datalake-users-external-lf-role",
            "name_prefix": "",
            "path": "/",
            "permissions_boundary": "",
            "tags": {},
            "tags_all": {},
            "unique_id": "AROAU2LZZKWLJJJHBGHID"
          },
          "sensitive_attributes": [],
          "private": "bnVsbA==",
          "dependencies": [
            "data.aws_caller_identity.current",
            "module.iam.aws_iam_policy.datalake_policy",
            "module.iam.aws_iam_role.datalake_role",
            "module.iam.data.aws_caller_identity.current",
            "module.lakeformation.data.aws_caller_identity.current",
            "module.s3.aws_s3_bucket.business_bucket",
            "module.s3.aws_s3_bucket.landing_bucket",
            "module.s3.aws_s3_bucket.raw_bucket",
            "module.s3.aws_s3_bucket.trusted_bucket",
            "module.s3.aws_s3_bucket.workspace_bucket",
            "module.s3.aws_s3_bucket_lifecycle_configuration.bucket-config",
            "module.s3.aws_s3_bucket_lifecycle_configuration.business-bucket-config",
            "module.s3.aws_s3_bucket_lifecycle_configuration.landing-bucket-config",
            "module.s3.aws_s3_bucket_lifecycle_configuration.raw-bucket-config",
            "module.s3.aws_s3_bucket_lifecycle_configuration.trusted-bucket-config",
            "module.s3.aws_s3_bucket_public_access_block.business_bucket_public_access_block",
            "module.s3.aws_s3_bucket_public_access_block.landing_bucket_public_access_block",
            "module.s3.aws_s3_bucket_public_access_block.raw_bucket_public_access_block",
            "module.s3.aws_s3_bucket_public_access_block.trusted_bucket_public_access_block",
            "module.s3.aws_s3_bucket_public_access_block.workspace_bucket",
            "module.s3.aws_s3_bucket_server_side_encryption_configuration.workspace_bucket",
            "module.s3.data.aws_caller_identity.current"
          ]
        }
      ]
    },
    {
      "module": "module.lakeformation",
      "mode": "managed",
      "type": "aws_iam_role",
      "name": "datalake_users_internal_lf_role",
      "provider": "provider[\"registry.terraform.io/hashicorp/aws\"]",
      "instances": [
        {
          "schema_version": 0,
          "attributes": {
            "arn": "arn:aws:iam::331504768406:role/datalake-users-internal-lf-role",
            "assume_role_policy": "{\"Statement\":[{\"Action\":\"sts:AssumeRole\",\"Effect\":\"Allow\",\"Principal\":{\"AWS\":\"arn:aws:iam::331504768406:root\"}}],\"Version\":\"2012-10-17\"}",
            "create_date": "2026-02-08T21:12:12Z",
            "description": "Role para usuários internos do Data Lake (Lake Formation principal)",
            "force_detach_policies": false,
            "id": "datalake-users-internal-lf-role",
            "inline_policy": [
              {
                "name": "InternalUserLakeFormationPolicy",
                "policy": "{\"Version\":\"2012-10-17\",\"Statement\":[{\"Action\":[\"lakeformation:GetDataAccess\",\"lakeformation:GetResourceLFTags\",\"lakeformation:ListLFTags\",\"lakeformation:GetLFTag\",\"lakeformation:SearchTablesByLFTag\",\"lakeformation:SearchDatabasesByLFTags\",\"glue:GetDatabase\",\"glue:GetDatabases\",\"glue:GetTable\",\"glue:GetTables\",\"glue:GetTableVersions\",\"glue:SearchTables\",\"glue:GetPartitions\",\"s3:GetObject\",\"s3:ListBucket\"],\"Effect\":\"Allow\",\"Resource\":\"*\"}]}"
              }
            ],
            "managed_policy_arns": [],
            "max_session_duration": 3600,
            "name": "datalake-users-internal-lf-role",
            "name_prefix": "",
            "path": "/",
            "permissions_boundary": "",
            "tags": {},
            "tags_all": {},
            "unique_id": "AROAU2LZZKWLDCKVYIRMU"
          },
          "sensitive_attributes": [],
          "private": "bnVsbA==",
          "dependencies": [
            "data.aws_caller_identity.current",
            "module.iam.aws_iam_policy.datalake_policy",
            "module.iam.aws_iam_role.datalake_role",
            "module.iam.data.aws_caller_identity.current",
            "module.lakeformation.data.aws_caller_identity.current",
            "module.s3.aws_s3_bucket.business_bucket",
            "module.s3.aws_s3_bucket.landing_bucket",
            "module.s3.aws_s3_bucket.raw_bucket",
            "module.s3.aws_s3_bucket.trusted_bucket",
            "module.s3.aws_s3_bucket.workspace_bucket",
            "module.s3.aws_s3_bucket_lifecycle_configuration.bucket-config",
            "module.s3.aws_s3_bucket_lifecycle_configuration.business-bucket-config",
            "module.s3.aws_s3_bucket_lifecycle_configuration.landing-bucket-config",
            "module.s3.aws_s3_bucket_lifecycle_configuration.raw-bucket-config",
            "module.s3.aws_s3_bucket_lifecycle_configuration.trusted-bucket-config",
            "module.s3.aws_s3_bucket_public_access_block.business_bucket_public_access_block",
            "module.s3.aws_s3_bucket_public_access_block.landing_bucket_public_access_block",
            "module.s3.aws_s3_bucket_public_access_block.raw_bucket_public_access_block",
            "module.s3.aws_s3_bucket_public_access_block.trusted_bucket_public_access_block",
            "module.s3.aws_s3_bucket_public_access_block.workspace_bucket",
            "module.s3.aws_s3_bucket_server_side_encryption_configuration.workspace_bucket",
            "module.s3.data.aws_caller_identity.current"
          ]
        }
      ]
    },
    {
      "module": "module.lakeformation",
      "mode": "managed",
      "type": "aws_iam_role",
      "name": "lakeformation_workflow_role",
      "provider": "provider[\"registry.terraform.io/hashicorp/aws\"]",
      "instances": [
        {
          "schema_version": 0,
          "attributes": {
            "arn": "arn:aws:iam::331504768406:role/LFWorkflowRole",
            "assume_role_policy": "{\"Statement\":[{\"Action\":\"sts:AssumeRole\",\"Effect\":\"Allow\",\"Principal\":{\"Service\":\"lakeformation.amazonaws.com\"}}],\"Version\":\"2012-10-17\"}",
            "create_date": "2026-02-08T21:12:12Z",
            "description": "Permissions to use LF Workflow feature",
            "force_detach_policies": false,
            "id": "LFWorkflowRole",
            "inline_policy": [
              {
                "name": "LFWorkflowPermissions",
                "policy": "{\"Version\":\"2012-10-17\",\"Statement\":[{\"Action\":[\"lakeformation:GetDataAccess\",\"lakeformation:GrantPermissions\"],\"Effect\":\"Allow\",\"Resource\":\"*\"}]}"
              }
            ],
            "managed_policy_arns": [
              "arn:aws:iam::331504768406:policy/LFWorkflowSelfPassRole",
              "arn:aws:iam::aws:policy/service-role/AWSGlueServiceRole"
            ],
            "max_session_duration": 3600,
            "name": "LFWorkflowRole",
            "name_prefix": "",
            "path": "/",
            "permissions_boundary": "",
            "tags": {},
            "tags_all": {},
            "unique_id": "AROAU2LZZKWLDW4547UKN"
          },
          "sensitive_attributes": [],
          "private": "bnVsbA==",
          "dependencies": [
            "data.aws_caller_identity.current",
            "module.iam.aws_iam_policy.datalake_policy",
            "module.iam.aws_iam_role.datalake_role",
            "module.iam.data.aws_caller_identity.current",
            "module.s3.aws_s3_bucket.business_bucket",
            "module.s3.aws_s3_bucket.landing_bucket",
            "module.s3.aws_s3_bucket.raw_bucket",
            "module.s3.aws_s3_bucket.trusted_bucket",
            "module.s3.aws_s3_bucket.workspace_bucket",
            "module.s3.aws_s3_bucket_lifecycle_configuration.bucket-config",
            "module.s3.aws_s3_bucket_lifecycle_configuration.business-bucket-config",
            "module.s3.aws_s3_bucket_lifecycle_configuration.landing-bucket-config",
            "module.s3.aws_s3_bucket_lifecycle_configuration.raw-bucket-config",
            "module.s3.aws_s3_bucket_lifecycle_configuration.trusted-bucket-config",
            "module.s3.aws_s3_bucket_public_access_block.business_bucket_public_access_block",
            "module.s3.aws_s3_bucket_public_access_block.landing_bucket_public_access_block",
            "module.s3.aws_s3_bucket_public_access_block.raw_bucket_public_access_block",
            "module.s3.aws_s3_bucket_public_access_block.trusted_bucket_public_access_block",
            "module.s3.aws_s3_bucket_public_access_block.workspace_bucket",
            "module.s3.aws_s3_bucket_server_side_encryption_configuration.workspace_bucket",
            "module.s3.data.aws_caller_identity.current"
          ]
        }
      ]
    },
    {
      "module": "module.lakeformation",
      "mode": "managed",
      "type": "aws_iam_role_policy",
      "name": "datalake_admins_lf_inline_policy",
      "provider": "provider[\"registry.terraform.io/hashicorp/aws\"]",
      "instances": [
        {
          "schema_version": 0,
          "attributes": {
            "id": "datalake-admins-lf-role:AdminLakeFormationPolicy",
            "name": "AdminLakeFormationPolicy",
            "name_prefix": "",
            "policy": "{\"Version\":\"2012-10-17\",\"Statement\":[{\"Action\":[\"lakeformation:*\",\"glue:*\",\"s3:*\",\"ec2:DescribeVpcs\",\"ec2:DescribeSubnets\",\"ec2:DescribeSecurityGroups\",\"ec2:DescribeNetworkInterfaces\",\"iam:ListUsers\",\"iam:ListRoles\",\"iam:ListGroups\",\"iam:GetRole\",\"iam:GetUser\",\"iam:GetGroup\",\"cloudtrail:LookupEvents\"],\"Effect\":\"Allow\",\"Resource\":\"*\"},{\"Action\":[\"iam:GetRole\",\"iam:GetRolePolicy\",\"iam:CreateRole\",\"iam:DeleteRole\",\"iam:UpdateRole\",\"iam:AttachRolePolicy\",\"iam:DetachRolePolicy\",\"iam:ListAttachedRolePolicies\",\"iam:ListRolePolicies\",\"iam:PutRolePolicy\",\"iam:DeleteRolePolicy\",\"iam:GetPolicy\",\"iam:GetPolicyVersion\",\"iam:CreatePolicy\",\"iam:DeletePolicy\",\"iam:CreatePolicyVersion\",\"iam:DeletePolicyVersion\",\"iam:ListPolicyVersions\",\"iam:UpdateAssumeRolePolicy\"],\"Effect\":\"Allow\",\"Resource\":[\"arn:aws:iam::331504768406:role/role-datalake-analytics\",\"arn:aws:iam::331504768406:policy/datalake-policy\"]},{\"Action\":[\"iam:GetGroup\",\"iam:CreateGroup\",\"iam:DeleteGroup\",\"iam:GetGroupPolicy\",\"iam:PutGroupPolicy\",\"iam:DeleteGroupPolicy\",\"iam:AttachGroupPolicy\",\"iam:DetachGroupPolicy\",\"iam:ListAttachedGroupPolicies\"],\"Effect\":\"Allow\",\"Resource\":[\"arn:aws:iam::331504768406:group/datalake-admins\",\"arn:aws:iam::331504768406:group/datalake-users-internal\",\"arn:aws:iam::331504768406:group/datalake-users-external\"]},{\"Action\":[\"iam:GetUser\",\"iam:CreateUser\",\"iam:DeleteUser\",\"iam:GetLoginProfile\",\"iam:CreateLoginProfile\",\"iam:UpdateLoginProfile\",\"iam:DeleteLoginProfile\"],\"Effect\":\"Allow\",\"Resource\":[\"arn:aws:iam::331504768406:user/datalake-admin\",\"arn:aws:iam::331504768406:user/datalake-user-01\"]},{\"Action\":[\"iam:AddUserToGroup\",\"iam:RemoveUserFromGroup\"],\"Effect\":\"Allow\",\"Resource\":\"*\"},{\"Action\":[\"iam:GetRole\",\"iam:GetRolePolicy\",\"iam:CreateRole\",\"iam:DeleteRole\",\"iam:UpdateRole\",\"iam:AttachRolePolicy\",\"iam:DetachRolePolicy\",\"iam:ListAttachedRolePolicies\",\"iam:ListRolePolicies\",\"iam:PutRolePolicy\",\"iam:DeleteRolePolicy\"],\"Effect\":\"Allow\",\"Resource\":[\"arn:aws:iam::331504768406:role/datalake-admins-lf-role\",\"arn:aws:iam::331504768406:role/datalake-users-internal-lf-role\",\"arn:aws:iam::331504768406:role/datalake-users-external-lf-role\",\"arn:aws:iam::331504768406:role/LFWorkflowRole\"]},{\"Action\":[\"iam:GetPolicy\",\"iam:GetPolicyVersion\",\"iam:CreatePolicy\",\"iam:DeletePolicy\",\"iam:CreatePolicyVersion\",\"iam:DeletePolicyVersion\",\"iam:ListPolicyVersions\"],\"Effect\":\"Allow\",\"Resource\":[\"arn:aws:iam::331504768406:policy/LFWorkflowSelfPassRole\",\"arn:aws:iam::331504768406:policy/LFUserPassRole\",\"arn:aws:iam::331504768406:policy/LFRamAccess\",\"arn:aws:iam::331504768406:policy/LFGovernedTablePolicy\"]},{\"Action\":[\"iam:GetRole\",\"iam:GetRolePolicy\",\"iam:PutRolePolicy\",\"iam:AttachRolePolicy\",\"iam:DetachRolePolicy\",\"iam:ListAttachedRolePolicies\",\"iam:ListRolePolicies\",\"iam:PutRolePolicy\",\"iam:DeleteRolePolicy\",\"iam:GetRole\",\"iam:UpdateAssumeRolePolicy\",\"iam:CreateServiceLinkedRole\",\"iam:PassRole\"],\"Effect\":\"Allow\",\"Resource\":\"arn:aws:iam::331504768406:role/aws-service-role/lakeformation.amazonaws.com/AWSServiceRoleForLakeFormationDataAccess\"}]}",
            "role": "datalake-admins-lf-role"
          },
          "sensitive_attributes": [],
          "private": "bnVsbA==",
          "dependencies": [
            "data.aws_caller_identity.current",
            "module.iam.aws_iam_policy.datalake_policy",
            "module.iam.aws_iam_role.datalake_role",
            "module.iam.data.aws_caller_identity.current",
            "module.lakeformation.aws_iam_group.datalake_admins",
            "module.lakeformation.aws_iam_group.datalake_users_external",
            "module.lakeformation.aws_iam_group.datalake_users_internal",
            "module.lakeformation.aws_iam_policy.lf_governed_table_policy",
            "module.lakeformation.aws_iam_policy.lf_ram_access_policy",
            "module.lakeformation.aws_iam_policy.lf_user_pass_role_policy",
            "module.lakeformation.aws_iam_policy.lf_workflow_pass_role_policy",
            "module.lakeformation.aws_iam_role.datalake_admins_lf_role",
            "module.lakeformation.aws_iam_role.datalake_users_external_lf_role",
            "module.lakeformation.aws_iam_role.datalake_users_internal_lf_role",
            "module.lakeformation.aws_iam_role.lakeformation_workflow_role",
            "module.lakeformation.aws_iam_user.datalake_admin",
            "module.lakeformation.aws_iam_user.datalake_user1",
            "module.lakeformation.data.aws_caller_identity.current",
            "module.s3.aws_s3_bucket.business_bucket",
            "module.s3.aws_s3_bucket.landing_bucket",
            "module.s3.aws_s3_bucket.raw_bucket",
            "module.s3.aws_s3_bucket.trusted_bucket",
            "module.s3.aws_s3_bucket.workspace_bucket",
            "module.s3.aws_s3_bucket_lifecycle_configuration.bucket-config",
            "module.s3.aws_s3_bucket_lifecycle_configuration.business-bucket-config",
            "module.s3.aws_s3_bucket_lifecycle_configuration.landing-bucket-config",
            "module.s3.aws_s3_bucket_lifecycle_configuration.raw-bucket-config",
            "module.s3.aws_s3_bucket_lifecycle_configuration.trusted-bucket-config",
            "module.s3.aws_s3_bucket_public_access_block.business_bucket_public_access_block",
            "module.s3.aws_s3_bucket_public_access_block.landing_bucket_public_access_block",
            "module.s3.aws_s3_bucket_public_access_block.raw_bucket_public_access_block",
            "module.s3.aws_s3_bucket_public_access_block.trusted_bucket_public_access_block",
            "module.s3.aws_s3_bucket_public_access_block.workspace_bucket",
            "module.s3.aws_s3_bucket_server_side_encryption_configuration.workspace_bucket",
            "module.s3.data.aws_caller_identity.current"
          ]
        }
      ]
    },
    {
      "module": "module.lakeformation",
      "mode": "managed",
      "type": "aws_iam_role_policy",
      "name": "datalake_users_external_lf_inline_policy",
      "provider": "provider[\"registry.terraform.io/hashicorp/aws\"]",
      "instances": [
        {
          "schema_version": 0,
          "attributes": {
            "id": "datalake-users-external-lf-role:ExternalUserLakeFormationPolicy",
            "name": "ExternalUserLakeFormationPolicy",
            "name_prefix": "",
            "policy": "{\"Version\":\"2012-10-17\",\"Statement\":[{\"Action\":[\"lakeformation:GetDataAccess\",\"lakeformation:GetResourceLFTags\",\"lakeformation:ListLFTags\",\"glue:GetDatabase\",\"glue:GetDatabases\",\"glue:GetTable\",\"glue:GetTables\",\"glue:GetTableVersions\",\"glue:SearchTables\",\"glue:GetPartitions\",\"s3:GetObject\",\"s3:ListBucket\"],\"Effect\":\"Allow\",\"Resource\":\"*\"}]}",
            "role": "datalake-users-external-lf-role"
          },
          "sensitive_attributes": [],
          "private": "bnVsbA==",
          "dependencies": [
            "data.aws_caller_identity.current",
            "module.iam.aws_iam_policy.datalake_policy",
            "module.iam.aws_iam_role.datalake_role",
            "module.iam.data.aws_caller_identity.current",
            "module.lakeformation.aws_iam_role.datalake_users_external_lf_role",
            "module.lakeformation.data.aws_caller_identity.current",
            "module.s3.aws_s3_bucket.business_bucket",
            "module.s3.aws_s3_bucket.landing_bucket",
            "module.s3.aws_s3_bucket.raw_bucket",
            "module.s3.aws_s3_bucket.trusted_bucket",
            "module.s3.aws_s3_bucket.workspace_bucket",
            "module.s3.aws_s3_bucket_lifecycle_configuration.bucket-config",
            "module.s3.aws_s3_bucket_lifecycle_configuration.business-bucket-config",
            "module.s3.aws_s3_bucket_lifecycle_configuration.landing-bucket-config",
            "module.s3.aws_s3_bucket_lifecycle_configuration.raw-bucket-config",
            "module.s3.aws_s3_bucket_lifecycle_configuration.trusted-bucket-config",
            "module.s3.aws_s3_bucket_public_access_block.business_bucket_public_access_block",
            "module.s3.aws_s3_bucket_public_access_block.landing_bucket_public_access_block",
            "module.s3.aws_s3_bucket_public_access_block.raw_bucket_public_access_block",
            "module.s3.aws_s3_bucket_public_access_block.trusted_bucket_public_access_block",
            "module.s3.aws_s3_bucket_public_access_block.workspace_bucket",
            "module.s3.aws_s3_bucket_server_side_encryption_configuration.workspace_bucket",
            "module.s3.data.aws_caller_identity.current"
          ]
        }
      ]
    },
    {
      "module": "module.lakeformation",
      "mode": "managed",
      "type": "aws_iam_role_policy",
      "name": "datalake_users_internal_lf_inline_policy",
      "provider": "provider[\"registry.terraform.io/hashicorp/aws\"]",
      "instances": [
        {
          "schema_version": 0,
          "attributes": {
            "id": "datalake-users-internal-lf-role:InternalUserLakeFormationPolicy",
            "name": "InternalUserLakeFormationPolicy",
            "name_prefix": "",
            "policy": "{\"Version\":\"2012-10-17\",\"Statement\":[{\"Action\":[\"lakeformation:GetDataAccess\",\"lakeformation:GetResourceLFTags\",\"lakeformation:ListLFTags\",\"lakeformation:GetLFTag\",\"lakeformation:SearchTablesByLFTag\",\"lakeformation:SearchDatabasesByLFTags\",\"glue:GetDatabase\",\"glue:GetDatabases\",\"glue:GetTable\",\"glue:GetTables\",\"glue:GetTableVersions\",\"glue:SearchTables\",\"glue:GetPartitions\",\"s3:GetObject\",\"s3:ListBucket\"],\"Effect\":\"Allow\",\"Resource\":\"*\"}]}",
            "role": "datalake-users-internal-lf-role"
          },
          "sensitive_attributes": [],
          "private": "bnVsbA==",
          "dependencies": [
            "data.aws_caller_identity.current",
            "module.iam.aws_iam_policy.datalake_policy",
            "module.iam.aws_iam_role.datalake_role",
            "module.iam.data.aws_caller_identity.current",
            "module.lakeformation.aws_iam_role.datalake_users_internal_lf_role",
            "module.lakeformation.data.aws_caller_identity.current",
            "module.s3.aws_s3_bucket.business_bucket",
            "module.s3.aws_s3_bucket.landing_bucket",
            "module.s3.aws_s3_bucket.raw_bucket",
            "module.s3.aws_s3_bucket.trusted_bucket",
            "module.s3.aws_s3_bucket.workspace_bucket",
            "module.s3.aws_s3_bucket_lifecycle_configuration.bucket-config",
            "module.s3.aws_s3_bucket_lifecycle_configuration.business-bucket-config",
            "module.s3.aws_s3_bucket_lifecycle_configuration.landing-bucket-config",
            "module.s3.aws_s3_bucket_lifecycle_configuration.raw-bucket-config",
            "module.s3.aws_s3_bucket_lifecycle_configuration.trusted-bucket-config",
            "module.s3.aws_s3_bucket_public_access_block.business_bucket_public_access_block",
            "module.s3.aws_s3_bucket_public_access_block.landing_bucket_public_access_block",
            "module.s3.aws_s3_bucket_public_access_block.raw_bucket_public_access_block",
            "module.s3.aws_s3_bucket_public_access_block.trusted_bucket_public_access_block",
            "module.s3.aws_s3_bucket_public_access_block.workspace_bucket",
            "module.s3.aws_s3_bucket_server_side_encryption_configuration.workspace_bucket",
            "module.s3.data.aws_caller_identity.current"
          ]
        }
      ]
    },
    {
      "module": "module.lakeformation",
      "mode": "managed",
      "type": "aws_iam_role_policy",
      "name": "lf_workflow_permissions",
      "provider": "provider[\"registry.terraform.io/hashicorp/aws\"]",
      "instances": [
        {
          "schema_version": 0,
          "attributes": {
            "id": "LFWorkflowRole:LFWorkflowPermissions",
            "name": "LFWorkflowPermissions",
            "name_prefix": "",
            "policy": "{\"Version\":\"2012-10-17\",\"Statement\":[{\"Action\":[\"lakeformation:GetDataAccess\",\"lakeformation:GrantPermissions\"],\"Effect\":\"Allow\",\"Resource\":\"*\"}]}",
            "role": "LFWorkflowRole"
          },
          "sensitive_attributes": [],
          "private": "bnVsbA==",
          "dependencies": [
            "data.aws_caller_identity.current",
            "module.iam.aws_iam_policy.datalake_policy",
            "module.iam.aws_iam_role.datalake_role",
            "module.iam.data.aws_caller_identity.current",
            "module.lakeformation.aws_iam_role.lakeformation_workflow_role",
            "module.s3.aws_s3_bucket.business_bucket",
            "module.s3.aws_s3_bucket.landing_bucket",
            "module.s3.aws_s3_bucket.raw_bucket",
            "module.s3.aws_s3_bucket.trusted_bucket",
            "module.s3.aws_s3_bucket.workspace_bucket",
            "module.s3.aws_s3_bucket_lifecycle_configuration.bucket-config",
            "module.s3.aws_s3_bucket_lifecycle_configuration.business-bucket-config",
            "module.s3.aws_s3_bucket_lifecycle_configuration.landing-bucket-config",
            "module.s3.aws_s3_bucket_lifecycle_configuration.raw-bucket-config",
            "module.s3.aws_s3_bucket_lifecycle_configuration.trusted-bucket-config",
            "module.s3.aws_s3_bucket_public_access_block.business_bucket_public_access_block",
            "module.s3.aws_s3_bucket_public_access_block.landing_bucket_public_access_block",
            "module.s3.aws_s3_bucket_public_access_block.raw_bucket_public_access_block",
            "module.s3.aws_s3_bucket_public_access_block.trusted_bucket_public_access_block",
            "module.s3.aws_s3_bucket_public_access_block.workspace_bucket",
            "module.s3.aws_s3_bucket_server_side_encryption_configuration.workspace_bucket",
            "module.s3.data.aws_caller_identity.current"
          ]
        }
      ]
    },
    {
      "module": "module.lakeformation",
      "mode": "managed",
      "type": "aws_iam_role_policy_attachment",
      "name": "datalake_admins_lf_athena",
      "provider": "provider[\"registry.terraform.io/hashicorp/aws\"]",
      "instances": [
        {
          "schema_version": 0,
          "attributes": {
            "id": "datalake-admins-lf-role-20260209030231040400000001",
            "policy_arn": "arn:aws:iam::aws:policy/AmazonAthenaFullAccess",
            "role": "datalake-admins-lf-role"
          },
          "sensitive_attributes": [],
          "private": "bnVsbA==",
          "dependencies": [
            "data.aws_caller_identity.current",
            "module.iam.aws_iam_policy.datalake_policy",
            "module.iam.aws_iam_role.datalake_role",
            "module.iam.data.aws_caller_identity.current",
            "module.lakeformation.aws_iam_role.datalake_admins_lf_role",
            "module.lakeformation.data.aws_caller_identity.current",
            "module.s3.aws_s3_bucket.business_bucket",
            "module.s3.aws_s3_bucket.landing_bucket",
            "module.s3.aws_s3_bucket.raw_bucket",
            "module.s3.aws_s3_bucket.trusted_bucket",
            "module.s3.aws_s3_bucket.workspace_bucket",
            "module.s3.aws_s3_bucket_lifecycle_configuration.bucket-config",
            "module.s3.aws_s3_bucket_lifecycle_configuration.business-bucket-config",
            "module.s3.aws_s3_bucket_lifecycle_configuration.landing-bucket-config",
            "module.s3.aws_s3_bucket_lifecycle_configuration.raw-bucket-config",
            "module.s3.aws_s3_bucket_lifecycle_configuration.trusted-bucket-config",
            "module.s3.aws_s3_bucket_public_access_block.business_bucket_public_access_block",
            "module.s3.aws_s3_bucket_public_access_block.landing_bucket_public_access_block",
            "module.s3.aws_s3_bucket_public_access_block.raw_bucket_public_access_block",
            "module.s3.aws_s3_bucket_public_access_block.trusted_bucket_public_access_block",
            "module.s3.aws_s3_bucket_public_access_block.workspace_bucket",
            "module.s3.aws_s3_bucket_server_side_encryption_configuration.workspace_bucket",
            "module.s3.data.aws_caller_identity.current"
          ]
        }
      ]
    },
    {
      "module": "module.lakeformation",
      "mode": "managed",
      "type": "aws_iam_role_policy_attachment",
      "name": "lakeformation_workflow_role_attachment",
      "provider": "provider[\"registry.terraform.io/hashicorp/aws\"]",
      "instances": [
        {
          "schema_version": 0,
          "attributes": {
            "id": "LFWorkflowRole-2026020821121422550000000a",
            "policy_arn": "arn:aws:iam::aws:policy/service-role/AWSGlueServiceRole",
            "role": "LFWorkflowRole"
          },
          "sensitive_attributes": [],
          "private": "bnVsbA==",
          "dependencies": [
            "data.aws_caller_identity.current",
            "module.iam.aws_iam_policy.datalake_policy",
            "module.iam.aws_iam_role.datalake_role",
            "module.iam.data.aws_caller_identity.current",
            "module.lakeformation.aws_iam_role.lakeformation_workflow_role",
            "module.s3.aws_s3_bucket.business_bucket",
            "module.s3.aws_s3_bucket.landing_bucket",
            "module.s3.aws_s3_bucket.raw_bucket",
            "module.s3.aws_s3_bucket.trusted_bucket",
            "module.s3.aws_s3_bucket.workspace_bucket",
            "module.s3.aws_s3_bucket_lifecycle_configuration.bucket-config",
            "module.s3.aws_s3_bucket_lifecycle_configuration.business-bucket-config",
            "module.s3.aws_s3_bucket_lifecycle_configuration.landing-bucket-config",
            "module.s3.aws_s3_bucket_lifecycle_configuration.raw-bucket-config",
            "module.s3.aws_s3_bucket_lifecycle_configuration.trusted-bucket-config",
            "module.s3.aws_s3_bucket_public_access_block.business_bucket_public_access_block",
            "module.s3.aws_s3_bucket_public_access_block.landing_bucket_public_access_block",
            "module.s3.aws_s3_bucket_public_access_block.raw_bucket_public_access_block",
            "module.s3.aws_s3_bucket_public_access_block.trusted_bucket_public_access_block",
            "module.s3.aws_s3_bucket_public_access_block.workspace_bucket",
            "module.s3.aws_s3_bucket_server_side_encryption_configuration.workspace_bucket",
            "module.s3.data.aws_caller_identity.current"
          ]
        }
      ]
    },
    {
      "module": "module.lakeformation",
      "mode": "managed",
      "type": "aws_iam_role_policy_attachment",
      "name": "lf_workflow_pass_role_policy_attachment",
      "provider": "provider[\"registry.terraform.io/hashicorp/aws\"]",
      "instances": [
        {
          "schema_version": 0,
          "attributes": {
            "id": "LFWorkflowRole-2026020821121485030000000c",
            "policy_arn": "arn:aws:iam::331504768406:policy/LFWorkflowSelfPassRole",
            "role": "LFWorkflowRole"
          },
          "sensitive_attributes": [],
          "private": "bnVsbA==",
          "dependencies": [
            "data.aws_caller_identity.current",
            "module.iam.aws_iam_policy.datalake_policy",
            "module.iam.aws_iam_role.datalake_role",
            "module.iam.data.aws_caller_identity.current",
            "module.lakeformation.aws_iam_policy.lf_workflow_pass_role_policy",
            "module.lakeformation.aws_iam_role.lakeformation_workflow_role",
            "module.s3.aws_s3_bucket.business_bucket",
            "module.s3.aws_s3_bucket.landing_bucket",
            "module.s3.aws_s3_bucket.raw_bucket",
            "module.s3.aws_s3_bucket.trusted_bucket",
            "module.s3.aws_s3_bucket.workspace_bucket",
            "module.s3.aws_s3_bucket_lifecycle_configuration.bucket-config",
            "module.s3.aws_s3_bucket_lifecycle_configuration.business-bucket-config",
            "module.s3.aws_s3_bucket_lifecycle_configuration.landing-bucket-config",
            "module.s3.aws_s3_bucket_lifecycle_configuration.raw-bucket-config",
            "module.s3.aws_s3_bucket_lifecycle_configuration.trusted-bucket-config",
            "module.s3.aws_s3_bucket_public_access_block.business_bucket_public_access_block",
            "module.s3.aws_s3_bucket_public_access_block.landing_bucket_public_access_block",
            "module.s3.aws_s3_bucket_public_access_block.raw_bucket_public_access_block",
            "module.s3.aws_s3_bucket_public_access_block.trusted_bucket_public_access_block",
            "module.s3.aws_s3_bucket_public_access_block.workspace_bucket",
            "module.s3.aws_s3_bucket_server_side_encryption_configuration.workspace_bucket",
            "module.s3.data.aws_caller_identity.current"
          ]
        }
      ]
    },
    {
      "module": "module.lakeformation",
      "mode": "managed",
      "type": "aws_iam_user",
      "name": "datalake_admin",
      "provider": "provider[\"registry.terraform.io/hashicorp/aws\"]",
      "instances": [
        {
          "schema_version": 0,
          "attributes": {
            "arn": "arn:aws:iam::331504768406:user/datalake-admin",
            "force_destroy": false,
            "id": "datalake-admin",
            "name": "datalake-admin",
            "path": "/",
            "permissions_boundary": "",
            "tags": {},
            "tags_all": {},
            "unique_id": "AIDAU2LZZKWLIOOKDQ2DP"
          },
          "sensitive_attributes": [],
          "private": "bnVsbA==",
          "dependencies": [
            "data.aws_caller_identity.current",
            "module.iam.aws_iam_policy.datalake_policy",
            "module.iam.aws_iam_role.datalake_role",
            "module.iam.data.aws_caller_identity.current",
            "module.s3.aws_s3_bucket.business_bucket",
            "module.s3.aws_s3_bucket.landing_bucket",
            "module.s3.aws_s3_bucket.raw_bucket",
            "module.s3.aws_s3_bucket.trusted_bucket",
            "module.s3.aws_s3_bucket.workspace_bucket",
            "module.s3.aws_s3_bucket_lifecycle_configuration.bucket-config",
            "module.s3.aws_s3_bucket_lifecycle_configuration.business-bucket-config",
            "module.s3.aws_s3_bucket_lifecycle_configuration.landing-bucket-config",
            "module.s3.aws_s3_bucket_lifecycle_configuration.raw-bucket-config",
            "module.s3.aws_s3_bucket_lifecycle_configuration.trusted-bucket-config",
            "module.s3.aws_s3_bucket_public_access_block.business_bucket_public_access_block",
            "module.s3.aws_s3_bucket_public_access_block.landing_bucket_public_access_block",
            "module.s3.aws_s3_bucket_public_access_block.raw_bucket_public_access_block",
            "module.s3.aws_s3_bucket_public_access_block.trusted_bucket_public_access_block",
            "module.s3.aws_s3_bucket_public_access_block.workspace_bucket",
            "module.s3.aws_s3_bucket_server_side_encryption_configuration.workspace_bucket",
            "module.s3.data.aws_caller_identity.current"
          ]
        }
      ]
    },
    {
      "module": "module.lakeformation",
      "mode": "managed",
      "type": "aws_iam_user",
      "name": "datalake_user1",
      "provider": "provider[\"registry.terraform.io/hashicorp/aws\"]",
      "instances": [
        {
          "schema_version": 0,
          "attributes": {
            "arn": "arn:aws:iam::331504768406:user/datalake-user-01",
            "force_destroy": false,
            "id": "datalake-user-01",
            "name": "datalake-user-01",
            "path": "/",
            "permissions_boundary": "",
            "tags": {},
            "tags_all": {},
            "unique_id": "AIDAU2LZZKWLNZPBEVZDB"
          },
          "sensitive_attributes": [],
          "private": "bnVsbA==",
          "dependencies": [
            "data.aws_caller_identity.current",
            "module.iam.aws_iam_policy.datalake_policy",
            "module.iam.aws_iam_role.datalake_role",
            "module.iam.data.aws_caller_identity.current",
            "module.s3.aws_s3_bucket.business_bucket",
            "module.s3.aws_s3_bucket.landing_bucket",
            "module.s3.aws_s3_bucket.raw_bucket",
            "module.s3.aws_s3_bucket.trusted_bucket",
            "module.s3.aws_s3_bucket.workspace_bucket",
            "module.s3.aws_s3_bucket_lifecycle_configuration.bucket-config",
            "module.s3.aws_s3_bucket_lifecycle_configuration.business-bucket-config",
            "module.s3.aws_s3_bucket_lifecycle_configuration.landing-bucket-config",
            "module.s3.aws_s3_bucket_lifecycle_configuration.raw-bucket-config",
            "module.s3.aws_s3_bucket_lifecycle_configuration.trusted-bucket-config",
            "module.s3.aws_s3_bucket_public_access_block.business_bucket_public_access_block",
            "module.s3.aws_s3_bucket_public_access_block.landing_bucket_public_access_block",
            "module.s3.aws_s3_bucket_public_access_block.raw_bucket_public_access_block",
            "module.s3.aws_s3_bucket_public_access_block.trusted_bucket_public_access_block",
            "module.s3.aws_s3_bucket_public_access_block.workspace_bucket",
            "module.s3.aws_s3_bucket_server_side_encryption_configuration.workspace_bucket",
            "module.s3.data.aws_caller_identity.current"
          ]
        }
      ]
    },
    {
      "module": "module.lakeformation",
      "mode": "managed",
      "type": "aws_iam_user_login_profile",
      "name": "datalake_admin",
      "provider": "provider[\"registry.terraform.io/hashicorp/aws\"]",
      "instances": [
        {
          "schema_version": 0,
          "attributes": {
            "encrypted_password": null,
            "id": "datalake-admin",
            "key_fingerprint": null,
            "password": "$4fABYg0H[5dD95QJ1E|",
            "password_length": 20,
            "password_reset_required": true,
            "pgp_key": null,
            "user": "datalake-admin"
          },
          "sensitive_attributes": [
            [
              {
                "type": "get_attr",
                "value": "password"
              }
            ]
          ],
          "private": "bnVsbA==",
          "dependencies": [
            "data.aws_caller_identity.current",
            "module.iam.aws_iam_policy.datalake_policy",
            "module.iam.aws_iam_role.datalake_role",
            "module.iam.data.aws_caller_identity.current",
            "module.lakeformation.aws_iam_user.datalake_admin",
            "module.s3.aws_s3_bucket.business_bucket",
            "module.s3.aws_s3_bucket.landing_bucket",
            "module.s3.aws_s3_bucket.raw_bucket",
            "module.s3.aws_s3_bucket.trusted_bucket",
            "module.s3.aws_s3_bucket.workspace_bucket",
            "module.s3.aws_s3_bucket_lifecycle_configuration.bucket-config",
            "module.s3.aws_s3_bucket_lifecycle_configuration.business-bucket-config",
            "module.s3.aws_s3_bucket_lifecycle_configuration.landing-bucket-config",
            "module.s3.aws_s3_bucket_lifecycle_configuration.raw-bucket-config",
            "module.s3.aws_s3_bucket_lifecycle_configuration.trusted-bucket-config",
            "module.s3.aws_s3_bucket_public_access_block.business_bucket_public_access_block",
            "module.s3.aws_s3_bucket_public_access_block.landing_bucket_public_access_block",
            "module.s3.aws_s3_bucket_public_access_block.raw_bucket_public_access_block",
            "module.s3.aws_s3_bucket_public_access_block.trusted_bucket_public_access_block",
            "module.s3.aws_s3_bucket_public_access_block.workspace_bucket",
            "module.s3.aws_s3_bucket_server_side_encryption_configuration.workspace_bucket",
            "module.s3.data.aws_caller_identity.current"
          ]
        }
      ]
    },
    {
      "module": "module.lakeformation",
      "mode": "managed",
      "type": "aws_iam_user_login_profile",
      "name": "datalake_user1",
      "provider": "provider[\"registry.terraform.io/hashicorp/aws\"]",
      "instances": [
        {
          "schema_version": 0,
          "attributes": {
            "encrypted_password": null,
            "id": "datalake-user-01",
            "key_fingerprint": null,
            "password": "uStm#krz+uvtZ=b'7jWg",
            "password_length": 20,
            "password_reset_required": true,
            "pgp_key": null,
            "user": "datalake-user-01"
          },
          "sensitive_attributes": [
            [
              {
                "type": "get_attr",
                "value": "password"
              }
            ]
          ],
          "private": "bnVsbA==",
          "dependencies": [
            "data.aws_caller_identity.current",
            "module.iam.aws_iam_policy.datalake_policy",
            "module.iam.aws_iam_role.datalake_role",
            "module.iam.data.aws_caller_identity.current",
            "module.lakeformation.aws_iam_user.datalake_user1",
            "module.s3.aws_s3_bucket.business_bucket",
            "module.s3.aws_s3_bucket.landing_bucket",
            "module.s3.aws_s3_bucket.raw_bucket",
            "module.s3.aws_s3_bucket.trusted_bucket",
            "module.s3.aws_s3_bucket.workspace_bucket",
            "module.s3.aws_s3_bucket_lifecycle_configuration.bucket-config",
            "module.s3.aws_s3_bucket_lifecycle_configuration.business-bucket-config",
            "module.s3.aws_s3_bucket_lifecycle_configuration.landing-bucket-config",
            "module.s3.aws_s3_bucket_lifecycle_configuration.raw-bucket-config",
            "module.s3.aws_s3_bucket_lifecycle_configuration.trusted-bucket-config",
            "module.s3.aws_s3_bucket_public_access_block.business_bucket_public_access_block",
            "module.s3.aws_s3_bucket_public_access_block.landing_bucket_public_access_block",
            "module.s3.aws_s3_bucket_public_access_block.raw_bucket_public_access_block",
            "module.s3.aws_s3_bucket_public_access_block.trusted_bucket_public_access_block",
            "module.s3.aws_s3_bucket_public_access_block.workspace_bucket",
            "module.s3.aws_s3_bucket_server_side_encryption_configuration.workspace_bucket",
            "module.s3.data.aws_caller_identity.current"
          ]
        }
      ]
    },
    {
      "module": "module.lakeformation",
      "mode": "managed",
      "type": "aws_lakeformation_data_lake_settings",
      "name": "this",
      "provider": "provider[\"registry.terraform.io/hashicorp/aws\"]",
      "instances": [
        {
          "schema_version": 0,
          "attributes": {
            "admins": [
              "arn:aws:iam::331504768406:role/datalake-admins-lf-role"
            ],
            "allow_external_data_filtering": false,
            "allow_full_table_external_data_access": false,
            "authorized_session_tag_value_list": [],
            "catalog_id": null,
            "create_database_default_permissions": [],
            "create_table_default_permissions": [],
            "external_data_filtering_allow_list": [],
            "id": "1983913369",
            "parameters": {
              "CROSS_ACCOUNT_VERSION": "1",
              "SET_CONTEXT": "TRUE"
            },
            "read_only_admins": [],
            "trusted_resource_owners": []
          },
          "sensitive_attributes": [],
          "private": "bnVsbA==",
          "dependencies": [
            "data.aws_caller_identity.current",
            "module.iam.aws_iam_policy.datalake_policy",
            "module.iam.aws_iam_role.datalake_role",
            "module.iam.data.aws_caller_identity.current",
            "module.lakeformation.aws_iam_role.datalake_admins_lf_role",
            "module.lakeformation.data.aws_caller_identity.current",
            "module.s3.aws_s3_bucket.business_bucket",
            "module.s3.aws_s3_bucket.landing_bucket",
            "module.s3.aws_s3_bucket.raw_bucket",
            "module.s3.aws_s3_bucket.trusted_bucket",
            "module.s3.aws_s3_bucket.workspace_bucket",
            "module.s3.aws_s3_bucket_lifecycle_configuration.bucket-config",
            "module.s3.aws_s3_bucket_lifecycle_configuration.business-bucket-config",
            "module.s3.aws_s3_bucket_lifecycle_configuration.landing-bucket-config",
            "module.s3.aws_s3_bucket_lifecycle_configuration.raw-bucket-config",
            "module.s3.aws_s3_bucket_lifecycle_configuration.trusted-bucket-config",
            "module.s3.aws_s3_bucket_public_access_block.business_bucket_public_access_block",
            "module.s3.aws_s3_bucket_public_access_block.landing_bucket_public_access_block",
            "module.s3.aws_s3_bucket_public_access_block.raw_bucket_public_access_block",
            "module.s3.aws_s3_bucket_public_access_block.trusted_bucket_public_access_block",
            "module.s3.aws_s3_bucket_public_access_block.workspace_bucket",
            "module.s3.aws_s3_bucket_server_side_encryption_configuration.workspace_bucket",
            "module.s3.data.aws_caller_identity.current"
          ]
        }
      ]
    },
    {
      "module": "module.lakeformation",
      "mode": "managed",
      "type": "aws_lakeformation_permissions",
      "name": "business_location_admins",
      "provider": "provider[\"registry.terraform.io/hashicorp/aws\"]",
      "instances": [
        {
          "schema_version": 0,
          "attributes": {
            "catalog_id": null,
            "catalog_resource": false,
            "data_cells_filter": [],
            "data_location": [
              {
                "arn": "arn:aws:s3:::lakehouse-business-331504768406",
                "catalog_id": "331504768406"
              }
            ],
            "database": [],
            "id": "2361875915",
            "lf_tag": [],
            "lf_tag_policy": [],
            "permissions": [
              "DATA_LOCATION_ACCESS"
            ],
            "permissions_with_grant_option": [
              "DATA_LOCATION_ACCESS"
            ],
            "principal": "arn:aws:iam::331504768406:role/datalake-admins-lf-role",
            "table": [],
            "table_with_columns": []
          },
          "sensitive_attributes": [],
          "private": "bnVsbA==",
          "dependencies": [
            "data.aws_caller_identity.current",
            "module.iam.aws_iam_policy.datalake_policy",
            "module.iam.aws_iam_role.datalake_role",
            "module.iam.data.aws_caller_identity.current",
            "module.lakeformation.aws_iam_role.datalake_admins_lf_role",
            "module.lakeformation.aws_lakeformation_resource.business_datalake_location",
            "module.lakeformation.data.aws_caller_identity.current",
            "module.s3.aws_s3_bucket.business_bucket",
            "module.s3.aws_s3_bucket.landing_bucket",
            "module.s3.aws_s3_bucket.raw_bucket",
            "module.s3.aws_s3_bucket.trusted_bucket",
            "module.s3.aws_s3_bucket.workspace_bucket",
            "module.s3.aws_s3_bucket_lifecycle_configuration.bucket-config",
            "module.s3.aws_s3_bucket_lifecycle_configuration.business-bucket-config",
            "module.s3.aws_s3_bucket_lifecycle_configuration.landing-bucket-config",
            "module.s3.aws_s3_bucket_lifecycle_configuration.raw-bucket-config",
            "module.s3.aws_s3_bucket_lifecycle_configuration.trusted-bucket-config",
            "module.s3.aws_s3_bucket_public_access_block.business_bucket_public_access_block",
            "module.s3.aws_s3_bucket_public_access_block.landing_bucket_public_access_block",
            "module.s3.aws_s3_bucket_public_access_block.raw_bucket_public_access_block",
            "module.s3.aws_s3_bucket_public_access_block.trusted_bucket_public_access_block",
            "module.s3.aws_s3_bucket_public_access_block.workspace_bucket",
            "module.s3.aws_s3_bucket_server_side_encryption_configuration.workspace_bucket",
            "module.s3.data.aws_caller_identity.current"
          ]
        }
      ]
    },
    {
      "module": "module.lakeformation",
      "mode": "managed",
      "type": "aws_lakeformation_permissions",
      "name": "business_location_datalake_role",
      "provider": "provider[\"registry.terraform.io/hashicorp/aws\"]",
      "instances": [
        {
          "schema_version": 0,
          "attributes": {
            "catalog_id": null,
            "catalog_resource": false,
            "data_cells_filter": [],
            "data_location": [
              {
                "arn": "arn:aws:s3:::lakehouse-business-331504768406",
                "catalog_id": "331504768406"
              }
            ],
            "database": [],
            "id": "1642927411",
            "lf_tag": [],
            "lf_tag_policy": [],
            "permissions": [
              "DATA_LOCATION_ACCESS"
            ],
            "permissions_with_grant_option": [],
            "principal": "arn:aws:iam::331504768406:role/role-datalake-analytics",
            "table": [],
            "table_with_columns": []
          },
          "sensitive_attributes": [],
          "private": "bnVsbA==",
          "dependencies": [
            "data.aws_caller_identity.current",
            "module.iam.aws_iam_policy.datalake_policy",
            "module.iam.aws_iam_role.datalake_role",
            "module.iam.data.aws_caller_identity.current",
            "module.lakeformation.aws_lakeformation_resource.business_datalake_location",
            "module.lakeformation.data.aws_caller_identity.current",
            "module.s3.aws_s3_bucket.business_bucket",
            "module.s3.aws_s3_bucket.landing_bucket",
            "module.s3.aws_s3_bucket.raw_bucket",
            "module.s3.aws_s3_bucket.trusted_bucket",
            "module.s3.aws_s3_bucket.workspace_bucket",
            "module.s3.aws_s3_bucket_lifecycle_configuration.bucket-config",
            "module.s3.aws_s3_bucket_lifecycle_configuration.business-bucket-config",
            "module.s3.aws_s3_bucket_lifecycle_configuration.landing-bucket-config",
            "module.s3.aws_s3_bucket_lifecycle_configuration.raw-bucket-config",
            "module.s3.aws_s3_bucket_lifecycle_configuration.trusted-bucket-config",
            "module.s3.aws_s3_bucket_public_access_block.business_bucket_public_access_block",
            "module.s3.aws_s3_bucket_public_access_block.landing_bucket_public_access_block",
            "module.s3.aws_s3_bucket_public_access_block.raw_bucket_public_access_block",
            "module.s3.aws_s3_bucket_public_access_block.trusted_bucket_public_access_block",
            "module.s3.aws_s3_bucket_public_access_block.workspace_bucket",
            "module.s3.aws_s3_bucket_server_side_encryption_configuration.workspace_bucket",
            "module.s3.data.aws_caller_identity.current"
          ]
        }
      ]
    },
    {
      "module": "module.lakeformation",
      "mode": "managed",
      "type": "aws_lakeformation_permissions",
      "name": "business_location_external_users",
      "provider": "provider[\"registry.terraform.io/hashicorp/aws\"]",
      "instances": [
        {
          "schema_version": 0,
          "attributes": {
            "catalog_id": null,
            "catalog_resource": false,
            "data_cells_filter": [],
            "data_location": [
              {
                "arn": "arn:aws:s3:::lakehouse-business-331504768406",
                "catalog_id": "331504768406"
              }
            ],
            "database": [],
            "id": "3324800048",
            "lf_tag": [],
            "lf_tag_policy": [],
            "permissions": [
              "DATA_LOCATION_ACCESS"
            ],
            "permissions_with_grant_option": [],
            "principal": "arn:aws:iam::331504768406:role/datalake-users-external-lf-role",
            "table": [],
            "table_with_columns": []
          },
          "sensitive_attributes": [],
          "private": "bnVsbA==",
          "dependencies": [
            "data.aws_caller_identity.current",
            "module.iam.aws_iam_policy.datalake_policy",
            "module.iam.aws_iam_role.datalake_role",
            "module.iam.data.aws_caller_identity.current",
            "module.lakeformation.aws_iam_role.datalake_users_external_lf_role",
            "module.lakeformation.aws_lakeformation_resource.business_datalake_location",
            "module.lakeformation.data.aws_caller_identity.current",
            "module.s3.aws_s3_bucket.business_bucket",
            "module.s3.aws_s3_bucket.landing_bucket",
            "module.s3.aws_s3_bucket.raw_bucket",
            "module.s3.aws_s3_bucket.trusted_bucket",
            "module.s3.aws_s3_bucket.workspace_bucket",
            "module.s3.aws_s3_bucket_lifecycle_configuration.bucket-config",
            "module.s3.aws_s3_bucket_lifecycle_configuration.business-bucket-config",
            "module.s3.aws_s3_bucket_lifecycle_configuration.landing-bucket-config",
            "module.s3.aws_s3_bucket_lifecycle_configuration.raw-bucket-config",
            "module.s3.aws_s3_bucket_lifecycle_configuration.trusted-bucket-config",
            "module.s3.aws_s3_bucket_public_access_block.business_bucket_public_access_block",
            "module.s3.aws_s3_bucket_public_access_block.landing_bucket_public_access_block",
            "module.s3.aws_s3_bucket_public_access_block.raw_bucket_public_access_block",
            "module.s3.aws_s3_bucket_public_access_block.trusted_bucket_public_access_block",
            "module.s3.aws_s3_bucket_public_access_block.workspace_bucket",
            "module.s3.aws_s3_bucket_server_side_encryption_configuration.workspace_bucket",
            "module.s3.data.aws_caller_identity.current"
          ]
        }
      ]
    },
    {
      "module": "module.lakeformation",
      "mode": "managed",
      "type": "aws_lakeformation_permissions",
      "name": "business_location_internal_users",
      "provider": "provider[\"registry.terraform.io/hashicorp/aws\"]",
      "instances": [
        {
          "schema_version": 0,
          "attributes": {
            "catalog_id": null,
            "catalog_resource": false,
            "data_cells_filter": [],
            "data_location": [
              {
                "arn": "arn:aws:s3:::lakehouse-business-331504768406",
                "catalog_id": "331504768406"
              }
            ],
            "database": [],
            "id": "1857909947",
            "lf_tag": [],
            "lf_tag_policy": [],
            "permissions": [
              "DATA_LOCATION_ACCESS"
            ],
            "permissions_with_grant_option": [],
            "principal": "arn:aws:iam::331504768406:role/datalake-users-internal-lf-role",
            "table": [],
            "table_with_columns": []
          },
          "sensitive_attributes": [],
          "private": "bnVsbA==",
          "dependencies": [
            "data.aws_caller_identity.current",
            "module.iam.aws_iam_policy.datalake_policy",
            "module.iam.aws_iam_role.datalake_role",
            "module.iam.data.aws_caller_identity.current",
            "module.lakeformation.aws_iam_role.datalake_users_internal_lf_role",
            "module.lakeformation.aws_lakeformation_resource.business_datalake_location",
            "module.lakeformation.data.aws_caller_identity.current",
            "module.s3.aws_s3_bucket.business_bucket",
            "module.s3.aws_s3_bucket.landing_bucket",
            "module.s3.aws_s3_bucket.raw_bucket",
            "module.s3.aws_s3_bucket.trusted_bucket",
            "module.s3.aws_s3_bucket.workspace_bucket",
            "module.s3.aws_s3_bucket_lifecycle_configuration.bucket-config",
            "module.s3.aws_s3_bucket_lifecycle_configuration.business-bucket-config",
            "module.s3.aws_s3_bucket_lifecycle_configuration.landing-bucket-config",
            "module.s3.aws_s3_bucket_lifecycle_configuration.raw-bucket-config",
            "module.s3.aws_s3_bucket_lifecycle_configuration.trusted-bucket-config",
            "module.s3.aws_s3_bucket_public_access_block.business_bucket_public_access_block",
            "module.s3.aws_s3_bucket_public_access_block.landing_bucket_public_access_block",
            "module.s3.aws_s3_bucket_public_access_block.raw_bucket_public_access_block",
            "module.s3.aws_s3_bucket_public_access_block.trusted_bucket_public_access_block",
            "module.s3.aws_s3_bucket_public_access_block.workspace_bucket",
            "module.s3.aws_s3_bucket_server_side_encryption_configuration.workspace_bucket",
            "module.s3.data.aws_caller_identity.current"
          ]
        }
      ]
    },
    {
      "module": "module.lakeformation",
      "mode": "managed",
      "type": "aws_lakeformation_permissions",
      "name": "raw_location_admins",
      "provider": "provider[\"registry.terraform.io/hashicorp/aws\"]",
      "instances": [
        {
          "schema_version": 0,
          "attributes": {
            "catalog_id": null,
            "catalog_resource": false,
            "data_cells_filter": [],
            "data_location": [
              {
                "arn": "arn:aws:s3:::lakehouse-raw-331504768406",
                "catalog_id": "331504768406"
              }
            ],
            "database": [],
            "id": "595259351",
            "lf_tag": [],
            "lf_tag_policy": [],
            "permissions": [
              "DATA_LOCATION_ACCESS"
            ],
            "permissions_with_grant_option": [
              "DATA_LOCATION_ACCESS"
            ],
            "principal": "arn:aws:iam::331504768406:role/datalake-admins-lf-role",
            "table": [],
            "table_with_columns": []
          },
          "sensitive_attributes": [],
          "private": "bnVsbA==",
          "dependencies": [
            "data.aws_caller_identity.current",
            "module.iam.aws_iam_policy.datalake_policy",
            "module.iam.aws_iam_role.datalake_role",
            "module.iam.data.aws_caller_identity.current",
            "module.lakeformation.aws_iam_role.datalake_admins_lf_role",
            "module.lakeformation.aws_lakeformation_resource.raw_datalake_location",
            "module.lakeformation.data.aws_caller_identity.current",
            "module.s3.aws_s3_bucket.business_bucket",
            "module.s3.aws_s3_bucket.landing_bucket",
            "module.s3.aws_s3_bucket.raw_bucket",
            "module.s3.aws_s3_bucket.trusted_bucket",
            "module.s3.aws_s3_bucket.workspace_bucket",
            "module.s3.aws_s3_bucket_lifecycle_configuration.bucket-config",
            "module.s3.aws_s3_bucket_lifecycle_configuration.business-bucket-config",
            "module.s3.aws_s3_bucket_lifecycle_configuration.landing-bucket-config",
            "module.s3.aws_s3_bucket_lifecycle_configuration.raw-bucket-config",
            "module.s3.aws_s3_bucket_lifecycle_configuration.trusted-bucket-config",
            "module.s3.aws_s3_bucket_public_access_block.business_bucket_public_access_block",
            "module.s3.aws_s3_bucket_public_access_block.landing_bucket_public_access_block",
            "module.s3.aws_s3_bucket_public_access_block.raw_bucket_public_access_block",
            "module.s3.aws_s3_bucket_public_access_block.trusted_bucket_public_access_block",
            "module.s3.aws_s3_bucket_public_access_block.workspace_bucket",
            "module.s3.aws_s3_bucket_server_side_encryption_configuration.workspace_bucket",
            "module.s3.data.aws_caller_identity.current"
          ]
        }
      ]
    },
    {
      "module": "module.lakeformation",
      "mode": "managed",
      "type": "aws_lakeformation_permissions",
      "name": "raw_location_datalake_role",
      "provider": "provider[\"registry.terraform.io/hashicorp/aws\"]",
      "instances": [
        {
          "schema_version": 0,
          "attributes": {
            "catalog_id": null,
            "catalog_resource": false,
            "data_cells_filter": [],
            "data_location": [
              {
                "arn": "arn:aws:s3:::lakehouse-raw-331504768406",
                "catalog_id": "331504768406"
              }
            ],
            "database": [],
            "id": "486683285",
            "lf_tag": [],
            "lf_tag_policy": [],
            "permissions": [
              "DATA_LOCATION_ACCESS"
            ],
            "permissions_with_grant_option": [],
            "principal": "arn:aws:iam::331504768406:role/role-datalake-analytics",
            "table": [],
            "table_with_columns": []
          },
          "sensitive_attributes": [],
          "private": "bnVsbA==",
          "dependencies": [
            "data.aws_caller_identity.current",
            "module.iam.aws_iam_policy.datalake_policy",
            "module.iam.aws_iam_role.datalake_role",
            "module.iam.data.aws_caller_identity.current",
            "module.lakeformation.aws_lakeformation_resource.raw_datalake_location",
            "module.lakeformation.data.aws_caller_identity.current",
            "module.s3.aws_s3_bucket.business_bucket",
            "module.s3.aws_s3_bucket.landing_bucket",
            "module.s3.aws_s3_bucket.raw_bucket",
            "module.s3.aws_s3_bucket.trusted_bucket",
            "module.s3.aws_s3_bucket.workspace_bucket",
            "module.s3.aws_s3_bucket_lifecycle_configuration.bucket-config",
            "module.s3.aws_s3_bucket_lifecycle_configuration.business-bucket-config",
            "module.s3.aws_s3_bucket_lifecycle_configuration.landing-bucket-config",
            "module.s3.aws_s3_bucket_lifecycle_configuration.raw-bucket-config",
            "module.s3.aws_s3_bucket_lifecycle_configuration.trusted-bucket-config",
            "module.s3.aws_s3_bucket_public_access_block.business_bucket_public_access_block",
            "module.s3.aws_s3_bucket_public_access_block.landing_bucket_public_access_block",
            "module.s3.aws_s3_bucket_public_access_block.raw_bucket_public_access_block",
            "module.s3.aws_s3_bucket_public_access_block.trusted_bucket_public_access_block",
            "module.s3.aws_s3_bucket_public_access_block.workspace_bucket",
            "module.s3.aws_s3_bucket_server_side_encryption_configuration.workspace_bucket",
            "module.s3.data.aws_caller_identity.current"
          ]
        }
      ]
    },
    {
      "module": "module.lakeformation",
      "mode": "managed",
      "type": "aws_lakeformation_permissions",
      "name": "raw_location_internal_users",
      "provider": "provider[\"registry.terraform.io/hashicorp/aws\"]",
      "instances": [
        {
          "schema_version": 0,
          "attributes": {
            "catalog_id": null,
            "catalog_resource": false,
            "data_cells_filter": [],
            "data_location": [
              {
                "arn": "arn:aws:s3:::lakehouse-raw-331504768406",
                "catalog_id": "331504768406"
              }
            ],
            "database": [],
            "id": "1287797565",
            "lf_tag": [],
            "lf_tag_policy": [],
            "permissions": [
              "DATA_LOCATION_ACCESS"
            ],
            "permissions_with_grant_option": [],
            "principal": "arn:aws:iam::331504768406:role/datalake-users-internal-lf-role",
            "table": [],
            "table_with_columns": []
          },
          "sensitive_attributes": [],
          "private": "bnVsbA==",
          "dependencies": [
            "data.aws_caller_identity.current",
            "module.iam.aws_iam_policy.datalake_policy",
            "module.iam.aws_iam_role.datalake_role",
            "module.iam.data.aws_caller_identity.current",
            "module.lakeformation.aws_iam_role.datalake_users_internal_lf_role",
            "module.lakeformation.aws_lakeformation_resource.raw_datalake_location",
            "module.lakeformation.data.aws_caller_identity.current",
            "module.s3.aws_s3_bucket.business_bucket",
            "module.s3.aws_s3_bucket.landing_bucket",
            "module.s3.aws_s3_bucket.raw_bucket",
            "module.s3.aws_s3_bucket.trusted_bucket",
            "module.s3.aws_s3_bucket.workspace_bucket",
            "module.s3.aws_s3_bucket_lifecycle_configuration.bucket-config",
            "module.s3.aws_s3_bucket_lifecycle_configuration.business-bucket-config",
            "module.s3.aws_s3_bucket_lifecycle_configuration.landing-bucket-config",
            "module.s3.aws_s3_bucket_lifecycle_configuration.raw-bucket-config",
            "module.s3.aws_s3_bucket_lifecycle_configuration.trusted-bucket-config",
            "module.s3.aws_s3_bucket_public_access_block.business_bucket_public_access_block",
            "module.s3.aws_s3_bucket_public_access_block.landing_bucket_public_access_block",
            "module.s3.aws_s3_bucket_public_access_block.raw_bucket_public_access_block",
            "module.s3.aws_s3_bucket_public_access_block.trusted_bucket_public_access_block",
            "module.s3.aws_s3_bucket_public_access_block.workspace_bucket",
            "module.s3.aws_s3_bucket_server_side_encryption_configuration.workspace_bucket",
            "module.s3.data.aws_caller_identity.current"
          ]
        }
      ]
    },
    {
      "module": "module.lakeformation",
      "mode": "managed",
      "type": "aws_lakeformation_permissions",
      "name": "trusted_location_admins",
      "provider": "provider[\"registry.terraform.io/hashicorp/aws\"]",
      "instances": [
        {
          "schema_version": 0,
          "attributes": {
            "catalog_id": null,
            "catalog_resource": false,
            "data_cells_filter": [],
            "data_location": [
              {
                "arn": "arn:aws:s3:::lakehouse-trusted-331504768406",
                "catalog_id": "331504768406"
              }
            ],
            "database": [],
            "id": "317273409",
            "lf_tag": [],
            "lf_tag_policy": [],
            "permissions": [
              "DATA_LOCATION_ACCESS"
            ],
            "permissions_with_grant_option": [
              "DATA_LOCATION_ACCESS"
            ],
            "principal": "arn:aws:iam::331504768406:role/datalake-admins-lf-role",
            "table": [],
            "table_with_columns": []
          },
          "sensitive_attributes": [],
          "private": "bnVsbA==",
          "dependencies": [
            "data.aws_caller_identity.current",
            "module.iam.aws_iam_policy.datalake_policy",
            "module.iam.aws_iam_role.datalake_role",
            "module.iam.data.aws_caller_identity.current",
            "module.lakeformation.aws_iam_role.datalake_admins_lf_role",
            "module.lakeformation.aws_lakeformation_resource.trusted_datalake_location",
            "module.lakeformation.data.aws_caller_identity.current",
            "module.s3.aws_s3_bucket.business_bucket",
            "module.s3.aws_s3_bucket.landing_bucket",
            "module.s3.aws_s3_bucket.raw_bucket",
            "module.s3.aws_s3_bucket.trusted_bucket",
            "module.s3.aws_s3_bucket.workspace_bucket",
            "module.s3.aws_s3_bucket_lifecycle_configuration.bucket-config",
            "module.s3.aws_s3_bucket_lifecycle_configuration.business-bucket-config",
            "module.s3.aws_s3_bucket_lifecycle_configuration.landing-bucket-config",
            "module.s3.aws_s3_bucket_lifecycle_configuration.raw-bucket-config",
            "module.s3.aws_s3_bucket_lifecycle_configuration.trusted-bucket-config",
            "module.s3.aws_s3_bucket_public_access_block.business_bucket_public_access_block",
            "module.s3.aws_s3_bucket_public_access_block.landing_bucket_public_access_block",
            "module.s3.aws_s3_bucket_public_access_block.raw_bucket_public_access_block",
            "module.s3.aws_s3_bucket_public_access_block.trusted_bucket_public_access_block",
            "module.s3.aws_s3_bucket_public_access_block.workspace_bucket",
            "module.s3.aws_s3_bucket_server_side_encryption_configuration.workspace_bucket",
            "module.s3.data.aws_caller_identity.current"
          ]
        }
      ]
    },
    {
      "module": "module.lakeformation",
      "mode": "managed",
      "type": "aws_lakeformation_permissions",
      "name": "trusted_location_datalake_role",
      "provider": "provider[\"registry.terraform.io/hashicorp/aws\"]",
      "instances": [
        {
          "schema_version": 0,
          "attributes": {
            "catalog_id": null,
            "catalog_resource": false,
            "data_cells_filter": [],
            "data_location": [
              {
                "arn": "arn:aws:s3:::lakehouse-trusted-331504768406",
                "catalog_id": "331504768406"
              }
            ],
            "database": [],
            "id": "2149772737",
            "lf_tag": [],
            "lf_tag_policy": [],
            "permissions": [
              "DATA_LOCATION_ACCESS"
            ],
            "permissions_with_grant_option": [],
            "principal": "arn:aws:iam::331504768406:role/role-datalake-analytics",
            "table": [],
            "table_with_columns": []
          },
          "sensitive_attributes": [],
          "private": "bnVsbA==",
          "dependencies": [
            "data.aws_caller_identity.current",
            "module.iam.aws_iam_policy.datalake_policy",
            "module.iam.aws_iam_role.datalake_role",
            "module.iam.data.aws_caller_identity.current",
            "module.lakeformation.aws_lakeformation_resource.trusted_datalake_location",
            "module.lakeformation.data.aws_caller_identity.current",
            "module.s3.aws_s3_bucket.business_bucket",
            "module.s3.aws_s3_bucket.landing_bucket",
            "module.s3.aws_s3_bucket.raw_bucket",
            "module.s3.aws_s3_bucket.trusted_bucket",
            "module.s3.aws_s3_bucket.workspace_bucket",
            "module.s3.aws_s3_bucket_lifecycle_configuration.bucket-config",
            "module.s3.aws_s3_bucket_lifecycle_configuration.business-bucket-config",
            "module.s3.aws_s3_bucket_lifecycle_configuration.landing-bucket-config",
            "module.s3.aws_s3_bucket_lifecycle_configuration.raw-bucket-config",
            "module.s3.aws_s3_bucket_lifecycle_configuration.trusted-bucket-config",
            "module.s3.aws_s3_bucket_public_access_block.business_bucket_public_access_block",
            "module.s3.aws_s3_bucket_public_access_block.landing_bucket_public_access_block",
            "module.s3.aws_s3_bucket_public_access_block.raw_bucket_public_access_block",
            "module.s3.aws_s3_bucket_public_access_block.trusted_bucket_public_access_block",
            "module.s3.aws_s3_bucket_public_access_block.workspace_bucket",
            "module.s3.aws_s3_bucket_server_side_encryption_configuration.workspace_bucket",
            "module.s3.data.aws_caller_identity.current"
          ]
        }
      ]
    },
    {
      "module": "module.lakeformation",
      "mode": "managed",
      "type": "aws_lakeformation_permissions",
      "name": "trusted_location_internal_users",
      "provider": "provider[\"registry.terraform.io/hashicorp/aws\"]",
      "instances": [
        {
          "schema_version": 0,
          "attributes": {
            "catalog_id": null,
            "catalog_resource": false,
            "data_cells_filter": [],
            "data_location": [
              {
                "arn": "arn:aws:s3:::lakehouse-trusted-331504768406",
                "catalog_id": "331504768406"
              }
            ],
            "database": [],
            "id": "3501871496",
            "lf_tag": [],
            "lf_tag_policy": [],
            "permissions": [
              "DATA_LOCATION_ACCESS"
            ],
            "permissions_with_grant_option": [],
            "principal": "arn:aws:iam::331504768406:role/datalake-users-internal-lf-role",
            "table": [],
            "table_with_columns": []
          },
          "sensitive_attributes": [],
          "private": "bnVsbA==",
          "dependencies": [
            "data.aws_caller_identity.current",
            "module.iam.aws_iam_policy.datalake_policy",
            "module.iam.aws_iam_role.datalake_role",
            "module.iam.data.aws_caller_identity.current",
            "module.lakeformation.aws_iam_role.datalake_users_internal_lf_role",
            "module.lakeformation.aws_lakeformation_resource.trusted_datalake_location",
            "module.lakeformation.data.aws_caller_identity.current",
            "module.s3.aws_s3_bucket.business_bucket",
            "module.s3.aws_s3_bucket.landing_bucket",
            "module.s3.aws_s3_bucket.raw_bucket",
            "module.s3.aws_s3_bucket.trusted_bucket",
            "module.s3.aws_s3_bucket.workspace_bucket",
            "module.s3.aws_s3_bucket_lifecycle_configuration.bucket-config",
            "module.s3.aws_s3_bucket_lifecycle_configuration.business-bucket-config",
            "module.s3.aws_s3_bucket_lifecycle_configuration.landing-bucket-config",
            "module.s3.aws_s3_bucket_lifecycle_configuration.raw-bucket-config",
            "module.s3.aws_s3_bucket_lifecycle_configuration.trusted-bucket-config",
            "module.s3.aws_s3_bucket_public_access_block.business_bucket_public_access_block",
            "module.s3.aws_s3_bucket_public_access_block.landing_bucket_public_access_block",
            "module.s3.aws_s3_bucket_public_access_block.raw_bucket_public_access_block",
            "module.s3.aws_s3_bucket_public_access_block.trusted_bucket_public_access_block",
            "module.s3.aws_s3_bucket_public_access_block.workspace_bucket",
            "module.s3.aws_s3_bucket_server_side_encryption_configuration.workspace_bucket",
            "module.s3.data.aws_caller_identity.current"
          ]
        }
      ]
    },
    {
      "module": "module.lakeformation",
      "mode": "managed",
      "type": "aws_lakeformation_resource",
      "name": "business_datalake_location",
      "provider": "provider[\"registry.terraform.io/hashicorp/aws\"]",
      "instances": [
        {
          "schema_version": 0,
          "attributes": {
            "arn": "arn:aws:s3:::lakehouse-business-331504768406",
            "hybrid_access_enabled": false,
            "id": "arn:aws:s3:::lakehouse-business-331504768406",
            "last_modified": null,
            "role_arn": "arn:aws:iam::331504768406:role/aws-service-role/lakeformation.amazonaws.com/AWSServiceRoleForLakeFormationDataAccess",
            "use_service_linked_role": true,
            "with_federation": false
          },
          "sensitive_attributes": [],
          "private": "bnVsbA==",
          "dependencies": [
            "data.aws_caller_identity.current",
            "module.iam.aws_iam_policy.datalake_policy",
            "module.iam.aws_iam_role.datalake_role",
            "module.iam.data.aws_caller_identity.current",
            "module.lakeformation.data.aws_caller_identity.current",
            "module.s3.aws_s3_bucket.business_bucket",
            "module.s3.aws_s3_bucket.landing_bucket",
            "module.s3.aws_s3_bucket.raw_bucket",
            "module.s3.aws_s3_bucket.trusted_bucket",
            "module.s3.aws_s3_bucket.workspace_bucket",
            "module.s3.aws_s3_bucket_lifecycle_configuration.bucket-config",
            "module.s3.aws_s3_bucket_lifecycle_configuration.business-bucket-config",
            "module.s3.aws_s3_bucket_lifecycle_configuration.landing-bucket-config",
            "module.s3.aws_s3_bucket_lifecycle_configuration.raw-bucket-config",
            "module.s3.aws_s3_bucket_lifecycle_configuration.trusted-bucket-config",
            "module.s3.aws_s3_bucket_public_access_block.business_bucket_public_access_block",
            "module.s3.aws_s3_bucket_public_access_block.landing_bucket_public_access_block",
            "module.s3.aws_s3_bucket_public_access_block.raw_bucket_public_access_block",
            "module.s3.aws_s3_bucket_public_access_block.trusted_bucket_public_access_block",
            "module.s3.aws_s3_bucket_public_access_block.workspace_bucket",
            "module.s3.aws_s3_bucket_server_side_encryption_configuration.workspace_bucket",
            "module.s3.data.aws_caller_identity.current"
          ]
        }
      ]
    },
    {
      "module": "module.lakeformation",
      "mode": "managed",
      "type": "aws_lakeformation_resource",
      "name": "raw_datalake_location",
      "provider": "provider[\"registry.terraform.io/hashicorp/aws\"]",
      "instances": [
        {
          "schema_version": 0,
          "attributes": {
            "arn": "arn:aws:s3:::lakehouse-raw-331504768406",
            "hybrid_access_enabled": false,
            "id": "arn:aws:s3:::lakehouse-raw-331504768406",
            "last_modified": null,
            "role_arn": "arn:aws:iam::331504768406:role/aws-service-role/lakeformation.amazonaws.com/AWSServiceRoleForLakeFormationDataAccess",
            "use_service_linked_role": true,
            "with_federation": false
          },
          "sensitive_attributes": [],
          "private": "bnVsbA==",
          "dependencies": [
            "data.aws_caller_identity.current",
            "module.iam.aws_iam_policy.datalake_policy",
            "module.iam.aws_iam_role.datalake_role",
            "module.iam.data.aws_caller_identity.current",
            "module.lakeformation.data.aws_caller_identity.current",
            "module.s3.aws_s3_bucket.business_bucket",
            "module.s3.aws_s3_bucket.landing_bucket",
            "module.s3.aws_s3_bucket.raw_bucket",
            "module.s3.aws_s3_bucket.trusted_bucket",
            "module.s3.aws_s3_bucket.workspace_bucket",
            "module.s3.aws_s3_bucket_lifecycle_configuration.bucket-config",
            "module.s3.aws_s3_bucket_lifecycle_configuration.business-bucket-config",
            "module.s3.aws_s3_bucket_lifecycle_configuration.landing-bucket-config",
            "module.s3.aws_s3_bucket_lifecycle_configuration.raw-bucket-config",
            "module.s3.aws_s3_bucket_lifecycle_configuration.trusted-bucket-config",
            "module.s3.aws_s3_bucket_public_access_block.business_bucket_public_access_block",
            "module.s3.aws_s3_bucket_public_access_block.landing_bucket_public_access_block",
            "module.s3.aws_s3_bucket_public_access_block.raw_bucket_public_access_block",
            "module.s3.aws_s3_bucket_public_access_block.trusted_bucket_public_access_block",
            "module.s3.aws_s3_bucket_public_access_block.workspace_bucket",
            "module.s3.aws_s3_bucket_server_side_encryption_configuration.workspace_bucket",
            "module.s3.data.aws_caller_identity.current"
          ]
        }
      ]
    },
    {
      "module": "module.lakeformation",
      "mode": "managed",
      "type": "aws_lakeformation_resource",
      "name": "trusted_datalake_location",
      "provider": "provider[\"registry.terraform.io/hashicorp/aws\"]",
      "instances": [
        {
          "schema_version": 0,
          "attributes": {
            "arn": "arn:aws:s3:::lakehouse-trusted-331504768406",
            "hybrid_access_enabled": false,
            "id": "arn:aws:s3:::lakehouse-trusted-331504768406",
            "last_modified": null,
            "role_arn": "arn:aws:iam::331504768406:role/aws-service-role/lakeformation.amazonaws.com/AWSServiceRoleForLakeFormationDataAccess",
            "use_service_linked_role": true,
            "with_federation": false
          },
          "sensitive_attributes": [],
          "private": "bnVsbA==",
          "dependencies": [
            "data.aws_caller_identity.current",
            "module.iam.aws_iam_policy.datalake_policy",
            "module.iam.aws_iam_role.datalake_role",
            "module.iam.data.aws_caller_identity.current",
            "module.lakeformation.data.aws_caller_identity.current",
            "module.s3.aws_s3_bucket.business_bucket",
            "module.s3.aws_s3_bucket.landing_bucket",
            "module.s3.aws_s3_bucket.raw_bucket",
            "module.s3.aws_s3_bucket.trusted_bucket",
            "module.s3.aws_s3_bucket.workspace_bucket",
            "module.s3.aws_s3_bucket_lifecycle_configuration.bucket-config",
            "module.s3.aws_s3_bucket_lifecycle_configuration.business-bucket-config",
            "module.s3.aws_s3_bucket_lifecycle_configuration.landing-bucket-config",
            "module.s3.aws_s3_bucket_lifecycle_configuration.raw-bucket-config",
            "module.s3.aws_s3_bucket_lifecycle_configuration.trusted-bucket-config",
            "module.s3.aws_s3_bucket_public_access_block.business_bucket_public_access_block",
            "module.s3.aws_s3_bucket_public_access_block.landing_bucket_public_access_block",
            "module.s3.aws_s3_bucket_public_access_block.raw_bucket_public_access_block",
            "module.s3.aws_s3_bucket_public_access_block.trusted_bucket_public_access_block",
            "module.s3.aws_s3_bucket_public_access_block.workspace_bucket",
            "module.s3.aws_s3_bucket_server_side_encryption_configuration.workspace_bucket",
            "module.s3.data.aws_caller_identity.current"
          ]
        }
      ]
    },
    {
      "module": "module.s3",
      "mode": "data",
      "type": "aws_caller_identity",
      "name": "current",
      "provider": "provider[\"registry.terraform.io/hashicorp/aws\"]",
      "instances": [
        {
          "schema_version": 0,
          "attributes": {
            "account_id": "331504768406",
            "arn": "arn:aws:sts::331504768406:assumed-role/datalake-admins-lf-role/terraform-admin",
            "id": "331504768406",
            "user_id": "AROAU2LZZKWLCLJMYVKM2:terraform-admin"
          },
          "sensitive_attributes": []
        }
      ]
    },
    {
      "module": "module.s3",
      "mode": "managed",
      "type": "aws_s3_bucket",
      "name": "business_bucket",
      "provider": "provider[\"registry.terraform.io/hashicorp/aws\"]",
      "instances": [
        {
          "schema_version": 0,
          "attributes": {
            "acceleration_status": "",
            "acl": null,
            "arn": "arn:aws:s3:::lakehouse-business-331504768406",
            "bucket": "lakehouse-business-331504768406",
            "bucket_domain_name": "lakehouse-business-331504768406.s3.amazonaws.com",
            "bucket_prefix": "",
            "bucket_regional_domain_name": "lakehouse-business-331504768406.s3.us-east-1.amazonaws.com",
            "cors_rule": [],
            "force_destroy": true,
            "grant": [
              {
                "id": "696fdfdae572eadd061d6b9a4e197439f75c68f4a3aa4cc0dc6053f5b8a5f15b",
                "permissions": [
                  "FULL_CONTROL"
                ],
                "type": "CanonicalUser",
                "uri": ""
              }
            ],
            "hosted_zone_id": "Z3AQBSTGFYJSTF",
            "id": "lakehouse-business-331504768406",
            "lifecycle_rule": [
              {
                "abort_incomplete_multipart_upload_days": 0,
                "enabled": true,
                "expiration": [],
                "id": "lifecycle",
                "noncurrent_version_expiration": [],
                "noncurrent_version_transition": [],
                "prefix": "tmp/",
                "tags": {},
                "transition": [
                  {
                    "date": "",
                    "days": 60,
                    "storage_class": "STANDARD_IA"
                  },
                  {
                    "date": "",
                    "days": 90,
                    "storage_class": "GLACIER"
                  }
                ]
              }
            ],
            "logging": [],
            "object_lock_configuration": [],
            "object_lock_enabled": false,
            "policy": "",
            "region": "us-east-1",
            "replication_configuration": [],
            "request_payer": "BucketOwner",
            "server_side_encryption_configuration": [
              {
                "rule": [
                  {
                    "apply_server_side_encryption_by_default": [
                      {
                        "kms_master_key_id": "",
                        "sse_algorithm": "AES256"
                      }
                    ],
                    "bucket_key_enabled": false
                  }
                ]
              }
            ],
            "tags": {
              "Environment": "dev",
              "GitHubRepo": "https://github.com/jamilvilela/aws-data-lakehouse.git",
              "Name": "lakehouse-business-331504768406",
              "Project": "DataLake"
            },
            "tags_all": {
              "Environment": "dev",
              "GitHubRepo": "https://github.com/jamilvilela/aws-data-lakehouse.git",
              "Name": "lakehouse-business-331504768406",
              "Project": "DataLake"
            },
            "timeouts": null,
            "versioning": [
              {
                "enabled": false,
                "mfa_delete": false
              }
            ],
            "website": [],
            "website_domain": null,
            "website_endpoint": null
          },
          "sensitive_attributes": [],
          "private": "eyJlMmJmYjczMC1lY2FhLTExZTYtOGY4OC0zNDM2M2JjN2M0YzAiOnsiY3JlYXRlIjoxMjAwMDAwMDAwMDAwLCJkZWxldGUiOjM2MDAwMDAwMDAwMDAsInJlYWQiOjEyMDAwMDAwMDAwMDAsInVwZGF0ZSI6MTIwMDAwMDAwMDAwMH19",
          "dependencies": [
            "data.aws_caller_identity.current"
          ]
        }
      ]
    },
    {
      "module": "module.s3",
      "mode": "managed",
      "type": "aws_s3_bucket",
      "name": "landing_bucket",
      "provider": "provider[\"registry.terraform.io/hashicorp/aws\"]",
      "instances": [
        {
          "schema_version": 0,
          "attributes": {
            "acceleration_status": "",
            "acl": null,
            "arn": "arn:aws:s3:::lakehouse-landing-331504768406",
            "bucket": "lakehouse-landing-331504768406",
            "bucket_domain_name": "lakehouse-landing-331504768406.s3.amazonaws.com",
            "bucket_prefix": "",
            "bucket_regional_domain_name": "lakehouse-landing-331504768406.s3.us-east-1.amazonaws.com",
            "cors_rule": [],
            "force_destroy": true,
            "grant": [
              {
                "id": "696fdfdae572eadd061d6b9a4e197439f75c68f4a3aa4cc0dc6053f5b8a5f15b",
                "permissions": [
                  "FULL_CONTROL"
                ],
                "type": "CanonicalUser",
                "uri": ""
              }
            ],
            "hosted_zone_id": "Z3AQBSTGFYJSTF",
            "id": "lakehouse-landing-331504768406",
            "lifecycle_rule": [
              {
                "abort_incomplete_multipart_upload_days": 0,
                "enabled": true,
                "expiration": [],
                "id": "lifecycle",
                "noncurrent_version_expiration": [],
                "noncurrent_version_transition": [],
                "prefix": "tmp/",
                "tags": {},
                "transition": [
                  {
                    "date": "",
                    "days": 60,
                    "storage_class": "STANDARD_IA"
                  },
                  {
                    "date": "",
                    "days": 90,
                    "storage_class": "GLACIER"
                  }
                ]
              }
            ],
            "logging": [],
            "object_lock_configuration": [],
            "object_lock_enabled": false,
            "policy": "",
            "region": "us-east-1",
            "replication_configuration": [],
            "request_payer": "BucketOwner",
            "server_side_encryption_configuration": [
              {
                "rule": [
                  {
                    "apply_server_side_encryption_by_default": [
                      {
                        "kms_master_key_id": "",
                        "sse_algorithm": "AES256"
                      }
                    ],
                    "bucket_key_enabled": false
                  }
                ]
              }
            ],
            "tags": {
              "Environment": "dev",
              "GitHubRepo": "https://github.com/jamilvilela/aws-data-lakehouse.git",
              "Name": "lakehouse-landing-331504768406",
              "Project": "DataLake"
            },
            "tags_all": {
              "Environment": "dev",
              "GitHubRepo": "https://github.com/jamilvilela/aws-data-lakehouse.git",
              "Name": "lakehouse-landing-331504768406",
              "Project": "DataLake"
            },
            "timeouts": null,
            "versioning": [
              {
                "enabled": false,
                "mfa_delete": false
              }
            ],
            "website": [],
            "website_domain": null,
            "website_endpoint": null
          },
          "sensitive_attributes": [],
          "private": "eyJlMmJmYjczMC1lY2FhLTExZTYtOGY4OC0zNDM2M2JjN2M0YzAiOnsiY3JlYXRlIjoxMjAwMDAwMDAwMDAwLCJkZWxldGUiOjM2MDAwMDAwMDAwMDAsInJlYWQiOjEyMDAwMDAwMDAwMDAsInVwZGF0ZSI6MTIwMDAwMDAwMDAwMH19",
          "dependencies": [
            "data.aws_caller_identity.current"
          ]
        }
      ]
    },
    {
      "module": "module.s3",
      "mode": "managed",
      "type": "aws_s3_bucket",
      "name": "raw_bucket",
      "provider": "provider[\"registry.terraform.io/hashicorp/aws\"]",
      "instances": [
        {
          "schema_version": 0,
          "attributes": {
            "acceleration_status": "",
            "acl": null,
            "arn": "arn:aws:s3:::lakehouse-raw-331504768406",
            "bucket": "lakehouse-raw-331504768406",
            "bucket_domain_name": "lakehouse-raw-331504768406.s3.amazonaws.com",
            "bucket_prefix": "",
            "bucket_regional_domain_name": "lakehouse-raw-331504768406.s3.us-east-1.amazonaws.com",
            "cors_rule": [],
            "force_destroy": true,
            "grant": [
              {
                "id": "696fdfdae572eadd061d6b9a4e197439f75c68f4a3aa4cc0dc6053f5b8a5f15b",
                "permissions": [
                  "FULL_CONTROL"
                ],
                "type": "CanonicalUser",
                "uri": ""
              }
            ],
            "hosted_zone_id": "Z3AQBSTGFYJSTF",
            "id": "lakehouse-raw-331504768406",
            "lifecycle_rule": [
              {
                "abort_incomplete_multipart_upload_days": 0,
                "enabled": true,
                "expiration": [],
                "id": "lifecycle",
                "noncurrent_version_expiration": [],
                "noncurrent_version_transition": [],
                "prefix": "tmp/",
                "tags": {},
                "transition": [
                  {
                    "date": "",
                    "days": 60,
                    "storage_class": "STANDARD_IA"
                  },
                  {
                    "date": "",
                    "days": 90,
                    "storage_class": "GLACIER"
                  }
                ]
              }
            ],
            "logging": [],
            "object_lock_configuration": [],
            "object_lock_enabled": false,
            "policy": "",
            "region": "us-east-1",
            "replication_configuration": [],
            "request_payer": "BucketOwner",
            "server_side_encryption_configuration": [
              {
                "rule": [
                  {
                    "apply_server_side_encryption_by_default": [
                      {
                        "kms_master_key_id": "",
                        "sse_algorithm": "AES256"
                      }
                    ],
                    "bucket_key_enabled": false
                  }
                ]
              }
            ],
            "tags": {
              "Environment": "dev",
              "GitHubRepo": "https://github.com/jamilvilela/aws-data-lakehouse.git",
              "Name": "lakehouse-raw-331504768406",
              "Project": "DataLake"
            },
            "tags_all": {
              "Environment": "dev",
              "GitHubRepo": "https://github.com/jamilvilela/aws-data-lakehouse.git",
              "Name": "lakehouse-raw-331504768406",
              "Project": "DataLake"
            },
            "timeouts": null,
            "versioning": [
              {
                "enabled": false,
                "mfa_delete": false
              }
            ],
            "website": [],
            "website_domain": null,
            "website_endpoint": null
          },
          "sensitive_attributes": [],
          "private": "eyJlMmJmYjczMC1lY2FhLTExZTYtOGY4OC0zNDM2M2JjN2M0YzAiOnsiY3JlYXRlIjoxMjAwMDAwMDAwMDAwLCJkZWxldGUiOjM2MDAwMDAwMDAwMDAsInJlYWQiOjEyMDAwMDAwMDAwMDAsInVwZGF0ZSI6MTIwMDAwMDAwMDAwMH19",
          "dependencies": [
            "data.aws_caller_identity.current"
          ]
        }
      ]
    },
    {
      "module": "module.s3",
      "mode": "managed",
      "type": "aws_s3_bucket",
      "name": "trusted_bucket",
      "provider": "provider[\"registry.terraform.io/hashicorp/aws\"]",
      "instances": [
        {
          "schema_version": 0,
          "attributes": {
            "acceleration_status": "",
            "acl": null,
            "arn": "arn:aws:s3:::lakehouse-trusted-331504768406",
            "bucket": "lakehouse-trusted-331504768406",
            "bucket_domain_name": "lakehouse-trusted-331504768406.s3.amazonaws.com",
            "bucket_prefix": "",
            "bucket_regional_domain_name": "lakehouse-trusted-331504768406.s3.us-east-1.amazonaws.com",
            "cors_rule": [],
            "force_destroy": true,
            "grant": [
              {
                "id": "696fdfdae572eadd061d6b9a4e197439f75c68f4a3aa4cc0dc6053f5b8a5f15b",
                "permissions": [
                  "FULL_CONTROL"
                ],
                "type": "CanonicalUser",
                "uri": ""
              }
            ],
            "hosted_zone_id": "Z3AQBSTGFYJSTF",
            "id": "lakehouse-trusted-331504768406",
            "lifecycle_rule": [
              {
                "abort_incomplete_multipart_upload_days": 0,
                "enabled": true,
                "expiration": [],
                "id": "lifecycle",
                "noncurrent_version_expiration": [],
                "noncurrent_version_transition": [],
                "prefix": "tmp/",
                "tags": {},
                "transition": [
                  {
                    "date": "",
                    "days": 60,
                    "storage_class": "STANDARD_IA"
                  },
                  {
                    "date": "",
                    "days": 90,
                    "storage_class": "GLACIER"
                  }
                ]
              }
            ],
            "logging": [],
            "object_lock_configuration": [],
            "object_lock_enabled": false,
            "policy": "",
            "region": "us-east-1",
            "replication_configuration": [],
            "request_payer": "BucketOwner",
            "server_side_encryption_configuration": [
              {
                "rule": [
                  {
                    "apply_server_side_encryption_by_default": [
                      {
                        "kms_master_key_id": "",
                        "sse_algorithm": "AES256"
                      }
                    ],
                    "bucket_key_enabled": false
                  }
                ]
              }
            ],
            "tags": {
              "Environment": "dev",
              "GitHubRepo": "https://github.com/jamilvilela/aws-data-lakehouse.git",
              "Name": "lakehouse-trusted-331504768406",
              "Project": "DataLake"
            },
            "tags_all": {
              "Environment": "dev",
              "GitHubRepo": "https://github.com/jamilvilela/aws-data-lakehouse.git",
              "Name": "lakehouse-trusted-331504768406",
              "Project": "DataLake"
            },
            "timeouts": null,
            "versioning": [
              {
                "enabled": false,
                "mfa_delete": false
              }
            ],
            "website": [],
            "website_domain": null,
            "website_endpoint": null
          },
          "sensitive_attributes": [],
          "private": "eyJlMmJmYjczMC1lY2FhLTExZTYtOGY4OC0zNDM2M2JjN2M0YzAiOnsiY3JlYXRlIjoxMjAwMDAwMDAwMDAwLCJkZWxldGUiOjM2MDAwMDAwMDAwMDAsInJlYWQiOjEyMDAwMDAwMDAwMDAsInVwZGF0ZSI6MTIwMDAwMDAwMDAwMH19",
          "dependencies": [
            "data.aws_caller_identity.current"
          ]
        }
      ]
    },
    {
      "module": "module.s3",
      "mode": "managed",
      "type": "aws_s3_bucket",
      "name": "workspace_bucket",
      "provider": "provider[\"registry.terraform.io/hashicorp/aws\"]",
      "instances": [
        {
          "schema_version": 0,
          "attributes": {
            "acceleration_status": "",
            "acl": null,
            "arn": "arn:aws:s3:::lakehouse-workspace-331504768406",
            "bucket": "lakehouse-workspace-331504768406",
            "bucket_domain_name": "lakehouse-workspace-331504768406.s3.amazonaws.com",
            "bucket_prefix": "",
            "bucket_regional_domain_name": "lakehouse-workspace-331504768406.s3.us-east-1.amazonaws.com",
            "cors_rule": [],
            "force_destroy": true,
            "grant": [
              {
                "id": "696fdfdae572eadd061d6b9a4e197439f75c68f4a3aa4cc0dc6053f5b8a5f15b",
                "permissions": [
                  "FULL_CONTROL"
                ],
                "type": "CanonicalUser",
                "uri": ""
              }
            ],
            "hosted_zone_id": "Z3AQBSTGFYJSTF",
            "id": "lakehouse-workspace-331504768406",
            "lifecycle_rule": [
              {
                "abort_incomplete_multipart_upload_days": 0,
                "enabled": true,
                "expiration": [],
                "id": "lifecycle",
                "noncurrent_version_expiration": [],
                "noncurrent_version_transition": [],
                "prefix": "tmp/",
                "tags": {},
                "transition": [
                  {
                    "date": "",
                    "days": 60,
                    "storage_class": "STANDARD_IA"
                  },
                  {
                    "date": "",
                    "days": 90,
                    "storage_class": "GLACIER"
                  }
                ]
              }
            ],
            "logging": [],
            "object_lock_configuration": [],
            "object_lock_enabled": false,
            "policy": "",
            "region": "us-east-1",
            "replication_configuration": [],
            "request_payer": "BucketOwner",
            "server_side_encryption_configuration": [
              {
                "rule": [
                  {
                    "apply_server_side_encryption_by_default": [
                      {
                        "kms_master_key_id": "",
                        "sse_algorithm": "AES256"
                      }
                    ],
                    "bucket_key_enabled": false
                  }
                ]
              }
            ],
            "tags": {
              "Environment": "dev",
              "GitHubRepo": "https://github.com/jamilvilela/aws-data-lakehouse.git",
              "Name": "lakehouse-workspace-331504768406",
              "Project": "DataLake"
            },
            "tags_all": {
              "Environment": "dev",
              "GitHubRepo": "https://github.com/jamilvilela/aws-data-lakehouse.git",
              "Name": "lakehouse-workspace-331504768406",
              "Project": "DataLake"
            },
            "timeouts": null,
            "versioning": [
              {
                "enabled": false,
                "mfa_delete": false
              }
            ],
            "website": [],
            "website_domain": null,
            "website_endpoint": null
          },
          "sensitive_attributes": [],
          "private": "eyJlMmJmYjczMC1lY2FhLTExZTYtOGY4OC0zNDM2M2JjN2M0YzAiOnsiY3JlYXRlIjoxMjAwMDAwMDAwMDAwLCJkZWxldGUiOjM2MDAwMDAwMDAwMDAsInJlYWQiOjEyMDAwMDAwMDAwMDAsInVwZGF0ZSI6MTIwMDAwMDAwMDAwMH19",
          "dependencies": [
            "data.aws_caller_identity.current"
          ]
        }
      ]
    },
    {
      "module": "module.s3",
      "mode": "managed",
      "type": "aws_s3_bucket_lifecycle_configuration",
      "name": "bucket-config",
      "provider": "provider[\"registry.terraform.io/hashicorp/aws\"]",
      "instances": [
        {
          "schema_version": 1,
          "attributes": {
            "bucket": "lakehouse-workspace-331504768406",
            "expected_bucket_owner": "",
            "id": "lakehouse-workspace-331504768406",
            "rule": [
              {
                "abort_incomplete_multipart_upload": [],
                "expiration": [],
                "filter": [
                  {
                    "and": [],
                    "object_size_greater_than": null,
                    "object_size_less_than": null,
                    "prefix": "tmp/",
                    "tag": []
                  }
                ],
                "id": "lifecycle",
                "noncurrent_version_expiration": [],
                "noncurrent_version_transition": [],
                "prefix": "",
                "status": "Enabled",
                "transition": [
                  {
                    "date": null,
                    "days": 60,
                    "storage_class": "STANDARD_IA"
                  },
                  {
                    "date": null,
                    "days": 90,
                    "storage_class": "GLACIER"
                  }
                ]
              }
            ],
            "timeouts": null,
            "transition_default_minimum_object_size": "all_storage_classes_128K"
          },
          "sensitive_attributes": [],
          "dependencies": [
            "data.aws_caller_identity.current",
            "module.s3.aws_s3_bucket.workspace_bucket"
          ]
        }
      ]
    },
    {
      "module": "module.s3",
      "mode": "managed",
      "type": "aws_s3_bucket_lifecycle_configuration",
      "name": "business-bucket-config",
      "provider": "provider[\"registry.terraform.io/hashicorp/aws\"]",
      "instances": [
        {
          "schema_version": 1,
          "attributes": {
            "bucket": "lakehouse-business-331504768406",
            "expected_bucket_owner": "",
            "id": "lakehouse-business-331504768406",
            "rule": [
              {
                "abort_incomplete_multipart_upload": [],
                "expiration": [],
                "filter": [
                  {
                    "and": [],
                    "object_size_greater_than": null,
                    "object_size_less_than": null,
                    "prefix": "tmp/",
                    "tag": []
                  }
                ],
                "id": "lifecycle",
                "noncurrent_version_expiration": [],
                "noncurrent_version_transition": [],
                "prefix": "",
                "status": "Enabled",
                "transition": [
                  {
                    "date": null,
                    "days": 60,
                    "storage_class": "STANDARD_IA"
                  },
                  {
                    "date": null,
                    "days": 90,
                    "storage_class": "GLACIER"
                  }
                ]
              }
            ],
            "timeouts": null,
            "transition_default_minimum_object_size": "all_storage_classes_128K"
          },
          "sensitive_attributes": [],
          "dependencies": [
            "data.aws_caller_identity.current",
            "module.s3.aws_s3_bucket.business_bucket"
          ]
        }
      ]
    },
    {
      "module": "module.s3",
      "mode": "managed",
      "type": "aws_s3_bucket_lifecycle_configuration",
      "name": "landing-bucket-config",
      "provider": "provider[\"registry.terraform.io/hashicorp/aws\"]",
      "instances": [
        {
          "schema_version": 1,
          "attributes": {
            "bucket": "lakehouse-landing-331504768406",
            "expected_bucket_owner": "",
            "id": "lakehouse-landing-331504768406",
            "rule": [
              {
                "abort_incomplete_multipart_upload": [],
                "expiration": [],
                "filter": [
                  {
                    "and": [],
                    "object_size_greater_than": null,
                    "object_size_less_than": null,
                    "prefix": "tmp/",
                    "tag": []
                  }
                ],
                "id": "lifecycle",
                "noncurrent_version_expiration": [],
                "noncurrent_version_transition": [],
                "prefix": "",
                "status": "Enabled",
                "transition": [
                  {
                    "date": null,
                    "days": 60,
                    "storage_class": "STANDARD_IA"
                  },
                  {
                    "date": null,
                    "days": 90,
                    "storage_class": "GLACIER"
                  }
                ]
              }
            ],
            "timeouts": null,
            "transition_default_minimum_object_size": "all_storage_classes_128K"
          },
          "sensitive_attributes": [],
          "dependencies": [
            "data.aws_caller_identity.current",
            "module.s3.aws_s3_bucket.landing_bucket"
          ]
        }
      ]
    },
    {
      "module": "module.s3",
      "mode": "managed",
      "type": "aws_s3_bucket_lifecycle_configuration",
      "name": "raw-bucket-config",
      "provider": "provider[\"registry.terraform.io/hashicorp/aws\"]",
      "instances": [
        {
          "schema_version": 1,
          "attributes": {
            "bucket": "lakehouse-raw-331504768406",
            "expected_bucket_owner": "",
            "id": "lakehouse-raw-331504768406",
            "rule": [
              {
                "abort_incomplete_multipart_upload": [],
                "expiration": [],
                "filter": [
                  {
                    "and": [],
                    "object_size_greater_than": null,
                    "object_size_less_than": null,
                    "prefix": "tmp/",
                    "tag": []
                  }
                ],
                "id": "lifecycle",
                "noncurrent_version_expiration": [],
                "noncurrent_version_transition": [],
                "prefix": "",
                "status": "Enabled",
                "transition": [
                  {
                    "date": null,
                    "days": 60,
                    "storage_class": "STANDARD_IA"
                  },
                  {
                    "date": null,
                    "days": 90,
                    "storage_class": "GLACIER"
                  }
                ]
              }
            ],
            "timeouts": null,
            "transition_default_minimum_object_size": "all_storage_classes_128K"
          },
          "sensitive_attributes": [],
          "dependencies": [
            "data.aws_caller_identity.current",
            "module.s3.aws_s3_bucket.raw_bucket"
          ]
        }
      ]
    },
    {
      "module": "module.s3",
      "mode": "managed",
      "type": "aws_s3_bucket_lifecycle_configuration",
      "name": "trusted-bucket-config",
      "provider": "provider[\"registry.terraform.io/hashicorp/aws\"]",
      "instances": [
        {
          "schema_version": 1,
          "attributes": {
            "bucket": "lakehouse-trusted-331504768406",
            "expected_bucket_owner": "",
            "id": "lakehouse-trusted-331504768406",
            "rule": [
              {
                "abort_incomplete_multipart_upload": [],
                "expiration": [],
                "filter": [
                  {
                    "and": [],
                    "object_size_greater_than": null,
                    "object_size_less_than": null,
                    "prefix": "tmp/",
                    "tag": []
                  }
                ],
                "id": "lifecycle",
                "noncurrent_version_expiration": [],
                "noncurrent_version_transition": [],
                "prefix": "",
                "status": "Enabled",
                "transition": [
                  {
                    "date": null,
                    "days": 60,
                    "storage_class": "STANDARD_IA"
                  },
                  {
                    "date": null,
                    "days": 90,
                    "storage_class": "GLACIER"
                  }
                ]
              }
            ],
            "timeouts": null,
            "transition_default_minimum_object_size": "all_storage_classes_128K"
          },
          "sensitive_attributes": [],
          "dependencies": [
            "data.aws_caller_identity.current",
            "module.s3.aws_s3_bucket.trusted_bucket"
          ]
        }
      ]
    },
    {
      "module": "module.s3",
      "mode": "managed",
      "type": "aws_s3_bucket_public_access_block",
      "name": "business_bucket_public_access_block",
      "provider": "provider[\"registry.terraform.io/hashicorp/aws\"]",
      "instances": [
        {
          "schema_version": 0,
          "attributes": {
            "block_public_acls": true,
            "block_public_policy": true,
            "bucket": "lakehouse-business-331504768406",
            "id": "lakehouse-business-331504768406",
            "ignore_public_acls": true,
            "restrict_public_buckets": true
          },
          "sensitive_attributes": [],
          "private": "bnVsbA==",
          "dependencies": [
            "data.aws_caller_identity.current",
            "module.s3.aws_s3_bucket.business_bucket"
          ]
        }
      ]
    },
    {
      "module": "module.s3",
      "mode": "managed",
      "type": "aws_s3_bucket_public_access_block",
      "name": "landing_bucket_public_access_block",
      "provider": "provider[\"registry.terraform.io/hashicorp/aws\"]",
      "instances": [
        {
          "schema_version": 0,
          "attributes": {
            "block_public_acls": true,
            "block_public_policy": true,
            "bucket": "lakehouse-landing-331504768406",
            "id": "lakehouse-landing-331504768406",
            "ignore_public_acls": true,
            "restrict_public_buckets": true
          },
          "sensitive_attributes": [],
          "private": "bnVsbA==",
          "dependencies": [
            "data.aws_caller_identity.current",
            "module.s3.aws_s3_bucket.landing_bucket"
          ]
        }
      ]
    },
    {
      "module": "module.s3",
      "mode": "managed",
      "type": "aws_s3_bucket_public_access_block",
      "name": "raw_bucket_public_access_block",
      "provider": "provider[\"registry.terraform.io/hashicorp/aws\"]",
      "instances": [
        {
          "schema_version": 0,
          "attributes": {
            "block_public_acls": true,
            "block_public_policy": true,
            "bucket": "lakehouse-raw-331504768406",
            "id": "lakehouse-raw-331504768406",
            "ignore_public_acls": true,
            "restrict_public_buckets": true
          },
          "sensitive_attributes": [],
          "private": "bnVsbA==",
          "dependencies": [
            "data.aws_caller_identity.current",
            "module.s3.aws_s3_bucket.raw_bucket"
          ]
        }
      ]
    },
    {
      "module": "module.s3",
      "mode": "managed",
      "type": "aws_s3_bucket_public_access_block",
      "name": "trusted_bucket_public_access_block",
      "provider": "provider[\"registry.terraform.io/hashicorp/aws\"]",
      "instances": [
        {
          "schema_version": 0,
          "attributes": {
            "block_public_acls": true,
            "block_public_policy": true,
            "bucket": "lakehouse-trusted-331504768406",
            "id": "lakehouse-trusted-331504768406",
            "ignore_public_acls": true,
            "restrict_public_buckets": true
          },
          "sensitive_attributes": [],
          "private": "bnVsbA==",
          "dependencies": [
            "data.aws_caller_identity.current",
            "module.s3.aws_s3_bucket.trusted_bucket"
          ]
        }
      ]
    },
    {
      "module": "module.s3",
      "mode": "managed",
      "type": "aws_s3_bucket_public_access_block",
      "name": "workspace_bucket",
      "provider": "provider[\"registry.terraform.io/hashicorp/aws\"]",
      "instances": [
        {
          "schema_version": 0,
          "attributes": {
            "block_public_acls": true,
            "block_public_policy": true,
            "bucket": "lakehouse-workspace-331504768406",
            "id": "lakehouse-workspace-331504768406",
            "ignore_public_acls": true,
            "restrict_public_buckets": true
          },
          "sensitive_attributes": [],
          "private": "bnVsbA==",
          "dependencies": [
            "data.aws_caller_identity.current",
            "module.s3.aws_s3_bucket.workspace_bucket"
          ]
        }
      ]
    },
    {
      "module": "module.s3",
      "mode": "managed",
      "type": "aws_s3_bucket_server_side_encryption_configuration",
      "name": "workspace_bucket",
      "provider": "provider[\"registry.terraform.io/hashicorp/aws\"]",
      "instances": [
        {
          "schema_version": 0,
          "attributes": {
            "bucket": "lakehouse-workspace-331504768406",
            "expected_bucket_owner": "",
            "id": "lakehouse-workspace-331504768406",
            "rule": [
              {
                "apply_server_side_encryption_by_default": [
                  {
                    "kms_master_key_id": "",
                    "sse_algorithm": "AES256"
                  }
                ],
                "bucket_key_enabled": false
              }
            ]
          },
          "sensitive_attributes": [],
          "private": "bnVsbA==",
          "dependencies": [
            "data.aws_caller_identity.current",
            "module.s3.aws_s3_bucket.workspace_bucket"
          ]
        }
      ]
    }
  ],
  "check_results": null
}
